{
  "version": 4,
  "terraform_version": "1.6.4",
  "serial": 7,
  "lineage": "1b6ca744-a49e-098b-8591-9383dc7309ac",
  "outputs": {},
  "resources": [
    {
      "module": "module.mongodb-34",
      "mode": "managed",
      "type": "aws_ebs_volume",
      "name": "data",
      "provider": "module.mongodb-34.provider[\"registry.terraform.io/hashicorp/aws\"]",
      "instances": [
        {
          "schema_version": 0,
          "attributes": {
            "arn": "arn:aws:ec2:us-east-1:586183866151:volume/vol-05239059e2b4afab3",
            "availability_zone": "us-east-1f",
            "encrypted": false,
            "id": "vol-05239059e2b4afab3",
            "iops": 240,
            "kms_key_id": "",
            "multi_attach_enabled": false,
            "outpost_arn": "",
            "size": 80,
            "snapshot_id": "",
            "tags": {
              "Name": "mongodb-3.4-data"
            },
            "type": "gp2"
          },
          "sensitive_attributes": [],
          "private": "bnVsbA==",
          "dependencies": [
            "module.mongodb-34.aws_instance.mongodb"
          ]
        }
      ]
    },
    {
      "module": "module.mongodb-34",
      "mode": "managed",
      "type": "aws_instance",
      "name": "mongodb",
      "provider": "module.mongodb-34.provider[\"registry.terraform.io/hashicorp/aws\"]",
      "instances": [
        {
          "schema_version": 1,
          "attributes": {
            "ami": "ami-d5bf2caa",
            "arn": "arn:aws:ec2:us-east-1:586183866151:instance/i-08d9df0d368d5d03a",
            "associate_public_ip_address": true,
            "availability_zone": "us-east-1f",
            "cpu_core_count": 1,
            "cpu_threads_per_core": 2,
            "credit_specification": [
              {
                "cpu_credits": "unlimited"
              }
            ],
            "disable_api_termination": false,
            "ebs_block_device": [
              {
                "delete_on_termination": false,
                "device_name": "/dev/sdh",
                "encrypted": false,
                "iops": 240,
                "kms_key_id": "",
                "snapshot_id": "",
                "volume_id": "vol-05239059e2b4afab3",
                "volume_size": 80,
                "volume_type": "gp2"
              }
            ],
            "ebs_optimized": false,
            "ephemeral_block_device": [],
            "get_password_data": false,
            "hibernation": false,
            "host_id": null,
            "iam_instance_profile": "",
            "id": "i-08d9df0d368d5d03a",
            "instance_initiated_shutdown_behavior": null,
            "instance_state": "running",
            "instance_type": "t3a.medium",
            "ipv6_address_count": 0,
            "ipv6_addresses": [],
            "key_name": "default_prd",
            "metadata_options": [
              {
                "http_endpoint": "enabled",
                "http_put_response_hop_limit": 1,
                "http_tokens": "optional"
              }
            ],
            "monitoring": false,
            "network_interface": [],
            "outpost_arn": "",
            "password_data": "",
            "placement_group": "",
            "primary_network_interface_id": "eni-0665313134f78ac21",
            "private_dns": "ip-172-31-79-154.ec2.internal",
            "private_ip": "172.31.79.154",
            "public_dns": "ec2-3-226-250-14.compute-1.amazonaws.com",
            "public_ip": "3.226.250.14",
            "root_block_device": [
              {
                "delete_on_termination": true,
                "device_name": "/dev/sda1",
                "encrypted": false,
                "iops": 100,
                "kms_key_id": "",
                "volume_id": "vol-01e0aa2de4b5346aa",
                "volume_size": 20,
                "volume_type": "gp2"
              }
            ],
            "secondary_private_ips": [],
            "security_groups": [
              "default"
            ],
            "source_dest_check": true,
            "subnet_id": "subnet-a16798af",
            "tags": {
              "Name": "mongodb-3.4"
            },
            "tenancy": "default",
            "timeouts": null,
            "user_data": null,
            "user_data_base64": null,
            "volume_tags": {
              "Name": "prd-mongodb-3.4-data"
            },
            "vpc_security_group_ids": [
              "sg-75fd6f27"
            ]
          },
          "sensitive_attributes": [],
          "private": "eyJlMmJmYjczMC1lY2FhLTExZTYtOGY4OC0zNDM2M2JjN2M0YzAiOnsiY3JlYXRlIjo2MDAwMDAwMDAwMDAsImRlbGV0ZSI6MTIwMDAwMDAwMDAwMCwidXBkYXRlIjo2MDAwMDAwMDAwMDB9LCJzY2hlbWFfdmVyc2lvbiI6IjEifQ=="
        }
      ]
    },
    {
      "module": "module.mongodb-34",
      "mode": "managed",
      "type": "aws_volume_attachment",
      "name": "data_ec2",
      "provider": "module.mongodb-34.provider[\"registry.terraform.io/hashicorp/aws\"]",
      "instances": [
        {
          "schema_version": 0,
          "attributes": {
            "device_name": "/dev/sdh",
            "force_detach": null,
            "id": "vai-555677165",
            "instance_id": "i-08d9df0d368d5d03a",
            "skip_destroy": null,
            "volume_id": "vol-05239059e2b4afab3"
          },
          "sensitive_attributes": [],
          "private": "bnVsbA==",
          "dependencies": [
            "module.mongodb-34.aws_ebs_volume.data",
            "module.mongodb-34.aws_instance.mongodb"
          ]
        }
      ]
    }
  ],
  "check_results": null
}
