{
  "version": 4,
  "terraform_version": "1.3.7",
  "serial": 12,
  "lineage": "346fe223-b8ba-d9bc-aebb-af79243703c9",
  "outputs": {},
  "resources": [
    {
      "module": "module.mariadb-main",
      "mode": "managed",
      "type": "aws_ebs_volume",
      "name": "backups",
      "provider": "module.mariadb-main.provider[\"registry.terraform.io/hashicorp/aws\"]",
      "instances": [
        {
          "index_key": 0,
          "schema_version": 0,
          "attributes": {
            "arn": "arn:aws:ec2:us-east-1:586183866151:volume/vol-07afce1bd4889a820",
            "availability_zone": "us-east-1c",
            "encrypted": false,
            "final_snapshot": false,
            "id": "vol-07afce1bd4889a820",
            "iops": 0,
            "kms_key_id": "",
            "multi_attach_enabled": false,
            "outpost_arn": "",
            "size": 500,
            "snapshot_id": "",
            "tags": {
              "Name": "mariadb-qa-backups"
            },
            "tags_all": {
              "Name": "mariadb-qa-backups"
            },
            "throughput": 0,
            "timeouts": null,
            "type": "standard"
          },
          "sensitive_attributes": [],
          "private": "eyJlMmJmYjczMC1lY2FhLTExZTYtOGY4OC0zNDM2M2JjN2M0YzAiOnsiY3JlYXRlIjozMDAwMDAwMDAwMDAsImRlbGV0ZSI6MzAwMDAwMDAwMDAwLCJ1cGRhdGUiOjMwMDAwMDAwMDAwMH19",
          "dependencies": [
            "module.mariadb-main.aws_instance.mariadb"
          ]
        }
      ]
    },
    {
      "module": "module.mariadb-main",
      "mode": "managed",
      "type": "aws_ebs_volume",
      "name": "data",
      "provider": "module.mariadb-main.provider[\"registry.terraform.io/hashicorp/aws\"]",
      "instances": [
        {
          "index_key": 0,
          "schema_version": 0,
          "attributes": {
            "arn": "arn:aws:ec2:us-east-1:586183866151:volume/vol-0685b8cd2d1a07388",
            "availability_zone": "us-east-1c",
            "encrypted": false,
            "final_snapshot": false,
            "id": "vol-0685b8cd2d1a07388",
            "iops": 450,
            "kms_key_id": "",
            "multi_attach_enabled": false,
            "outpost_arn": "",
            "size": 150,
            "snapshot_id": "",
            "tags": {
              "Name": "mariadb-qa-data1"
            },
            "tags_all": {
              "Name": "mariadb-qa-data1"
            },
            "throughput": 0,
            "timeouts": null,
            "type": "gp2"
          },
          "sensitive_attributes": [],
          "private": "eyJlMmJmYjczMC1lY2FhLTExZTYtOGY4OC0zNDM2M2JjN2M0YzAiOnsiY3JlYXRlIjozMDAwMDAwMDAwMDAsImRlbGV0ZSI6MzAwMDAwMDAwMDAwLCJ1cGRhdGUiOjMwMDAwMDAwMDAwMH19",
          "dependencies": [
            "module.mariadb-main.aws_instance.mariadb"
          ]
        },
        {
          "index_key": 1,
          "schema_version": 0,
          "attributes": {
            "arn": "arn:aws:ec2:us-east-1:586183866151:volume/vol-036458087f8b59fe6",
            "availability_zone": "us-east-1c",
            "encrypted": false,
            "final_snapshot": false,
            "id": "vol-036458087f8b59fe6",
            "iops": 450,
            "kms_key_id": "",
            "multi_attach_enabled": false,
            "outpost_arn": "",
            "size": 150,
            "snapshot_id": "",
            "tags": {
              "Name": "mariadb-qa-data2"
            },
            "tags_all": {
              "Name": "mariadb-qa-data2"
            },
            "throughput": 0,
            "timeouts": null,
            "type": "gp2"
          },
          "sensitive_attributes": [],
          "private": "eyJlMmJmYjczMC1lY2FhLTExZTYtOGY4OC0zNDM2M2JjN2M0YzAiOnsiY3JlYXRlIjozMDAwMDAwMDAwMDAsImRlbGV0ZSI6MzAwMDAwMDAwMDAwLCJ1cGRhdGUiOjMwMDAwMDAwMDAwMH19",
          "dependencies": [
            "module.mariadb-main.aws_instance.mariadb"
          ]
        },
        {
          "index_key": 2,
          "schema_version": 0,
          "attributes": {
            "arn": "arn:aws:ec2:us-east-1:586183866151:volume/vol-064b0fb702962054a",
            "availability_zone": "us-east-1c",
            "encrypted": false,
            "final_snapshot": false,
            "id": "vol-064b0fb702962054a",
            "iops": 450,
            "kms_key_id": "",
            "multi_attach_enabled": false,
            "outpost_arn": "",
            "size": 150,
            "snapshot_id": "",
            "tags": {
              "Name": "mariadb-qa-data3"
            },
            "tags_all": {
              "Name": "mariadb-qa-data3"
            },
            "throughput": 0,
            "timeouts": null,
            "type": "gp2"
          },
          "sensitive_attributes": [],
          "private": "eyJlMmJmYjczMC1lY2FhLTExZTYtOGY4OC0zNDM2M2JjN2M0YzAiOnsiY3JlYXRlIjozMDAwMDAwMDAwMDAsImRlbGV0ZSI6MzAwMDAwMDAwMDAwLCJ1cGRhdGUiOjMwMDAwMDAwMDAwMH19",
          "dependencies": [
            "module.mariadb-main.aws_instance.mariadb"
          ]
        }
      ]
    },
    {
      "module": "module.mariadb-main",
      "mode": "managed",
      "type": "aws_ebs_volume",
      "name": "logs",
      "provider": "module.mariadb-main.provider[\"registry.terraform.io/hashicorp/aws\"]",
      "instances": [
        {
          "index_key": 0,
          "schema_version": 0,
          "attributes": {
            "arn": "arn:aws:ec2:us-east-1:586183866151:volume/vol-059380ffa0e9b0966",
            "availability_zone": "us-east-1c",
            "encrypted": false,
            "final_snapshot": false,
            "id": "vol-059380ffa0e9b0966",
            "iops": 0,
            "kms_key_id": "",
            "multi_attach_enabled": false,
            "outpost_arn": "",
            "size": 100,
            "snapshot_id": "",
            "tags": {
              "Name": "mariadb-qa-logs"
            },
            "tags_all": {
              "Name": "mariadb-qa-logs"
            },
            "throughput": 0,
            "timeouts": null,
            "type": "standard"
          },
          "sensitive_attributes": [],
          "private": "eyJlMmJmYjczMC1lY2FhLTExZTYtOGY4OC0zNDM2M2JjN2M0YzAiOnsiY3JlYXRlIjozMDAwMDAwMDAwMDAsImRlbGV0ZSI6MzAwMDAwMDAwMDAwLCJ1cGRhdGUiOjMwMDAwMDAwMDAwMH19",
          "dependencies": [
            "module.mariadb-main.aws_instance.mariadb"
          ]
        }
      ]
    },
    {
      "module": "module.mariadb-main",
      "mode": "managed",
      "type": "aws_instance",
      "name": "mariadb",
      "provider": "module.mariadb-main.provider[\"registry.terraform.io/hashicorp/aws\"]",
      "instances": [
        {
          "schema_version": 1,
          "attributes": {
            "ami": "ami-d5bf2caa",
            "arn": "arn:aws:ec2:us-east-1:586183866151:instance/i-09213168fe867900f",
            "associate_public_ip_address": true,
            "availability_zone": "us-east-1c",
            "capacity_reservation_specification": [
              {
                "capacity_reservation_preference": "open",
                "capacity_reservation_target": []
              }
            ],
            "cpu_core_count": 1,
            "cpu_options": [
              {
                "amd_sev_snp": "",
                "core_count": 1,
                "threads_per_core": 2
              }
            ],
            "cpu_threads_per_core": 2,
            "credit_specification": [],
            "disable_api_stop": false,
            "disable_api_termination": false,
            "ebs_block_device": [],
            "ebs_optimized": false,
            "enclave_options": [
              {
                "enabled": false
              }
            ],
            "ephemeral_block_device": [],
            "get_password_data": false,
            "hibernation": false,
            "host_id": "",
            "host_resource_group_arn": null,
            "iam_instance_profile": "",
            "id": "i-09213168fe867900f",
            "instance_initiated_shutdown_behavior": "stop",
            "instance_lifecycle": "",
            "instance_market_options": [],
            "instance_state": "running",
            "instance_type": "m5.large",
            "ipv6_address_count": 0,
            "ipv6_addresses": [],
            "key_name": "default_qa",
            "launch_template": [],
            "maintenance_options": [
              {
                "auto_recovery": "default"
              }
            ],
            "metadata_options": [
              {
                "http_endpoint": "enabled",
                "http_put_response_hop_limit": 1,
                "http_tokens": "optional",
                "instance_metadata_tags": "disabled"
              }
            ],
            "monitoring": false,
            "network_interface": [],
            "outpost_arn": "",
            "password_data": "",
            "placement_group": "",
            "placement_partition_number": 0,
            "primary_network_interface_id": "eni-086d202540870f388",
            "private_dns": "ip-172-31-15-37.ec2.internal",
            "private_dns_name_options": [
              {
                "enable_resource_name_dns_a_record": false,
                "enable_resource_name_dns_aaaa_record": false,
                "hostname_type": "ip-name"
              }
            ],
            "private_ip": "172.31.15.37",
            "public_dns": "ec2-44-204-132-185.compute-1.amazonaws.com",
            "public_ip": "44.204.132.185",
            "root_block_device": [
              {
                "delete_on_termination": true,
                "device_name": "/dev/sda1",
                "encrypted": false,
                "iops": 150,
                "kms_key_id": "",
                "tags": null,
                "throughput": 0,
                "volume_id": "vol-044f6db45b33f42b3",
                "volume_size": 50,
                "volume_type": "gp2"
              }
            ],
            "secondary_private_ips": [],
            "security_groups": [
              "default"
            ],
            "source_dest_check": true,
            "spot_instance_request_id": "",
            "subnet_id": "subnet-7addd81d",
            "tags": {
              "Name": "mariadb-qa"
            },
            "tags_all": {
              "Name": "mariadb-qa"
            },
            "tenancy": "default",
            "timeouts": null,
            "user_data": null,
            "user_data_base64": null,
            "user_data_replace_on_change": false,
            "volume_tags": null,
            "vpc_security_group_ids": [
              "sg-75fd6f27"
            ]
          },
          "sensitive_attributes": [],
          "private": "eyJlMmJmYjczMC1lY2FhLTExZTYtOGY4OC0zNDM2M2JjN2M0YzAiOnsiY3JlYXRlIjo2MDAwMDAwMDAwMDAsImRlbGV0ZSI6MTIwMDAwMDAwMDAwMCwidXBkYXRlIjo2MDAwMDAwMDAwMDB9LCJzY2hlbWFfdmVyc2lvbiI6IjEifQ=="
        }
      ]
    },
    {
      "module": "module.mariadb-main",
      "mode": "managed",
      "type": "aws_volume_attachment",
      "name": "backups_ec2",
      "provider": "module.mariadb-main.provider[\"registry.terraform.io/hashicorp/aws\"]",
      "instances": [
        {
          "index_key": 0,
          "schema_version": 0,
          "attributes": {
            "device_name": "/dev/sdc",
            "force_detach": null,
            "id": "vai-2270106032",
            "instance_id": "i-09213168fe867900f",
            "skip_destroy": null,
            "stop_instance_before_detaching": null,
            "timeouts": null,
            "volume_id": "vol-07afce1bd4889a820"
          },
          "sensitive_attributes": [],
          "private": "eyJlMmJmYjczMC1lY2FhLTExZTYtOGY4OC0zNDM2M2JjN2M0YzAiOnsiY3JlYXRlIjozMDAwMDAwMDAwMDAsImRlbGV0ZSI6MzAwMDAwMDAwMDAwfX0=",
          "dependencies": [
            "module.mariadb-main.aws_ebs_volume.backups",
            "module.mariadb-main.aws_instance.mariadb"
          ]
        }
      ]
    },
    {
      "module": "module.mariadb-main",
      "mode": "managed",
      "type": "aws_volume_attachment",
      "name": "data_ec2",
      "provider": "module.mariadb-main.provider[\"registry.terraform.io/hashicorp/aws\"]",
      "instances": [
        {
          "index_key": 0,
          "schema_version": 0,
          "attributes": {
            "device_name": "/dev/sdf",
            "force_detach": null,
            "id": "vai-246550539",
            "instance_id": "i-09213168fe867900f",
            "skip_destroy": null,
            "stop_instance_before_detaching": null,
            "timeouts": null,
            "volume_id": "vol-0685b8cd2d1a07388"
          },
          "sensitive_attributes": [],
          "private": "eyJlMmJmYjczMC1lY2FhLTExZTYtOGY4OC0zNDM2M2JjN2M0YzAiOnsiY3JlYXRlIjozMDAwMDAwMDAwMDAsImRlbGV0ZSI6MzAwMDAwMDAwMDAwfX0=",
          "dependencies": [
            "module.mariadb-main.aws_ebs_volume.data",
            "module.mariadb-main.aws_instance.mariadb"
          ]
        },
        {
          "index_key": 1,
          "schema_version": 0,
          "attributes": {
            "device_name": "/dev/sdg",
            "force_detach": null,
            "id": "vai-1031531967",
            "instance_id": "i-09213168fe867900f",
            "skip_destroy": null,
            "stop_instance_before_detaching": null,
            "timeouts": null,
            "volume_id": "vol-036458087f8b59fe6"
          },
          "sensitive_attributes": [],
          "private": "eyJlMmJmYjczMC1lY2FhLTExZTYtOGY4OC0zNDM2M2JjN2M0YzAiOnsiY3JlYXRlIjozMDAwMDAwMDAwMDAsImRlbGV0ZSI6MzAwMDAwMDAwMDAwfX0=",
          "dependencies": [
            "module.mariadb-main.aws_ebs_volume.data",
            "module.mariadb-main.aws_instance.mariadb"
          ]
        },
        {
          "index_key": 2,
          "schema_version": 0,
          "attributes": {
            "device_name": "/dev/sdh",
            "force_detach": null,
            "id": "vai-234006206",
            "instance_id": "i-09213168fe867900f",
            "skip_destroy": null,
            "stop_instance_before_detaching": null,
            "timeouts": null,
            "volume_id": "vol-064b0fb702962054a"
          },
          "sensitive_attributes": [],
          "private": "eyJlMmJmYjczMC1lY2FhLTExZTYtOGY4OC0zNDM2M2JjN2M0YzAiOnsiY3JlYXRlIjozMDAwMDAwMDAwMDAsImRlbGV0ZSI6MzAwMDAwMDAwMDAwfX0=",
          "dependencies": [
            "module.mariadb-main.aws_ebs_volume.data",
            "module.mariadb-main.aws_instance.mariadb"
          ]
        }
      ]
    },
    {
      "module": "module.mariadb-main",
      "mode": "managed",
      "type": "aws_volume_attachment",
      "name": "logs_ec2",
      "provider": "module.mariadb-main.provider[\"registry.terraform.io/hashicorp/aws\"]",
      "instances": [
        {
          "index_key": 0,
          "schema_version": 0,
          "attributes": {
            "device_name": "/dev/sdb",
            "force_detach": null,
            "id": "vai-2733048079",
            "instance_id": "i-09213168fe867900f",
            "skip_destroy": null,
            "stop_instance_before_detaching": null,
            "timeouts": null,
            "volume_id": "vol-059380ffa0e9b0966"
          },
          "sensitive_attributes": [],
          "private": "eyJlMmJmYjczMC1lY2FhLTExZTYtOGY4OC0zNDM2M2JjN2M0YzAiOnsiY3JlYXRlIjozMDAwMDAwMDAwMDAsImRlbGV0ZSI6MzAwMDAwMDAwMDAwfX0=",
          "dependencies": [
            "module.mariadb-main.aws_ebs_volume.logs",
            "module.mariadb-main.aws_instance.mariadb"
          ]
        }
      ]
    }
  ],
  "check_results": null
}
