{
  "version": 4,
  "terraform_version": "1.3.7",
  "serial": 30,
  "lineage": "4ca977c2-1bd2-5ef4-fa70-8c1eb9df5755",
  "outputs": {},
  "resources": [
    {
      "module": "module.network",
      "mode": "managed",
      "type": "aws_eip",
      "name": "eip",
      "provider": "provider[\"registry.terraform.io/hashicorp/aws\"]",
      "instances": [
        {
          "schema_version": 0,
          "attributes": {
            "address": null,
            "allocation_id": "eipalloc-0e5fd0a6742afdcb6",
            "associate_with_private_ip": null,
            "association_id": "eipassoc-03411b0a116256d9a",
            "carrier_ip": "",
            "customer_owned_ip": "",
            "customer_owned_ipv4_pool": "",
            "domain": "vpc",
            "id": "eipalloc-0e5fd0a6742afdcb6",
            "instance": "",
            "network_border_group": "us-east-1",
            "network_interface": "eni-0e1e2887f882c9053",
            "private_dns": "ip-172-32-3-47.ec2.internal",
            "private_ip": "172.32.3.47",
            "public_dns": "ec2-35-170-149-187.compute-1.amazonaws.com",
            "public_ip": "35.170.149.187",
            "public_ipv4_pool": "amazon",
            "tags": {
              "Name": "default_qa-elastic-ip"
            },
            "tags_all": {
              "Name": "default_qa-elastic-ip"
            },
            "timeouts": null,
            "vpc": true
          },
          "sensitive_attributes": [],
          "private": "eyJlMmJmYjczMC1lY2FhLTExZTYtOGY4OC0zNDM2M2JjN2M0YzAiOnsiZGVsZXRlIjoxODAwMDAwMDAwMDAsInJlYWQiOjkwMDAwMDAwMDAwMCwidXBkYXRlIjozMDAwMDAwMDAwMDB9fQ=="
        }
      ]
    },
    {
      "module": "module.network",
      "mode": "managed",
      "type": "aws_internet_gateway",
      "name": "ig",
      "provider": "provider[\"registry.terraform.io/hashicorp/aws\"]",
      "instances": [
        {
          "schema_version": 0,
          "attributes": {
            "arn": "arn:aws:ec2:us-east-1:586183866151:internet-gateway/igw-03d6cc628982c9586",
            "id": "igw-03d6cc628982c9586",
            "owner_id": "586183866151",
            "tags": {
              "Name": "default_qa-internet-gateway"
            },
            "tags_all": {
              "Name": "default_qa-internet-gateway"
            },
            "timeouts": null,
            "vpc_id": "vpc-06a08f349a14d7833"
          },
          "sensitive_attributes": [],
          "private": "eyJlMmJmYjczMC1lY2FhLTExZTYtOGY4OC0zNDM2M2JjN2M0YzAiOnsiY3JlYXRlIjoxMjAwMDAwMDAwMDAwLCJkZWxldGUiOjEyMDAwMDAwMDAwMDAsInVwZGF0ZSI6MTIwMDAwMDAwMDAwMH19",
          "dependencies": [
            "module.network.aws_vpc.vpc"
          ]
        }
      ]
    },
    {
      "module": "module.network",
      "mode": "managed",
      "type": "aws_nat_gateway",
      "name": "nat_gw",
      "provider": "provider[\"registry.terraform.io/hashicorp/aws\"]",
      "instances": [
        {
          "schema_version": 0,
          "attributes": {
            "allocation_id": "eipalloc-0e5fd0a6742afdcb6",
            "association_id": "eipassoc-03411b0a116256d9a",
            "connectivity_type": "public",
            "id": "nat-05265416d00678951",
            "network_interface_id": "eni-0e1e2887f882c9053",
            "private_ip": "172.32.3.47",
            "public_ip": "35.170.149.187",
            "subnet_id": "subnet-095d49c9099bc0bd9",
            "tags": {
              "Name": "default_qa-nat-gateway"
            },
            "tags_all": {
              "Name": "default_qa-nat-gateway"
            }
          },
          "sensitive_attributes": [],
          "private": "bnVsbA==",
          "dependencies": [
            "module.network.aws_eip.eip",
            "module.network.aws_subnet.subnet_public_1a",
            "module.network.aws_vpc.vpc"
          ]
        }
      ]
    },
    {
      "module": "module.network",
      "mode": "managed",
      "type": "aws_route_table",
      "name": "nat_rt",
      "provider": "provider[\"registry.terraform.io/hashicorp/aws\"]",
      "instances": [
        {
          "schema_version": 0,
          "attributes": {
            "arn": "arn:aws:ec2:us-east-1:586183866151:route-table/rtb-01fca887c6f98c7cb",
            "id": "rtb-01fca887c6f98c7cb",
            "owner_id": "586183866151",
            "propagating_vgws": [],
            "route": [
              {
                "carrier_gateway_id": "",
                "cidr_block": "0.0.0.0/0",
                "core_network_arn": "",
                "destination_prefix_list_id": "",
                "egress_only_gateway_id": "",
                "gateway_id": "",
                "ipv6_cidr_block": "",
                "local_gateway_id": "",
                "nat_gateway_id": "nat-05265416d00678951",
                "network_interface_id": "",
                "transit_gateway_id": "",
                "vpc_endpoint_id": "",
                "vpc_peering_connection_id": ""
              },
              {
                "carrier_gateway_id": "",
                "cidr_block": "10.10.0.0/23",
                "core_network_arn": "",
                "destination_prefix_list_id": "",
                "egress_only_gateway_id": "",
                "gateway_id": "",
                "ipv6_cidr_block": "",
                "local_gateway_id": "",
                "nat_gateway_id": "",
                "network_interface_id": "",
                "transit_gateway_id": "",
                "vpc_endpoint_id": "",
                "vpc_peering_connection_id": "pcx-0f90e1e6996fdc9c1"
              },
              {
                "carrier_gateway_id": "",
                "cidr_block": "10.20.0.0/23",
                "core_network_arn": "",
                "destination_prefix_list_id": "",
                "egress_only_gateway_id": "",
                "gateway_id": "",
                "ipv6_cidr_block": "",
                "local_gateway_id": "",
                "nat_gateway_id": "",
                "network_interface_id": "",
                "transit_gateway_id": "",
                "vpc_endpoint_id": "",
                "vpc_peering_connection_id": "pcx-0f90e1e6996fdc9c1"
              },
              {
                "carrier_gateway_id": "",
                "cidr_block": "10.211.0.0/23",
                "core_network_arn": "",
                "destination_prefix_list_id": "",
                "egress_only_gateway_id": "",
                "gateway_id": "",
                "ipv6_cidr_block": "",
                "local_gateway_id": "",
                "nat_gateway_id": "",
                "network_interface_id": "",
                "transit_gateway_id": "",
                "vpc_endpoint_id": "",
                "vpc_peering_connection_id": "pcx-0f90e1e6996fdc9c1"
              },
              {
                "carrier_gateway_id": "",
                "cidr_block": "10.212.0.0/23",
                "core_network_arn": "",
                "destination_prefix_list_id": "",
                "egress_only_gateway_id": "",
                "gateway_id": "",
                "ipv6_cidr_block": "",
                "local_gateway_id": "",
                "nat_gateway_id": "",
                "network_interface_id": "",
                "transit_gateway_id": "",
                "vpc_endpoint_id": "",
                "vpc_peering_connection_id": "pcx-0f90e1e6996fdc9c1"
              },
              {
                "carrier_gateway_id": "",
                "cidr_block": "172.31.0.0/16",
                "core_network_arn": "",
                "destination_prefix_list_id": "",
                "egress_only_gateway_id": "",
                "gateway_id": "",
                "ipv6_cidr_block": "",
                "local_gateway_id": "",
                "nat_gateway_id": "",
                "network_interface_id": "",
                "transit_gateway_id": "",
                "vpc_endpoint_id": "",
                "vpc_peering_connection_id": "pcx-0f90e1e6996fdc9c1"
              },
              {
                "carrier_gateway_id": "",
                "cidr_block": "192.168.0.0/16",
                "core_network_arn": "",
                "destination_prefix_list_id": "",
                "egress_only_gateway_id": "",
                "gateway_id": "",
                "ipv6_cidr_block": "",
                "local_gateway_id": "",
                "nat_gateway_id": "",
                "network_interface_id": "",
                "transit_gateway_id": "",
                "vpc_endpoint_id": "",
                "vpc_peering_connection_id": "pcx-0f90e1e6996fdc9c1"
              }
            ],
            "tags": {
              "Name": "default_qa-private-rt"
            },
            "tags_all": {
              "Name": "default_qa-private-rt"
            },
            "timeouts": null,
            "vpc_id": "vpc-06a08f349a14d7833"
          },
          "sensitive_attributes": [],
          "private": "eyJlMmJmYjczMC1lY2FhLTExZTYtOGY4OC0zNDM2M2JjN2M0YzAiOnsiY3JlYXRlIjozMDAwMDAwMDAwMDAsImRlbGV0ZSI6MzAwMDAwMDAwMDAwLCJ1cGRhdGUiOjEyMDAwMDAwMDAwMH19",
          "dependencies": [
            "module.network.aws_nat_gateway.nat_gw",
            "module.network.aws_vpc.vpc"
          ]
        }
      ]
    },
    {
      "module": "module.network",
      "mode": "managed",
      "type": "aws_route_table",
      "name": "public_rt",
      "provider": "provider[\"registry.terraform.io/hashicorp/aws\"]",
      "instances": [
        {
          "schema_version": 0,
          "attributes": {
            "arn": "arn:aws:ec2:us-east-1:586183866151:route-table/rtb-0b1155eb60c7d288f",
            "id": "rtb-0b1155eb60c7d288f",
            "owner_id": "586183866151",
            "propagating_vgws": [],
            "route": [
              {
                "carrier_gateway_id": "",
                "cidr_block": "0.0.0.0/0",
                "core_network_arn": "",
                "destination_prefix_list_id": "",
                "egress_only_gateway_id": "",
                "gateway_id": "igw-03d6cc628982c9586",
                "ipv6_cidr_block": "",
                "local_gateway_id": "",
                "nat_gateway_id": "",
                "network_interface_id": "",
                "transit_gateway_id": "",
                "vpc_endpoint_id": "",
                "vpc_peering_connection_id": ""
              },
              {
                "carrier_gateway_id": "",
                "cidr_block": "10.10.0.0/23",
                "core_network_arn": "",
                "destination_prefix_list_id": "",
                "egress_only_gateway_id": "",
                "gateway_id": "",
                "ipv6_cidr_block": "",
                "local_gateway_id": "",
                "nat_gateway_id": "",
                "network_interface_id": "",
                "transit_gateway_id": "",
                "vpc_endpoint_id": "",
                "vpc_peering_connection_id": "pcx-0f90e1e6996fdc9c1"
              },
              {
                "carrier_gateway_id": "",
                "cidr_block": "10.20.0.0/23",
                "core_network_arn": "",
                "destination_prefix_list_id": "",
                "egress_only_gateway_id": "",
                "gateway_id": "",
                "ipv6_cidr_block": "",
                "local_gateway_id": "",
                "nat_gateway_id": "",
                "network_interface_id": "",
                "transit_gateway_id": "",
                "vpc_endpoint_id": "",
                "vpc_peering_connection_id": "pcx-0f90e1e6996fdc9c1"
              },
              {
                "carrier_gateway_id": "",
                "cidr_block": "10.211.0.0/23",
                "core_network_arn": "",
                "destination_prefix_list_id": "",
                "egress_only_gateway_id": "",
                "gateway_id": "",
                "ipv6_cidr_block": "",
                "local_gateway_id": "",
                "nat_gateway_id": "",
                "network_interface_id": "",
                "transit_gateway_id": "",
                "vpc_endpoint_id": "",
                "vpc_peering_connection_id": "pcx-0f90e1e6996fdc9c1"
              },
              {
                "carrier_gateway_id": "",
                "cidr_block": "10.212.0.0/23",
                "core_network_arn": "",
                "destination_prefix_list_id": "",
                "egress_only_gateway_id": "",
                "gateway_id": "",
                "ipv6_cidr_block": "",
                "local_gateway_id": "",
                "nat_gateway_id": "",
                "network_interface_id": "",
                "transit_gateway_id": "",
                "vpc_endpoint_id": "",
                "vpc_peering_connection_id": "pcx-0f90e1e6996fdc9c1"
              },
              {
                "carrier_gateway_id": "",
                "cidr_block": "172.31.0.0/16",
                "core_network_arn": "",
                "destination_prefix_list_id": "",
                "egress_only_gateway_id": "",
                "gateway_id": "",
                "ipv6_cidr_block": "",
                "local_gateway_id": "",
                "nat_gateway_id": "",
                "network_interface_id": "",
                "transit_gateway_id": "",
                "vpc_endpoint_id": "",
                "vpc_peering_connection_id": "pcx-0f90e1e6996fdc9c1"
              },
              {
                "carrier_gateway_id": "",
                "cidr_block": "192.168.0.0/16",
                "core_network_arn": "",
                "destination_prefix_list_id": "",
                "egress_only_gateway_id": "",
                "gateway_id": "",
                "ipv6_cidr_block": "",
                "local_gateway_id": "",
                "nat_gateway_id": "",
                "network_interface_id": "",
                "transit_gateway_id": "",
                "vpc_endpoint_id": "",
                "vpc_peering_connection_id": "pcx-0f90e1e6996fdc9c1"
              }
            ],
            "tags": {
              "Name": "default_qa-public-rt"
            },
            "tags_all": {
              "Name": "default_qa-public-rt"
            },
            "timeouts": null,
            "vpc_id": "vpc-06a08f349a14d7833"
          },
          "sensitive_attributes": [],
          "private": "eyJlMmJmYjczMC1lY2FhLTExZTYtOGY4OC0zNDM2M2JjN2M0YzAiOnsiY3JlYXRlIjozMDAwMDAwMDAwMDAsImRlbGV0ZSI6MzAwMDAwMDAwMDAwLCJ1cGRhdGUiOjEyMDAwMDAwMDAwMH19",
          "dependencies": [
            "module.network.aws_internet_gateway.ig",
            "module.network.aws_vpc.vpc"
          ]
        }
      ]
    },
    {
      "module": "module.network",
      "mode": "managed",
      "type": "aws_route_table_association",
      "name": "public_rt_association_1a",
      "provider": "provider[\"registry.terraform.io/hashicorp/aws\"]",
      "instances": [
        {
          "schema_version": 0,
          "attributes": {
            "gateway_id": "",
            "id": "rtbassoc-07fcf52606874a86c",
            "route_table_id": "rtb-0b1155eb60c7d288f",
            "subnet_id": "subnet-095d49c9099bc0bd9",
            "timeouts": null
          },
          "sensitive_attributes": [],
          "private": "eyJlMmJmYjczMC1lY2FhLTExZTYtOGY4OC0zNDM2M2JjN2M0YzAiOnsiY3JlYXRlIjozMDAwMDAwMDAwMDAsImRlbGV0ZSI6MzAwMDAwMDAwMDAwLCJ1cGRhdGUiOjEyMDAwMDAwMDAwMH19",
          "dependencies": [
            "module.network.aws_internet_gateway.ig",
            "module.network.aws_route_table.public_rt",
            "module.network.aws_subnet.subnet_public_1a",
            "module.network.aws_vpc.vpc"
          ]
        }
      ]
    },
    {
      "module": "module.network",
      "mode": "managed",
      "type": "aws_route_table_association",
      "name": "public_rt_association_1b",
      "provider": "provider[\"registry.terraform.io/hashicorp/aws\"]",
      "instances": [
        {
          "schema_version": 0,
          "attributes": {
            "gateway_id": "",
            "id": "rtbassoc-0ffad21b997f73a98",
            "route_table_id": "rtb-0b1155eb60c7d288f",
            "subnet_id": "subnet-0fe2dc9cf2cc9b3a6",
            "timeouts": null
          },
          "sensitive_attributes": [],
          "private": "eyJlMmJmYjczMC1lY2FhLTExZTYtOGY4OC0zNDM2M2JjN2M0YzAiOnsiY3JlYXRlIjozMDAwMDAwMDAwMDAsImRlbGV0ZSI6MzAwMDAwMDAwMDAwLCJ1cGRhdGUiOjEyMDAwMDAwMDAwMH19",
          "dependencies": [
            "module.network.aws_internet_gateway.ig",
            "module.network.aws_route_table.public_rt",
            "module.network.aws_subnet.subnet_public_1b",
            "module.network.aws_vpc.vpc"
          ]
        }
      ]
    },
    {
      "module": "module.network",
      "mode": "managed",
      "type": "aws_route_table_association",
      "name": "subnet_private_1a",
      "provider": "provider[\"registry.terraform.io/hashicorp/aws\"]",
      "instances": [
        {
          "schema_version": 0,
          "attributes": {
            "gateway_id": "",
            "id": "rtbassoc-0418c15e3cdacbf70",
            "route_table_id": "rtb-01fca887c6f98c7cb",
            "subnet_id": "subnet-05872fb3889e7b981",
            "timeouts": null
          },
          "sensitive_attributes": [],
          "private": "eyJlMmJmYjczMC1lY2FhLTExZTYtOGY4OC0zNDM2M2JjN2M0YzAiOnsiY3JlYXRlIjozMDAwMDAwMDAwMDAsImRlbGV0ZSI6MzAwMDAwMDAwMDAwLCJ1cGRhdGUiOjEyMDAwMDAwMDAwMH19",
          "dependencies": [
            "module.network.aws_eip.eip",
            "module.network.aws_nat_gateway.nat_gw",
            "module.network.aws_route_table.nat_rt",
            "module.network.aws_subnet.subnet_private_1a",
            "module.network.aws_subnet.subnet_public_1a",
            "module.network.aws_vpc.vpc"
          ]
        }
      ]
    },
    {
      "module": "module.network",
      "mode": "managed",
      "type": "aws_route_table_association",
      "name": "subnet_private_1b",
      "provider": "provider[\"registry.terraform.io/hashicorp/aws\"]",
      "instances": [
        {
          "schema_version": 0,
          "attributes": {
            "gateway_id": "",
            "id": "rtbassoc-0d0ac4fc161e0d0dd",
            "route_table_id": "rtb-01fca887c6f98c7cb",
            "subnet_id": "subnet-001580eb0e58f7e1a",
            "timeouts": null
          },
          "sensitive_attributes": [],
          "private": "eyJlMmJmYjczMC1lY2FhLTExZTYtOGY4OC0zNDM2M2JjN2M0YzAiOnsiY3JlYXRlIjozMDAwMDAwMDAwMDAsImRlbGV0ZSI6MzAwMDAwMDAwMDAwLCJ1cGRhdGUiOjEyMDAwMDAwMDAwMH19",
          "dependencies": [
            "module.network.aws_eip.eip",
            "module.network.aws_nat_gateway.nat_gw",
            "module.network.aws_route_table.nat_rt",
            "module.network.aws_subnet.subnet_private_1b",
            "module.network.aws_subnet.subnet_public_1a",
            "module.network.aws_vpc.vpc"
          ]
        }
      ]
    },
    {
      "module": "module.network",
      "mode": "managed",
      "type": "aws_security_group",
      "name": "sg",
      "provider": "provider[\"registry.terraform.io/hashicorp/aws\"]",
      "instances": [
        {
          "schema_version": 1,
          "attributes": {
            "arn": "arn:aws:ec2:us-east-1:586183866151:security-group/sg-01d95825bef0e33c1",
            "description": "Default SG",
            "egress": [
              {
                "cidr_blocks": [
                  "0.0.0.0/0"
                ],
                "description": "",
                "from_port": 0,
                "ipv6_cidr_blocks": [],
                "prefix_list_ids": [],
                "protocol": "-1",
                "security_groups": [],
                "self": false,
                "to_port": 0
              }
            ],
            "id": "sg-01d95825bef0e33c1",
            "ingress": [
              {
                "cidr_blocks": [
                  "0.0.0.0/0"
                ],
                "description": "HTTP",
                "from_port": 80,
                "ipv6_cidr_blocks": [],
                "prefix_list_ids": [],
                "protocol": "tcp",
                "security_groups": [],
                "self": false,
                "to_port": 80
              },
              {
                "cidr_blocks": [
                  "0.0.0.0/0"
                ],
                "description": "HTTPS",
                "from_port": 443,
                "ipv6_cidr_blocks": [],
                "prefix_list_ids": [],
                "protocol": "tcp",
                "security_groups": [],
                "self": false,
                "to_port": 443
              },
              {
                "cidr_blocks": [
                  "0.0.0.0/0"
                ],
                "description": "okd-console",
                "from_port": 8443,
                "ipv6_cidr_blocks": [],
                "prefix_list_ids": [],
                "protocol": "tcp",
                "security_groups": [],
                "self": false,
                "to_port": 8443
              },
              {
                "cidr_blocks": [
                  "10.20.0.0/23"
                ],
                "description": "internal-traffic",
                "from_port": 0,
                "ipv6_cidr_blocks": [],
                "prefix_list_ids": [],
                "protocol": "-1",
                "security_groups": [],
                "self": false,
                "to_port": 0
              },
              {
                "cidr_blocks": [
                  "10.211.0.0/16"
                ],
                "description": "internal-traffic",
                "from_port": 0,
                "ipv6_cidr_blocks": [],
                "prefix_list_ids": [],
                "protocol": "-1",
                "security_groups": [],
                "self": false,
                "to_port": 0
              },
              {
                "cidr_blocks": [
                  "10.212.0.0/16"
                ],
                "description": "internal-traffic",
                "from_port": 0,
                "ipv6_cidr_blocks": [],
                "prefix_list_ids": [],
                "protocol": "-1",
                "security_groups": [],
                "self": false,
                "to_port": 0
              },
              {
                "cidr_blocks": [
                  "172.32.0.0/16",
                  "10.211.0.0/16",
                  "10.20.0.0/23",
                  "10.212.0.0/16",
                  "192.168.0.0/16"
                ],
                "description": "SSH",
                "from_port": 22,
                "ipv6_cidr_blocks": [],
                "prefix_list_ids": [],
                "protocol": "tcp",
                "security_groups": [],
                "self": false,
                "to_port": 22
              },
              {
                "cidr_blocks": [
                  "172.32.0.0/16"
                ],
                "description": "internal-traffic",
                "from_port": 0,
                "ipv6_cidr_blocks": [],
                "prefix_list_ids": [],
                "protocol": "-1",
                "security_groups": [],
                "self": false,
                "to_port": 0
              },
              {
                "cidr_blocks": [
                  "192.168.0.0/16"
                ],
                "description": "internal-traffic",
                "from_port": 0,
                "ipv6_cidr_blocks": [],
                "prefix_list_ids": [],
                "protocol": "-1",
                "security_groups": [],
                "self": false,
                "to_port": 0
              }
            ],
            "name": "sg_default_qa",
            "name_prefix": "",
            "owner_id": "586183866151",
            "revoke_rules_on_delete": false,
            "tags": {
              "Name": "sg_default_qa"
            },
            "tags_all": {
              "Name": "sg_default_qa"
            },
            "timeouts": null,
            "vpc_id": "vpc-06a08f349a14d7833"
          },
          "sensitive_attributes": [],
          "private": "eyJlMmJmYjczMC1lY2FhLTExZTYtOGY4OC0zNDM2M2JjN2M0YzAiOnsiY3JlYXRlIjo2MDAwMDAwMDAwMDAsImRlbGV0ZSI6OTAwMDAwMDAwMDAwfSwic2NoZW1hX3ZlcnNpb24iOiIxIn0=",
          "dependencies": [
            "module.network.aws_vpc.vpc"
          ]
        }
      ]
    },
    {
      "module": "module.network",
      "mode": "managed",
      "type": "aws_subnet",
      "name": "subnet_private_1a",
      "provider": "provider[\"registry.terraform.io/hashicorp/aws\"]",
      "instances": [
        {
          "schema_version": 1,
          "attributes": {
            "arn": "arn:aws:ec2:us-east-1:586183866151:subnet/subnet-05872fb3889e7b981",
            "assign_ipv6_address_on_creation": false,
            "availability_zone": "us-east-1a",
            "availability_zone_id": "use1-az4",
            "cidr_block": "172.32.1.0/24",
            "customer_owned_ipv4_pool": "",
            "enable_dns64": false,
            "enable_lni_at_device_index": 0,
            "enable_resource_name_dns_a_record_on_launch": false,
            "enable_resource_name_dns_aaaa_record_on_launch": false,
            "id": "subnet-05872fb3889e7b981",
            "ipv6_cidr_block": "",
            "ipv6_cidr_block_association_id": "",
            "ipv6_native": false,
            "map_customer_owned_ip_on_launch": false,
            "map_public_ip_on_launch": false,
            "outpost_arn": "",
            "owner_id": "586183866151",
            "private_dns_hostname_type_on_launch": "ip-name",
            "tags": {
              "Name": "default_qa-subnet-private-1a",
              "kubernetes.io/cluster/dotgroup-okd3-qa": "shared"
            },
            "tags_all": {
              "Name": "default_qa-subnet-private-1a",
              "kubernetes.io/cluster/dotgroup-okd3-qa": "shared"
            },
            "timeouts": null,
            "vpc_id": "vpc-06a08f349a14d7833"
          },
          "sensitive_attributes": [],
          "private": "eyJlMmJmYjczMC1lY2FhLTExZTYtOGY4OC0zNDM2M2JjN2M0YzAiOnsiY3JlYXRlIjo2MDAwMDAwMDAwMDAsImRlbGV0ZSI6MTIwMDAwMDAwMDAwMH0sInNjaGVtYV92ZXJzaW9uIjoiMSJ9",
          "dependencies": [
            "module.network.aws_vpc.vpc"
          ]
        }
      ]
    },
    {
      "module": "module.network",
      "mode": "managed",
      "type": "aws_subnet",
      "name": "subnet_private_1b",
      "provider": "provider[\"registry.terraform.io/hashicorp/aws\"]",
      "instances": [
        {
          "schema_version": 1,
          "attributes": {
            "arn": "arn:aws:ec2:us-east-1:586183866151:subnet/subnet-001580eb0e58f7e1a",
            "assign_ipv6_address_on_creation": false,
            "availability_zone": "us-east-1b",
            "availability_zone_id": "use1-az6",
            "cidr_block": "172.32.2.0/24",
            "customer_owned_ipv4_pool": "",
            "enable_dns64": false,
            "enable_lni_at_device_index": 0,
            "enable_resource_name_dns_a_record_on_launch": false,
            "enable_resource_name_dns_aaaa_record_on_launch": false,
            "id": "subnet-001580eb0e58f7e1a",
            "ipv6_cidr_block": "",
            "ipv6_cidr_block_association_id": "",
            "ipv6_native": false,
            "map_customer_owned_ip_on_launch": false,
            "map_public_ip_on_launch": false,
            "outpost_arn": "",
            "owner_id": "586183866151",
            "private_dns_hostname_type_on_launch": "ip-name",
            "tags": {
              "Name": "default_qa-subnet-private-1b",
              "kubernetes.io/cluster/dotgroup-okd3-qa": "shared"
            },
            "tags_all": {
              "Name": "default_qa-subnet-private-1b",
              "kubernetes.io/cluster/dotgroup-okd3-qa": "shared"
            },
            "timeouts": null,
            "vpc_id": "vpc-06a08f349a14d7833"
          },
          "sensitive_attributes": [],
          "private": "eyJlMmJmYjczMC1lY2FhLTExZTYtOGY4OC0zNDM2M2JjN2M0YzAiOnsiY3JlYXRlIjo2MDAwMDAwMDAwMDAsImRlbGV0ZSI6MTIwMDAwMDAwMDAwMH0sInNjaGVtYV92ZXJzaW9uIjoiMSJ9",
          "dependencies": [
            "module.network.aws_vpc.vpc"
          ]
        }
      ]
    },
    {
      "module": "module.network",
      "mode": "managed",
      "type": "aws_subnet",
      "name": "subnet_public_1a",
      "provider": "provider[\"registry.terraform.io/hashicorp/aws\"]",
      "instances": [
        {
          "schema_version": 1,
          "attributes": {
            "arn": "arn:aws:ec2:us-east-1:586183866151:subnet/subnet-095d49c9099bc0bd9",
            "assign_ipv6_address_on_creation": false,
            "availability_zone": "us-east-1a",
            "availability_zone_id": "use1-az4",
            "cidr_block": "172.32.3.0/24",
            "customer_owned_ipv4_pool": "",
            "enable_dns64": false,
            "enable_lni_at_device_index": 0,
            "enable_resource_name_dns_a_record_on_launch": false,
            "enable_resource_name_dns_aaaa_record_on_launch": false,
            "id": "subnet-095d49c9099bc0bd9",
            "ipv6_cidr_block": "",
            "ipv6_cidr_block_association_id": "",
            "ipv6_native": false,
            "map_customer_owned_ip_on_launch": false,
            "map_public_ip_on_launch": true,
            "outpost_arn": "",
            "owner_id": "586183866151",
            "private_dns_hostname_type_on_launch": "ip-name",
            "tags": {
              "Name": "default_qa-subnet-public-1a",
              "kubernetes.io/cluster/default_qa": "shared"
            },
            "tags_all": {
              "Name": "default_qa-subnet-public-1a",
              "kubernetes.io/cluster/default_qa": "shared"
            },
            "timeouts": null,
            "vpc_id": "vpc-06a08f349a14d7833"
          },
          "sensitive_attributes": [],
          "private": "eyJlMmJmYjczMC1lY2FhLTExZTYtOGY4OC0zNDM2M2JjN2M0YzAiOnsiY3JlYXRlIjo2MDAwMDAwMDAwMDAsImRlbGV0ZSI6MTIwMDAwMDAwMDAwMH0sInNjaGVtYV92ZXJzaW9uIjoiMSJ9",
          "dependencies": [
            "module.network.aws_vpc.vpc"
          ]
        }
      ]
    },
    {
      "module": "module.network",
      "mode": "managed",
      "type": "aws_subnet",
      "name": "subnet_public_1b",
      "provider": "provider[\"registry.terraform.io/hashicorp/aws\"]",
      "instances": [
        {
          "schema_version": 1,
          "attributes": {
            "arn": "arn:aws:ec2:us-east-1:586183866151:subnet/subnet-0fe2dc9cf2cc9b3a6",
            "assign_ipv6_address_on_creation": false,
            "availability_zone": "us-east-1b",
            "availability_zone_id": "use1-az6",
            "cidr_block": "172.32.4.0/24",
            "customer_owned_ipv4_pool": "",
            "enable_dns64": false,
            "enable_lni_at_device_index": 0,
            "enable_resource_name_dns_a_record_on_launch": false,
            "enable_resource_name_dns_aaaa_record_on_launch": false,
            "id": "subnet-0fe2dc9cf2cc9b3a6",
            "ipv6_cidr_block": "",
            "ipv6_cidr_block_association_id": "",
            "ipv6_native": false,
            "map_customer_owned_ip_on_launch": false,
            "map_public_ip_on_launch": true,
            "outpost_arn": "",
            "owner_id": "586183866151",
            "private_dns_hostname_type_on_launch": "ip-name",
            "tags": {
              "Name": "default_qa-subnet-public-1b",
              "kubernetes.io/cluster/dotgroup-okd3-qa": "shared"
            },
            "tags_all": {
              "Name": "default_qa-subnet-public-1b",
              "kubernetes.io/cluster/dotgroup-okd3-qa": "shared"
            },
            "timeouts": null,
            "vpc_id": "vpc-06a08f349a14d7833"
          },
          "sensitive_attributes": [],
          "private": "eyJlMmJmYjczMC1lY2FhLTExZTYtOGY4OC0zNDM2M2JjN2M0YzAiOnsiY3JlYXRlIjo2MDAwMDAwMDAwMDAsImRlbGV0ZSI6MTIwMDAwMDAwMDAwMH0sInNjaGVtYV92ZXJzaW9uIjoiMSJ9",
          "dependencies": [
            "module.network.aws_vpc.vpc"
          ]
        }
      ]
    },
    {
      "module": "module.network",
      "mode": "managed",
      "type": "aws_vpc",
      "name": "vpc",
      "provider": "provider[\"registry.terraform.io/hashicorp/aws\"]",
      "instances": [
        {
          "schema_version": 1,
          "attributes": {
            "arn": "arn:aws:ec2:us-east-1:586183866151:vpc/vpc-06a08f349a14d7833",
            "assign_generated_ipv6_cidr_block": false,
            "cidr_block": "172.32.0.0/16",
            "default_network_acl_id": "acl-0df52a4928eaad29b",
            "default_route_table_id": "rtb-077304ff56b047959",
            "default_security_group_id": "sg-021d318275d7156b1",
            "dhcp_options_id": "dopt-119a686b",
            "enable_dns_hostnames": true,
            "enable_dns_support": true,
            "enable_network_address_usage_metrics": false,
            "id": "vpc-06a08f349a14d7833",
            "instance_tenancy": "default",
            "ipv4_ipam_pool_id": null,
            "ipv4_netmask_length": null,
            "ipv6_association_id": "",
            "ipv6_cidr_block": "",
            "ipv6_cidr_block_network_border_group": "",
            "ipv6_ipam_pool_id": "",
            "ipv6_netmask_length": 0,
            "main_route_table_id": "rtb-077304ff56b047959",
            "owner_id": "586183866151",
            "tags": {
              "Name": "default_qa-vpc"
            },
            "tags_all": {
              "Name": "default_qa-vpc"
            }
          },
          "sensitive_attributes": [],
          "private": "eyJzY2hlbWFfdmVyc2lvbiI6IjEifQ=="
        }
      ]
    }
  ],
  "check_results": null
}
