{
  "version": 4,
  "terraform_version": "1.6.4",
  "serial": 11,
  "lineage": "b0d08388-78c9-2cca-54e5-60bd39c027f1",
  "outputs": {},
  "resources": [
    {
      "module": "module.mongodb-36",
      "mode": "managed",
      "type": "aws_ebs_volume",
      "name": "data",
      "provider": "module.mongodb-36.provider[\"registry.terraform.io/hashicorp/aws\"]",
      "instances": [
        {
          "schema_version": 0,
          "attributes": {
            "arn": "arn:aws:ec2:us-east-1:586183866151:volume/vol-054e07486196a70db",
            "availability_zone": "us-east-1c",
            "encrypted": false,
            "id": "vol-054e07486196a70db",
            "iops": 180,
            "kms_key_id": "",
            "multi_attach_enabled": false,
            "outpost_arn": "",
            "size": 60,
            "snapshot_id": "",
            "tags": {
              "Name": "mongodb-3.6-data"
            },
            "type": "gp2"
          },
          "sensitive_attributes": [],
          "private": "bnVsbA==",
          "dependencies": [
            "module.mongodb-36.aws_instance.mongodb"
          ]
        }
      ]
    },
    {
      "module": "module.mongodb-36",
      "mode": "managed",
      "type": "aws_instance",
      "name": "mongodb",
      "provider": "module.mongodb-36.provider[\"registry.terraform.io/hashicorp/aws\"]",
      "instances": [
        {
          "schema_version": 1,
          "attributes": {
            "ami": "ami-d5bf2caa",
            "arn": "arn:aws:ec2:us-east-1:586183866151:instance/i-0eb7723ede3afed85",
            "associate_public_ip_address": true,
            "availability_zone": "us-east-1c",
            "cpu_core_count": 1,
            "cpu_threads_per_core": 2,
            "credit_specification": [],
            "disable_api_termination": false,
            "ebs_block_device": [],
            "ebs_optimized": false,
            "ephemeral_block_device": [],
            "get_password_data": false,
            "hibernation": false,
            "host_id": null,
            "iam_instance_profile": "",
            "id": "i-0eb7723ede3afed85",
            "instance_initiated_shutdown_behavior": null,
            "instance_state": "running",
            "instance_type": "m5.large",
            "ipv6_address_count": 0,
            "ipv6_addresses": [],
            "key_name": "default_prd",
            "metadata_options": [
              {
                "http_endpoint": "enabled",
                "http_put_response_hop_limit": 1,
                "http_tokens": "optional"
              }
            ],
            "monitoring": false,
            "network_interface": [],
            "outpost_arn": "",
            "password_data": "",
            "placement_group": "",
            "primary_network_interface_id": "eni-0c762ff908658bc8e",
            "private_dns": "ip-172-31-7-225.ec2.internal",
            "private_ip": "172.31.7.225",
            "public_dns": "ec2-3-220-164-169.compute-1.amazonaws.com",
            "public_ip": "3.220.164.169",
            "root_block_device": [
              {
                "delete_on_termination": true,
                "device_name": "/dev/sda1",
                "encrypted": false,
                "iops": 100,
                "kms_key_id": "",
                "volume_id": "vol-0448b196367b9c4ad",
                "volume_size": 20,
                "volume_type": "gp2"
              }
            ],
            "secondary_private_ips": [],
            "security_groups": [
              "default"
            ],
            "source_dest_check": true,
            "subnet_id": "subnet-7addd81d",
            "tags": {
              "Name": "mongodb-3.6"
            },
            "tenancy": "default",
            "timeouts": null,
            "user_data": null,
            "user_data_base64": null,
            "volume_tags": {},
            "vpc_security_group_ids": [
              "sg-75fd6f27"
            ]
          },
          "sensitive_attributes": [],
          "private": "eyJlMmJmYjczMC1lY2FhLTExZTYtOGY4OC0zNDM2M2JjN2M0YzAiOnsiY3JlYXRlIjo2MDAwMDAwMDAwMDAsImRlbGV0ZSI6MTIwMDAwMDAwMDAwMCwidXBkYXRlIjo2MDAwMDAwMDAwMDB9LCJzY2hlbWFfdmVyc2lvbiI6IjEifQ=="
        }
      ]
    },
    {
      "module": "module.mongodb-36",
      "mode": "managed",
      "type": "aws_volume_attachment",
      "name": "data_ec2",
      "provider": "module.mongodb-36.provider[\"registry.terraform.io/hashicorp/aws\"]",
      "instances": [
        {
          "schema_version": 0,
          "attributes": {
            "device_name": "/dev/sdh",
            "force_detach": null,
            "id": "vai-419772675",
            "instance_id": "i-0eb7723ede3afed85",
            "skip_destroy": null,
            "volume_id": "vol-054e07486196a70db"
          },
          "sensitive_attributes": [],
          "private": "bnVsbA==",
          "dependencies": [
            "module.mongodb-36.aws_ebs_volume.data",
            "module.mongodb-36.aws_instance.mongodb"
          ]
        }
      ]
    }
  ],
  "check_results": null
}
