{
  "version": 4,
  "terraform_version": "0.14.10",
  "serial": 862,
  "lineage": "902ed892-2e1e-621a-8168-4fab9286aca1",
  "outputs": {},
  "resources": [
    {
      "module": "module.openshift",
      "mode": "managed",
      "type": "vsphere_virtual_machine",
      "name": "os_lb",
      "provider": "module.openshift.provider[\"registry.terraform.io/hashicorp/vsphere\"]",
      "instances": [
        {
          "index_key": 0,
          "schema_version": 3,
          "attributes": {
            "alternate_guest_name": "",
            "annotation": "OpenShift Load Balancer",
            "boot_delay": 0,
            "boot_retry_delay": 10000,
            "boot_retry_enabled": false,
            "cdrom": [],
            "change_version": "2021-08-03T18:07:04.627787Z",
            "clone": [
              {
                "customize": [
                  {
                    "dns_server_list": [
                      "10.20.0.4",
                      "192.168.1.250"
                    ],
                    "dns_suffix_list": [],
                    "ipv4_gateway": "10.20.0.1",
                    "ipv6_gateway": "",
                    "linux_options": [
                      {
                        "domain": "dot.group",
                        "host_name": "adp-okd-lb",
                        "hw_clock_utc": true,
                        "time_zone": ""
                      }
                    ],
                    "network_interface": [
                      {
                        "dns_domain": "",
                        "dns_server_list": [],
                        "ipv4_address": "10.20.0.70",
                        "ipv4_netmask": 16,
                        "ipv6_address": "",
                        "ipv6_netmask": 0
                      }
                    ],
                    "timeout": 20,
                    "windows_options": [],
                    "windows_sysprep_text": ""
                  }
                ],
                "linked_clone": false,
                "ovf_network_map": {},
                "ovf_storage_map": {},
                "template_uuid": "4200b180-70a7-b04f-27a7-d973c358314a",
                "timeout": 30
              }
            ],
            "cpu_hot_add_enabled": false,
            "cpu_hot_remove_enabled": false,
            "cpu_limit": -1,
            "cpu_performance_counters_enabled": false,
            "cpu_reservation": 0,
            "cpu_share_count": 2000,
            "cpu_share_level": "normal",
            "custom_attributes": {},
            "datacenter_id": null,
            "datastore_cluster_id": null,
            "datastore_id": "datastore-34467",
            "default_ip_address": "10.20.0.70",
            "disk": [
              {
                "attach": false,
                "controller_type": "scsi",
                "datastore_id": "datastore-34467",
                "device_address": "scsi:0:0",
                "disk_mode": "persistent",
                "disk_sharing": "sharingNone",
                "eagerly_scrub": false,
                "io_limit": -1,
                "io_reservation": 0,
                "io_share_count": 1000,
                "io_share_level": "normal",
                "keep_on_remove": false,
                "key": 2000,
                "label": "okd-lb.vmdk",
                "name": "",
                "path": "adp-okd-lb/adp-okd-lb.vmdk",
                "size": 20,
                "storage_policy_id": "",
                "thin_provisioned": false,
                "unit_number": 0,
                "uuid": "6000C29d-578e-25a9-54d8-d2a9451eabb5",
                "write_through": false
              }
            ],
            "efi_secure_boot_enabled": false,
            "enable_disk_uuid": false,
            "enable_logging": false,
            "ept_rvi_mode": "automatic",
            "extra_config": {},
            "firmware": "bios",
            "folder": "",
            "force_power_off": true,
            "guest_id": "centos7_64Guest",
            "guest_ip_addresses": [
              "10.20.0.70",
              "fe80::250:56ff:fe80:5e48"
            ],
            "hardware_version": 13,
            "host_system_id": "host-2065",
            "hv_mode": "hvAuto",
            "id": "4200f4af-8ef1-789f-e149-ddd382ac1ac1",
            "ide_controller_count": 2,
            "ignored_guest_ips": null,
            "imported": null,
            "latency_sensitivity": "normal",
            "memory": 2048,
            "memory_hot_add_enabled": false,
            "memory_limit": -1,
            "memory_reservation": 0,
            "memory_share_count": 20480,
            "memory_share_level": "normal",
            "migrate_wait_timeout": 30,
            "moid": "vm-55878",
            "name": "adp-okd-lb",
            "nested_hv_enabled": false,
            "network_interface": [
              {
                "adapter_type": "vmxnet3",
                "bandwidth_limit": -1,
                "bandwidth_reservation": 0,
                "bandwidth_share_count": 50,
                "bandwidth_share_level": "normal",
                "device_address": "pci:0:7",
                "key": 4000,
                "mac_address": "00:50:56:80:5e:48",
                "network_id": "dvportgroup-30",
                "ovf_mapping": "",
                "use_static_mac": false
              }
            ],
            "num_cores_per_socket": 1,
            "num_cpus": 2,
            "ovf_deploy": [],
            "pci_device_id": [],
            "poweron_timeout": 300,
            "reboot_required": false,
            "resource_pool_id": "resgroup-8",
            "run_tools_scripts_after_power_on": true,
            "run_tools_scripts_after_resume": true,
            "run_tools_scripts_before_guest_reboot": false,
            "run_tools_scripts_before_guest_shutdown": true,
            "run_tools_scripts_before_guest_standby": true,
            "sata_controller_count": 0,
            "scsi_bus_sharing": "noSharing",
            "scsi_controller_count": 1,
            "scsi_type": "pvscsi",
            "shutdown_wait_timeout": 3,
            "storage_policy_id": "",
            "swap_placement_policy": "inherit",
            "sync_time_with_host": false,
            "tags": [],
            "uuid": "4200f4af-8ef1-789f-e149-ddd382ac1ac1",
            "vapp": [],
            "vapp_transport": [],
            "vmware_tools_status": "guestToolsRunning",
            "vmx_path": "adp-okd-lb/adp-okd-lb.vmx",
            "wait_for_guest_ip_timeout": 0,
            "wait_for_guest_net_routable": false,
            "wait_for_guest_net_timeout": 0
          },
          "sensitive_attributes": [],
          "private": "eyJzY2hlbWFfdmVyc2lvbiI6IjMifQ==",
          "dependencies": [
            "module.provider-config.module.base.data.vsphere_compute_cluster.cluster",
            "module.provider-config.module.base.data.vsphere_datacenter.dc",
            "module.provider-config.module.base.data.vsphere_datastore.datastore",
            "module.provider-config.module.base.data.vsphere_network.network",
            "module.provider-config.module.base.data.vsphere_virtual_machine.template"
          ]
        }
      ]
    },
    {
      "module": "module.openshift",
      "mode": "managed",
      "type": "vsphere_virtual_machine",
      "name": "os_master",
      "provider": "module.openshift.provider[\"registry.terraform.io/hashicorp/vsphere\"]",
      "instances": [
        {
          "index_key": 0,
          "schema_version": 3,
          "attributes": {
            "alternate_guest_name": "",
            "annotation": "OpenShift Master",
            "boot_delay": 0,
            "boot_retry_delay": 10000,
            "boot_retry_enabled": false,
            "cdrom": [],
            "change_version": "2021-08-03T17:57:57.563593Z",
            "clone": [
              {
                "customize": [
                  {
                    "dns_server_list": [
                      "10.20.0.4",
                      "192.168.1.250"
                    ],
                    "dns_suffix_list": [],
                    "ipv4_gateway": "10.20.0.1",
                    "ipv6_gateway": "",
                    "linux_options": [
                      {
                        "domain": "dot.group",
                        "host_name": "adp-okd-master1",
                        "hw_clock_utc": true,
                        "time_zone": ""
                      }
                    ],
                    "network_interface": [
                      {
                        "dns_domain": "",
                        "dns_server_list": [],
                        "ipv4_address": "10.20.0.71",
                        "ipv4_netmask": 16,
                        "ipv6_address": "",
                        "ipv6_netmask": 0
                      }
                    ],
                    "timeout": 20,
                    "windows_options": [],
                    "windows_sysprep_text": ""
                  }
                ],
                "linked_clone": false,
                "ovf_network_map": {},
                "ovf_storage_map": {},
                "template_uuid": "4200b180-70a7-b04f-27a7-d973c358314a",
                "timeout": 30
              }
            ],
            "cpu_hot_add_enabled": false,
            "cpu_hot_remove_enabled": false,
            "cpu_limit": -1,
            "cpu_performance_counters_enabled": false,
            "cpu_reservation": 0,
            "cpu_share_count": 16000,
            "cpu_share_level": "normal",
            "custom_attributes": {},
            "datacenter_id": null,
            "datastore_cluster_id": null,
            "datastore_id": "datastore-34467",
            "default_ip_address": "10.20.0.71",
            "disk": [
              {
                "attach": false,
                "controller_type": "scsi",
                "datastore_id": "datastore-34467",
                "device_address": "scsi:0:0",
                "disk_mode": "persistent",
                "disk_sharing": "sharingNone",
                "eagerly_scrub": false,
                "io_limit": -1,
                "io_reservation": 0,
                "io_share_count": 1000,
                "io_share_level": "normal",
                "keep_on_remove": false,
                "key": 2000,
                "label": "okd-master1.vmdk",
                "name": "",
                "path": "adp-okd-master1/adp-okd-master1.vmdk",
                "size": 80,
                "storage_policy_id": "",
                "thin_provisioned": false,
                "unit_number": 0,
                "uuid": "6000C29c-2cf4-bc4a-d6d3-5805bbc5be21",
                "write_through": false
              },
              {
                "attach": false,
                "controller_type": "scsi",
                "datastore_id": "datastore-34467",
                "device_address": "scsi:0:1",
                "disk_mode": "persistent",
                "disk_sharing": "sharingNone",
                "eagerly_scrub": false,
                "io_limit": -1,
                "io_reservation": 0,
                "io_share_count": 1000,
                "io_share_level": "normal",
                "keep_on_remove": false,
                "key": 2001,
                "label": "okd-master-dp1.vmdk",
                "name": "",
                "path": "adp-okd-master1/adp-okd-master1_1.vmdk",
                "size": 80,
                "storage_policy_id": "",
                "thin_provisioned": false,
                "unit_number": 1,
                "uuid": "6000C29f-2873-a3f5-cc25-bbcb75fda17d",
                "write_through": false
              }
            ],
            "efi_secure_boot_enabled": false,
            "enable_disk_uuid": false,
            "enable_logging": false,
            "ept_rvi_mode": "automatic",
            "extra_config": {},
            "firmware": "bios",
            "folder": "",
            "force_power_off": true,
            "guest_id": "centos7_64Guest",
            "guest_ip_addresses": [
              "10.20.0.71",
              "fe80::250:56ff:fe80:10d7"
            ],
            "hardware_version": 13,
            "host_system_id": "host-80922",
            "hv_mode": "hvAuto",
            "id": "4200e9d7-3a76-32ee-ab83-7c94353e7edf",
            "ide_controller_count": 2,
            "ignored_guest_ips": null,
            "imported": null,
            "latency_sensitivity": "normal",
            "memory": 16384,
            "memory_hot_add_enabled": false,
            "memory_limit": -1,
            "memory_reservation": 0,
            "memory_share_count": 163840,
            "memory_share_level": "normal",
            "migrate_wait_timeout": 30,
            "moid": "vm-55879",
            "name": "adp-okd-master1",
            "nested_hv_enabled": false,
            "network_interface": [
              {
                "adapter_type": "vmxnet3",
                "bandwidth_limit": -1,
                "bandwidth_reservation": 0,
                "bandwidth_share_count": 50,
                "bandwidth_share_level": "normal",
                "device_address": "pci:0:7",
                "key": 4000,
                "mac_address": "00:50:56:80:10:d7",
                "network_id": "dvportgroup-30",
                "ovf_mapping": "",
                "use_static_mac": false
              }
            ],
            "num_cores_per_socket": 1,
            "num_cpus": 16,
            "ovf_deploy": [],
            "pci_device_id": [],
            "poweron_timeout": 300,
            "reboot_required": false,
            "resource_pool_id": "resgroup-8",
            "run_tools_scripts_after_power_on": true,
            "run_tools_scripts_after_resume": true,
            "run_tools_scripts_before_guest_reboot": false,
            "run_tools_scripts_before_guest_shutdown": true,
            "run_tools_scripts_before_guest_standby": true,
            "sata_controller_count": 0,
            "scsi_bus_sharing": "noSharing",
            "scsi_controller_count": 1,
            "scsi_type": "pvscsi",
            "shutdown_wait_timeout": 3,
            "storage_policy_id": "",
            "swap_placement_policy": "inherit",
            "sync_time_with_host": false,
            "tags": [
              "urn:vmomi:InventoryServiceTag:20c5865c-7064-4588-b250-5cf9926850b0:GLOBAL"
            ],
            "uuid": "4200e9d7-3a76-32ee-ab83-7c94353e7edf",
            "vapp": [],
            "vapp_transport": [],
            "vmware_tools_status": "guestToolsRunning",
            "vmx_path": "adp-okd-master1/adp-okd-master1.vmx",
            "wait_for_guest_ip_timeout": 0,
            "wait_for_guest_net_routable": false,
            "wait_for_guest_net_timeout": 0
          },
          "sensitive_attributes": [],
          "private": "eyJzY2hlbWFfdmVyc2lvbiI6IjMifQ==",
          "dependencies": [
            "module.provider-config.module.base.data.vsphere_compute_cluster.cluster",
            "module.provider-config.module.base.data.vsphere_datacenter.dc",
            "module.provider-config.module.base.data.vsphere_datastore.datastore",
            "module.provider-config.module.base.data.vsphere_network.network",
            "module.provider-config.module.base.data.vsphere_tag_category.veeam_tag_category",
            "module.provider-config.module.base.data.vsphere_virtual_machine.template",
            "module.provider-config.vsphere_tag.tag"
          ]
        },
        {
          "index_key": 1,
          "schema_version": 3,
          "attributes": {
            "alternate_guest_name": "",
            "annotation": "OpenShift Master",
            "boot_delay": 0,
            "boot_retry_delay": 10000,
            "boot_retry_enabled": false,
            "cdrom": [],
            "change_version": "2021-08-03T18:04:23.942146Z",
            "clone": [
              {
                "customize": [
                  {
                    "dns_server_list": [
                      "10.20.0.4",
                      "192.168.1.250"
                    ],
                    "dns_suffix_list": [],
                    "ipv4_gateway": "10.20.0.1",
                    "ipv6_gateway": "",
                    "linux_options": [
                      {
                        "domain": "dot.group",
                        "host_name": "adp-okd-master2",
                        "hw_clock_utc": true,
                        "time_zone": ""
                      }
                    ],
                    "network_interface": [
                      {
                        "dns_domain": "",
                        "dns_server_list": [],
                        "ipv4_address": "10.20.0.72",
                        "ipv4_netmask": 16,
                        "ipv6_address": "",
                        "ipv6_netmask": 0
                      }
                    ],
                    "timeout": 20,
                    "windows_options": [],
                    "windows_sysprep_text": ""
                  }
                ],
                "linked_clone": false,
                "ovf_network_map": {},
                "ovf_storage_map": {},
                "template_uuid": "4200b180-70a7-b04f-27a7-d973c358314a",
                "timeout": 30
              }
            ],
            "cpu_hot_add_enabled": false,
            "cpu_hot_remove_enabled": false,
            "cpu_limit": -1,
            "cpu_performance_counters_enabled": false,
            "cpu_reservation": 0,
            "cpu_share_count": 16000,
            "cpu_share_level": "normal",
            "custom_attributes": {},
            "datacenter_id": null,
            "datastore_cluster_id": null,
            "datastore_id": "datastore-34467",
            "default_ip_address": "10.20.0.72",
            "disk": [
              {
                "attach": false,
                "controller_type": "scsi",
                "datastore_id": "datastore-34467",
                "device_address": "scsi:0:0",
                "disk_mode": "persistent",
                "disk_sharing": "sharingNone",
                "eagerly_scrub": false,
                "io_limit": -1,
                "io_reservation": 0,
                "io_share_count": 1000,
                "io_share_level": "normal",
                "keep_on_remove": false,
                "key": 2000,
                "label": "okd-master2.vmdk",
                "name": "",
                "path": "adp-okd-master2/adp-okd-master2.vmdk",
                "size": 80,
                "storage_policy_id": "",
                "thin_provisioned": false,
                "unit_number": 0,
                "uuid": "6000C29a-89d0-e91f-996a-86d2542086f3",
                "write_through": false
              },
              {
                "attach": false,
                "controller_type": "scsi",
                "datastore_id": "datastore-34467",
                "device_address": "scsi:0:1",
                "disk_mode": "persistent",
                "disk_sharing": "sharingNone",
                "eagerly_scrub": false,
                "io_limit": -1,
                "io_reservation": 0,
                "io_share_count": 1000,
                "io_share_level": "normal",
                "keep_on_remove": false,
                "key": 2001,
                "label": "okd-master-dp2.vmdk",
                "name": "",
                "path": "adp-okd-master2/adp-okd-master2_1.vmdk",
                "size": 80,
                "storage_policy_id": "",
                "thin_provisioned": false,
                "unit_number": 1,
                "uuid": "6000C29c-e176-f214-7315-4a263711be70",
                "write_through": false
              }
            ],
            "efi_secure_boot_enabled": false,
            "enable_disk_uuid": false,
            "enable_logging": false,
            "ept_rvi_mode": "automatic",
            "extra_config": {},
            "firmware": "bios",
            "folder": "",
            "force_power_off": true,
            "guest_id": "centos7_64Guest",
            "guest_ip_addresses": [
              "10.20.0.72",
              "fe80::250:56ff:fe80:5b46"
            ],
            "hardware_version": 13,
            "host_system_id": "host-2061",
            "hv_mode": "hvAuto",
            "id": "42000077-bc21-8c70-72ad-a371ae526631",
            "ide_controller_count": 2,
            "ignored_guest_ips": null,
            "imported": null,
            "latency_sensitivity": "normal",
            "memory": 16384,
            "memory_hot_add_enabled": false,
            "memory_limit": -1,
            "memory_reservation": 0,
            "memory_share_count": 163840,
            "memory_share_level": "normal",
            "migrate_wait_timeout": 30,
            "moid": "vm-55881",
            "name": "adp-okd-master2",
            "nested_hv_enabled": false,
            "network_interface": [
              {
                "adapter_type": "vmxnet3",
                "bandwidth_limit": -1,
                "bandwidth_reservation": 0,
                "bandwidth_share_count": 50,
                "bandwidth_share_level": "normal",
                "device_address": "pci:0:7",
                "key": 4000,
                "mac_address": "00:50:56:80:5b:46",
                "network_id": "dvportgroup-30",
                "ovf_mapping": "",
                "use_static_mac": false
              }
            ],
            "num_cores_per_socket": 1,
            "num_cpus": 16,
            "ovf_deploy": [],
            "pci_device_id": [],
            "poweron_timeout": 300,
            "reboot_required": false,
            "resource_pool_id": "resgroup-8",
            "run_tools_scripts_after_power_on": true,
            "run_tools_scripts_after_resume": true,
            "run_tools_scripts_before_guest_reboot": false,
            "run_tools_scripts_before_guest_shutdown": true,
            "run_tools_scripts_before_guest_standby": true,
            "sata_controller_count": 0,
            "scsi_bus_sharing": "noSharing",
            "scsi_controller_count": 1,
            "scsi_type": "pvscsi",
            "shutdown_wait_timeout": 3,
            "storage_policy_id": "",
            "swap_placement_policy": "inherit",
            "sync_time_with_host": false,
            "tags": [
              "urn:vmomi:InventoryServiceTag:20c5865c-7064-4588-b250-5cf9926850b0:GLOBAL"
            ],
            "uuid": "42000077-bc21-8c70-72ad-a371ae526631",
            "vapp": [],
            "vapp_transport": [],
            "vmware_tools_status": "guestToolsRunning",
            "vmx_path": "adp-okd-master2/adp-okd-master2.vmx",
            "wait_for_guest_ip_timeout": 0,
            "wait_for_guest_net_routable": false,
            "wait_for_guest_net_timeout": 0
          },
          "sensitive_attributes": [],
          "private": "eyJzY2hlbWFfdmVyc2lvbiI6IjMifQ==",
          "dependencies": [
            "module.provider-config.module.base.data.vsphere_compute_cluster.cluster",
            "module.provider-config.module.base.data.vsphere_datacenter.dc",
            "module.provider-config.module.base.data.vsphere_datastore.datastore",
            "module.provider-config.module.base.data.vsphere_network.network",
            "module.provider-config.module.base.data.vsphere_tag_category.veeam_tag_category",
            "module.provider-config.module.base.data.vsphere_virtual_machine.template",
            "module.provider-config.vsphere_tag.tag"
          ]
        },
        {
          "index_key": 2,
          "schema_version": 3,
          "attributes": {
            "alternate_guest_name": "",
            "annotation": "OpenShift Master",
            "boot_delay": 0,
            "boot_retry_delay": 10000,
            "boot_retry_enabled": false,
            "cdrom": [],
            "change_version": "2021-08-03T18:07:04.729988Z",
            "clone": [
              {
                "customize": [
                  {
                    "dns_server_list": [
                      "10.20.0.4",
                      "192.168.1.250"
                    ],
                    "dns_suffix_list": [],
                    "ipv4_gateway": "10.20.0.1",
                    "ipv6_gateway": "",
                    "linux_options": [
                      {
                        "domain": "dot.group",
                        "host_name": "adp-okd-master3",
                        "hw_clock_utc": true,
                        "time_zone": ""
                      }
                    ],
                    "network_interface": [
                      {
                        "dns_domain": "",
                        "dns_server_list": [],
                        "ipv4_address": "10.20.0.73",
                        "ipv4_netmask": 16,
                        "ipv6_address": "",
                        "ipv6_netmask": 0
                      }
                    ],
                    "timeout": 20,
                    "windows_options": [],
                    "windows_sysprep_text": ""
                  }
                ],
                "linked_clone": false,
                "ovf_network_map": {},
                "ovf_storage_map": {},
                "template_uuid": "4200b180-70a7-b04f-27a7-d973c358314a",
                "timeout": 30
              }
            ],
            "cpu_hot_add_enabled": false,
            "cpu_hot_remove_enabled": false,
            "cpu_limit": -1,
            "cpu_performance_counters_enabled": false,
            "cpu_reservation": 0,
            "cpu_share_count": 16000,
            "cpu_share_level": "normal",
            "custom_attributes": {},
            "datacenter_id": null,
            "datastore_cluster_id": null,
            "datastore_id": "datastore-34467",
            "default_ip_address": "10.20.0.73",
            "disk": [
              {
                "attach": false,
                "controller_type": "scsi",
                "datastore_id": "datastore-34467",
                "device_address": "scsi:0:0",
                "disk_mode": "persistent",
                "disk_sharing": "sharingNone",
                "eagerly_scrub": false,
                "io_limit": -1,
                "io_reservation": 0,
                "io_share_count": 1000,
                "io_share_level": "normal",
                "keep_on_remove": false,
                "key": 2000,
                "label": "okd-master3.vmdk",
                "name": "",
                "path": "adp-okd-master3/adp-okd-master3.vmdk",
                "size": 80,
                "storage_policy_id": "",
                "thin_provisioned": false,
                "unit_number": 0,
                "uuid": "6000C29e-d026-25cc-d536-9285d644c087",
                "write_through": false
              },
              {
                "attach": false,
                "controller_type": "scsi",
                "datastore_id": "datastore-34467",
                "device_address": "scsi:0:1",
                "disk_mode": "persistent",
                "disk_sharing": "sharingNone",
                "eagerly_scrub": false,
                "io_limit": -1,
                "io_reservation": 0,
                "io_share_count": 1000,
                "io_share_level": "normal",
                "keep_on_remove": false,
                "key": 2001,
                "label": "okd-master-dp3.vmdk",
                "name": "",
                "path": "adp-okd-master3/adp-okd-master3_1.vmdk",
                "size": 80,
                "storage_policy_id": "",
                "thin_provisioned": false,
                "unit_number": 1,
                "uuid": "6000C298-46d1-d2a1-83a6-08d99b096d30",
                "write_through": false
              }
            ],
            "efi_secure_boot_enabled": false,
            "enable_disk_uuid": false,
            "enable_logging": false,
            "ept_rvi_mode": "automatic",
            "extra_config": {},
            "firmware": "bios",
            "folder": "",
            "force_power_off": true,
            "guest_id": "centos7_64Guest",
            "guest_ip_addresses": [
              "10.20.0.73",
              "fe80::250:56ff:fe80:cd6a"
            ],
            "hardware_version": 13,
            "host_system_id": "host-2065",
            "hv_mode": "hvAuto",
            "id": "42005278-0a7b-d1b0-11d2-378afe10cc1e",
            "ide_controller_count": 2,
            "ignored_guest_ips": null,
            "imported": null,
            "latency_sensitivity": "normal",
            "memory": 16384,
            "memory_hot_add_enabled": false,
            "memory_limit": -1,
            "memory_reservation": 0,
            "memory_share_count": 163840,
            "memory_share_level": "normal",
            "migrate_wait_timeout": 30,
            "moid": "vm-55883",
            "name": "adp-okd-master3",
            "nested_hv_enabled": false,
            "network_interface": [
              {
                "adapter_type": "vmxnet3",
                "bandwidth_limit": -1,
                "bandwidth_reservation": 0,
                "bandwidth_share_count": 50,
                "bandwidth_share_level": "normal",
                "device_address": "pci:0:7",
                "key": 4000,
                "mac_address": "00:50:56:80:cd:6a",
                "network_id": "dvportgroup-30",
                "ovf_mapping": "",
                "use_static_mac": false
              }
            ],
            "num_cores_per_socket": 1,
            "num_cpus": 16,
            "ovf_deploy": [],
            "pci_device_id": [],
            "poweron_timeout": 300,
            "reboot_required": false,
            "resource_pool_id": "resgroup-8",
            "run_tools_scripts_after_power_on": true,
            "run_tools_scripts_after_resume": true,
            "run_tools_scripts_before_guest_reboot": false,
            "run_tools_scripts_before_guest_shutdown": true,
            "run_tools_scripts_before_guest_standby": true,
            "sata_controller_count": 0,
            "scsi_bus_sharing": "noSharing",
            "scsi_controller_count": 1,
            "scsi_type": "pvscsi",
            "shutdown_wait_timeout": 3,
            "storage_policy_id": "",
            "swap_placement_policy": "inherit",
            "sync_time_with_host": false,
            "tags": [
              "urn:vmomi:InventoryServiceTag:20c5865c-7064-4588-b250-5cf9926850b0:GLOBAL"
            ],
            "uuid": "42005278-0a7b-d1b0-11d2-378afe10cc1e",
            "vapp": [],
            "vapp_transport": [],
            "vmware_tools_status": "guestToolsRunning",
            "vmx_path": "adp-okd-master3/adp-okd-master3.vmx",
            "wait_for_guest_ip_timeout": 0,
            "wait_for_guest_net_routable": false,
            "wait_for_guest_net_timeout": 0
          },
          "sensitive_attributes": [],
          "private": "eyJzY2hlbWFfdmVyc2lvbiI6IjMifQ==",
          "dependencies": [
            "module.provider-config.module.base.data.vsphere_compute_cluster.cluster",
            "module.provider-config.module.base.data.vsphere_datacenter.dc",
            "module.provider-config.module.base.data.vsphere_datastore.datastore",
            "module.provider-config.module.base.data.vsphere_network.network",
            "module.provider-config.module.base.data.vsphere_tag_category.veeam_tag_category",
            "module.provider-config.module.base.data.vsphere_virtual_machine.template",
            "module.provider-config.vsphere_tag.tag"
          ]
        }
      ]
    },
    {
      "module": "module.openshift",
      "mode": "managed",
      "type": "vsphere_virtual_machine",
      "name": "os_worker",
      "provider": "module.openshift.provider[\"registry.terraform.io/hashicorp/vsphere\"]",
      "instances": [
        {
          "index_key": 0,
          "status": "tainted",
          "schema_version": 3,
          "attributes": {
            "alternate_guest_name": "",
            "annotation": "OpenShift Worker",
            "boot_delay": 0,
            "boot_retry_delay": 10000,
            "boot_retry_enabled": false,
            "cdrom": [],
            "change_version": "2021-08-03T18:32:49.334546Z",
            "clone": [
              {
                "customize": [
                  {
                    "dns_server_list": [
                      "10.20.0.4",
                      "192.168.1.250"
                    ],
                    "dns_suffix_list": null,
                    "ipv4_gateway": "10.20.0.1",
                    "ipv6_gateway": "",
                    "linux_options": [
                      {
                        "domain": "dot.group",
                        "host_name": "adp-okd-node1",
                        "hw_clock_utc": true,
                        "time_zone": ""
                      }
                    ],
                    "network_interface": [
                      {
                        "dns_domain": "",
                        "dns_server_list": null,
                        "ipv4_address": "10.20.0.80",
                        "ipv4_netmask": 16,
                        "ipv6_address": "",
                        "ipv6_netmask": 0
                      }
                    ],
                    "timeout": 20,
                    "windows_options": [],
                    "windows_sysprep_text": ""
                  }
                ],
                "linked_clone": false,
                "ovf_network_map": null,
                "ovf_storage_map": null,
                "template_uuid": "4200b180-70a7-b04f-27a7-d973c358314a",
                "timeout": 30
              }
            ],
            "cpu_hot_add_enabled": false,
            "cpu_hot_remove_enabled": false,
            "cpu_limit": -1,
            "cpu_performance_counters_enabled": false,
            "cpu_reservation": 0,
            "cpu_share_count": 16000,
            "cpu_share_level": "normal",
            "custom_attributes": null,
            "datacenter_id": null,
            "datastore_cluster_id": null,
            "datastore_id": "datastore-34467",
            "default_ip_address": null,
            "disk": [
              {
                "attach": false,
                "controller_type": "scsi",
                "datastore_id": "datastore-34467",
                "device_address": "scsi:0:0",
                "disk_mode": "persistent",
                "disk_sharing": "sharingNone",
                "eagerly_scrub": false,
                "io_limit": -1,
                "io_reservation": 0,
                "io_share_count": 1000,
                "io_share_level": "normal",
                "keep_on_remove": false,
                "key": 2000,
                "label": "okd-node1.vmdk",
                "name": "",
                "path": "adp-okd-node1/adp-okd-node1.vmdk",
                "size": 60,
                "storage_policy_id": "",
                "thin_provisioned": false,
                "unit_number": 0,
                "uuid": "6000C293-0865-1a45-40fc-bbe2a0821a69",
                "write_through": false
              },
              {
                "attach": false,
                "controller_type": "scsi",
                "datastore_id": "datastore-34467",
                "device_address": "scsi:0:1",
                "disk_mode": "persistent",
                "disk_sharing": "sharingNone",
                "eagerly_scrub": false,
                "io_limit": -1,
                "io_reservation": 0,
                "io_share_count": 1000,
                "io_share_level": "normal",
                "keep_on_remove": false,
                "key": 2001,
                "label": "okd-node-dp1.vmdk",
                "name": "",
                "path": "adp-okd-node1/adp-okd-node1_1.vmdk",
                "size": 80,
                "storage_policy_id": "",
                "thin_provisioned": false,
                "unit_number": 1,
                "uuid": "6000C292-fd06-8649-e1a1-3b02c1ee4d05",
                "write_through": false
              }
            ],
            "efi_secure_boot_enabled": false,
            "enable_disk_uuid": false,
            "enable_logging": false,
            "ept_rvi_mode": "automatic",
            "extra_config": null,
            "firmware": "bios",
            "folder": "",
            "force_power_off": true,
            "guest_id": "centos7_64Guest",
            "guest_ip_addresses": [],
            "hardware_version": 13,
            "host_system_id": "host-80922",
            "hv_mode": "hvAuto",
            "id": "4200187f-745d-a047-dabd-fbdd33df9667",
            "ide_controller_count": 2,
            "ignored_guest_ips": null,
            "imported": null,
            "latency_sensitivity": "normal",
            "memory": 16384,
            "memory_hot_add_enabled": false,
            "memory_limit": -1,
            "memory_reservation": 0,
            "memory_share_count": 163840,
            "memory_share_level": "normal",
            "migrate_wait_timeout": 30,
            "moid": "vm-81956",
            "name": "adp-okd-node1",
            "nested_hv_enabled": false,
            "network_interface": [
              {
                "adapter_type": "vmxnet3",
                "bandwidth_limit": -1,
                "bandwidth_reservation": 0,
                "bandwidth_share_count": 50,
                "bandwidth_share_level": "normal",
                "device_address": "pci:0:7",
                "key": 4000,
                "mac_address": "00:50:56:80:af:07",
                "network_id": "dvportgroup-30",
                "ovf_mapping": "",
                "use_static_mac": false
              }
            ],
            "num_cores_per_socket": 1,
            "num_cpus": 16,
            "ovf_deploy": [],
            "pci_device_id": null,
            "poweron_timeout": 300,
            "reboot_required": false,
            "resource_pool_id": "resgroup-8",
            "run_tools_scripts_after_power_on": true,
            "run_tools_scripts_after_resume": true,
            "run_tools_scripts_before_guest_reboot": false,
            "run_tools_scripts_before_guest_shutdown": true,
            "run_tools_scripts_before_guest_standby": true,
            "sata_controller_count": 0,
            "scsi_bus_sharing": "noSharing",
            "scsi_controller_count": 1,
            "scsi_type": "pvscsi",
            "shutdown_wait_timeout": 3,
            "storage_policy_id": "",
            "swap_placement_policy": "inherit",
            "sync_time_with_host": false,
            "tags": [
              "urn:vmomi:InventoryServiceTag:20c5865c-7064-4588-b250-5cf9926850b0:GLOBAL"
            ],
            "uuid": "4200187f-745d-a047-dabd-fbdd33df9667",
            "vapp": [],
            "vapp_transport": [],
            "vmware_tools_status": "guestToolsNotRunning",
            "vmx_path": "adp-okd-node1/adp-okd-node1.vmx",
            "wait_for_guest_ip_timeout": 0,
            "wait_for_guest_net_routable": false,
            "wait_for_guest_net_timeout": 0
          },
          "sensitive_attributes": [],
          "private": "eyJzY2hlbWFfdmVyc2lvbiI6IjMifQ==",
          "dependencies": [
            "module.provider-config.module.base.data.vsphere_compute_cluster.cluster",
            "module.provider-config.module.base.data.vsphere_datastore.datastore",
            "module.provider-config.module.base.data.vsphere_network.network",
            "module.provider-config.module.base.data.vsphere_virtual_machine.template",
            "module.provider-config.vsphere_tag.tag"
          ]
        },
        {
          "index_key": 1,
          "schema_version": 3,
          "attributes": {
            "alternate_guest_name": "",
            "annotation": "OpenShift Worker",
            "boot_delay": 0,
            "boot_retry_delay": 10000,
            "boot_retry_enabled": false,
            "cdrom": [],
            "change_version": "2021-08-03T17:57:57.566453Z",
            "clone": [
              {
                "customize": [
                  {
                    "dns_server_list": [
                      "10.20.0.4",
                      "192.168.1.250"
                    ],
                    "dns_suffix_list": [],
                    "ipv4_gateway": "10.20.0.1",
                    "ipv6_gateway": "",
                    "linux_options": [
                      {
                        "domain": "dot.group",
                        "host_name": "adp-okd-node2",
                        "hw_clock_utc": true,
                        "time_zone": ""
                      }
                    ],
                    "network_interface": [
                      {
                        "dns_domain": "",
                        "dns_server_list": [],
                        "ipv4_address": "10.20.0.81",
                        "ipv4_netmask": 16,
                        "ipv6_address": "",
                        "ipv6_netmask": 0
                      }
                    ],
                    "timeout": 20,
                    "windows_options": [],
                    "windows_sysprep_text": ""
                  }
                ],
                "linked_clone": false,
                "ovf_network_map": {},
                "ovf_storage_map": {},
                "template_uuid": "4200b180-70a7-b04f-27a7-d973c358314a",
                "timeout": 30
              }
            ],
            "cpu_hot_add_enabled": false,
            "cpu_hot_remove_enabled": false,
            "cpu_limit": -1,
            "cpu_performance_counters_enabled": false,
            "cpu_reservation": 0,
            "cpu_share_count": 16000,
            "cpu_share_level": "normal",
            "custom_attributes": {},
            "datacenter_id": null,
            "datastore_cluster_id": null,
            "datastore_id": "datastore-34467",
            "default_ip_address": "10.20.0.81",
            "disk": [
              {
                "attach": false,
                "controller_type": "scsi",
                "datastore_id": "datastore-34467",
                "device_address": "scsi:0:0",
                "disk_mode": "persistent",
                "disk_sharing": "sharingNone",
                "eagerly_scrub": false,
                "io_limit": -1,
                "io_reservation": 0,
                "io_share_count": 1000,
                "io_share_level": "normal",
                "keep_on_remove": false,
                "key": 2000,
                "label": "okd-node2.vmdk",
                "name": "",
                "path": "adp-okd-node2/adp-okd-node2.vmdk",
                "size": 60,
                "storage_policy_id": "",
                "thin_provisioned": false,
                "unit_number": 0,
                "uuid": "6000C29e-a2b0-5e1d-04f4-b03a58a4a65c",
                "write_through": false
              },
              {
                "attach": false,
                "controller_type": "scsi",
                "datastore_id": "datastore-34467",
                "device_address": "scsi:0:1",
                "disk_mode": "persistent",
                "disk_sharing": "sharingNone",
                "eagerly_scrub": false,
                "io_limit": -1,
                "io_reservation": 0,
                "io_share_count": 1000,
                "io_share_level": "normal",
                "keep_on_remove": false,
                "key": 2001,
                "label": "okd-node-dp2.vmdk",
                "name": "",
                "path": "adp-okd-node2/adp-okd-node2_1.vmdk",
                "size": 80,
                "storage_policy_id": "",
                "thin_provisioned": false,
                "unit_number": 1,
                "uuid": "6000C291-c8f5-0d07-d413-d89937f6a2ba",
                "write_through": false
              }
            ],
            "efi_secure_boot_enabled": false,
            "enable_disk_uuid": false,
            "enable_logging": false,
            "ept_rvi_mode": "automatic",
            "extra_config": {},
            "firmware": "bios",
            "folder": "",
            "force_power_off": true,
            "guest_id": "centos7_64Guest",
            "guest_ip_addresses": [
              "10.131.0.1",
              "fe80::601d:57ff:fe1f:a3d4",
              "10.131.0.1",
              "fe80::601d:57ff:fe1f:a3d4",
              "10.20.0.81",
              "fe80::250:56ff:fe80:299d"
            ],
            "hardware_version": 13,
            "host_system_id": "host-80922",
            "hv_mode": "hvAuto",
            "id": "4200820c-8a4a-8f27-3382-fb5986cc747d",
            "ide_controller_count": 2,
            "ignored_guest_ips": null,
            "imported": null,
            "latency_sensitivity": "normal",
            "memory": 16384,
            "memory_hot_add_enabled": false,
            "memory_limit": -1,
            "memory_reservation": 0,
            "memory_share_count": 163840,
            "memory_share_level": "normal",
            "migrate_wait_timeout": 30,
            "moid": "vm-77323",
            "name": "adp-okd-node2",
            "nested_hv_enabled": false,
            "network_interface": [
              {
                "adapter_type": "vmxnet3",
                "bandwidth_limit": -1,
                "bandwidth_reservation": 0,
                "bandwidth_share_count": 50,
                "bandwidth_share_level": "normal",
                "device_address": "pci:0:7",
                "key": 4000,
                "mac_address": "00:50:56:80:29:9d",
                "network_id": "dvportgroup-30",
                "ovf_mapping": "",
                "use_static_mac": false
              }
            ],
            "num_cores_per_socket": 1,
            "num_cpus": 16,
            "ovf_deploy": [],
            "pci_device_id": [],
            "poweron_timeout": 300,
            "reboot_required": false,
            "resource_pool_id": "resgroup-8",
            "run_tools_scripts_after_power_on": true,
            "run_tools_scripts_after_resume": true,
            "run_tools_scripts_before_guest_reboot": false,
            "run_tools_scripts_before_guest_shutdown": true,
            "run_tools_scripts_before_guest_standby": true,
            "sata_controller_count": 0,
            "scsi_bus_sharing": "noSharing",
            "scsi_controller_count": 1,
            "scsi_type": "pvscsi",
            "shutdown_wait_timeout": 3,
            "storage_policy_id": "",
            "swap_placement_policy": "inherit",
            "sync_time_with_host": false,
            "tags": [
              "urn:vmomi:InventoryServiceTag:20c5865c-7064-4588-b250-5cf9926850b0:GLOBAL"
            ],
            "uuid": "4200820c-8a4a-8f27-3382-fb5986cc747d",
            "vapp": [],
            "vapp_transport": [],
            "vmware_tools_status": "guestToolsRunning",
            "vmx_path": "adp-okd-node2/adp-okd-node2.vmx",
            "wait_for_guest_ip_timeout": 0,
            "wait_for_guest_net_routable": false,
            "wait_for_guest_net_timeout": 0
          },
          "sensitive_attributes": [],
          "private": "eyJzY2hlbWFfdmVyc2lvbiI6IjMifQ==",
          "dependencies": [
            "module.provider-config.module.base.data.vsphere_compute_cluster.cluster",
            "module.provider-config.module.base.data.vsphere_datacenter.dc",
            "module.provider-config.module.base.data.vsphere_datastore.datastore",
            "module.provider-config.module.base.data.vsphere_network.network",
            "module.provider-config.module.base.data.vsphere_tag_category.veeam_tag_category",
            "module.provider-config.module.base.data.vsphere_virtual_machine.template",
            "module.provider-config.vsphere_tag.tag"
          ]
        },
        {
          "index_key": 2,
          "schema_version": 3,
          "attributes": {
            "alternate_guest_name": "",
            "annotation": "OpenShift Worker",
            "boot_delay": 0,
            "boot_retry_delay": 10000,
            "boot_retry_enabled": false,
            "cdrom": [],
            "change_version": "2021-08-03T18:07:04.667021Z",
            "clone": [
              {
                "customize": [
                  {
                    "dns_server_list": [
                      "10.20.0.4",
                      "192.168.1.250"
                    ],
                    "dns_suffix_list": [],
                    "ipv4_gateway": "10.20.0.1",
                    "ipv6_gateway": "",
                    "linux_options": [
                      {
                        "domain": "dot.group",
                        "host_name": "adp-okd-node3",
                        "hw_clock_utc": true,
                        "time_zone": ""
                      }
                    ],
                    "network_interface": [
                      {
                        "dns_domain": "",
                        "dns_server_list": [],
                        "ipv4_address": "10.20.0.82",
                        "ipv4_netmask": 16,
                        "ipv6_address": "",
                        "ipv6_netmask": 0
                      }
                    ],
                    "timeout": 20,
                    "windows_options": [],
                    "windows_sysprep_text": ""
                  }
                ],
                "linked_clone": false,
                "ovf_network_map": {},
                "ovf_storage_map": {},
                "template_uuid": "4200b180-70a7-b04f-27a7-d973c358314a",
                "timeout": 30
              }
            ],
            "cpu_hot_add_enabled": false,
            "cpu_hot_remove_enabled": false,
            "cpu_limit": -1,
            "cpu_performance_counters_enabled": false,
            "cpu_reservation": 0,
            "cpu_share_count": 16000,
            "cpu_share_level": "normal",
            "custom_attributes": {},
            "datacenter_id": null,
            "datastore_cluster_id": null,
            "datastore_id": "datastore-34467",
            "default_ip_address": "10.20.0.82",
            "disk": [
              {
                "attach": false,
                "controller_type": "scsi",
                "datastore_id": "datastore-34467",
                "device_address": "scsi:0:0",
                "disk_mode": "persistent",
                "disk_sharing": "sharingNone",
                "eagerly_scrub": false,
                "io_limit": -1,
                "io_reservation": 0,
                "io_share_count": 1000,
                "io_share_level": "normal",
                "keep_on_remove": false,
                "key": 2000,
                "label": "okd-node3.vmdk",
                "name": "",
                "path": "adp-okd-node3/adp-okd-node3.vmdk",
                "size": 60,
                "storage_policy_id": "",
                "thin_provisioned": false,
                "unit_number": 0,
                "uuid": "6000C299-56c1-3b96-bfbb-f02c7051fffb",
                "write_through": false
              },
              {
                "attach": false,
                "controller_type": "scsi",
                "datastore_id": "datastore-34467",
                "device_address": "scsi:0:1",
                "disk_mode": "persistent",
                "disk_sharing": "sharingNone",
                "eagerly_scrub": false,
                "io_limit": -1,
                "io_reservation": 0,
                "io_share_count": 1000,
                "io_share_level": "normal",
                "keep_on_remove": false,
                "key": 2001,
                "label": "okd-node-dp3.vmdk",
                "name": "",
                "path": "adp-okd-node3/adp-okd-node3_1.vmdk",
                "size": 80,
                "storage_policy_id": "",
                "thin_provisioned": false,
                "unit_number": 1,
                "uuid": "6000C295-2203-0257-bdfc-b095dbb2e47b",
                "write_through": false
              }
            ],
            "efi_secure_boot_enabled": false,
            "enable_disk_uuid": false,
            "enable_logging": false,
            "ept_rvi_mode": "automatic",
            "extra_config": {},
            "firmware": "bios",
            "folder": "",
            "force_power_off": true,
            "guest_id": "centos7_64Guest",
            "guest_ip_addresses": [
              "10.20.0.82",
              "fe80::250:56ff:fe80:d244"
            ],
            "hardware_version": 13,
            "host_system_id": "host-2065",
            "hv_mode": "hvAuto",
            "id": "4200bf93-fdc2-1dcf-7d26-f83317637461",
            "ide_controller_count": 2,
            "ignored_guest_ips": null,
            "imported": null,
            "latency_sensitivity": "normal",
            "memory": 16384,
            "memory_hot_add_enabled": false,
            "memory_limit": -1,
            "memory_reservation": 0,
            "memory_share_count": 163840,
            "memory_share_level": "normal",
            "migrate_wait_timeout": 30,
            "moid": "vm-55882",
            "name": "adp-okd-node3",
            "nested_hv_enabled": false,
            "network_interface": [
              {
                "adapter_type": "vmxnet3",
                "bandwidth_limit": -1,
                "bandwidth_reservation": 0,
                "bandwidth_share_count": 50,
                "bandwidth_share_level": "normal",
                "device_address": "pci:0:7",
                "key": 4000,
                "mac_address": "00:50:56:80:d2:44",
                "network_id": "dvportgroup-30",
                "ovf_mapping": "",
                "use_static_mac": false
              }
            ],
            "num_cores_per_socket": 1,
            "num_cpus": 16,
            "ovf_deploy": [],
            "pci_device_id": [],
            "poweron_timeout": 300,
            "reboot_required": false,
            "resource_pool_id": "resgroup-8",
            "run_tools_scripts_after_power_on": true,
            "run_tools_scripts_after_resume": true,
            "run_tools_scripts_before_guest_reboot": false,
            "run_tools_scripts_before_guest_shutdown": true,
            "run_tools_scripts_before_guest_standby": true,
            "sata_controller_count": 0,
            "scsi_bus_sharing": "noSharing",
            "scsi_controller_count": 1,
            "scsi_type": "pvscsi",
            "shutdown_wait_timeout": 3,
            "storage_policy_id": "",
            "swap_placement_policy": "inherit",
            "sync_time_with_host": false,
            "tags": [
              "urn:vmomi:InventoryServiceTag:20c5865c-7064-4588-b250-5cf9926850b0:GLOBAL"
            ],
            "uuid": "4200bf93-fdc2-1dcf-7d26-f83317637461",
            "vapp": [],
            "vapp_transport": [],
            "vmware_tools_status": "guestToolsRunning",
            "vmx_path": "adp-okd-node3/adp-okd-node3.vmx",
            "wait_for_guest_ip_timeout": 0,
            "wait_for_guest_net_routable": false,
            "wait_for_guest_net_timeout": 0
          },
          "sensitive_attributes": [],
          "private": "eyJzY2hlbWFfdmVyc2lvbiI6IjMifQ==",
          "dependencies": [
            "module.provider-config.module.base.data.vsphere_compute_cluster.cluster",
            "module.provider-config.module.base.data.vsphere_datacenter.dc",
            "module.provider-config.module.base.data.vsphere_datastore.datastore",
            "module.provider-config.module.base.data.vsphere_network.network",
            "module.provider-config.module.base.data.vsphere_tag_category.veeam_tag_category",
            "module.provider-config.module.base.data.vsphere_virtual_machine.template",
            "module.provider-config.vsphere_tag.tag"
          ]
        },
        {
          "index_key": 3,
          "schema_version": 3,
          "attributes": {
            "alternate_guest_name": "",
            "annotation": "OpenShift Worker",
            "boot_delay": 0,
            "boot_retry_delay": 10000,
            "boot_retry_enabled": false,
            "cdrom": [],
            "change_version": "2021-08-03T18:06:39.561055Z",
            "clone": [
              {
                "customize": [
                  {
                    "dns_server_list": [
                      "10.20.0.4",
                      "192.168.1.250"
                    ],
                    "dns_suffix_list": [],
                    "ipv4_gateway": "10.20.0.1",
                    "ipv6_gateway": "",
                    "linux_options": [
                      {
                        "domain": "dot.group",
                        "host_name": "adp-okd-node4",
                        "hw_clock_utc": true,
                        "time_zone": ""
                      }
                    ],
                    "network_interface": [
                      {
                        "dns_domain": "",
                        "dns_server_list": [],
                        "ipv4_address": "10.20.0.83",
                        "ipv4_netmask": 16,
                        "ipv6_address": "",
                        "ipv6_netmask": 0
                      }
                    ],
                    "timeout": 20,
                    "windows_options": [],
                    "windows_sysprep_text": ""
                  }
                ],
                "linked_clone": false,
                "ovf_network_map": {},
                "ovf_storage_map": {},
                "template_uuid": "4200b180-70a7-b04f-27a7-d973c358314a",
                "timeout": 30
              }
            ],
            "cpu_hot_add_enabled": false,
            "cpu_hot_remove_enabled": false,
            "cpu_limit": -1,
            "cpu_performance_counters_enabled": false,
            "cpu_reservation": 0,
            "cpu_share_count": 16000,
            "cpu_share_level": "normal",
            "custom_attributes": {},
            "datacenter_id": null,
            "datastore_cluster_id": null,
            "datastore_id": "datastore-34467",
            "default_ip_address": "10.20.0.83",
            "disk": [
              {
                "attach": false,
                "controller_type": "scsi",
                "datastore_id": "datastore-34467",
                "device_address": "scsi:0:0",
                "disk_mode": "persistent",
                "disk_sharing": "sharingNone",
                "eagerly_scrub": false,
                "io_limit": -1,
                "io_reservation": 0,
                "io_share_count": 1000,
                "io_share_level": "normal",
                "keep_on_remove": false,
                "key": 2000,
                "label": "okd-node4.vmdk",
                "name": "",
                "path": "adp-okd-node4/adp-okd-node4.vmdk",
                "size": 60,
                "storage_policy_id": "",
                "thin_provisioned": false,
                "unit_number": 0,
                "uuid": "6000C297-6a1e-c0a9-0027-14dbb41313a5",
                "write_through": false
              },
              {
                "attach": false,
                "controller_type": "scsi",
                "datastore_id": "datastore-34467",
                "device_address": "scsi:0:1",
                "disk_mode": "persistent",
                "disk_sharing": "sharingNone",
                "eagerly_scrub": false,
                "io_limit": -1,
                "io_reservation": 0,
                "io_share_count": 1000,
                "io_share_level": "normal",
                "keep_on_remove": false,
                "key": 2001,
                "label": "okd-node-dp4.vmdk",
                "name": "",
                "path": "adp-okd-node4/adp-okd-node4_1.vmdk",
                "size": 80,
                "storage_policy_id": "",
                "thin_provisioned": false,
                "unit_number": 1,
                "uuid": "6000C293-fda0-6b26-d066-abc7208d8181",
                "write_through": false
              }
            ],
            "efi_secure_boot_enabled": false,
            "enable_disk_uuid": false,
            "enable_logging": false,
            "ept_rvi_mode": "automatic",
            "extra_config": {},
            "firmware": "bios",
            "folder": "",
            "force_power_off": true,
            "guest_id": "centos7_64Guest",
            "guest_ip_addresses": [
              "10.20.0.83",
              "fe80::250:56ff:fe80:6f0e"
            ],
            "hardware_version": 13,
            "host_system_id": "host-2061",
            "hv_mode": "hvAuto",
            "id": "4200bf6f-53f5-41bf-2e8d-e911d67edb18",
            "ide_controller_count": 2,
            "ignored_guest_ips": null,
            "imported": null,
            "latency_sensitivity": "normal",
            "memory": 16384,
            "memory_hot_add_enabled": false,
            "memory_limit": -1,
            "memory_reservation": 0,
            "memory_share_count": 163840,
            "memory_share_level": "normal",
            "migrate_wait_timeout": 30,
            "moid": "vm-56594",
            "name": "adp-okd-node4",
            "nested_hv_enabled": false,
            "network_interface": [
              {
                "adapter_type": "vmxnet3",
                "bandwidth_limit": -1,
                "bandwidth_reservation": 0,
                "bandwidth_share_count": 50,
                "bandwidth_share_level": "normal",
                "device_address": "pci:0:7",
                "key": 4000,
                "mac_address": "00:50:56:80:6f:0e",
                "network_id": "dvportgroup-30",
                "ovf_mapping": "",
                "use_static_mac": false
              }
            ],
            "num_cores_per_socket": 1,
            "num_cpus": 16,
            "ovf_deploy": [],
            "pci_device_id": [],
            "poweron_timeout": 300,
            "reboot_required": false,
            "resource_pool_id": "resgroup-8",
            "run_tools_scripts_after_power_on": true,
            "run_tools_scripts_after_resume": true,
            "run_tools_scripts_before_guest_reboot": false,
            "run_tools_scripts_before_guest_shutdown": true,
            "run_tools_scripts_before_guest_standby": true,
            "sata_controller_count": 0,
            "scsi_bus_sharing": "noSharing",
            "scsi_controller_count": 1,
            "scsi_type": "pvscsi",
            "shutdown_wait_timeout": 3,
            "storage_policy_id": "",
            "swap_placement_policy": "inherit",
            "sync_time_with_host": false,
            "tags": [
              "urn:vmomi:InventoryServiceTag:20c5865c-7064-4588-b250-5cf9926850b0:GLOBAL"
            ],
            "uuid": "4200bf6f-53f5-41bf-2e8d-e911d67edb18",
            "vapp": [],
            "vapp_transport": [],
            "vmware_tools_status": "guestToolsRunning",
            "vmx_path": "adp-okd-node4/adp-okd-node4.vmx",
            "wait_for_guest_ip_timeout": 0,
            "wait_for_guest_net_routable": false,
            "wait_for_guest_net_timeout": 0
          },
          "sensitive_attributes": [],
          "private": "eyJzY2hlbWFfdmVyc2lvbiI6IjMifQ==",
          "dependencies": [
            "module.provider-config.module.base.data.vsphere_compute_cluster.cluster",
            "module.provider-config.module.base.data.vsphere_datacenter.dc",
            "module.provider-config.module.base.data.vsphere_datastore.datastore",
            "module.provider-config.module.base.data.vsphere_network.network",
            "module.provider-config.module.base.data.vsphere_tag_category.veeam_tag_category",
            "module.provider-config.module.base.data.vsphere_virtual_machine.template",
            "module.provider-config.vsphere_tag.tag"
          ]
        },
        {
          "index_key": 4,
          "schema_version": 3,
          "attributes": {
            "alternate_guest_name": "",
            "annotation": "OpenShift Worker",
            "boot_delay": 0,
            "boot_retry_delay": 10000,
            "boot_retry_enabled": false,
            "cdrom": [],
            "change_version": "2021-08-03T17:57:57.423796Z",
            "clone": [
              {
                "customize": [
                  {
                    "dns_server_list": [
                      "10.20.0.4",
                      "192.168.1.250"
                    ],
                    "dns_suffix_list": [],
                    "ipv4_gateway": "10.20.0.1",
                    "ipv6_gateway": "",
                    "linux_options": [
                      {
                        "domain": "dot.group",
                        "host_name": "adp-okd-node5",
                        "hw_clock_utc": true,
                        "time_zone": ""
                      }
                    ],
                    "network_interface": [
                      {
                        "dns_domain": "",
                        "dns_server_list": [],
                        "ipv4_address": "10.20.0.84",
                        "ipv4_netmask": 16,
                        "ipv6_address": "",
                        "ipv6_netmask": 0
                      }
                    ],
                    "timeout": 20,
                    "windows_options": [],
                    "windows_sysprep_text": ""
                  }
                ],
                "linked_clone": false,
                "ovf_network_map": {},
                "ovf_storage_map": {},
                "template_uuid": "4200b180-70a7-b04f-27a7-d973c358314a",
                "timeout": 30
              }
            ],
            "cpu_hot_add_enabled": false,
            "cpu_hot_remove_enabled": false,
            "cpu_limit": -1,
            "cpu_performance_counters_enabled": false,
            "cpu_reservation": 0,
            "cpu_share_count": 16000,
            "cpu_share_level": "normal",
            "custom_attributes": {},
            "datacenter_id": null,
            "datastore_cluster_id": null,
            "datastore_id": "datastore-34467",
            "default_ip_address": "10.20.0.84",
            "disk": [
              {
                "attach": false,
                "controller_type": "scsi",
                "datastore_id": "datastore-34467",
                "device_address": "scsi:0:0",
                "disk_mode": "persistent",
                "disk_sharing": "sharingNone",
                "eagerly_scrub": false,
                "io_limit": -1,
                "io_reservation": 0,
                "io_share_count": 1000,
                "io_share_level": "normal",
                "keep_on_remove": false,
                "key": 2000,
                "label": "okd-node5.vmdk",
                "name": "",
                "path": "adp-okd-node5/adp-okd-node5.vmdk",
                "size": 60,
                "storage_policy_id": "",
                "thin_provisioned": false,
                "unit_number": 0,
                "uuid": "6000C294-7bda-d684-bd47-9f2ed54cc851",
                "write_through": false
              },
              {
                "attach": false,
                "controller_type": "scsi",
                "datastore_id": "datastore-34467",
                "device_address": "scsi:0:1",
                "disk_mode": "persistent",
                "disk_sharing": "sharingNone",
                "eagerly_scrub": false,
                "io_limit": -1,
                "io_reservation": 0,
                "io_share_count": 1000,
                "io_share_level": "normal",
                "keep_on_remove": false,
                "key": 2001,
                "label": "okd-node-dp5.vmdk",
                "name": "",
                "path": "adp-okd-node5/adp-okd-node5_1.vmdk",
                "size": 80,
                "storage_policy_id": "",
                "thin_provisioned": false,
                "unit_number": 1,
                "uuid": "6000C29e-dee0-1155-66f6-6b9be86d25e8",
                "write_through": false
              }
            ],
            "efi_secure_boot_enabled": false,
            "enable_disk_uuid": false,
            "enable_logging": false,
            "ept_rvi_mode": "automatic",
            "extra_config": {},
            "firmware": "bios",
            "folder": "",
            "force_power_off": true,
            "guest_id": "centos7_64Guest",
            "guest_ip_addresses": [
              "10.20.0.84",
              "fe80::250:56ff:fe80:6fbd"
            ],
            "hardware_version": 13,
            "host_system_id": "host-80922",
            "hv_mode": "hvAuto",
            "id": "4200cac2-7ade-b641-a071-97f4dcf806df",
            "ide_controller_count": 2,
            "ignored_guest_ips": null,
            "imported": null,
            "latency_sensitivity": "normal",
            "memory": 16384,
            "memory_hot_add_enabled": false,
            "memory_limit": -1,
            "memory_reservation": 0,
            "memory_share_count": 163840,
            "memory_share_level": "normal",
            "migrate_wait_timeout": 30,
            "moid": "vm-56922",
            "name": "adp-okd-node5",
            "nested_hv_enabled": false,
            "network_interface": [
              {
                "adapter_type": "vmxnet3",
                "bandwidth_limit": -1,
                "bandwidth_reservation": 0,
                "bandwidth_share_count": 50,
                "bandwidth_share_level": "normal",
                "device_address": "pci:0:7",
                "key": 4000,
                "mac_address": "00:50:56:80:6f:bd",
                "network_id": "dvportgroup-30",
                "ovf_mapping": "",
                "use_static_mac": false
              }
            ],
            "num_cores_per_socket": 1,
            "num_cpus": 16,
            "ovf_deploy": [],
            "pci_device_id": [],
            "poweron_timeout": 300,
            "reboot_required": false,
            "resource_pool_id": "resgroup-8",
            "run_tools_scripts_after_power_on": true,
            "run_tools_scripts_after_resume": true,
            "run_tools_scripts_before_guest_reboot": false,
            "run_tools_scripts_before_guest_shutdown": true,
            "run_tools_scripts_before_guest_standby": true,
            "sata_controller_count": 0,
            "scsi_bus_sharing": "noSharing",
            "scsi_controller_count": 1,
            "scsi_type": "pvscsi",
            "shutdown_wait_timeout": 3,
            "storage_policy_id": "",
            "swap_placement_policy": "inherit",
            "sync_time_with_host": false,
            "tags": [
              "urn:vmomi:InventoryServiceTag:20c5865c-7064-4588-b250-5cf9926850b0:GLOBAL"
            ],
            "uuid": "4200cac2-7ade-b641-a071-97f4dcf806df",
            "vapp": [],
            "vapp_transport": [],
            "vmware_tools_status": "guestToolsRunning",
            "vmx_path": "adp-okd-node5/adp-okd-node5.vmx",
            "wait_for_guest_ip_timeout": 0,
            "wait_for_guest_net_routable": false,
            "wait_for_guest_net_timeout": 0
          },
          "sensitive_attributes": [],
          "private": "eyJzY2hlbWFfdmVyc2lvbiI6IjMifQ==",
          "dependencies": [
            "module.provider-config.module.base.data.vsphere_compute_cluster.cluster",
            "module.provider-config.module.base.data.vsphere_datacenter.dc",
            "module.provider-config.module.base.data.vsphere_datastore.datastore",
            "module.provider-config.module.base.data.vsphere_network.network",
            "module.provider-config.module.base.data.vsphere_tag_category.veeam_tag_category",
            "module.provider-config.module.base.data.vsphere_virtual_machine.template",
            "module.provider-config.vsphere_tag.tag"
          ]
        },
        {
          "index_key": 5,
          "schema_version": 3,
          "attributes": {
            "alternate_guest_name": "",
            "annotation": "OpenShift Worker",
            "boot_delay": 0,
            "boot_retry_delay": 10000,
            "boot_retry_enabled": false,
            "cdrom": [],
            "change_version": "2021-08-03T18:06:39.564823Z",
            "clone": [
              {
                "customize": [
                  {
                    "dns_server_list": [
                      "10.20.0.4",
                      "192.168.1.250"
                    ],
                    "dns_suffix_list": [],
                    "ipv4_gateway": "10.20.0.1",
                    "ipv6_gateway": "",
                    "linux_options": [
                      {
                        "domain": "dot.group",
                        "host_name": "adp-okd-node6",
                        "hw_clock_utc": true,
                        "time_zone": ""
                      }
                    ],
                    "network_interface": [
                      {
                        "dns_domain": "",
                        "dns_server_list": [],
                        "ipv4_address": "10.20.0.85",
                        "ipv4_netmask": 16,
                        "ipv6_address": "",
                        "ipv6_netmask": 0
                      }
                    ],
                    "timeout": 20,
                    "windows_options": [],
                    "windows_sysprep_text": ""
                  }
                ],
                "linked_clone": false,
                "ovf_network_map": {},
                "ovf_storage_map": {},
                "template_uuid": "4200b180-70a7-b04f-27a7-d973c358314a",
                "timeout": 30
              }
            ],
            "cpu_hot_add_enabled": false,
            "cpu_hot_remove_enabled": false,
            "cpu_limit": -1,
            "cpu_performance_counters_enabled": false,
            "cpu_reservation": 0,
            "cpu_share_count": 16000,
            "cpu_share_level": "normal",
            "custom_attributes": {},
            "datacenter_id": null,
            "datastore_cluster_id": null,
            "datastore_id": "datastore-34467",
            "default_ip_address": "10.20.0.85",
            "disk": [
              {
                "attach": false,
                "controller_type": "scsi",
                "datastore_id": "datastore-34467",
                "device_address": "scsi:0:0",
                "disk_mode": "persistent",
                "disk_sharing": "sharingNone",
                "eagerly_scrub": false,
                "io_limit": -1,
                "io_reservation": 0,
                "io_share_count": 1000,
                "io_share_level": "normal",
                "keep_on_remove": false,
                "key": 2000,
                "label": "okd-node6.vmdk",
                "name": "",
                "path": "adp-okd-node6/adp-okd-node6.vmdk",
                "size": 60,
                "storage_policy_id": "",
                "thin_provisioned": false,
                "unit_number": 0,
                "uuid": "6000C293-ccdd-5880-fbdb-52a652245f9c",
                "write_through": false
              },
              {
                "attach": false,
                "controller_type": "scsi",
                "datastore_id": "datastore-34467",
                "device_address": "scsi:0:1",
                "disk_mode": "persistent",
                "disk_sharing": "sharingNone",
                "eagerly_scrub": false,
                "io_limit": -1,
                "io_reservation": 0,
                "io_share_count": 1000,
                "io_share_level": "normal",
                "keep_on_remove": false,
                "key": 2001,
                "label": "okd-node-dp6.vmdk",
                "name": "",
                "path": "adp-okd-node6/adp-okd-node6_1.vmdk",
                "size": 80,
                "storage_policy_id": "",
                "thin_provisioned": false,
                "unit_number": 1,
                "uuid": "6000C293-484a-5048-179e-b819ea22bc27",
                "write_through": false
              }
            ],
            "efi_secure_boot_enabled": false,
            "enable_disk_uuid": false,
            "enable_logging": false,
            "ept_rvi_mode": "automatic",
            "extra_config": {},
            "firmware": "bios",
            "folder": "",
            "force_power_off": true,
            "guest_id": "centos7_64Guest",
            "guest_ip_addresses": [
              "10.20.0.85",
              "fe80::250:56ff:fe80:9f01"
            ],
            "hardware_version": 13,
            "host_system_id": "host-2061",
            "hv_mode": "hvAuto",
            "id": "4200164c-18f3-8171-1cbb-72564ecf3825",
            "ide_controller_count": 2,
            "ignored_guest_ips": null,
            "imported": null,
            "latency_sensitivity": "normal",
            "memory": 16384,
            "memory_hot_add_enabled": false,
            "memory_limit": -1,
            "memory_reservation": 0,
            "memory_share_count": 163840,
            "memory_share_level": "normal",
            "migrate_wait_timeout": 30,
            "moid": "vm-57083",
            "name": "adp-okd-node6",
            "nested_hv_enabled": false,
            "network_interface": [
              {
                "adapter_type": "vmxnet3",
                "bandwidth_limit": -1,
                "bandwidth_reservation": 0,
                "bandwidth_share_count": 50,
                "bandwidth_share_level": "normal",
                "device_address": "pci:0:7",
                "key": 4000,
                "mac_address": "00:50:56:80:9f:01",
                "network_id": "dvportgroup-30",
                "ovf_mapping": "",
                "use_static_mac": false
              }
            ],
            "num_cores_per_socket": 1,
            "num_cpus": 16,
            "ovf_deploy": [],
            "pci_device_id": [],
            "poweron_timeout": 300,
            "reboot_required": false,
            "resource_pool_id": "resgroup-8",
            "run_tools_scripts_after_power_on": true,
            "run_tools_scripts_after_resume": true,
            "run_tools_scripts_before_guest_reboot": false,
            "run_tools_scripts_before_guest_shutdown": true,
            "run_tools_scripts_before_guest_standby": true,
            "sata_controller_count": 0,
            "scsi_bus_sharing": "noSharing",
            "scsi_controller_count": 1,
            "scsi_type": "pvscsi",
            "shutdown_wait_timeout": 3,
            "storage_policy_id": "",
            "swap_placement_policy": "inherit",
            "sync_time_with_host": false,
            "tags": [
              "urn:vmomi:InventoryServiceTag:20c5865c-7064-4588-b250-5cf9926850b0:GLOBAL"
            ],
            "uuid": "4200164c-18f3-8171-1cbb-72564ecf3825",
            "vapp": [],
            "vapp_transport": [],
            "vmware_tools_status": "guestToolsRunning",
            "vmx_path": "adp-okd-node6/adp-okd-node6.vmx",
            "wait_for_guest_ip_timeout": 0,
            "wait_for_guest_net_routable": false,
            "wait_for_guest_net_timeout": 0
          },
          "sensitive_attributes": [],
          "private": "eyJzY2hlbWFfdmVyc2lvbiI6IjMifQ==",
          "dependencies": [
            "module.provider-config.module.base.data.vsphere_compute_cluster.cluster",
            "module.provider-config.module.base.data.vsphere_datacenter.dc",
            "module.provider-config.module.base.data.vsphere_datastore.datastore",
            "module.provider-config.module.base.data.vsphere_network.network",
            "module.provider-config.module.base.data.vsphere_tag_category.veeam_tag_category",
            "module.provider-config.module.base.data.vsphere_virtual_machine.template",
            "module.provider-config.vsphere_tag.tag"
          ]
        },
        {
          "index_key": 6,
          "schema_version": 3,
          "attributes": {
            "alternate_guest_name": "",
            "annotation": "OpenShift Worker",
            "boot_delay": 0,
            "boot_retry_delay": 10000,
            "boot_retry_enabled": false,
            "cdrom": [],
            "change_version": "2021-08-03T18:04:23.951737Z",
            "clone": [
              {
                "customize": [
                  {
                    "dns_server_list": [
                      "10.20.0.4",
                      "192.168.1.250"
                    ],
                    "dns_suffix_list": [],
                    "ipv4_gateway": "10.20.0.1",
                    "ipv6_gateway": "",
                    "linux_options": [
                      {
                        "domain": "dot.group",
                        "host_name": "adp-okd-node7",
                        "hw_clock_utc": true,
                        "time_zone": ""
                      }
                    ],
                    "network_interface": [
                      {
                        "dns_domain": "",
                        "dns_server_list": [],
                        "ipv4_address": "10.20.0.86",
                        "ipv4_netmask": 16,
                        "ipv6_address": "",
                        "ipv6_netmask": 0
                      }
                    ],
                    "timeout": 20,
                    "windows_options": [],
                    "windows_sysprep_text": ""
                  }
                ],
                "linked_clone": false,
                "ovf_network_map": {},
                "ovf_storage_map": {},
                "template_uuid": "4200b180-70a7-b04f-27a7-d973c358314a",
                "timeout": 30
              }
            ],
            "cpu_hot_add_enabled": false,
            "cpu_hot_remove_enabled": false,
            "cpu_limit": -1,
            "cpu_performance_counters_enabled": false,
            "cpu_reservation": 0,
            "cpu_share_count": 16000,
            "cpu_share_level": "normal",
            "custom_attributes": {},
            "datacenter_id": null,
            "datastore_cluster_id": null,
            "datastore_id": "datastore-34467",
            "default_ip_address": "10.20.0.86",
            "disk": [
              {
                "attach": false,
                "controller_type": "scsi",
                "datastore_id": "datastore-34467",
                "device_address": "scsi:0:0",
                "disk_mode": "persistent",
                "disk_sharing": "sharingNone",
                "eagerly_scrub": false,
                "io_limit": -1,
                "io_reservation": 0,
                "io_share_count": 1000,
                "io_share_level": "normal",
                "keep_on_remove": false,
                "key": 2000,
                "label": "okd-node7.vmdk",
                "name": "",
                "path": "adp-okd-node7/adp-okd-node7.vmdk",
                "size": 60,
                "storage_policy_id": "",
                "thin_provisioned": false,
                "unit_number": 0,
                "uuid": "6000C291-b04d-cca6-b02d-9a389aa5392a",
                "write_through": false
              },
              {
                "attach": false,
                "controller_type": "scsi",
                "datastore_id": "datastore-34467",
                "device_address": "scsi:0:1",
                "disk_mode": "persistent",
                "disk_sharing": "sharingNone",
                "eagerly_scrub": false,
                "io_limit": -1,
                "io_reservation": 0,
                "io_share_count": 1000,
                "io_share_level": "normal",
                "keep_on_remove": false,
                "key": 2001,
                "label": "okd-node-dp7.vmdk",
                "name": "",
                "path": "adp-okd-node7/adp-okd-node7_1.vmdk",
                "size": 80,
                "storage_policy_id": "",
                "thin_provisioned": false,
                "unit_number": 1,
                "uuid": "6000C290-b102-c241-d8e0-6eb367d6915e",
                "write_through": false
              }
            ],
            "efi_secure_boot_enabled": false,
            "enable_disk_uuid": false,
            "enable_logging": false,
            "ept_rvi_mode": "automatic",
            "extra_config": {},
            "firmware": "bios",
            "folder": "",
            "force_power_off": true,
            "guest_id": "centos7_64Guest",
            "guest_ip_addresses": [
              "10.20.0.86",
              "fe80::250:56ff:fe80:58bb"
            ],
            "hardware_version": 13,
            "host_system_id": "host-2061",
            "hv_mode": "hvAuto",
            "id": "4200b508-c32a-142d-81e5-e043b139a872",
            "ide_controller_count": 2,
            "ignored_guest_ips": null,
            "imported": null,
            "latency_sensitivity": "normal",
            "memory": 16384,
            "memory_hot_add_enabled": false,
            "memory_limit": -1,
            "memory_reservation": 0,
            "memory_share_count": 163840,
            "memory_share_level": "normal",
            "migrate_wait_timeout": 30,
            "moid": "vm-57297",
            "name": "adp-okd-node7",
            "nested_hv_enabled": false,
            "network_interface": [
              {
                "adapter_type": "vmxnet3",
                "bandwidth_limit": -1,
                "bandwidth_reservation": 0,
                "bandwidth_share_count": 50,
                "bandwidth_share_level": "normal",
                "device_address": "pci:0:7",
                "key": 4000,
                "mac_address": "00:50:56:80:58:bb",
                "network_id": "dvportgroup-30",
                "ovf_mapping": "",
                "use_static_mac": false
              }
            ],
            "num_cores_per_socket": 1,
            "num_cpus": 16,
            "ovf_deploy": [],
            "pci_device_id": [],
            "poweron_timeout": 300,
            "reboot_required": false,
            "resource_pool_id": "resgroup-8",
            "run_tools_scripts_after_power_on": true,
            "run_tools_scripts_after_resume": true,
            "run_tools_scripts_before_guest_reboot": false,
            "run_tools_scripts_before_guest_shutdown": true,
            "run_tools_scripts_before_guest_standby": true,
            "sata_controller_count": 0,
            "scsi_bus_sharing": "noSharing",
            "scsi_controller_count": 1,
            "scsi_type": "pvscsi",
            "shutdown_wait_timeout": 3,
            "storage_policy_id": "",
            "swap_placement_policy": "inherit",
            "sync_time_with_host": false,
            "tags": [
              "urn:vmomi:InventoryServiceTag:20c5865c-7064-4588-b250-5cf9926850b0:GLOBAL"
            ],
            "uuid": "4200b508-c32a-142d-81e5-e043b139a872",
            "vapp": [],
            "vapp_transport": [],
            "vmware_tools_status": "guestToolsRunning",
            "vmx_path": "adp-okd-node7/adp-okd-node7.vmx",
            "wait_for_guest_ip_timeout": 0,
            "wait_for_guest_net_routable": false,
            "wait_for_guest_net_timeout": 0
          },
          "sensitive_attributes": [],
          "private": "eyJzY2hlbWFfdmVyc2lvbiI6IjMifQ==",
          "dependencies": [
            "module.provider-config.module.base.data.vsphere_compute_cluster.cluster",
            "module.provider-config.module.base.data.vsphere_datacenter.dc",
            "module.provider-config.module.base.data.vsphere_datastore.datastore",
            "module.provider-config.module.base.data.vsphere_network.network",
            "module.provider-config.module.base.data.vsphere_tag_category.veeam_tag_category",
            "module.provider-config.module.base.data.vsphere_virtual_machine.template",
            "module.provider-config.vsphere_tag.tag"
          ]
        }
      ]
    },
    {
      "module": "module.provider-config",
      "mode": "managed",
      "type": "vsphere_tag",
      "name": "tag",
      "provider": "module.provider-config.provider[\"registry.terraform.io/hashicorp/vsphere\"]",
      "instances": [
        {
          "schema_version": 0,
          "attributes": {
            "category_id": "urn:vmomi:InventoryServiceCategory:3defe5cc-1080-4690-aba8-3a81b18d2322:GLOBAL",
            "description": "",
            "id": "urn:vmomi:InventoryServiceTag:20c5865c-7064-4588-b250-5cf9926850b0:GLOBAL",
            "name": "prd-okd"
          },
          "sensitive_attributes": [],
          "private": "bnVsbA==",
          "dependencies": [
            "module.provider-config.module.base.data.vsphere_tag_category.veeam_tag_category"
          ]
        }
      ]
    },
    {
      "module": "module.provider-config.module.base",
      "mode": "data",
      "type": "vsphere_compute_cluster",
      "name": "cluster",
      "provider": "module.provider-config.module.base.provider[\"registry.terraform.io/hashicorp/vsphere\"]",
      "instances": [
        {
          "schema_version": 0,
          "attributes": {
            "datacenter_id": "datacenter-2",
            "id": "domain-c7",
            "name": "Cluster DotGroup",
            "resource_pool_id": "resgroup-8"
          },
          "sensitive_attributes": []
        }
      ]
    },
    {
      "module": "module.provider-config.module.base",
      "mode": "data",
      "type": "vsphere_datacenter",
      "name": "dc",
      "provider": "module.provider-config.module.base.provider[\"registry.terraform.io/hashicorp/vsphere\"]",
      "instances": [
        {
          "schema_version": 0,
          "attributes": {
            "id": "datacenter-2",
            "name": "DOTGROUP"
          },
          "sensitive_attributes": []
        }
      ]
    },
    {
      "module": "module.provider-config.module.base",
      "mode": "data",
      "type": "vsphere_datastore",
      "name": "datastore",
      "provider": "module.provider-config.module.base.provider[\"registry.terraform.io/hashicorp/vsphere\"]",
      "instances": [
        {
          "schema_version": 0,
          "attributes": {
            "datacenter_id": "datacenter-2",
            "id": "datastore-34467",
            "name": "VMFS_STORAGE_T2_DOTGROUP_001"
          },
          "sensitive_attributes": []
        }
      ]
    },
    {
      "module": "module.provider-config.module.base",
      "mode": "data",
      "type": "vsphere_network",
      "name": "network",
      "provider": "module.provider-config.module.base.provider[\"registry.terraform.io/hashicorp/vsphere\"]",
      "instances": [
        {
          "schema_version": 0,
          "attributes": {
            "datacenter_id": "datacenter-2",
            "distributed_virtual_switch_uuid": null,
            "id": "dvportgroup-30",
            "name": "PG REDE PROD DOTGROUP - VLAN 2700",
            "type": "DistributedVirtualPortgroup"
          },
          "sensitive_attributes": []
        }
      ]
    },
    {
      "module": "module.provider-config.module.base",
      "mode": "data",
      "type": "vsphere_tag_category",
      "name": "veeam_tag_category",
      "provider": "module.provider-config.module.base.provider[\"registry.terraform.io/hashicorp/vsphere\"]",
      "instances": [
        {
          "schema_version": 0,
          "attributes": {
            "associable_types": [
              "VirtualMachine"
            ],
            "cardinality": "SINGLE",
            "description": "",
            "id": "urn:vmomi:InventoryServiceCategory:3defe5cc-1080-4690-aba8-3a81b18d2322:GLOBAL",
            "name": "veeam"
          },
          "sensitive_attributes": []
        }
      ]
    },
    {
      "module": "module.provider-config.module.base",
      "mode": "data",
      "type": "vsphere_virtual_machine",
      "name": "template",
      "provider": "module.provider-config.module.base.provider[\"registry.terraform.io/hashicorp/vsphere\"]",
      "instances": [
        {
          "schema_version": 0,
          "attributes": {
            "alternate_guest_name": "",
            "annotation": "",
            "boot_delay": 0,
            "boot_retry_delay": 10000,
            "boot_retry_enabled": false,
            "change_version": "2019-10-02T20:07:34.709754Z",
            "cpu_hot_add_enabled": false,
            "cpu_hot_remove_enabled": false,
            "cpu_limit": -1,
            "cpu_performance_counters_enabled": false,
            "cpu_reservation": 0,
            "cpu_share_count": 1000,
            "cpu_share_level": "normal",
            "datacenter_id": "datacenter-2",
            "disks": [
              {
                "eagerly_scrub": false,
                "label": "Hard disk 1",
                "size": 20,
                "thin_provisioned": false,
                "unit_number": 0
              }
            ],
            "efi_secure_boot_enabled": false,
            "enable_disk_uuid": false,
            "enable_logging": true,
            "ept_rvi_mode": "automatic",
            "extra_config": {},
            "firmware": "bios",
            "guest_id": "centos7_64Guest",
            "guest_ip_addresses": [
              "10.20.0.170",
              "fe80::8fd7:3c1e:37ed:ebbd"
            ],
            "hardware_version": 13,
            "hv_mode": "hvAuto",
            "id": "4200b180-70a7-b04f-27a7-d973c358314a",
            "ide_controller_scan_count": 2,
            "latency_sensitivity": "normal",
            "memory": 2048,
            "memory_hot_add_enabled": false,
            "memory_limit": -1,
            "memory_reservation": 0,
            "memory_share_count": 20480,
            "memory_share_level": "normal",
            "name": "centos7",
            "nested_hv_enabled": false,
            "network_interface_types": [
              "vmxnet3"
            ],
            "num_cores_per_socket": 1,
            "num_cpus": 1,
            "run_tools_scripts_after_power_on": true,
            "run_tools_scripts_after_resume": true,
            "run_tools_scripts_before_guest_reboot": false,
            "run_tools_scripts_before_guest_shutdown": true,
            "run_tools_scripts_before_guest_standby": true,
            "sata_controller_scan_count": 0,
            "scsi_bus_sharing": "noSharing",
            "scsi_controller_scan_count": 1,
            "scsi_type": "pvscsi",
            "storage_policy_id": null,
            "swap_placement_policy": "inherit",
            "sync_time_with_host": false,
            "uuid": "4200b180-70a7-b04f-27a7-d973c358314a",
            "vapp": null,
            "vapp_transport": []
          },
          "sensitive_attributes": []
        }
      ]
    }
  ]
}
