{
  "version": 4,
  "terraform_version": "0.12.27",
  "serial": 1,
  "lineage": "eba53348-a306-c9aa-bd46-9d4d8f3e4ae2",
  "outputs": {},
  "resources": [
    {
      "module": "module.provider-config.module.base",
      "mode": "data",
      "type": "vsphere_compute_cluster",
      "name": "cluster",
      "provider": "module.provider-config.module.base.provider.vsphere",
      "instances": [
        {
          "schema_version": 0,
          "attributes": {
            "datacenter_id": "datacenter-2",
            "id": "domain-c7",
            "name": "Cluster DotGroup",
            "resource_pool_id": "resgroup-8"
          }
        }
      ]
    },
    {
      "module": "module.provider-config.module.base",
      "mode": "data",
      "type": "vsphere_datacenter",
      "name": "dc",
      "provider": "module.provider-config.module.base.provider.vsphere",
      "instances": [
        {
          "schema_version": 0,
          "attributes": {
            "id": "datacenter-2",
            "name": "DOTGROUP"
          }
        }
      ]
    },
    {
      "module": "module.provider-config.module.base",
      "mode": "data",
      "type": "vsphere_datastore",
      "name": "datastore",
      "provider": "module.provider-config.module.base.provider.vsphere",
      "instances": [
        {
          "schema_version": 0,
          "attributes": {
            "datacenter_id": "datacenter-2",
            "id": "datastore-34468",
            "name": "VMFS_STORAGE_T2_DOTGROUP_002"
          }
        }
      ]
    },
    {
      "module": "module.provider-config.module.base",
      "mode": "data",
      "type": "vsphere_network",
      "name": "network",
      "provider": "module.provider-config.module.base.provider.vsphere",
      "instances": [
        {
          "schema_version": 0,
          "attributes": {
            "datacenter_id": "datacenter-2",
            "distributed_virtual_switch_uuid": null,
            "id": "dvportgroup-30",
            "name": "PG REDE PROD DOTGROUP - VLAN 2700",
            "type": "DistributedVirtualPortgroup"
          }
        }
      ]
    },
    {
      "module": "module.provider-config.module.base",
      "mode": "data",
      "type": "vsphere_virtual_machine",
      "name": "template",
      "provider": "module.provider-config.module.base.provider.vsphere",
      "instances": [
        {
          "schema_version": 0,
          "attributes": {
            "alternate_guest_name": "",
            "datacenter_id": "datacenter-2",
            "disks": [
              {
                "eagerly_scrub": false,
                "size": 20,
                "thin_provisioned": false
              }
            ],
            "firmware": "bios",
            "guest_id": "centos7_64Guest",
            "guest_ip_addresses": [],
            "id": "4200b180-70a7-b04f-27a7-d973c358314a",
            "name": "centos7",
            "network_interface_types": [
              "vmxnet3"
            ],
            "scsi_bus_sharing": "noSharing",
            "scsi_controller_scan_count": 1,
            "scsi_type": "pvscsi"
          }
        }
      ]
    },
    {
      "module": "module.nfs-server",
      "mode": "managed",
      "type": "vsphere_virtual_machine",
      "name": "vm",
      "provider": "module.nfs-server.provider.vsphere",
      "instances": [
        {
          "schema_version": 3,
          "attributes": {
            "alternate_guest_name": "",
            "annotation": "",
            "boot_delay": 0,
            "boot_retry_delay": 10000,
            "boot_retry_enabled": false,
            "cdrom": [],
            "change_version": "2020-05-29T18:01:33.747895Z",
            "clone": [
              {
                "customize": [
                  {
                    "dns_server_list": [
                      "10.20.0.4",
                      "192.168.1.250"
                    ],
                    "dns_suffix_list": null,
                    "ipv4_gateway": "10.20.0.1",
                    "ipv6_gateway": "",
                    "linux_options": [
                      {
                        "domain": "dot.group",
                        "host_name": "adh-nfs",
                        "hw_clock_utc": true,
                        "time_zone": ""
                      }
                    ],
                    "network_interface": [
                      {
                        "dns_domain": "",
                        "dns_server_list": null,
                        "ipv4_address": "10.20.1.84",
                        "ipv4_netmask": 16,
                        "ipv6_address": "",
                        "ipv6_netmask": 0
                      }
                    ],
                    "timeout": 20,
                    "windows_options": [],
                    "windows_sysprep_text": ""
                  }
                ],
                "linked_clone": false,
                "ovf_network_map": null,
                "ovf_storage_map": null,
                "template_uuid": "4200b180-70a7-b04f-27a7-d973c358314a",
                "timeout": 30
              }
            ],
            "cpu_hot_add_enabled": false,
            "cpu_hot_remove_enabled": false,
            "cpu_limit": -1,
            "cpu_performance_counters_enabled": false,
            "cpu_reservation": 0,
            "cpu_share_count": 2000,
            "cpu_share_level": "normal",
            "custom_attributes": null,
            "datacenter_id": null,
            "datastore_cluster_id": null,
            "datastore_id": "datastore-34468",
            "default_ip_address": null,
            "disk": [
              {
                "attach": false,
                "datastore_id": "datastore-34468",
                "device_address": "scsi:0:0",
                "disk_mode": "persistent",
                "disk_sharing": "sharingNone",
                "eagerly_scrub": false,
                "io_limit": -1,
                "io_reservation": 0,
                "io_share_count": 1000,
                "io_share_level": "normal",
                "keep_on_remove": false,
                "key": 2000,
                "label": "adh-nfs.vmdk",
                "name": "",
                "path": "adh-nfs/adh-nfs.vmdk",
                "size": 20,
                "storage_policy_id": "",
                "thin_provisioned": false,
                "unit_number": 0,
                "uuid": "6000C292-5280-fd9a-3d30-5ff0160f50e9",
                "write_through": false
              },
              {
                "attach": false,
                "datastore_id": "datastore-34468",
                "device_address": "scsi:0:2",
                "disk_mode": "persistent",
                "disk_sharing": "sharingNone",
                "eagerly_scrub": false,
                "io_limit": -1,
                "io_reservation": 0,
                "io_share_count": 1000,
                "io_share_level": "normal",
                "keep_on_remove": false,
                "key": 2002,
                "label": "adh-nfs-data.vmdk",
                "name": "",
                "path": "adh-nfs/adh-nfs_1.vmdk",
                "size": 512,
                "storage_policy_id": "",
                "thin_provisioned": false,
                "unit_number": 2,
                "uuid": "6000C292-23cb-0df1-e28a-49c66ca4de2b",
                "write_through": false
              }
            ],
            "efi_secure_boot_enabled": false,
            "enable_disk_uuid": false,
            "enable_logging": false,
            "ept_rvi_mode": "automatic",
            "extra_config": null,
            "firmware": "bios",
            "folder": "",
            "force_power_off": true,
            "guest_id": "centos7_64Guest",
            "guest_ip_addresses": [],
            "hardware_version": 13,
            "host_system_id": "host-2065",
            "hv_mode": "hvAuto",
            "id": "4200f9ec-2950-06ae-e93e-3a58568df37b",
            "ignored_guest_ips": null,
            "imported": null,
            "latency_sensitivity": "normal",
            "memory": 2048,
            "memory_hot_add_enabled": false,
            "memory_limit": -1,
            "memory_reservation": 0,
            "memory_share_count": 20480,
            "memory_share_level": "normal",
            "migrate_wait_timeout": 30,
            "moid": "vm-55938",
            "name": "adh-nfs",
            "nested_hv_enabled": false,
            "network_interface": [
              {
                "adapter_type": "vmxnet3",
                "bandwidth_limit": -1,
                "bandwidth_reservation": 0,
                "bandwidth_share_count": 50,
                "bandwidth_share_level": "normal",
                "device_address": "pci:0:7",
                "key": 4000,
                "mac_address": "00:50:56:80:cc:6e",
                "network_id": "dvportgroup-30",
                "ovf_mapping": "",
                "use_static_mac": false
              }
            ],
            "num_cores_per_socket": 1,
            "num_cpus": 2,
            "ovf_deploy": [],
            "poweron_timeout": 300,
            "reboot_required": false,
            "resource_pool_id": "resgroup-8",
            "run_tools_scripts_after_power_on": true,
            "run_tools_scripts_after_resume": true,
            "run_tools_scripts_before_guest_reboot": false,
            "run_tools_scripts_before_guest_shutdown": true,
            "run_tools_scripts_before_guest_standby": true,
            "scsi_bus_sharing": "noSharing",
            "scsi_controller_count": 1,
            "scsi_type": "pvscsi",
            "shutdown_wait_timeout": 3,
            "storage_policy_id": "",
            "swap_placement_policy": "inherit",
            "sync_time_with_host": false,
            "tags": null,
            "uuid": "4200f9ec-2950-06ae-e93e-3a58568df37b",
            "vapp": [],
            "vapp_transport": [],
            "vmware_tools_status": "guestToolsNotRunning",
            "vmx_path": "adh-nfs/adh-nfs.vmx",
            "wait_for_guest_ip_timeout": 0,
            "wait_for_guest_net_routable": false,
            "wait_for_guest_net_timeout": 0
          },
          "private": "eyJzY2hlbWFfdmVyc2lvbiI6IjMifQ=="
        }
      ]
    }
  ]
}
