{
  "version": 4,
  "terraform_version": "0.12.27",
  "serial": 4,
  "lineage": "03b82230-6ed5-7c1c-9091-aaaf36708830",
  "outputs": {},
  "resources": [
    {
      "module": "module.provider-config.module.base",
      "mode": "data",
      "type": "vsphere_compute_cluster",
      "name": "cluster",
      "provider": "module.provider-config.module.base.provider.vsphere",
      "instances": [
        {
          "schema_version": 0,
          "attributes": {
            "datacenter_id": "datacenter-21",
            "id": "domain-c26",
            "name": "DOT - Cluster",
            "resource_pool_id": "resgroup-27"
          }
        }
      ]
    },
    {
      "module": "module.provider-config.module.base",
      "mode": "data",
      "type": "vsphere_datacenter",
      "name": "dc",
      "provider": "module.provider-config.module.base.provider.vsphere",
      "instances": [
        {
          "schema_version": 0,
          "attributes": {
            "id": "datacenter-21",
            "name": "DOT - Matriz"
          }
        }
      ]
    },
    {
      "module": "module.provider-config.module.base",
      "mode": "data",
      "type": "vsphere_datastore",
      "name": "datastore",
      "provider": "module.provider-config.module.base.provider.vsphere",
      "instances": [
        {
          "schema_version": 0,
          "attributes": {
            "datacenter_id": "datacenter-21",
            "id": "datastore-43",
            "name": "VMs-I"
          }
        }
      ]
    },
    {
      "module": "module.provider-config.module.base",
      "mode": "data",
      "type": "vsphere_network",
      "name": "network",
      "provider": "module.provider-config.module.base.provider.vsphere",
      "instances": [
        {
          "schema_version": 0,
          "attributes": {
            "datacenter_id": "datacenter-21",
            "distributed_virtual_switch_uuid": null,
            "id": "network-31",
            "name": "VM Network",
            "type": "Network"
          }
        }
      ]
    },
    {
      "module": "module.provider-config.module.base",
      "mode": "data",
      "type": "vsphere_tag_category",
      "name": "veeam_tag_category",
      "provider": "module.provider-config.module.base.provider.vsphere",
      "instances": [
        {
          "schema_version": 0,
          "attributes": {
            "associable_types": [
              "VirtualMachine"
            ],
            "cardinality": "SINGLE",
            "description": "",
            "id": "urn:vmomi:InventoryServiceCategory:6ee25727-ab7c-4300-b6e0-24a47917875a:GLOBAL",
            "name": "veeam"
          }
        }
      ]
    },
    {
      "module": "module.provider-config.module.base",
      "mode": "data",
      "type": "vsphere_virtual_machine",
      "name": "template",
      "provider": "module.provider-config.module.base.provider.vsphere",
      "instances": [
        {
          "schema_version": 0,
          "attributes": {
            "alternate_guest_name": "",
            "datacenter_id": "datacenter-21",
            "disks": [
              {
                "eagerly_scrub": false,
                "size": 6,
                "thin_provisioned": false
              }
            ],
            "firmware": "bios",
            "guest_id": "centos7_64Guest",
            "guest_ip_addresses": [],
            "id": "422e0d68-5338-fae7-93c0-034dcbb03eee",
            "name": "centos7-minimal",
            "network_interface_types": [
              "vmxnet3"
            ],
            "scsi_bus_sharing": "noSharing",
            "scsi_controller_scan_count": 1,
            "scsi_type": "pvscsi"
          }
        }
      ]
    },
    {
      "module": "module.provider-config",
      "mode": "managed",
      "type": "vsphere_tag",
      "name": "tag",
      "provider": "module.provider-config.provider.vsphere",
      "instances": [
        {
          "schema_version": 0,
          "attributes": {
            "category_id": "urn:vmomi:InventoryServiceCategory:6ee25727-ab7c-4300-b6e0-24a47917875a:GLOBAL",
            "description": "",
            "id": "urn:vmomi:InventoryServiceTag:08302177-dd53-46de-93fb-d7229ac2ac34:GLOBAL",
            "name": "qa-nfs"
          },
          "private": "bnVsbA=="
        }
      ]
    },
    {
      "module": "module.nfs-server",
      "mode": "managed",
      "type": "vsphere_virtual_machine",
      "name": "vm",
      "provider": "module.nfs-server.provider.vsphere",
      "instances": [
        {
          "schema_version": 3,
          "attributes": {
            "alternate_guest_name": "",
            "annotation": "",
            "boot_delay": 0,
            "boot_retry_delay": 10000,
            "boot_retry_enabled": false,
            "cdrom": [],
            "change_version": "2020-06-24T21:35:33.453447Z",
            "clone": [
              {
                "customize": [
                  {
                    "dns_server_list": [
                      "192.168.1.250"
                    ],
                    "dns_suffix_list": [],
                    "ipv4_gateway": "192.168.1.1",
                    "ipv6_gateway": "",
                    "linux_options": [
                      {
                        "domain": "dot.group",
                        "host_name": "amq-nfs",
                        "hw_clock_utc": true,
                        "time_zone": ""
                      }
                    ],
                    "network_interface": [
                      {
                        "dns_domain": "",
                        "dns_server_list": [],
                        "ipv4_address": "192.168.1.92",
                        "ipv4_netmask": 16,
                        "ipv6_address": "",
                        "ipv6_netmask": 0
                      }
                    ],
                    "timeout": 20,
                    "windows_options": [],
                    "windows_sysprep_text": ""
                  }
                ],
                "linked_clone": false,
                "ovf_network_map": {},
                "ovf_storage_map": {},
                "template_uuid": "422e0d68-5338-fae7-93c0-034dcbb03eee",
                "timeout": 30
              }
            ],
            "cpu_hot_add_enabled": false,
            "cpu_hot_remove_enabled": false,
            "cpu_limit": -1,
            "cpu_performance_counters_enabled": false,
            "cpu_reservation": 0,
            "cpu_share_count": 2000,
            "cpu_share_level": "normal",
            "custom_attributes": {},
            "datacenter_id": null,
            "datastore_cluster_id": null,
            "datastore_id": "datastore-43",
            "default_ip_address": "192.168.1.92",
            "disk": [
              {
                "attach": false,
                "datastore_id": "datastore-43",
                "device_address": "scsi:0:0",
                "disk_mode": "persistent",
                "disk_sharing": "sharingNone",
                "eagerly_scrub": false,
                "io_limit": -1,
                "io_reservation": 0,
                "io_share_count": 1000,
                "io_share_level": "normal",
                "keep_on_remove": false,
                "key": 2000,
                "label": "amq-nfs.vmdk",
                "name": "",
                "path": "amq-nfs/amq-nfs.vmdk",
                "size": 20,
                "storage_policy_id": "",
                "thin_provisioned": false,
                "unit_number": 0,
                "uuid": "6000C294-ed07-f62f-52e2-a934fc768051",
                "write_through": false
              },
              {
                "attach": false,
                "datastore_id": "datastore-43",
                "device_address": "scsi:0:2",
                "disk_mode": "persistent",
                "disk_sharing": "sharingNone",
                "eagerly_scrub": false,
                "io_limit": -1,
                "io_reservation": 0,
                "io_share_count": 1000,
                "io_share_level": "normal",
                "keep_on_remove": false,
                "key": 2002,
                "label": "amq-nfs-data.vmdk",
                "name": "",
                "path": "amq-nfs/amq-nfs_1.vmdk",
                "size": 250,
                "storage_policy_id": "",
                "thin_provisioned": false,
                "unit_number": 2,
                "uuid": "6000C29a-e150-1ea3-a62c-7796df28cc8c",
                "write_through": false
              }
            ],
            "efi_secure_boot_enabled": false,
            "enable_disk_uuid": false,
            "enable_logging": false,
            "ept_rvi_mode": "automatic",
            "extra_config": {},
            "firmware": "bios",
            "folder": "",
            "force_power_off": true,
            "guest_id": "centos7_64Guest",
            "guest_ip_addresses": [
              "192.168.1.92",
              "fe80::250:56ff:feae:ff1e"
            ],
            "hardware_version": 14,
            "host_system_id": "host-29",
            "hv_mode": "hvAuto",
            "id": "422eb1ae-4cc3-285b-d181-4b68a214eb77",
            "ignored_guest_ips": null,
            "imported": null,
            "latency_sensitivity": "normal",
            "memory": 2048,
            "memory_hot_add_enabled": false,
            "memory_limit": -1,
            "memory_reservation": 0,
            "memory_share_count": 20480,
            "memory_share_level": "normal",
            "migrate_wait_timeout": 30,
            "moid": "vm-14662",
            "name": "amq-nfs",
            "nested_hv_enabled": false,
            "network_interface": [
              {
                "adapter_type": "vmxnet3",
                "bandwidth_limit": -1,
                "bandwidth_reservation": 0,
                "bandwidth_share_count": 50,
                "bandwidth_share_level": "normal",
                "device_address": "pci:0:7",
                "key": 4000,
                "mac_address": "00:50:56:ae:ff:1e",
                "network_id": "network-31",
                "ovf_mapping": "",
                "use_static_mac": false
              }
            ],
            "num_cores_per_socket": 1,
            "num_cpus": 2,
            "ovf_deploy": [],
            "pci_device_id": [],
            "poweron_timeout": 300,
            "reboot_required": false,
            "resource_pool_id": "resgroup-27",
            "run_tools_scripts_after_power_on": true,
            "run_tools_scripts_after_resume": true,
            "run_tools_scripts_before_guest_reboot": false,
            "run_tools_scripts_before_guest_shutdown": true,
            "run_tools_scripts_before_guest_standby": true,
            "scsi_bus_sharing": "noSharing",
            "scsi_controller_count": 1,
            "scsi_type": "pvscsi",
            "shutdown_wait_timeout": 3,
            "storage_policy_id": "",
            "swap_placement_policy": "inherit",
            "sync_time_with_host": false,
            "tags": [
              "urn:vmomi:InventoryServiceTag:08302177-dd53-46de-93fb-d7229ac2ac34:GLOBAL"
            ],
            "uuid": "422eb1ae-4cc3-285b-d181-4b68a214eb77",
            "vapp": [],
            "vapp_transport": [],
            "vmware_tools_status": "guestToolsRunning",
            "vmx_path": "amq-nfs/amq-nfs.vmx",
            "wait_for_guest_ip_timeout": 0,
            "wait_for_guest_net_routable": false,
            "wait_for_guest_net_timeout": 0
          },
          "private": "eyJzY2hlbWFfdmVyc2lvbiI6IjMifQ==",
          "dependencies": [
            "module.provider-config.vsphere_tag.tag"
          ]
        }
      ]
    }
  ]
}
