{
  "version": 4,
  "terraform_version": "0.14.10",
  "serial": 3,
  "lineage": "bd7aa266-68ce-3c97-2168-454dc6d88256",
  "outputs": {},
  "resources": [
    {
      "module": "module.lms-senar",
      "mode": "managed",
      "type": "vsphere_virtual_machine",
      "name": "vm",
      "provider": "module.lms-senar.provider[\"registry.terraform.io/hashicorp/vsphere\"]",
      "instances": [
        {
          "schema_version": 3,
          "attributes": {
            "alternate_guest_name": "",
            "annotation": "",
            "boot_delay": 0,
            "boot_retry_delay": 10000,
            "boot_retry_enabled": false,
            "cdrom": [],
            "change_version": "2021-06-21T17:07:10.551754Z",
            "clone": [
              {
                "customize": [
                  {
                    "dns_server_list": [
                      "10.20.0.4",
                      "192.168.1.250"
                    ],
                    "dns_suffix_list": null,
                    "ipv4_gateway": "10.20.0.1",
                    "ipv6_gateway": "",
                    "linux_options": [
                      {
                        "domain": "dot.group",
                        "host_name": "adp-lms-senar",
                        "hw_clock_utc": true,
                        "time_zone": ""
                      }
                    ],
                    "network_interface": [
                      {
                        "dns_domain": "",
                        "dns_server_list": null,
                        "ipv4_address": "10.20.1.40",
                        "ipv4_netmask": 16,
                        "ipv6_address": "",
                        "ipv6_netmask": 0
                      }
                    ],
                    "timeout": 20,
                    "windows_options": [],
                    "windows_sysprep_text": ""
                  }
                ],
                "linked_clone": false,
                "ovf_network_map": null,
                "ovf_storage_map": null,
                "template_uuid": "4200a759-c8c5-ed67-4f70-3739ad3df556",
                "timeout": 30
              }
            ],
            "cpu_hot_add_enabled": true,
            "cpu_hot_remove_enabled": false,
            "cpu_limit": -1,
            "cpu_performance_counters_enabled": false,
            "cpu_reservation": 0,
            "cpu_share_count": 2000,
            "cpu_share_level": "normal",
            "custom_attributes": null,
            "datacenter_id": null,
            "datastore_cluster_id": null,
            "datastore_id": "datastore-34468",
            "default_ip_address": null,
            "disk": [
              {
                "attach": false,
                "controller_type": "scsi",
                "datastore_id": "datastore-34468",
                "device_address": "scsi:0:0",
                "disk_mode": "persistent",
                "disk_sharing": "sharingNone",
                "eagerly_scrub": false,
                "io_limit": -1,
                "io_reservation": 0,
                "io_share_count": 1000,
                "io_share_level": "normal",
                "keep_on_remove": false,
                "key": 2000,
                "label": "adp-lms-senar.vmdk",
                "path": "adp-lms-senar/adp-lms-senar.vmdk",
                "size": 20,
                "storage_policy_id": "",
                "thin_provisioned": false,
                "unit_number": 0,
                "uuid": "6000C29d-da26-8d3a-e8e4-7f3ab76ed410",
                "write_through": false
              },
              {
                "attach": false,
                "controller_type": "scsi",
                "datastore_id": "datastore-34468",
                "device_address": "scsi:0:2",
                "disk_mode": "persistent",
                "disk_sharing": "sharingNone",
                "eagerly_scrub": false,
                "io_limit": -1,
                "io_reservation": 0,
                "io_share_count": 1000,
                "io_share_level": "normal",
                "keep_on_remove": false,
                "key": 2002,
                "label": "adp-lms-senar-data.vmdk",
                "path": "adp-lms-senar/adp-lms-senar_1.vmdk",
                "size": 500,
                "storage_policy_id": "",
                "thin_provisioned": true,
                "unit_number": 2,
                "uuid": "6000C299-9523-24b9-a01d-214d8bd8458b",
                "write_through": false
              }
            ],
            "efi_secure_boot_enabled": false,
            "enable_disk_uuid": false,
            "enable_logging": false,
            "ept_rvi_mode": "automatic",
            "extra_config": null,
            "firmware": "bios",
            "folder": "",
            "force_power_off": true,
            "guest_id": "ubuntu64Guest",
            "guest_ip_addresses": [],
            "hardware_version": 11,
            "host_system_id": "host-32107",
            "hv_mode": "hvAuto",
            "id": "42007457-4a25-238f-78a7-1c46e4f76a5d",
            "ide_controller_count": 2,
            "ignored_guest_ips": null,
            "imported": null,
            "latency_sensitivity": "normal",
            "memory": 2048,
            "memory_hot_add_enabled": true,
            "memory_limit": -1,
            "memory_reservation": 0,
            "memory_share_count": 20480,
            "memory_share_level": "normal",
            "migrate_wait_timeout": 30,
            "moid": "vm-78985",
            "name": "adp-lms-senar",
            "nested_hv_enabled": false,
            "network_interface": [
              {
                "adapter_type": "vmxnet3",
                "bandwidth_limit": -1,
                "bandwidth_reservation": 0,
                "bandwidth_share_count": 50,
                "bandwidth_share_level": "normal",
                "device_address": "pci:0:7",
                "key": 4000,
                "mac_address": "00:50:56:80:10:8d",
                "network_id": "dvportgroup-30",
                "ovf_mapping": "",
                "use_static_mac": false
              }
            ],
            "num_cores_per_socket": 1,
            "num_cpus": 2,
            "ovf_deploy": [],
            "pci_device_id": null,
            "poweron_timeout": 300,
            "reboot_required": false,
            "replace_trigger": null,
            "resource_pool_id": "resgroup-8",
            "run_tools_scripts_after_power_on": true,
            "run_tools_scripts_after_resume": true,
            "run_tools_scripts_before_guest_reboot": false,
            "run_tools_scripts_before_guest_shutdown": true,
            "run_tools_scripts_before_guest_standby": true,
            "sata_controller_count": 0,
            "scsi_bus_sharing": "noSharing",
            "scsi_controller_count": 1,
            "scsi_type": "pvscsi",
            "shutdown_wait_timeout": 3,
            "storage_policy_id": "",
            "swap_placement_policy": "inherit",
            "sync_time_with_host": false,
            "tags": [
              "urn:vmomi:InventoryServiceTag:cce46951-f1ce-4d89-807b-a52161014a76:GLOBAL"
            ],
            "uuid": "42007457-4a25-238f-78a7-1c46e4f76a5d",
            "vapp": [],
            "vapp_transport": [],
            "vbs_enabled": false,
            "vmware_tools_status": "guestToolsRunning",
            "vmx_path": "adp-lms-senar/adp-lms-senar.vmx",
            "vvtd_enabled": false,
            "wait_for_guest_ip_timeout": 0,
            "wait_for_guest_net_routable": false,
            "wait_for_guest_net_timeout": 0
          },
          "sensitive_attributes": [],
          "private": "eyJzY2hlbWFfdmVyc2lvbiI6IjMifQ==",
          "dependencies": [
            "module.provider-config.module.base.data.vsphere_compute_cluster.cluster",
            "module.provider-config.module.base.data.vsphere_datastore.datastore",
            "module.provider-config.module.base.data.vsphere_network.network",
            "module.provider-config.module.base.data.vsphere_tag_category.veeam_tag_category",
            "module.provider-config.module.base.data.vsphere_virtual_machine.template",
            "module.provider-config.vsphere_tag.tag"
          ]
        }
      ]
    },
    {
      "module": "module.provider-config",
      "mode": "managed",
      "type": "vsphere_tag",
      "name": "tag",
      "provider": "module.provider-config.provider[\"registry.terraform.io/hashicorp/vsphere\"]",
      "instances": [
        {
          "schema_version": 0,
          "attributes": {
            "category_id": "urn:vmomi:InventoryServiceCategory:3defe5cc-1080-4690-aba8-3a81b18d2322:GLOBAL",
            "description": "",
            "id": "urn:vmomi:InventoryServiceTag:cce46951-f1ce-4d89-807b-a52161014a76:GLOBAL",
            "name": "prd-lms-senar"
          },
          "sensitive_attributes": [],
          "private": "bnVsbA==",
          "dependencies": [
            "module.provider-config.module.base.data.vsphere_tag_category.veeam_tag_category"
          ]
        }
      ]
    },
    {
      "module": "module.provider-config.module.base",
      "mode": "data",
      "type": "vsphere_compute_cluster",
      "name": "cluster",
      "provider": "module.provider-config.module.base.provider[\"registry.terraform.io/hashicorp/vsphere\"]",
      "instances": [
        {
          "schema_version": 0,
          "attributes": {
            "datacenter_id": "datacenter-2",
            "id": "domain-c7",
            "name": "Cluster DotGroup",
            "resource_pool_id": "resgroup-8"
          },
          "sensitive_attributes": []
        }
      ]
    },
    {
      "module": "module.provider-config.module.base",
      "mode": "data",
      "type": "vsphere_datacenter",
      "name": "dc",
      "provider": "module.provider-config.module.base.provider[\"registry.terraform.io/hashicorp/vsphere\"]",
      "instances": [
        {
          "schema_version": 0,
          "attributes": {
            "id": "datacenter-2",
            "name": "DOTGROUP"
          },
          "sensitive_attributes": []
        }
      ]
    },
    {
      "module": "module.provider-config.module.base",
      "mode": "data",
      "type": "vsphere_datastore",
      "name": "datastore",
      "provider": "module.provider-config.module.base.provider[\"registry.terraform.io/hashicorp/vsphere\"]",
      "instances": [
        {
          "schema_version": 0,
          "attributes": {
            "datacenter_id": "datacenter-2",
            "id": "datastore-34468",
            "name": "VMFS_STORAGE_T2_DOTGROUP_002"
          },
          "sensitive_attributes": []
        }
      ]
    },
    {
      "module": "module.provider-config.module.base",
      "mode": "data",
      "type": "vsphere_network",
      "name": "network",
      "provider": "module.provider-config.module.base.provider[\"registry.terraform.io/hashicorp/vsphere\"]",
      "instances": [
        {
          "schema_version": 0,
          "attributes": {
            "datacenter_id": "datacenter-2",
            "distributed_virtual_switch_uuid": null,
            "id": "dvportgroup-30",
            "name": "PG REDE PROD DOTGROUP - VLAN 2700",
            "type": "DistributedVirtualPortgroup"
          },
          "sensitive_attributes": []
        }
      ]
    },
    {
      "module": "module.provider-config.module.base",
      "mode": "data",
      "type": "vsphere_tag_category",
      "name": "veeam_tag_category",
      "provider": "module.provider-config.module.base.provider[\"registry.terraform.io/hashicorp/vsphere\"]",
      "instances": [
        {
          "schema_version": 0,
          "attributes": {
            "associable_types": [
              "VirtualMachine"
            ],
            "cardinality": "SINGLE",
            "description": "",
            "id": "urn:vmomi:InventoryServiceCategory:3defe5cc-1080-4690-aba8-3a81b18d2322:GLOBAL",
            "name": "veeam"
          },
          "sensitive_attributes": []
        }
      ]
    },
    {
      "module": "module.provider-config.module.base",
      "mode": "data",
      "type": "vsphere_virtual_machine",
      "name": "template",
      "provider": "module.provider-config.module.base.provider[\"registry.terraform.io/hashicorp/vsphere\"]",
      "instances": [
        {
          "schema_version": 0,
          "attributes": {
            "alternate_guest_name": "",
            "annotation": "",
            "boot_delay": 0,
            "boot_retry_delay": 10000,
            "boot_retry_enabled": false,
            "change_version": "2021-05-21T18:54:08.616262Z",
            "cpu_hot_add_enabled": false,
            "cpu_hot_remove_enabled": false,
            "cpu_limit": -1,
            "cpu_performance_counters_enabled": false,
            "cpu_reservation": 0,
            "cpu_share_count": 2000,
            "cpu_share_level": "normal",
            "datacenter_id": "datacenter-2",
            "disks": [
              {
                "eagerly_scrub": false,
                "label": "Hard disk 1",
                "size": 20,
                "thin_provisioned": false,
                "unit_number": 0
              }
            ],
            "efi_secure_boot_enabled": false,
            "enable_disk_uuid": false,
            "enable_logging": true,
            "ept_rvi_mode": "automatic",
            "extra_config": {},
            "firmware": "bios",
            "guest_id": "ubuntu64Guest",
            "guest_ip_addresses": [],
            "hardware_version": 11,
            "hv_mode": "hvAuto",
            "id": "4200a759-c8c5-ed67-4f70-3739ad3df556",
            "ide_controller_scan_count": 2,
            "latency_sensitivity": "normal",
            "memory": 2048,
            "memory_hot_add_enabled": false,
            "memory_limit": -1,
            "memory_reservation": 0,
            "memory_share_count": 20480,
            "memory_share_level": "normal",
            "name": "ubuntu-18.04-2021-A",
            "nested_hv_enabled": false,
            "network_interface_types": [
              "vmxnet3"
            ],
            "network_interfaces": [
              {
                "adapter_type": "vmxnet3",
                "bandwidth_limit": -1,
                "bandwidth_reservation": 0,
                "bandwidth_share_count": 50,
                "bandwidth_share_level": "normal",
                "mac_address": "00:50:56:80:03:60",
                "network_id": "network-12"
              }
            ],
            "num_cores_per_socket": 1,
            "num_cpus": 2,
            "replace_trigger": null,
            "run_tools_scripts_after_power_on": true,
            "run_tools_scripts_after_resume": true,
            "run_tools_scripts_before_guest_reboot": false,
            "run_tools_scripts_before_guest_shutdown": true,
            "run_tools_scripts_before_guest_standby": true,
            "sata_controller_scan_count": 0,
            "scsi_bus_sharing": "noSharing",
            "scsi_controller_scan_count": 1,
            "scsi_type": "lsilogic",
            "storage_policy_id": null,
            "swap_placement_policy": "inherit",
            "sync_time_with_host": false,
            "uuid": "4200a759-c8c5-ed67-4f70-3739ad3df556",
            "vapp": null,
            "vapp_transport": [],
            "vbs_enabled": false,
            "vvtd_enabled": false
          },
          "sensitive_attributes": []
        }
      ]
    }
  ]
}
