{
  "version": 4,
  "terraform_version": "1.6.4",
  "serial": 82,
  "lineage": "21db8bf4-3956-f9d7-0916-b324bc6dfbc9",
  "outputs": {},
  "resources": [
    {
      "module": "module.mariadb-main",
      "mode": "managed",
      "type": "aws_ebs_volume",
      "name": "backups",
      "provider": "module.mariadb-main.provider[\"registry.terraform.io/hashicorp/aws\"]",
      "instances": [
        {
          "index_key": 0,
          "schema_version": 0,
          "attributes": {
            "arn": "arn:aws:ec2:us-east-1:586183866151:volume/vol-09cf9f2783d4bc0f8",
            "availability_zone": "us-east-1c",
            "encrypted": false,
            "id": "vol-09cf9f2783d4bc0f8",
            "iops": 0,
            "kms_key_id": "",
            "multi_attach_enabled": false,
            "outpost_arn": "",
            "size": 500,
            "snapshot_id": "",
            "tags": {
              "Name": "mariadb-main-backups"
            },
            "type": "standard"
          },
          "sensitive_attributes": [],
          "private": "bnVsbA==",
          "dependencies": [
            "module.mariadb-main.aws_instance.mariadb"
          ]
        }
      ]
    },
    {
      "module": "module.mariadb-main",
      "mode": "managed",
      "type": "aws_ebs_volume",
      "name": "data",
      "provider": "module.mariadb-main.provider[\"registry.terraform.io/hashicorp/aws\"]",
      "instances": [
        {
          "index_key": 0,
          "schema_version": 0,
          "attributes": {
            "arn": "arn:aws:ec2:us-east-1:586183866151:volume/vol-083677f88ba36e99f",
            "availability_zone": "us-east-1c",
            "encrypted": false,
            "id": "vol-083677f88ba36e99f",
            "iops": 450,
            "kms_key_id": "",
            "multi_attach_enabled": false,
            "outpost_arn": "",
            "size": 150,
            "snapshot_id": "",
            "tags": {
              "Name": "mariadb-main-data1"
            },
            "type": "gp2"
          },
          "sensitive_attributes": [],
          "private": "bnVsbA==",
          "dependencies": [
            "module.mariadb-main.aws_instance.mariadb"
          ]
        },
        {
          "index_key": 1,
          "schema_version": 0,
          "attributes": {
            "arn": "arn:aws:ec2:us-east-1:586183866151:volume/vol-0fefee897dc3492db",
            "availability_zone": "us-east-1c",
            "encrypted": false,
            "id": "vol-0fefee897dc3492db",
            "iops": 450,
            "kms_key_id": "",
            "multi_attach_enabled": false,
            "outpost_arn": "",
            "size": 150,
            "snapshot_id": "",
            "tags": {
              "Name": "mariadb-main-data2"
            },
            "type": "gp2"
          },
          "sensitive_attributes": [],
          "private": "bnVsbA==",
          "dependencies": [
            "module.mariadb-main.aws_instance.mariadb"
          ]
        },
        {
          "index_key": 2,
          "schema_version": 0,
          "attributes": {
            "arn": "arn:aws:ec2:us-east-1:586183866151:volume/vol-0a00ef6e8ca60dd85",
            "availability_zone": "us-east-1c",
            "encrypted": false,
            "id": "vol-0a00ef6e8ca60dd85",
            "iops": 450,
            "kms_key_id": "",
            "multi_attach_enabled": false,
            "outpost_arn": "",
            "size": 150,
            "snapshot_id": "",
            "tags": {
              "Name": "mariadb-main-data3"
            },
            "type": "gp2"
          },
          "sensitive_attributes": [],
          "private": "bnVsbA==",
          "dependencies": [
            "module.mariadb-main.aws_instance.mariadb"
          ]
        }
      ]
    },
    {
      "module": "module.mariadb-main",
      "mode": "managed",
      "type": "aws_ebs_volume",
      "name": "logs",
      "provider": "module.mariadb-main.provider[\"registry.terraform.io/hashicorp/aws\"]",
      "instances": [
        {
          "index_key": 0,
          "schema_version": 0,
          "attributes": {
            "arn": "arn:aws:ec2:us-east-1:586183866151:volume/vol-0e6aec02301f91507",
            "availability_zone": "us-east-1c",
            "encrypted": false,
            "id": "vol-0e6aec02301f91507",
            "iops": 0,
            "kms_key_id": "",
            "multi_attach_enabled": false,
            "outpost_arn": "",
            "size": 100,
            "snapshot_id": "",
            "tags": {
              "Name": "mariadb-main-logs"
            },
            "type": "standard"
          },
          "sensitive_attributes": [],
          "private": "bnVsbA==",
          "dependencies": [
            "module.mariadb-main.aws_instance.mariadb"
          ]
        }
      ]
    },
    {
      "module": "module.mariadb-main",
      "mode": "managed",
      "type": "aws_instance",
      "name": "mariadb",
      "provider": "module.mariadb-main.provider[\"registry.terraform.io/hashicorp/aws\"]",
      "instances": [
        {
          "schema_version": 1,
          "attributes": {
            "ami": "ami-d5bf2caa",
            "arn": "arn:aws:ec2:us-east-1:586183866151:instance/i-02dcfb1adfb02d9a2",
            "associate_public_ip_address": true,
            "availability_zone": "us-east-1c",
            "cpu_core_count": 2,
            "cpu_threads_per_core": 2,
            "credit_specification": [],
            "disable_api_termination": false,
            "ebs_block_device": [
              {
                "delete_on_termination": false,
                "device_name": "/dev/sdb",
                "encrypted": false,
                "iops": 0,
                "kms_key_id": "",
                "snapshot_id": "",
                "volume_id": "vol-0e6aec02301f91507",
                "volume_size": 100,
                "volume_type": "standard"
              },
              {
                "delete_on_termination": false,
                "device_name": "/dev/sdc",
                "encrypted": false,
                "iops": 0,
                "kms_key_id": "",
                "snapshot_id": "",
                "volume_id": "vol-09cf9f2783d4bc0f8",
                "volume_size": 500,
                "volume_type": "standard"
              },
              {
                "delete_on_termination": false,
                "device_name": "/dev/sdf",
                "encrypted": false,
                "iops": 450,
                "kms_key_id": "",
                "snapshot_id": "",
                "volume_id": "vol-083677f88ba36e99f",
                "volume_size": 150,
                "volume_type": "gp2"
              },
              {
                "delete_on_termination": false,
                "device_name": "/dev/sdg",
                "encrypted": false,
                "iops": 450,
                "kms_key_id": "",
                "snapshot_id": "",
                "volume_id": "vol-0fefee897dc3492db",
                "volume_size": 150,
                "volume_type": "gp2"
              },
              {
                "delete_on_termination": false,
                "device_name": "/dev/sdh",
                "encrypted": false,
                "iops": 450,
                "kms_key_id": "",
                "snapshot_id": "",
                "volume_id": "vol-0a00ef6e8ca60dd85",
                "volume_size": 150,
                "volume_type": "gp2"
              }
            ],
            "ebs_optimized": false,
            "ephemeral_block_device": [],
            "get_password_data": false,
            "hibernation": false,
            "host_id": null,
            "iam_instance_profile": "",
            "id": "i-02dcfb1adfb02d9a2",
            "instance_initiated_shutdown_behavior": null,
            "instance_state": "running",
            "instance_type": "m5.xlarge",
            "ipv6_address_count": 0,
            "ipv6_addresses": [],
            "key_name": "default_prd",
            "metadata_options": [
              {
                "http_endpoint": "enabled",
                "http_put_response_hop_limit": 1,
                "http_tokens": "optional"
              }
            ],
            "monitoring": false,
            "network_interface": [],
            "outpost_arn": "",
            "password_data": "",
            "placement_group": "",
            "primary_network_interface_id": "eni-02e20a36cff5acae7",
            "private_dns": "ip-172-31-14-126.ec2.internal",
            "private_ip": "172.31.14.126",
            "public_dns": "ec2-3-218-240-103.compute-1.amazonaws.com",
            "public_ip": "3.218.240.103",
            "root_block_device": [
              {
                "delete_on_termination": true,
                "device_name": "/dev/sda1",
                "encrypted": false,
                "iops": 150,
                "kms_key_id": "",
                "volume_id": "vol-0b8855d228618a00a",
                "volume_size": 50,
                "volume_type": "gp2"
              }
            ],
            "secondary_private_ips": [],
            "security_groups": [
              "default"
            ],
            "source_dest_check": true,
            "subnet_id": "subnet-7addd81d",
            "tags": {
              "Name": "mariadb-main"
            },
            "tenancy": "default",
            "timeouts": null,
            "user_data": null,
            "user_data_base64": null,
            "volume_tags": {
              "Name": "prd-mariadb-main-data2"
            },
            "vpc_security_group_ids": [
              "sg-75fd6f27"
            ]
          },
          "sensitive_attributes": [],
          "private": "eyJlMmJmYjczMC1lY2FhLTExZTYtOGY4OC0zNDM2M2JjN2M0YzAiOnsiY3JlYXRlIjo2MDAwMDAwMDAwMDAsImRlbGV0ZSI6MTIwMDAwMDAwMDAwMCwidXBkYXRlIjo2MDAwMDAwMDAwMDB9LCJzY2hlbWFfdmVyc2lvbiI6IjEifQ=="
        }
      ]
    },
    {
      "module": "module.mariadb-main",
      "mode": "managed",
      "type": "aws_volume_attachment",
      "name": "backups_ec2",
      "provider": "module.mariadb-main.provider[\"registry.terraform.io/hashicorp/aws\"]",
      "instances": [
        {
          "index_key": 0,
          "schema_version": 0,
          "attributes": {
            "device_name": "/dev/sdc",
            "force_detach": null,
            "id": "vai-694034753",
            "instance_id": "i-02dcfb1adfb02d9a2",
            "skip_destroy": null,
            "volume_id": "vol-09cf9f2783d4bc0f8"
          },
          "sensitive_attributes": [],
          "private": "bnVsbA==",
          "dependencies": [
            "module.mariadb-main.aws_ebs_volume.backups",
            "module.mariadb-main.aws_instance.mariadb"
          ]
        }
      ]
    },
    {
      "module": "module.mariadb-main",
      "mode": "managed",
      "type": "aws_volume_attachment",
      "name": "data_ec2",
      "provider": "module.mariadb-main.provider[\"registry.terraform.io/hashicorp/aws\"]",
      "instances": [
        {
          "index_key": 0,
          "schema_version": 0,
          "attributes": {
            "device_name": "/dev/sdf",
            "force_detach": null,
            "id": "vai-391363900",
            "instance_id": "i-02dcfb1adfb02d9a2",
            "skip_destroy": null,
            "volume_id": "vol-083677f88ba36e99f"
          },
          "sensitive_attributes": [],
          "private": "bnVsbA==",
          "dependencies": [
            "module.mariadb-main.aws_ebs_volume.data",
            "module.mariadb-main.aws_instance.mariadb"
          ]
        },
        {
          "index_key": 1,
          "schema_version": 0,
          "attributes": {
            "device_name": "/dev/sdg",
            "force_detach": null,
            "id": "vai-1064846966",
            "instance_id": "i-02dcfb1adfb02d9a2",
            "skip_destroy": null,
            "volume_id": "vol-0fefee897dc3492db"
          },
          "sensitive_attributes": [],
          "private": "bnVsbA==",
          "dependencies": [
            "module.mariadb-main.aws_ebs_volume.data",
            "module.mariadb-main.aws_instance.mariadb"
          ]
        },
        {
          "index_key": 2,
          "schema_version": 0,
          "attributes": {
            "device_name": "/dev/sdh",
            "force_detach": null,
            "id": "vai-3680606216",
            "instance_id": "i-02dcfb1adfb02d9a2",
            "skip_destroy": null,
            "volume_id": "vol-0a00ef6e8ca60dd85"
          },
          "sensitive_attributes": [],
          "private": "bnVsbA==",
          "dependencies": [
            "module.mariadb-main.aws_ebs_volume.data",
            "module.mariadb-main.aws_instance.mariadb"
          ]
        }
      ]
    },
    {
      "module": "module.mariadb-main",
      "mode": "managed",
      "type": "aws_volume_attachment",
      "name": "logs_ec2",
      "provider": "module.mariadb-main.provider[\"registry.terraform.io/hashicorp/aws\"]",
      "instances": [
        {
          "index_key": 0,
          "schema_version": 0,
          "attributes": {
            "device_name": "/dev/sdb",
            "force_detach": null,
            "id": "vai-3972617347",
            "instance_id": "i-02dcfb1adfb02d9a2",
            "skip_destroy": null,
            "volume_id": "vol-0e6aec02301f91507"
          },
          "sensitive_attributes": [],
          "private": "bnVsbA==",
          "dependencies": [
            "module.mariadb-main.aws_ebs_volume.logs",
            "module.mariadb-main.aws_instance.mariadb"
          ]
        }
      ]
    },
    {
      "module": "module.mariadb-replica",
      "mode": "managed",
      "type": "aws_ebs_volume",
      "name": "data",
      "provider": "module.mariadb-replica.provider[\"registry.terraform.io/hashicorp/aws\"]",
      "instances": [
        {
          "index_key": 0,
          "schema_version": 0,
          "attributes": {
            "arn": "arn:aws:ec2:us-east-1:586183866151:volume/vol-0ea647d7ca7eb6c53",
            "availability_zone": "us-east-1c",
            "encrypted": false,
            "id": "vol-0ea647d7ca7eb6c53",
            "iops": 750,
            "kms_key_id": "",
            "multi_attach_enabled": false,
            "outpost_arn": "",
            "size": 250,
            "snapshot_id": "",
            "tags": {
              "Name": "mariadb-replica-data1"
            },
            "type": "gp2"
          },
          "sensitive_attributes": [],
          "private": "bnVsbA==",
          "dependencies": [
            "module.mariadb-replica.aws_instance.mariadb"
          ]
        }
      ]
    },
    {
      "module": "module.mariadb-replica",
      "mode": "managed",
      "type": "aws_instance",
      "name": "mariadb",
      "provider": "module.mariadb-replica.provider[\"registry.terraform.io/hashicorp/aws\"]",
      "instances": [
        {
          "schema_version": 1,
          "attributes": {
            "ami": "ami-d5bf2caa",
            "arn": "arn:aws:ec2:us-east-1:586183866151:instance/i-0862f44e3f2291e80",
            "associate_public_ip_address": true,
            "availability_zone": "us-east-1c",
            "cpu_core_count": 1,
            "cpu_threads_per_core": 2,
            "credit_specification": [],
            "disable_api_termination": false,
            "ebs_block_device": [
              {
                "delete_on_termination": false,
                "device_name": "/dev/sdf",
                "encrypted": false,
                "iops": 750,
                "kms_key_id": "",
                "snapshot_id": "",
                "volume_id": "vol-0ea647d7ca7eb6c53",
                "volume_size": 250,
                "volume_type": "gp2"
              }
            ],
            "ebs_optimized": false,
            "ephemeral_block_device": [],
            "get_password_data": false,
            "hibernation": false,
            "host_id": null,
            "iam_instance_profile": "",
            "id": "i-0862f44e3f2291e80",
            "instance_initiated_shutdown_behavior": null,
            "instance_state": "running",
            "instance_type": "m5.large",
            "ipv6_address_count": 0,
            "ipv6_addresses": [],
            "key_name": "default_prd",
            "metadata_options": [
              {
                "http_endpoint": "enabled",
                "http_put_response_hop_limit": 1,
                "http_tokens": "optional"
              }
            ],
            "monitoring": false,
            "network_interface": [],
            "outpost_arn": "",
            "password_data": "",
            "placement_group": "",
            "primary_network_interface_id": "eni-0ffb0a3128a8f30ba",
            "private_dns": "ip-172-31-2-48.ec2.internal",
            "private_ip": "172.31.2.48",
            "public_dns": "ec2-34-206-71-28.compute-1.amazonaws.com",
            "public_ip": "34.206.71.28",
            "root_block_device": [
              {
                "delete_on_termination": true,
                "device_name": "/dev/sda1",
                "encrypted": false,
                "iops": 150,
                "kms_key_id": "",
                "volume_id": "vol-098066c03e36bb70e",
                "volume_size": 50,
                "volume_type": "gp2"
              }
            ],
            "secondary_private_ips": [],
            "security_groups": [
              "default"
            ],
            "source_dest_check": true,
            "subnet_id": "subnet-7addd81d",
            "tags": {
              "Name": "mariadb-replica"
            },
            "tenancy": "default",
            "timeouts": null,
            "user_data": null,
            "user_data_base64": null,
            "volume_tags": {
              "Name": "prd-mariadb-replica-data1"
            },
            "vpc_security_group_ids": [
              "sg-75fd6f27"
            ]
          },
          "sensitive_attributes": [],
          "private": "eyJlMmJmYjczMC1lY2FhLTExZTYtOGY4OC0zNDM2M2JjN2M0YzAiOnsiY3JlYXRlIjo2MDAwMDAwMDAwMDAsImRlbGV0ZSI6MTIwMDAwMDAwMDAwMCwidXBkYXRlIjo2MDAwMDAwMDAwMDB9LCJzY2hlbWFfdmVyc2lvbiI6IjEifQ=="
        }
      ]
    },
    {
      "module": "module.mariadb-replica",
      "mode": "managed",
      "type": "aws_volume_attachment",
      "name": "data_ec2",
      "provider": "module.mariadb-replica.provider[\"registry.terraform.io/hashicorp/aws\"]",
      "instances": [
        {
          "index_key": 0,
          "schema_version": 0,
          "attributes": {
            "device_name": "/dev/sdf",
            "force_detach": null,
            "id": "vai-4226906803",
            "instance_id": "i-0862f44e3f2291e80",
            "skip_destroy": null,
            "volume_id": "vol-0ea647d7ca7eb6c53"
          },
          "sensitive_attributes": [],
          "private": "bnVsbA==",
          "dependencies": [
            "module.mariadb-replica.aws_ebs_volume.data",
            "module.mariadb-replica.aws_instance.mariadb"
          ]
        }
      ]
    }
  ],
  "check_results": null
}
