{
  "version": 4,
  "terraform_version": "1.6.4",
  "serial": 2,
  "lineage": "6d9972de-ee62-0726-6b68-a4d48e47714a",
  "outputs": {},
  "resources": [
    {
      "module": "module.redis",
      "mode": "managed",
      "type": "aws_instance",
      "name": "redis",
      "provider": "module.redis.provider[\"registry.terraform.io/hashicorp/aws\"]",
      "instances": [
        {
          "schema_version": 1,
          "attributes": {
            "ami": "ami-d5bf2caa",
            "arn": "arn:aws:ec2:us-east-1:586183866151:instance/i-0b6f63a65edd5a75f",
            "associate_public_ip_address": true,
            "availability_zone": "us-east-1c",
            "capacity_reservation_specification": [
              {
                "capacity_reservation_preference": "open",
                "capacity_reservation_target": []
              }
            ],
            "cpu_core_count": 1,
            "cpu_options": [
              {
                "amd_sev_snp": "",
                "core_count": 1,
                "threads_per_core": 2
              }
            ],
            "cpu_threads_per_core": 2,
            "credit_specification": [],
            "disable_api_stop": false,
            "disable_api_termination": false,
            "ebs_block_device": [],
            "ebs_optimized": false,
            "enclave_options": [
              {
                "enabled": false
              }
            ],
            "ephemeral_block_device": [],
            "get_password_data": false,
            "hibernation": false,
            "host_id": "",
            "host_resource_group_arn": null,
            "iam_instance_profile": "",
            "id": "i-0b6f63a65edd5a75f",
            "instance_initiated_shutdown_behavior": "stop",
            "instance_lifecycle": "",
            "instance_market_options": [],
            "instance_state": "running",
            "instance_type": "m5.large",
            "ipv6_address_count": 0,
            "ipv6_addresses": [],
            "key_name": "default_prd",
            "launch_template": [],
            "maintenance_options": [
              {
                "auto_recovery": "default"
              }
            ],
            "metadata_options": [
              {
                "http_endpoint": "enabled",
                "http_protocol_ipv6": "disabled",
                "http_put_response_hop_limit": 1,
                "http_tokens": "optional",
                "instance_metadata_tags": "disabled"
              }
            ],
            "monitoring": false,
            "network_interface": [],
            "outpost_arn": "",
            "password_data": "",
            "placement_group": "",
            "placement_partition_number": 0,
            "primary_network_interface_id": "eni-085cf73d0d883b4e6",
            "private_dns": "ip-172-31-0-160.ec2.internal",
            "private_dns_name_options": [
              {
                "enable_resource_name_dns_a_record": null,
                "enable_resource_name_dns_aaaa_record": null,
                "hostname_type": null
              }
            ],
            "private_ip": "172.31.0.160",
            "public_dns": "ec2-3-80-173-52.compute-1.amazonaws.com",
            "public_ip": "3.80.173.52",
            "root_block_device": [
              {
                "delete_on_termination": true,
                "device_name": "/dev/sda1",
                "encrypted": false,
                "iops": 3000,
                "kms_key_id": "",
                "tags": {},
                "throughput": 125,
                "volume_id": "vol-0a42ecfcd77f12087",
                "volume_size": 16,
                "volume_type": "gp3"
              }
            ],
            "secondary_private_ips": [],
            "security_groups": [
              "default"
            ],
            "source_dest_check": true,
            "spot_instance_request_id": "",
            "subnet_id": "subnet-7addd81d",
            "tags": {
              "Name": "prd-redis"
            },
            "tags_all": {
              "Name": "prd-redis"
            },
            "tenancy": "default",
            "timeouts": null,
            "user_data": null,
            "user_data_base64": null,
            "user_data_replace_on_change": null,
            "volume_tags": {},
            "vpc_security_group_ids": [
              "sg-75fd6f27"
            ]
          },
          "sensitive_attributes": [],
          "private": "eyJlMmJmYjczMC1lY2FhLTExZTYtOGY4OC0zNDM2M2JjN2M0YzAiOnsiY3JlYXRlIjo2MDAwMDAwMDAwMDAsImRlbGV0ZSI6MTIwMDAwMDAwMDAwMCwidXBkYXRlIjo2MDAwMDAwMDAwMDB9LCJzY2hlbWFfdmVyc2lvbiI6IjEifQ=="
        }
      ]
    }
  ],
  "check_results": null
}
