{
  "version": 4,
  "terraform_version": "1.6.4",
  "serial": 106,
  "lineage": "3ce1f1de-12cd-5cd8-d466-0dc99966c9dc",
  "outputs": {},
  "resources": [
    {
      "module": "module.worker-nodes",
      "mode": "managed",
      "type": "aws_ebs_volume",
      "name": "dp",
      "provider": "module.worker-nodes.provider[\"registry.terraform.io/hashicorp/aws\"]",
      "instances": [
        {
          "index_key": 0,
          "schema_version": 0,
          "attributes": {
            "arn": "arn:aws:ec2:us-east-1:586183866151:volume/vol-0d66daf282762bbd2",
            "availability_zone": "us-east-1c",
            "encrypted": false,
            "id": "vol-0d66daf282762bbd2",
            "iops": 180,
            "kms_key_id": "",
            "multi_attach_enabled": false,
            "outpost_arn": "",
            "size": 60,
            "snapshot_id": "",
            "tags": {
              "Name": "okd3-node-extra1-docker-pool",
              "kubernetes.io/cluster/dotgroup-okd3": "owned"
            },
            "type": "gp2"
          },
          "sensitive_attributes": [],
          "private": "bnVsbA==",
          "dependencies": [
            "module.worker-nodes.aws_instance.os"
          ]
        },
        {
          "index_key": 1,
          "schema_version": 0,
          "attributes": {
            "arn": "arn:aws:ec2:us-east-1:586183866151:volume/vol-080df0946a18c9dd9",
            "availability_zone": "us-east-1c",
            "encrypted": false,
            "id": "vol-080df0946a18c9dd9",
            "iops": 180,
            "kms_key_id": "",
            "multi_attach_enabled": false,
            "outpost_arn": "",
            "size": 60,
            "snapshot_id": "",
            "tags": {
              "Name": "okd3-node-extra2-docker-pool",
              "kubernetes.io/cluster/dotgroup-okd3": "owned"
            },
            "type": "gp2"
          },
          "sensitive_attributes": [],
          "private": "bnVsbA==",
          "dependencies": [
            "module.worker-nodes.aws_instance.os"
          ]
        },
        {
          "index_key": 2,
          "schema_version": 0,
          "attributes": {
            "arn": "arn:aws:ec2:us-east-1:586183866151:volume/vol-089b57a20bcc265b8",
            "availability_zone": "us-east-1c",
            "encrypted": false,
            "id": "vol-089b57a20bcc265b8",
            "iops": 180,
            "kms_key_id": "",
            "multi_attach_enabled": false,
            "outpost_arn": "",
            "size": 60,
            "snapshot_id": "",
            "tags": {
              "Name": "okd3-node-extra3-docker-pool",
              "kubernetes.io/cluster/dotgroup-okd3": "owned"
            },
            "type": "gp2"
          },
          "sensitive_attributes": [],
          "private": "bnVsbA==",
          "dependencies": [
            "module.worker-nodes.aws_instance.os"
          ]
        },
        {
          "index_key": 3,
          "schema_version": 0,
          "attributes": {
            "arn": "arn:aws:ec2:us-east-1:586183866151:volume/vol-0ee8316c939dd544a",
            "availability_zone": "us-east-1c",
            "encrypted": false,
            "id": "vol-0ee8316c939dd544a",
            "iops": 180,
            "kms_key_id": "",
            "multi_attach_enabled": false,
            "outpost_arn": "",
            "size": 60,
            "snapshot_id": "",
            "tags": {
              "Name": "okd3-node-extra4-docker-pool",
              "kubernetes.io/cluster/dotgroup-okd3": "owned"
            },
            "type": "gp2"
          },
          "sensitive_attributes": [],
          "private": "bnVsbA==",
          "dependencies": [
            "module.worker-nodes.aws_instance.os"
          ]
        },
        {
          "index_key": 4,
          "schema_version": 0,
          "attributes": {
            "arn": "arn:aws:ec2:us-east-1:586183866151:volume/vol-0b54910f95ac483ae",
            "availability_zone": "us-east-1c",
            "encrypted": false,
            "id": "vol-0b54910f95ac483ae",
            "iops": 180,
            "kms_key_id": "",
            "multi_attach_enabled": false,
            "outpost_arn": "",
            "size": 60,
            "snapshot_id": "",
            "tags": {
              "Name": "okd3-node-extra5-docker-pool",
              "kubernetes.io/cluster/dotgroup-okd3": "owned"
            },
            "type": "gp2"
          },
          "sensitive_attributes": [],
          "private": "bnVsbA==",
          "dependencies": [
            "module.worker-nodes.aws_instance.os"
          ]
        },
        {
          "index_key": 5,
          "schema_version": 0,
          "attributes": {
            "arn": "arn:aws:ec2:us-east-1:586183866151:volume/vol-026ff8db55925c6ee",
            "availability_zone": "us-east-1c",
            "encrypted": false,
            "id": "vol-026ff8db55925c6ee",
            "iops": 180,
            "kms_key_id": "",
            "multi_attach_enabled": false,
            "outpost_arn": "",
            "size": 60,
            "snapshot_id": "",
            "tags": {
              "Name": "okd3-node-extra6-docker-pool",
              "kubernetes.io/cluster/dotgroup-okd3": "owned"
            },
            "type": "gp2"
          },
          "sensitive_attributes": [],
          "private": "bnVsbA==",
          "dependencies": [
            "module.worker-nodes.aws_instance.os"
          ]
        },
        {
          "index_key": 6,
          "schema_version": 0,
          "attributes": {
            "arn": "arn:aws:ec2:us-east-1:586183866151:volume/vol-0ea66f6e5ab24976f",
            "availability_zone": "us-east-1c",
            "encrypted": false,
            "id": "vol-0ea66f6e5ab24976f",
            "iops": 180,
            "kms_key_id": "",
            "multi_attach_enabled": false,
            "outpost_arn": "",
            "size": 60,
            "snapshot_id": "",
            "tags": {
              "Name": "okd3-node-extra7-docker-pool",
              "kubernetes.io/cluster/dotgroup-okd3": "owned"
            },
            "type": "gp2"
          },
          "sensitive_attributes": [],
          "private": "bnVsbA==",
          "dependencies": [
            "module.worker-nodes.aws_instance.os"
          ]
        },
        {
          "index_key": 7,
          "schema_version": 0,
          "attributes": {
            "arn": "arn:aws:ec2:us-east-1:586183866151:volume/vol-065b3bc13caa7c9ec",
            "availability_zone": "us-east-1c",
            "encrypted": false,
            "id": "vol-065b3bc13caa7c9ec",
            "iops": 180,
            "kms_key_id": "",
            "multi_attach_enabled": false,
            "outpost_arn": "",
            "size": 60,
            "snapshot_id": "",
            "tags": {
              "Name": "okd3-node-extra8-docker-pool",
              "kubernetes.io/cluster/dotgroup-okd3": "owned"
            },
            "type": "gp2"
          },
          "sensitive_attributes": [],
          "private": "bnVsbA==",
          "dependencies": [
            "module.worker-nodes.aws_instance.os"
          ]
        },
        {
          "index_key": 8,
          "schema_version": 0,
          "attributes": {
            "arn": "arn:aws:ec2:us-east-1:586183866151:volume/vol-03d7abd77cb40adec",
            "availability_zone": "us-east-1c",
            "encrypted": false,
            "id": "vol-03d7abd77cb40adec",
            "iops": 180,
            "kms_key_id": "",
            "multi_attach_enabled": false,
            "outpost_arn": "",
            "size": 60,
            "snapshot_id": "",
            "tags": {
              "Name": "okd3-node-extra9-docker-pool",
              "kubernetes.io/cluster/dotgroup-okd3": "owned"
            },
            "type": "gp2"
          },
          "sensitive_attributes": [],
          "private": "bnVsbA==",
          "dependencies": [
            "module.worker-nodes.aws_instance.os"
          ]
        },
        {
          "index_key": 9,
          "schema_version": 0,
          "attributes": {
            "arn": "arn:aws:ec2:us-east-1:586183866151:volume/vol-0edb7fd14494ce4d5",
            "availability_zone": "us-east-1c",
            "encrypted": false,
            "id": "vol-0edb7fd14494ce4d5",
            "iops": 180,
            "kms_key_id": "",
            "multi_attach_enabled": false,
            "outpost_arn": "",
            "size": 60,
            "snapshot_id": "",
            "tags": {
              "Name": "okd3-node-extra10-docker-pool",
              "kubernetes.io/cluster/dotgroup-okd3": "owned"
            },
            "type": "gp2"
          },
          "sensitive_attributes": [],
          "private": "bnVsbA==",
          "dependencies": [
            "module.worker-nodes.aws_instance.os"
          ]
        },
        {
          "index_key": 10,
          "schema_version": 0,
          "attributes": {
            "arn": "arn:aws:ec2:us-east-1:586183866151:volume/vol-0b02685791a96908b",
            "availability_zone": "us-east-1c",
            "encrypted": false,
            "id": "vol-0b02685791a96908b",
            "iops": 180,
            "kms_key_id": "",
            "multi_attach_enabled": false,
            "outpost_arn": "",
            "size": 60,
            "snapshot_id": "",
            "tags": {
              "Name": "okd3-node-extra11-docker-pool",
              "kubernetes.io/cluster/dotgroup-okd3": "owned"
            },
            "type": "gp2"
          },
          "sensitive_attributes": [],
          "private": "bnVsbA==",
          "dependencies": [
            "module.worker-nodes.aws_instance.os"
          ]
        },
        {
          "index_key": 11,
          "schema_version": 0,
          "attributes": {
            "arn": "arn:aws:ec2:us-east-1:586183866151:volume/vol-08eb9cf8e2e19ccc2",
            "availability_zone": "us-east-1c",
            "encrypted": false,
            "id": "vol-08eb9cf8e2e19ccc2",
            "iops": 180,
            "kms_key_id": "",
            "multi_attach_enabled": false,
            "outpost_arn": "",
            "size": 60,
            "snapshot_id": "",
            "tags": {
              "Name": "okd3-node-extra12-docker-pool",
              "kubernetes.io/cluster/dotgroup-okd3": "owned"
            },
            "type": "gp2"
          },
          "sensitive_attributes": [],
          "private": "bnVsbA==",
          "dependencies": [
            "module.worker-nodes.aws_instance.os"
          ]
        },
        {
          "index_key": 12,
          "schema_version": 0,
          "attributes": {
            "arn": "arn:aws:ec2:us-east-1:586183866151:volume/vol-09615438c5caa6613",
            "availability_zone": "us-east-1c",
            "encrypted": false,
            "id": "vol-09615438c5caa6613",
            "iops": 180,
            "kms_key_id": "",
            "multi_attach_enabled": false,
            "outpost_arn": "",
            "size": 60,
            "snapshot_id": "",
            "tags": {
              "Name": "okd3-node-extra13-docker-pool",
              "kubernetes.io/cluster/dotgroup-okd3": "owned"
            },
            "type": "gp2"
          },
          "sensitive_attributes": [],
          "private": "bnVsbA==",
          "dependencies": [
            "module.worker-nodes.aws_instance.os"
          ]
        },
        {
          "index_key": 13,
          "schema_version": 0,
          "attributes": {
            "arn": "arn:aws:ec2:us-east-1:586183866151:volume/vol-0f4ad9f107670c32f",
            "availability_zone": "us-east-1c",
            "encrypted": false,
            "id": "vol-0f4ad9f107670c32f",
            "iops": 180,
            "kms_key_id": "",
            "multi_attach_enabled": false,
            "outpost_arn": "",
            "size": 60,
            "snapshot_id": "",
            "tags": {
              "Name": "okd3-node-extra14-docker-pool",
              "kubernetes.io/cluster/dotgroup-okd3": "owned"
            },
            "type": "gp2"
          },
          "sensitive_attributes": [],
          "private": "bnVsbA==",
          "dependencies": [
            "module.worker-nodes.aws_instance.os"
          ]
        }
      ]
    },
    {
      "module": "module.worker-nodes",
      "mode": "managed",
      "type": "aws_ebs_volume",
      "name": "var",
      "provider": "module.worker-nodes.provider[\"registry.terraform.io/hashicorp/aws\"]",
      "instances": [
        {
          "index_key": 0,
          "schema_version": 0,
          "attributes": {
            "arn": "arn:aws:ec2:us-east-1:586183866151:volume/vol-00086720d9a965e71",
            "availability_zone": "us-east-1c",
            "encrypted": false,
            "id": "vol-00086720d9a965e71",
            "iops": 270,
            "kms_key_id": "",
            "multi_attach_enabled": false,
            "outpost_arn": "",
            "size": 90,
            "snapshot_id": "",
            "tags": {
              "Name": "okd3-node-extra1-var",
              "kubernetes.io/cluster/dotgroup-okd3": "owned"
            },
            "type": "gp2"
          },
          "sensitive_attributes": [],
          "private": "bnVsbA==",
          "dependencies": [
            "module.worker-nodes.aws_instance.os"
          ]
        },
        {
          "index_key": 1,
          "schema_version": 0,
          "attributes": {
            "arn": "arn:aws:ec2:us-east-1:586183866151:volume/vol-0a30f4dd565f86021",
            "availability_zone": "us-east-1c",
            "encrypted": false,
            "id": "vol-0a30f4dd565f86021",
            "iops": 270,
            "kms_key_id": "",
            "multi_attach_enabled": false,
            "outpost_arn": "",
            "size": 90,
            "snapshot_id": "",
            "tags": {
              "Name": "okd3-node-extra2-var",
              "kubernetes.io/cluster/dotgroup-okd3": "owned"
            },
            "type": "gp2"
          },
          "sensitive_attributes": [],
          "private": "bnVsbA==",
          "dependencies": [
            "module.worker-nodes.aws_instance.os"
          ]
        },
        {
          "index_key": 2,
          "schema_version": 0,
          "attributes": {
            "arn": "arn:aws:ec2:us-east-1:586183866151:volume/vol-0f822f8d88d0ce98f",
            "availability_zone": "us-east-1c",
            "encrypted": false,
            "id": "vol-0f822f8d88d0ce98f",
            "iops": 270,
            "kms_key_id": "",
            "multi_attach_enabled": false,
            "outpost_arn": "",
            "size": 90,
            "snapshot_id": "",
            "tags": {
              "Name": "okd3-node-extra3-var",
              "kubernetes.io/cluster/dotgroup-okd3": "owned"
            },
            "type": "gp2"
          },
          "sensitive_attributes": [],
          "private": "bnVsbA==",
          "dependencies": [
            "module.worker-nodes.aws_instance.os"
          ]
        },
        {
          "index_key": 3,
          "schema_version": 0,
          "attributes": {
            "arn": "arn:aws:ec2:us-east-1:586183866151:volume/vol-01b80097103fb5dd1",
            "availability_zone": "us-east-1c",
            "encrypted": false,
            "id": "vol-01b80097103fb5dd1",
            "iops": 270,
            "kms_key_id": "",
            "multi_attach_enabled": false,
            "outpost_arn": "",
            "size": 90,
            "snapshot_id": "",
            "tags": {
              "Name": "okd3-node-extra4-var",
              "kubernetes.io/cluster/dotgroup-okd3": "owned"
            },
            "type": "gp2"
          },
          "sensitive_attributes": [],
          "private": "bnVsbA==",
          "dependencies": [
            "module.worker-nodes.aws_instance.os"
          ]
        },
        {
          "index_key": 4,
          "schema_version": 0,
          "attributes": {
            "arn": "arn:aws:ec2:us-east-1:586183866151:volume/vol-03d3df609271eca87",
            "availability_zone": "us-east-1c",
            "encrypted": false,
            "id": "vol-03d3df609271eca87",
            "iops": 270,
            "kms_key_id": "",
            "multi_attach_enabled": false,
            "outpost_arn": "",
            "size": 90,
            "snapshot_id": "",
            "tags": {
              "Name": "okd3-node-extra5-var",
              "kubernetes.io/cluster/dotgroup-okd3": "owned"
            },
            "type": "gp2"
          },
          "sensitive_attributes": [],
          "private": "bnVsbA==",
          "dependencies": [
            "module.worker-nodes.aws_instance.os"
          ]
        },
        {
          "index_key": 5,
          "schema_version": 0,
          "attributes": {
            "arn": "arn:aws:ec2:us-east-1:586183866151:volume/vol-05ac6e8f3ad27aa76",
            "availability_zone": "us-east-1c",
            "encrypted": false,
            "id": "vol-05ac6e8f3ad27aa76",
            "iops": 270,
            "kms_key_id": "",
            "multi_attach_enabled": false,
            "outpost_arn": "",
            "size": 90,
            "snapshot_id": "",
            "tags": {
              "Name": "okd3-node-extra6-var",
              "kubernetes.io/cluster/dotgroup-okd3": "owned"
            },
            "type": "gp2"
          },
          "sensitive_attributes": [],
          "private": "bnVsbA==",
          "dependencies": [
            "module.worker-nodes.aws_instance.os"
          ]
        },
        {
          "index_key": 6,
          "schema_version": 0,
          "attributes": {
            "arn": "arn:aws:ec2:us-east-1:586183866151:volume/vol-0db17d8099b65c503",
            "availability_zone": "us-east-1c",
            "encrypted": false,
            "id": "vol-0db17d8099b65c503",
            "iops": 270,
            "kms_key_id": "",
            "multi_attach_enabled": false,
            "outpost_arn": "",
            "size": 90,
            "snapshot_id": "",
            "tags": {
              "Name": "okd3-node-extra7-var",
              "kubernetes.io/cluster/dotgroup-okd3": "owned"
            },
            "type": "gp2"
          },
          "sensitive_attributes": [],
          "private": "bnVsbA==",
          "dependencies": [
            "module.worker-nodes.aws_instance.os"
          ]
        },
        {
          "index_key": 7,
          "schema_version": 0,
          "attributes": {
            "arn": "arn:aws:ec2:us-east-1:586183866151:volume/vol-04281cc109cc5f99b",
            "availability_zone": "us-east-1c",
            "encrypted": false,
            "id": "vol-04281cc109cc5f99b",
            "iops": 270,
            "kms_key_id": "",
            "multi_attach_enabled": false,
            "outpost_arn": "",
            "size": 90,
            "snapshot_id": "",
            "tags": {
              "Name": "okd3-node-extra8-var",
              "kubernetes.io/cluster/dotgroup-okd3": "owned"
            },
            "type": "gp2"
          },
          "sensitive_attributes": [],
          "private": "bnVsbA==",
          "dependencies": [
            "module.worker-nodes.aws_instance.os"
          ]
        },
        {
          "index_key": 8,
          "schema_version": 0,
          "attributes": {
            "arn": "arn:aws:ec2:us-east-1:586183866151:volume/vol-08b75d430377a8e71",
            "availability_zone": "us-east-1c",
            "encrypted": false,
            "id": "vol-08b75d430377a8e71",
            "iops": 270,
            "kms_key_id": "",
            "multi_attach_enabled": false,
            "outpost_arn": "",
            "size": 90,
            "snapshot_id": "",
            "tags": {
              "Name": "okd3-node-extra9-var",
              "kubernetes.io/cluster/dotgroup-okd3": "owned"
            },
            "type": "gp2"
          },
          "sensitive_attributes": [],
          "private": "bnVsbA==",
          "dependencies": [
            "module.worker-nodes.aws_instance.os"
          ]
        },
        {
          "index_key": 9,
          "schema_version": 0,
          "attributes": {
            "arn": "arn:aws:ec2:us-east-1:586183866151:volume/vol-0b43f882958754745",
            "availability_zone": "us-east-1c",
            "encrypted": false,
            "id": "vol-0b43f882958754745",
            "iops": 270,
            "kms_key_id": "",
            "multi_attach_enabled": false,
            "outpost_arn": "",
            "size": 90,
            "snapshot_id": "",
            "tags": {
              "Name": "okd3-node-extra10-var",
              "kubernetes.io/cluster/dotgroup-okd3": "owned"
            },
            "type": "gp2"
          },
          "sensitive_attributes": [],
          "private": "bnVsbA==",
          "dependencies": [
            "module.worker-nodes.aws_instance.os"
          ]
        },
        {
          "index_key": 10,
          "schema_version": 0,
          "attributes": {
            "arn": "arn:aws:ec2:us-east-1:586183866151:volume/vol-0c827d2922f8f6153",
            "availability_zone": "us-east-1c",
            "encrypted": false,
            "id": "vol-0c827d2922f8f6153",
            "iops": 270,
            "kms_key_id": "",
            "multi_attach_enabled": false,
            "outpost_arn": "",
            "size": 90,
            "snapshot_id": "",
            "tags": {
              "Name": "okd3-node-extra11-var",
              "kubernetes.io/cluster/dotgroup-okd3": "owned"
            },
            "type": "gp2"
          },
          "sensitive_attributes": [],
          "private": "bnVsbA==",
          "dependencies": [
            "module.worker-nodes.aws_instance.os"
          ]
        },
        {
          "index_key": 11,
          "schema_version": 0,
          "attributes": {
            "arn": "arn:aws:ec2:us-east-1:586183866151:volume/vol-0735b20c555031be2",
            "availability_zone": "us-east-1c",
            "encrypted": false,
            "id": "vol-0735b20c555031be2",
            "iops": 270,
            "kms_key_id": "",
            "multi_attach_enabled": false,
            "outpost_arn": "",
            "size": 90,
            "snapshot_id": "",
            "tags": {
              "Name": "okd3-node-extra12-var",
              "kubernetes.io/cluster/dotgroup-okd3": "owned"
            },
            "type": "gp2"
          },
          "sensitive_attributes": [],
          "private": "bnVsbA==",
          "dependencies": [
            "module.worker-nodes.aws_instance.os"
          ]
        },
        {
          "index_key": 12,
          "schema_version": 0,
          "attributes": {
            "arn": "arn:aws:ec2:us-east-1:586183866151:volume/vol-09804bf823f5d82b1",
            "availability_zone": "us-east-1c",
            "encrypted": false,
            "id": "vol-09804bf823f5d82b1",
            "iops": 270,
            "kms_key_id": "",
            "multi_attach_enabled": false,
            "outpost_arn": "",
            "size": 90,
            "snapshot_id": "",
            "tags": {
              "Name": "okd3-node-extra13-var",
              "kubernetes.io/cluster/dotgroup-okd3": "owned"
            },
            "type": "gp2"
          },
          "sensitive_attributes": [],
          "private": "bnVsbA==",
          "dependencies": [
            "module.worker-nodes.aws_instance.os"
          ]
        },
        {
          "index_key": 13,
          "schema_version": 0,
          "attributes": {
            "arn": "arn:aws:ec2:us-east-1:586183866151:volume/vol-0745cf6070fc9f3ee",
            "availability_zone": "us-east-1c",
            "encrypted": false,
            "id": "vol-0745cf6070fc9f3ee",
            "iops": 270,
            "kms_key_id": "",
            "multi_attach_enabled": false,
            "outpost_arn": "",
            "size": 90,
            "snapshot_id": "",
            "tags": {
              "Name": "okd3-node-extra14-var",
              "kubernetes.io/cluster/dotgroup-okd3": "owned"
            },
            "type": "gp2"
          },
          "sensitive_attributes": [],
          "private": "bnVsbA==",
          "dependencies": [
            "module.worker-nodes.aws_instance.os"
          ]
        }
      ]
    },
    {
      "module": "module.worker-nodes",
      "mode": "managed",
      "type": "aws_instance",
      "name": "os",
      "provider": "module.worker-nodes.provider[\"registry.terraform.io/hashicorp/aws\"]",
      "instances": [
        {
          "index_key": 0,
          "schema_version": 1,
          "attributes": {
            "ami": "ami-002070d43b0a4f171",
            "arn": "arn:aws:ec2:us-east-1:586183866151:instance/i-0d1aebdf12ca69cd0",
            "associate_public_ip_address": true,
            "availability_zone": "us-east-1c",
            "cpu_core_count": 4,
            "cpu_threads_per_core": 2,
            "credit_specification": [],
            "disable_api_termination": false,
            "ebs_block_device": [
              {
                "delete_on_termination": false,
                "device_name": "/dev/sdh",
                "encrypted": false,
                "iops": 180,
                "kms_key_id": "",
                "snapshot_id": "",
                "volume_id": "vol-0d66daf282762bbd2",
                "volume_size": 60,
                "volume_type": "gp2"
              },
              {
                "delete_on_termination": false,
                "device_name": "/dev/sdi",
                "encrypted": false,
                "iops": 270,
                "kms_key_id": "",
                "snapshot_id": "",
                "volume_id": "vol-00086720d9a965e71",
                "volume_size": 90,
                "volume_type": "gp2"
              }
            ],
            "ebs_optimized": false,
            "ephemeral_block_device": [],
            "get_password_data": false,
            "hibernation": false,
            "host_id": null,
            "iam_instance_profile": "",
            "id": "i-0d1aebdf12ca69cd0",
            "instance_initiated_shutdown_behavior": null,
            "instance_state": "running",
            "instance_type": "c5.2xlarge",
            "ipv6_address_count": 0,
            "ipv6_addresses": [],
            "key_name": "default_prd",
            "metadata_options": [
              {
                "http_endpoint": "enabled",
                "http_put_response_hop_limit": 1,
                "http_tokens": "optional"
              }
            ],
            "monitoring": false,
            "network_interface": [],
            "outpost_arn": "",
            "password_data": "",
            "placement_group": "",
            "primary_network_interface_id": "eni-0495f015cd19fa972",
            "private_dns": "ip-172-31-2-158.ec2.internal",
            "private_ip": "172.31.2.158",
            "public_dns": "ec2-54-81-203-46.compute-1.amazonaws.com",
            "public_ip": "54.81.203.46",
            "root_block_device": [
              {
                "delete_on_termination": true,
                "device_name": "/dev/sda1",
                "encrypted": false,
                "iops": 100,
                "kms_key_id": "",
                "volume_id": "vol-0522f4744293dc64d",
                "volume_size": 10,
                "volume_type": "gp2"
              }
            ],
            "secondary_private_ips": [],
            "security_groups": [
              "default"
            ],
            "source_dest_check": true,
            "subnet_id": "subnet-7addd81d",
            "tags": {
              "Name": "okd3-node-extra1",
              "kubernetes.io/cluster/dotgroup-okd3": "owned"
            },
            "tenancy": "default",
            "timeouts": null,
            "user_data": null,
            "user_data_base64": null,
            "volume_tags": {
              "Name": "okd3-node-extra1-docker-pool",
              "kubernetes.io/cluster/dotgroup-okd3": "owned"
            },
            "vpc_security_group_ids": [
              "sg-75fd6f27"
            ]
          },
          "sensitive_attributes": [],
          "private": "eyJlMmJmYjczMC1lY2FhLTExZTYtOGY4OC0zNDM2M2JjN2M0YzAiOnsiY3JlYXRlIjo2MDAwMDAwMDAwMDAsImRlbGV0ZSI6MTIwMDAwMDAwMDAwMCwidXBkYXRlIjo2MDAwMDAwMDAwMDB9LCJzY2hlbWFfdmVyc2lvbiI6IjEifQ=="
        },
        {
          "index_key": 1,
          "schema_version": 1,
          "attributes": {
            "ami": "ami-002070d43b0a4f171",
            "arn": "arn:aws:ec2:us-east-1:586183866151:instance/i-07d8b581eec508040",
            "associate_public_ip_address": false,
            "availability_zone": "us-east-1c",
            "cpu_core_count": 4,
            "cpu_threads_per_core": 2,
            "credit_specification": [],
            "disable_api_termination": false,
            "ebs_block_device": [
              {
                "delete_on_termination": false,
                "device_name": "/dev/sdh",
                "encrypted": false,
                "iops": 180,
                "kms_key_id": "",
                "snapshot_id": "",
                "volume_id": "vol-080df0946a18c9dd9",
                "volume_size": 60,
                "volume_type": "gp2"
              },
              {
                "delete_on_termination": false,
                "device_name": "/dev/sdi",
                "encrypted": false,
                "iops": 270,
                "kms_key_id": "",
                "snapshot_id": "",
                "volume_id": "vol-0a30f4dd565f86021",
                "volume_size": 90,
                "volume_type": "gp2"
              }
            ],
            "ebs_optimized": false,
            "ephemeral_block_device": [],
            "get_password_data": false,
            "hibernation": false,
            "host_id": null,
            "iam_instance_profile": "",
            "id": "i-07d8b581eec508040",
            "instance_initiated_shutdown_behavior": null,
            "instance_state": "stopped",
            "instance_type": "c5.2xlarge",
            "ipv6_address_count": 0,
            "ipv6_addresses": [],
            "key_name": "default_prd",
            "metadata_options": [
              {
                "http_endpoint": "enabled",
                "http_put_response_hop_limit": 1,
                "http_tokens": "optional"
              }
            ],
            "monitoring": false,
            "network_interface": [],
            "outpost_arn": "",
            "password_data": "",
            "placement_group": "",
            "primary_network_interface_id": "eni-08562798415ef0383",
            "private_dns": "ip-172-31-3-82.ec2.internal",
            "private_ip": "172.31.3.82",
            "public_dns": "",
            "public_ip": "",
            "root_block_device": [
              {
                "delete_on_termination": true,
                "device_name": "/dev/sda1",
                "encrypted": false,
                "iops": 100,
                "kms_key_id": "",
                "volume_id": "vol-04b92756986ea7f88",
                "volume_size": 10,
                "volume_type": "gp2"
              }
            ],
            "secondary_private_ips": [],
            "security_groups": [
              "default"
            ],
            "source_dest_check": true,
            "subnet_id": "subnet-7addd81d",
            "tags": {
              "Name": "okd3-node-extra2",
              "kubernetes.io/cluster/dotgroup-okd3": "owned"
            },
            "tenancy": "default",
            "timeouts": null,
            "user_data": null,
            "user_data_base64": null,
            "volume_tags": {
              "Name": "okd3-node-extra2-var",
              "kubernetes.io/cluster/dotgroup-okd3": "owned"
            },
            "vpc_security_group_ids": [
              "sg-75fd6f27"
            ]
          },
          "sensitive_attributes": [],
          "private": "eyJlMmJmYjczMC1lY2FhLTExZTYtOGY4OC0zNDM2M2JjN2M0YzAiOnsiY3JlYXRlIjo2MDAwMDAwMDAwMDAsImRlbGV0ZSI6MTIwMDAwMDAwMDAwMCwidXBkYXRlIjo2MDAwMDAwMDAwMDB9LCJzY2hlbWFfdmVyc2lvbiI6IjEifQ=="
        },
        {
          "index_key": 2,
          "schema_version": 1,
          "attributes": {
            "ami": "ami-002070d43b0a4f171",
            "arn": "arn:aws:ec2:us-east-1:586183866151:instance/i-0bc33071b5a4ad26f",
            "associate_public_ip_address": true,
            "availability_zone": "us-east-1c",
            "cpu_core_count": 4,
            "cpu_threads_per_core": 2,
            "credit_specification": [],
            "disable_api_termination": false,
            "ebs_block_device": [
              {
                "delete_on_termination": false,
                "device_name": "/dev/sdh",
                "encrypted": false,
                "iops": 180,
                "kms_key_id": "",
                "snapshot_id": "",
                "volume_id": "vol-089b57a20bcc265b8",
                "volume_size": 60,
                "volume_type": "gp2"
              },
              {
                "delete_on_termination": false,
                "device_name": "/dev/sdi",
                "encrypted": false,
                "iops": 270,
                "kms_key_id": "",
                "snapshot_id": "",
                "volume_id": "vol-0f822f8d88d0ce98f",
                "volume_size": 90,
                "volume_type": "gp2"
              }
            ],
            "ebs_optimized": false,
            "ephemeral_block_device": [],
            "get_password_data": false,
            "hibernation": false,
            "host_id": null,
            "iam_instance_profile": "",
            "id": "i-0bc33071b5a4ad26f",
            "instance_initiated_shutdown_behavior": null,
            "instance_state": "running",
            "instance_type": "c5.2xlarge",
            "ipv6_address_count": 0,
            "ipv6_addresses": [],
            "key_name": "default_prd",
            "metadata_options": [
              {
                "http_endpoint": "enabled",
                "http_put_response_hop_limit": 1,
                "http_tokens": "optional"
              }
            ],
            "monitoring": false,
            "network_interface": [],
            "outpost_arn": "",
            "password_data": "",
            "placement_group": "",
            "primary_network_interface_id": "eni-095d05b9b7c35d9d2",
            "private_dns": "ip-172-31-2-152.ec2.internal",
            "private_ip": "172.31.2.152",
            "public_dns": "ec2-3-239-222-54.compute-1.amazonaws.com",
            "public_ip": "3.239.222.54",
            "root_block_device": [
              {
                "delete_on_termination": true,
                "device_name": "/dev/sda1",
                "encrypted": false,
                "iops": 100,
                "kms_key_id": "",
                "volume_id": "vol-0a7853579474a5d2f",
                "volume_size": 10,
                "volume_type": "gp2"
              }
            ],
            "secondary_private_ips": [],
            "security_groups": [
              "default"
            ],
            "source_dest_check": true,
            "subnet_id": "subnet-7addd81d",
            "tags": {
              "Name": "okd3-node-extra3",
              "kubernetes.io/cluster/dotgroup-okd3": "owned"
            },
            "tenancy": "default",
            "timeouts": null,
            "user_data": null,
            "user_data_base64": null,
            "volume_tags": {
              "Name": "okd3-node-extra3-var",
              "kubernetes.io/cluster/dotgroup-okd3": "owned"
            },
            "vpc_security_group_ids": [
              "sg-75fd6f27"
            ]
          },
          "sensitive_attributes": [],
          "private": "eyJlMmJmYjczMC1lY2FhLTExZTYtOGY4OC0zNDM2M2JjN2M0YzAiOnsiY3JlYXRlIjo2MDAwMDAwMDAwMDAsImRlbGV0ZSI6MTIwMDAwMDAwMDAwMCwidXBkYXRlIjo2MDAwMDAwMDAwMDB9LCJzY2hlbWFfdmVyc2lvbiI6IjEifQ=="
        },
        {
          "index_key": 3,
          "schema_version": 1,
          "attributes": {
            "ami": "ami-002070d43b0a4f171",
            "arn": "arn:aws:ec2:us-east-1:586183866151:instance/i-046db29baf0d9c7ef",
            "associate_public_ip_address": true,
            "availability_zone": "us-east-1c",
            "cpu_core_count": 4,
            "cpu_threads_per_core": 2,
            "credit_specification": [],
            "disable_api_termination": false,
            "ebs_block_device": [
              {
                "delete_on_termination": false,
                "device_name": "/dev/sdh",
                "encrypted": false,
                "iops": 180,
                "kms_key_id": "",
                "snapshot_id": "",
                "volume_id": "vol-0ee8316c939dd544a",
                "volume_size": 60,
                "volume_type": "gp2"
              },
              {
                "delete_on_termination": false,
                "device_name": "/dev/sdi",
                "encrypted": false,
                "iops": 270,
                "kms_key_id": "",
                "snapshot_id": "",
                "volume_id": "vol-01b80097103fb5dd1",
                "volume_size": 90,
                "volume_type": "gp2"
              }
            ],
            "ebs_optimized": false,
            "ephemeral_block_device": [],
            "get_password_data": false,
            "hibernation": false,
            "host_id": null,
            "iam_instance_profile": "",
            "id": "i-046db29baf0d9c7ef",
            "instance_initiated_shutdown_behavior": null,
            "instance_state": "running",
            "instance_type": "c5.2xlarge",
            "ipv6_address_count": 0,
            "ipv6_addresses": [],
            "key_name": "default_prd",
            "metadata_options": [
              {
                "http_endpoint": "enabled",
                "http_put_response_hop_limit": 1,
                "http_tokens": "optional"
              }
            ],
            "monitoring": false,
            "network_interface": [],
            "outpost_arn": "",
            "password_data": "",
            "placement_group": "",
            "primary_network_interface_id": "eni-0de0b6a2cd242ee17",
            "private_dns": "ip-172-31-11-169.ec2.internal",
            "private_ip": "172.31.11.169",
            "public_dns": "ec2-100-24-106-150.compute-1.amazonaws.com",
            "public_ip": "100.24.106.150",
            "root_block_device": [
              {
                "delete_on_termination": true,
                "device_name": "/dev/sda1",
                "encrypted": false,
                "iops": 100,
                "kms_key_id": "",
                "volume_id": "vol-0f17f08341aec2d0d",
                "volume_size": 10,
                "volume_type": "gp2"
              }
            ],
            "secondary_private_ips": [],
            "security_groups": [
              "default"
            ],
            "source_dest_check": true,
            "subnet_id": "subnet-7addd81d",
            "tags": {
              "Name": "okd3-node-extra4",
              "kubernetes.io/cluster/dotgroup-okd3": "owned"
            },
            "tenancy": "default",
            "timeouts": null,
            "user_data": null,
            "user_data_base64": null,
            "volume_tags": {
              "Name": "okd3-node-extra4-docker-pool",
              "kubernetes.io/cluster/dotgroup-okd3": "owned"
            },
            "vpc_security_group_ids": [
              "sg-75fd6f27"
            ]
          },
          "sensitive_attributes": [],
          "private": "eyJlMmJmYjczMC1lY2FhLTExZTYtOGY4OC0zNDM2M2JjN2M0YzAiOnsiY3JlYXRlIjo2MDAwMDAwMDAwMDAsImRlbGV0ZSI6MTIwMDAwMDAwMDAwMCwidXBkYXRlIjo2MDAwMDAwMDAwMDB9LCJzY2hlbWFfdmVyc2lvbiI6IjEifQ=="
        },
        {
          "index_key": 4,
          "schema_version": 1,
          "attributes": {
            "ami": "ami-002070d43b0a4f171",
            "arn": "arn:aws:ec2:us-east-1:586183866151:instance/i-0efc2e97a9d79b1a1",
            "associate_public_ip_address": true,
            "availability_zone": "us-east-1c",
            "cpu_core_count": 4,
            "cpu_threads_per_core": 2,
            "credit_specification": [],
            "disable_api_termination": false,
            "ebs_block_device": [
              {
                "delete_on_termination": false,
                "device_name": "/dev/sdh",
                "encrypted": false,
                "iops": 180,
                "kms_key_id": "",
                "snapshot_id": "",
                "volume_id": "vol-0b54910f95ac483ae",
                "volume_size": 60,
                "volume_type": "gp2"
              },
              {
                "delete_on_termination": false,
                "device_name": "/dev/sdi",
                "encrypted": false,
                "iops": 270,
                "kms_key_id": "",
                "snapshot_id": "",
                "volume_id": "vol-03d3df609271eca87",
                "volume_size": 90,
                "volume_type": "gp2"
              }
            ],
            "ebs_optimized": false,
            "ephemeral_block_device": [],
            "get_password_data": false,
            "hibernation": false,
            "host_id": null,
            "iam_instance_profile": "",
            "id": "i-0efc2e97a9d79b1a1",
            "instance_initiated_shutdown_behavior": null,
            "instance_state": "running",
            "instance_type": "c5.2xlarge",
            "ipv6_address_count": 0,
            "ipv6_addresses": [],
            "key_name": "default_prd",
            "metadata_options": [
              {
                "http_endpoint": "enabled",
                "http_put_response_hop_limit": 1,
                "http_tokens": "optional"
              }
            ],
            "monitoring": false,
            "network_interface": [],
            "outpost_arn": "",
            "password_data": "",
            "placement_group": "",
            "primary_network_interface_id": "eni-088b711d183a94e1b",
            "private_dns": "ip-172-31-2-172.ec2.internal",
            "private_ip": "172.31.2.172",
            "public_dns": "ec2-44-203-239-190.compute-1.amazonaws.com",
            "public_ip": "44.203.239.190",
            "root_block_device": [
              {
                "delete_on_termination": true,
                "device_name": "/dev/sda1",
                "encrypted": false,
                "iops": 100,
                "kms_key_id": "",
                "volume_id": "vol-089448ca5215dc2cc",
                "volume_size": 10,
                "volume_type": "gp2"
              }
            ],
            "secondary_private_ips": [],
            "security_groups": [
              "default"
            ],
            "source_dest_check": true,
            "subnet_id": "subnet-7addd81d",
            "tags": {
              "Name": "okd3-node-extra5",
              "kubernetes.io/cluster/dotgroup-okd3": "owned"
            },
            "tenancy": "default",
            "timeouts": null,
            "user_data": null,
            "user_data_base64": null,
            "volume_tags": {
              "Name": "okd3-node-extra5-docker-pool",
              "kubernetes.io/cluster/dotgroup-okd3": "owned"
            },
            "vpc_security_group_ids": [
              "sg-75fd6f27"
            ]
          },
          "sensitive_attributes": [],
          "private": "eyJlMmJmYjczMC1lY2FhLTExZTYtOGY4OC0zNDM2M2JjN2M0YzAiOnsiY3JlYXRlIjo2MDAwMDAwMDAwMDAsImRlbGV0ZSI6MTIwMDAwMDAwMDAwMCwidXBkYXRlIjo2MDAwMDAwMDAwMDB9LCJzY2hlbWFfdmVyc2lvbiI6IjEifQ=="
        },
        {
          "index_key": 5,
          "schema_version": 1,
          "attributes": {
            "ami": "ami-002070d43b0a4f171",
            "arn": "arn:aws:ec2:us-east-1:586183866151:instance/i-04a2cc89310514129",
            "associate_public_ip_address": true,
            "availability_zone": "us-east-1c",
            "cpu_core_count": 4,
            "cpu_threads_per_core": 2,
            "credit_specification": [],
            "disable_api_termination": false,
            "ebs_block_device": [
              {
                "delete_on_termination": false,
                "device_name": "/dev/sdh",
                "encrypted": false,
                "iops": 180,
                "kms_key_id": "",
                "snapshot_id": "",
                "volume_id": "vol-026ff8db55925c6ee",
                "volume_size": 60,
                "volume_type": "gp2"
              },
              {
                "delete_on_termination": false,
                "device_name": "/dev/sdi",
                "encrypted": false,
                "iops": 270,
                "kms_key_id": "",
                "snapshot_id": "",
                "volume_id": "vol-05ac6e8f3ad27aa76",
                "volume_size": 90,
                "volume_type": "gp2"
              }
            ],
            "ebs_optimized": false,
            "ephemeral_block_device": [],
            "get_password_data": false,
            "hibernation": false,
            "host_id": null,
            "iam_instance_profile": "",
            "id": "i-04a2cc89310514129",
            "instance_initiated_shutdown_behavior": null,
            "instance_state": "running",
            "instance_type": "c5.2xlarge",
            "ipv6_address_count": 0,
            "ipv6_addresses": [],
            "key_name": "default_prd",
            "metadata_options": [
              {
                "http_endpoint": "enabled",
                "http_put_response_hop_limit": 1,
                "http_tokens": "optional"
              }
            ],
            "monitoring": false,
            "network_interface": [],
            "outpost_arn": "",
            "password_data": "",
            "placement_group": "",
            "primary_network_interface_id": "eni-0475a6b9f4b36a77f",
            "private_dns": "ip-172-31-7-242.ec2.internal",
            "private_ip": "172.31.7.242",
            "public_dns": "ec2-34-239-112-83.compute-1.amazonaws.com",
            "public_ip": "34.239.112.83",
            "root_block_device": [
              {
                "delete_on_termination": true,
                "device_name": "/dev/sda1",
                "encrypted": false,
                "iops": 100,
                "kms_key_id": "",
                "volume_id": "vol-0205464cd1dd0591d",
                "volume_size": 10,
                "volume_type": "gp2"
              }
            ],
            "secondary_private_ips": [],
            "security_groups": [
              "default"
            ],
            "source_dest_check": true,
            "subnet_id": "subnet-7addd81d",
            "tags": {
              "Name": "okd3-node-extra6",
              "kubernetes.io/cluster/dotgroup-okd3": "owned"
            },
            "tenancy": "default",
            "timeouts": null,
            "user_data": null,
            "user_data_base64": null,
            "volume_tags": {
              "Name": "okd3-node-extra6-var",
              "kubernetes.io/cluster/dotgroup-okd3": "owned"
            },
            "vpc_security_group_ids": [
              "sg-75fd6f27"
            ]
          },
          "sensitive_attributes": [],
          "private": "eyJlMmJmYjczMC1lY2FhLTExZTYtOGY4OC0zNDM2M2JjN2M0YzAiOnsiY3JlYXRlIjo2MDAwMDAwMDAwMDAsImRlbGV0ZSI6MTIwMDAwMDAwMDAwMCwidXBkYXRlIjo2MDAwMDAwMDAwMDB9LCJzY2hlbWFfdmVyc2lvbiI6IjEifQ=="
        },
        {
          "index_key": 6,
          "schema_version": 1,
          "attributes": {
            "ami": "ami-002070d43b0a4f171",
            "arn": "arn:aws:ec2:us-east-1:586183866151:instance/i-0e6f1c550fca0dbba",
            "associate_public_ip_address": true,
            "availability_zone": "us-east-1c",
            "cpu_core_count": 4,
            "cpu_threads_per_core": 2,
            "credit_specification": [],
            "disable_api_termination": false,
            "ebs_block_device": [
              {
                "delete_on_termination": false,
                "device_name": "/dev/sdh",
                "encrypted": false,
                "iops": 180,
                "kms_key_id": "",
                "snapshot_id": "",
                "volume_id": "vol-0ea66f6e5ab24976f",
                "volume_size": 60,
                "volume_type": "gp2"
              },
              {
                "delete_on_termination": false,
                "device_name": "/dev/sdi",
                "encrypted": false,
                "iops": 270,
                "kms_key_id": "",
                "snapshot_id": "",
                "volume_id": "vol-0db17d8099b65c503",
                "volume_size": 90,
                "volume_type": "gp2"
              }
            ],
            "ebs_optimized": false,
            "ephemeral_block_device": [],
            "get_password_data": false,
            "hibernation": false,
            "host_id": null,
            "iam_instance_profile": "",
            "id": "i-0e6f1c550fca0dbba",
            "instance_initiated_shutdown_behavior": null,
            "instance_state": "running",
            "instance_type": "c5.2xlarge",
            "ipv6_address_count": 0,
            "ipv6_addresses": [],
            "key_name": "default_prd",
            "metadata_options": [
              {
                "http_endpoint": "enabled",
                "http_put_response_hop_limit": 1,
                "http_tokens": "optional"
              }
            ],
            "monitoring": false,
            "network_interface": [],
            "outpost_arn": "",
            "password_data": "",
            "placement_group": "",
            "primary_network_interface_id": "eni-0f83e84df96dacbd8",
            "private_dns": "ip-172-31-11-152.ec2.internal",
            "private_ip": "172.31.11.152",
            "public_dns": "ec2-3-237-232-159.compute-1.amazonaws.com",
            "public_ip": "3.237.232.159",
            "root_block_device": [
              {
                "delete_on_termination": true,
                "device_name": "/dev/sda1",
                "encrypted": false,
                "iops": 100,
                "kms_key_id": "",
                "volume_id": "vol-048342e01f9ca2450",
                "volume_size": 10,
                "volume_type": "gp2"
              }
            ],
            "secondary_private_ips": [],
            "security_groups": [
              "default"
            ],
            "source_dest_check": true,
            "subnet_id": "subnet-7addd81d",
            "tags": {
              "Name": "okd3-node-extra7",
              "kubernetes.io/cluster/dotgroup-okd3": "owned"
            },
            "tenancy": "default",
            "timeouts": null,
            "user_data": null,
            "user_data_base64": null,
            "volume_tags": {
              "Name": "okd3-node-extra7-docker-pool",
              "kubernetes.io/cluster/dotgroup-okd3": "owned"
            },
            "vpc_security_group_ids": [
              "sg-75fd6f27"
            ]
          },
          "sensitive_attributes": [],
          "private": "eyJlMmJmYjczMC1lY2FhLTExZTYtOGY4OC0zNDM2M2JjN2M0YzAiOnsiY3JlYXRlIjo2MDAwMDAwMDAwMDAsImRlbGV0ZSI6MTIwMDAwMDAwMDAwMCwidXBkYXRlIjo2MDAwMDAwMDAwMDB9LCJzY2hlbWFfdmVyc2lvbiI6IjEifQ=="
        },
        {
          "index_key": 7,
          "schema_version": 1,
          "attributes": {
            "ami": "ami-002070d43b0a4f171",
            "arn": "arn:aws:ec2:us-east-1:586183866151:instance/i-0a8e637ac52dc6c46",
            "associate_public_ip_address": true,
            "availability_zone": "us-east-1c",
            "cpu_core_count": 4,
            "cpu_threads_per_core": 2,
            "credit_specification": [],
            "disable_api_termination": false,
            "ebs_block_device": [
              {
                "delete_on_termination": false,
                "device_name": "/dev/sdh",
                "encrypted": false,
                "iops": 180,
                "kms_key_id": "",
                "snapshot_id": "",
                "volume_id": "vol-065b3bc13caa7c9ec",
                "volume_size": 60,
                "volume_type": "gp2"
              },
              {
                "delete_on_termination": false,
                "device_name": "/dev/sdi",
                "encrypted": false,
                "iops": 270,
                "kms_key_id": "",
                "snapshot_id": "",
                "volume_id": "vol-04281cc109cc5f99b",
                "volume_size": 90,
                "volume_type": "gp2"
              }
            ],
            "ebs_optimized": false,
            "ephemeral_block_device": [],
            "get_password_data": false,
            "hibernation": false,
            "host_id": null,
            "iam_instance_profile": "",
            "id": "i-0a8e637ac52dc6c46",
            "instance_initiated_shutdown_behavior": null,
            "instance_state": "running",
            "instance_type": "c5.2xlarge",
            "ipv6_address_count": 0,
            "ipv6_addresses": [],
            "key_name": "default_prd",
            "metadata_options": [
              {
                "http_endpoint": "enabled",
                "http_put_response_hop_limit": 1,
                "http_tokens": "optional"
              }
            ],
            "monitoring": false,
            "network_interface": [],
            "outpost_arn": "",
            "password_data": "",
            "placement_group": "",
            "primary_network_interface_id": "eni-0143280b85442f369",
            "private_dns": "ip-172-31-9-169.ec2.internal",
            "private_ip": "172.31.9.169",
            "public_dns": "ec2-3-208-73-43.compute-1.amazonaws.com",
            "public_ip": "3.208.73.43",
            "root_block_device": [
              {
                "delete_on_termination": true,
                "device_name": "/dev/sda1",
                "encrypted": false,
                "iops": 100,
                "kms_key_id": "",
                "volume_id": "vol-0da7a1cf3463965ac",
                "volume_size": 10,
                "volume_type": "gp2"
              }
            ],
            "secondary_private_ips": [],
            "security_groups": [
              "default"
            ],
            "source_dest_check": true,
            "subnet_id": "subnet-7addd81d",
            "tags": {
              "Name": "okd3-node-extra8",
              "kubernetes.io/cluster/dotgroup-okd3": "owned"
            },
            "tenancy": "default",
            "timeouts": null,
            "user_data": null,
            "user_data_base64": null,
            "volume_tags": {
              "Name": "okd3-node-extra8-docker-pool",
              "kubernetes.io/cluster/dotgroup-okd3": "owned"
            },
            "vpc_security_group_ids": [
              "sg-75fd6f27"
            ]
          },
          "sensitive_attributes": [],
          "private": "eyJlMmJmYjczMC1lY2FhLTExZTYtOGY4OC0zNDM2M2JjN2M0YzAiOnsiY3JlYXRlIjo2MDAwMDAwMDAwMDAsImRlbGV0ZSI6MTIwMDAwMDAwMDAwMCwidXBkYXRlIjo2MDAwMDAwMDAwMDB9LCJzY2hlbWFfdmVyc2lvbiI6IjEifQ=="
        },
        {
          "index_key": 8,
          "schema_version": 1,
          "attributes": {
            "ami": "ami-002070d43b0a4f171",
            "arn": "arn:aws:ec2:us-east-1:586183866151:instance/i-00835b211f990053f",
            "associate_public_ip_address": true,
            "availability_zone": "us-east-1c",
            "cpu_core_count": 4,
            "cpu_threads_per_core": 2,
            "credit_specification": [],
            "disable_api_termination": false,
            "ebs_block_device": [
              {
                "delete_on_termination": false,
                "device_name": "/dev/sdh",
                "encrypted": false,
                "iops": 180,
                "kms_key_id": "",
                "snapshot_id": "",
                "volume_id": "vol-03d7abd77cb40adec",
                "volume_size": 60,
                "volume_type": "gp2"
              },
              {
                "delete_on_termination": false,
                "device_name": "/dev/sdi",
                "encrypted": false,
                "iops": 270,
                "kms_key_id": "",
                "snapshot_id": "",
                "volume_id": "vol-08b75d430377a8e71",
                "volume_size": 90,
                "volume_type": "gp2"
              }
            ],
            "ebs_optimized": false,
            "ephemeral_block_device": [],
            "get_password_data": false,
            "hibernation": false,
            "host_id": null,
            "iam_instance_profile": "",
            "id": "i-00835b211f990053f",
            "instance_initiated_shutdown_behavior": null,
            "instance_state": "running",
            "instance_type": "c5.2xlarge",
            "ipv6_address_count": 0,
            "ipv6_addresses": [],
            "key_name": "default_prd",
            "metadata_options": [
              {
                "http_endpoint": "enabled",
                "http_put_response_hop_limit": 1,
                "http_tokens": "optional"
              }
            ],
            "monitoring": false,
            "network_interface": [],
            "outpost_arn": "",
            "password_data": "",
            "placement_group": "",
            "primary_network_interface_id": "eni-03061351e3752be93",
            "private_dns": "ip-172-31-1-160.ec2.internal",
            "private_ip": "172.31.1.160",
            "public_dns": "ec2-3-238-13-231.compute-1.amazonaws.com",
            "public_ip": "3.238.13.231",
            "root_block_device": [
              {
                "delete_on_termination": true,
                "device_name": "/dev/sda1",
                "encrypted": false,
                "iops": 100,
                "kms_key_id": "",
                "volume_id": "vol-0d2987bb3a32bfd25",
                "volume_size": 10,
                "volume_type": "gp2"
              }
            ],
            "secondary_private_ips": [],
            "security_groups": [
              "default"
            ],
            "source_dest_check": true,
            "subnet_id": "subnet-7addd81d",
            "tags": {
              "Name": "okd3-node-extra9",
              "kubernetes.io/cluster/dotgroup-okd3": "owned"
            },
            "tenancy": "default",
            "timeouts": null,
            "user_data": null,
            "user_data_base64": null,
            "volume_tags": {
              "Name": "okd3-node-extra9-var",
              "kubernetes.io/cluster/dotgroup-okd3": "owned"
            },
            "vpc_security_group_ids": [
              "sg-75fd6f27"
            ]
          },
          "sensitive_attributes": [],
          "private": "eyJlMmJmYjczMC1lY2FhLTExZTYtOGY4OC0zNDM2M2JjN2M0YzAiOnsiY3JlYXRlIjo2MDAwMDAwMDAwMDAsImRlbGV0ZSI6MTIwMDAwMDAwMDAwMCwidXBkYXRlIjo2MDAwMDAwMDAwMDB9LCJzY2hlbWFfdmVyc2lvbiI6IjEifQ=="
        },
        {
          "index_key": 9,
          "schema_version": 1,
          "attributes": {
            "ami": "ami-002070d43b0a4f171",
            "arn": "arn:aws:ec2:us-east-1:586183866151:instance/i-0126330dfcd4de141",
            "associate_public_ip_address": true,
            "availability_zone": "us-east-1c",
            "cpu_core_count": 4,
            "cpu_threads_per_core": 2,
            "credit_specification": [],
            "disable_api_termination": false,
            "ebs_block_device": [
              {
                "delete_on_termination": false,
                "device_name": "/dev/sdh",
                "encrypted": false,
                "iops": 180,
                "kms_key_id": "",
                "snapshot_id": "",
                "volume_id": "vol-0edb7fd14494ce4d5",
                "volume_size": 60,
                "volume_type": "gp2"
              },
              {
                "delete_on_termination": false,
                "device_name": "/dev/sdi",
                "encrypted": false,
                "iops": 270,
                "kms_key_id": "",
                "snapshot_id": "",
                "volume_id": "vol-0b43f882958754745",
                "volume_size": 90,
                "volume_type": "gp2"
              }
            ],
            "ebs_optimized": false,
            "ephemeral_block_device": [],
            "get_password_data": false,
            "hibernation": false,
            "host_id": null,
            "iam_instance_profile": "",
            "id": "i-0126330dfcd4de141",
            "instance_initiated_shutdown_behavior": null,
            "instance_state": "running",
            "instance_type": "c5.2xlarge",
            "ipv6_address_count": 0,
            "ipv6_addresses": [],
            "key_name": "default_prd",
            "metadata_options": [
              {
                "http_endpoint": "enabled",
                "http_put_response_hop_limit": 1,
                "http_tokens": "optional"
              }
            ],
            "monitoring": false,
            "network_interface": [],
            "outpost_arn": "",
            "password_data": "",
            "placement_group": "",
            "primary_network_interface_id": "eni-06420fd571dca733c",
            "private_dns": "ip-172-31-2-25.ec2.internal",
            "private_ip": "172.31.2.25",
            "public_dns": "ec2-3-92-251-111.compute-1.amazonaws.com",
            "public_ip": "3.92.251.111",
            "root_block_device": [
              {
                "delete_on_termination": true,
                "device_name": "/dev/sda1",
                "encrypted": false,
                "iops": 100,
                "kms_key_id": "",
                "volume_id": "vol-08e915164df674b3c",
                "volume_size": 10,
                "volume_type": "gp2"
              }
            ],
            "secondary_private_ips": [],
            "security_groups": [
              "default"
            ],
            "source_dest_check": true,
            "subnet_id": "subnet-7addd81d",
            "tags": {
              "Name": "okd3-node-extra10",
              "kubernetes.io/cluster/dotgroup-okd3": "owned"
            },
            "tenancy": "default",
            "timeouts": null,
            "user_data": null,
            "user_data_base64": null,
            "volume_tags": {
              "Name": "okd3-node-extra10-docker-pool",
              "kubernetes.io/cluster/dotgroup-okd3": "owned"
            },
            "vpc_security_group_ids": [
              "sg-75fd6f27"
            ]
          },
          "sensitive_attributes": [],
          "private": "eyJlMmJmYjczMC1lY2FhLTExZTYtOGY4OC0zNDM2M2JjN2M0YzAiOnsiY3JlYXRlIjo2MDAwMDAwMDAwMDAsImRlbGV0ZSI6MTIwMDAwMDAwMDAwMCwidXBkYXRlIjo2MDAwMDAwMDAwMDB9LCJzY2hlbWFfdmVyc2lvbiI6IjEifQ=="
        },
        {
          "index_key": 10,
          "schema_version": 1,
          "attributes": {
            "ami": "ami-002070d43b0a4f171",
            "arn": "arn:aws:ec2:us-east-1:586183866151:instance/i-07ec3075345f2cf74",
            "associate_public_ip_address": true,
            "availability_zone": "us-east-1c",
            "cpu_core_count": 4,
            "cpu_threads_per_core": 2,
            "credit_specification": [],
            "disable_api_termination": false,
            "ebs_block_device": [
              {
                "delete_on_termination": false,
                "device_name": "/dev/sdh",
                "encrypted": false,
                "iops": 180,
                "kms_key_id": "",
                "snapshot_id": "",
                "volume_id": "vol-0b02685791a96908b",
                "volume_size": 60,
                "volume_type": "gp2"
              },
              {
                "delete_on_termination": false,
                "device_name": "/dev/sdi",
                "encrypted": false,
                "iops": 270,
                "kms_key_id": "",
                "snapshot_id": "",
                "volume_id": "vol-0c827d2922f8f6153",
                "volume_size": 90,
                "volume_type": "gp2"
              }
            ],
            "ebs_optimized": false,
            "ephemeral_block_device": [],
            "get_password_data": false,
            "hibernation": false,
            "host_id": null,
            "iam_instance_profile": "",
            "id": "i-07ec3075345f2cf74",
            "instance_initiated_shutdown_behavior": null,
            "instance_state": "running",
            "instance_type": "c5.2xlarge",
            "ipv6_address_count": 0,
            "ipv6_addresses": [],
            "key_name": "default_prd",
            "metadata_options": [
              {
                "http_endpoint": "enabled",
                "http_put_response_hop_limit": 1,
                "http_tokens": "optional"
              }
            ],
            "monitoring": false,
            "network_interface": [],
            "outpost_arn": "",
            "password_data": "",
            "placement_group": "",
            "primary_network_interface_id": "eni-0391d842b875b64f9",
            "private_dns": "ip-172-31-9-60.ec2.internal",
            "private_ip": "172.31.9.60",
            "public_dns": "ec2-3-232-134-204.compute-1.amazonaws.com",
            "public_ip": "3.232.134.204",
            "root_block_device": [
              {
                "delete_on_termination": true,
                "device_name": "/dev/sda1",
                "encrypted": false,
                "iops": 100,
                "kms_key_id": "",
                "volume_id": "vol-036799e2b27efd16c",
                "volume_size": 10,
                "volume_type": "gp2"
              }
            ],
            "secondary_private_ips": [],
            "security_groups": [
              "default"
            ],
            "source_dest_check": true,
            "subnet_id": "subnet-7addd81d",
            "tags": {
              "Name": "okd3-node-extra11",
              "kubernetes.io/cluster/dotgroup-okd3": "owned"
            },
            "tenancy": "default",
            "timeouts": null,
            "user_data": null,
            "user_data_base64": null,
            "volume_tags": {
              "Name": "okd3-node-extra11-var",
              "kubernetes.io/cluster/dotgroup-okd3": "owned"
            },
            "vpc_security_group_ids": [
              "sg-75fd6f27"
            ]
          },
          "sensitive_attributes": [],
          "private": "eyJlMmJmYjczMC1lY2FhLTExZTYtOGY4OC0zNDM2M2JjN2M0YzAiOnsiY3JlYXRlIjo2MDAwMDAwMDAwMDAsImRlbGV0ZSI6MTIwMDAwMDAwMDAwMCwidXBkYXRlIjo2MDAwMDAwMDAwMDB9LCJzY2hlbWFfdmVyc2lvbiI6IjEifQ=="
        },
        {
          "index_key": 11,
          "schema_version": 1,
          "attributes": {
            "ami": "ami-002070d43b0a4f171",
            "arn": "arn:aws:ec2:us-east-1:586183866151:instance/i-095b1b3d4a1558b9a",
            "associate_public_ip_address": true,
            "availability_zone": "us-east-1c",
            "cpu_core_count": 4,
            "cpu_threads_per_core": 2,
            "credit_specification": [],
            "disable_api_termination": false,
            "ebs_block_device": [
              {
                "delete_on_termination": false,
                "device_name": "/dev/sdh",
                "encrypted": false,
                "iops": 180,
                "kms_key_id": "",
                "snapshot_id": "",
                "volume_id": "vol-08eb9cf8e2e19ccc2",
                "volume_size": 60,
                "volume_type": "gp2"
              },
              {
                "delete_on_termination": false,
                "device_name": "/dev/sdi",
                "encrypted": false,
                "iops": 270,
                "kms_key_id": "",
                "snapshot_id": "",
                "volume_id": "vol-0735b20c555031be2",
                "volume_size": 90,
                "volume_type": "gp2"
              }
            ],
            "ebs_optimized": false,
            "ephemeral_block_device": [],
            "get_password_data": false,
            "hibernation": false,
            "host_id": null,
            "iam_instance_profile": "",
            "id": "i-095b1b3d4a1558b9a",
            "instance_initiated_shutdown_behavior": null,
            "instance_state": "running",
            "instance_type": "c5.2xlarge",
            "ipv6_address_count": 0,
            "ipv6_addresses": [],
            "key_name": "default_prd",
            "metadata_options": [
              {
                "http_endpoint": "enabled",
                "http_put_response_hop_limit": 1,
                "http_tokens": "optional"
              }
            ],
            "monitoring": false,
            "network_interface": [],
            "outpost_arn": "",
            "password_data": "",
            "placement_group": "",
            "primary_network_interface_id": "eni-0dc325932eeb4c923",
            "private_dns": "ip-172-31-11-175.ec2.internal",
            "private_ip": "172.31.11.175",
            "public_dns": "ec2-3-231-168-168.compute-1.amazonaws.com",
            "public_ip": "3.231.168.168",
            "root_block_device": [
              {
                "delete_on_termination": true,
                "device_name": "/dev/sda1",
                "encrypted": false,
                "iops": 100,
                "kms_key_id": "",
                "volume_id": "vol-0b91d698174c7b887",
                "volume_size": 10,
                "volume_type": "gp2"
              }
            ],
            "secondary_private_ips": [],
            "security_groups": [
              "default"
            ],
            "source_dest_check": true,
            "subnet_id": "subnet-7addd81d",
            "tags": {
              "Name": "okd3-node-extra12",
              "kubernetes.io/cluster/dotgroup-okd3": "owned"
            },
            "tenancy": "default",
            "timeouts": null,
            "user_data": null,
            "user_data_base64": null,
            "volume_tags": {
              "Name": "okd3-node-extra12-docker-pool",
              "kubernetes.io/cluster/dotgroup-okd3": "owned"
            },
            "vpc_security_group_ids": [
              "sg-75fd6f27"
            ]
          },
          "sensitive_attributes": [],
          "private": "eyJlMmJmYjczMC1lY2FhLTExZTYtOGY4OC0zNDM2M2JjN2M0YzAiOnsiY3JlYXRlIjo2MDAwMDAwMDAwMDAsImRlbGV0ZSI6MTIwMDAwMDAwMDAwMCwidXBkYXRlIjo2MDAwMDAwMDAwMDB9LCJzY2hlbWFfdmVyc2lvbiI6IjEifQ=="
        },
        {
          "index_key": 12,
          "schema_version": 1,
          "attributes": {
            "ami": "ami-002070d43b0a4f171",
            "arn": "arn:aws:ec2:us-east-1:586183866151:instance/i-01a90549625a89a32",
            "associate_public_ip_address": true,
            "availability_zone": "us-east-1c",
            "cpu_core_count": 4,
            "cpu_threads_per_core": 2,
            "credit_specification": [],
            "disable_api_termination": false,
            "ebs_block_device": [
              {
                "delete_on_termination": false,
                "device_name": "/dev/sdh",
                "encrypted": false,
                "iops": 180,
                "kms_key_id": "",
                "snapshot_id": "",
                "volume_id": "vol-09615438c5caa6613",
                "volume_size": 60,
                "volume_type": "gp2"
              },
              {
                "delete_on_termination": false,
                "device_name": "/dev/sdi",
                "encrypted": false,
                "iops": 270,
                "kms_key_id": "",
                "snapshot_id": "",
                "volume_id": "vol-09804bf823f5d82b1",
                "volume_size": 90,
                "volume_type": "gp2"
              }
            ],
            "ebs_optimized": false,
            "ephemeral_block_device": [],
            "get_password_data": false,
            "hibernation": false,
            "host_id": null,
            "iam_instance_profile": "",
            "id": "i-01a90549625a89a32",
            "instance_initiated_shutdown_behavior": null,
            "instance_state": "running",
            "instance_type": "c5.2xlarge",
            "ipv6_address_count": 0,
            "ipv6_addresses": [],
            "key_name": "default_prd",
            "metadata_options": [
              {
                "http_endpoint": "enabled",
                "http_put_response_hop_limit": 1,
                "http_tokens": "optional"
              }
            ],
            "monitoring": false,
            "network_interface": [],
            "outpost_arn": "",
            "password_data": "",
            "placement_group": "",
            "primary_network_interface_id": "eni-0862c468cc2787c18",
            "private_dns": "ip-172-31-13-53.ec2.internal",
            "private_ip": "172.31.13.53",
            "public_dns": "ec2-3-216-125-31.compute-1.amazonaws.com",
            "public_ip": "3.216.125.31",
            "root_block_device": [
              {
                "delete_on_termination": true,
                "device_name": "/dev/sda1",
                "encrypted": false,
                "iops": 100,
                "kms_key_id": "",
                "volume_id": "vol-0043c9ad86baba287",
                "volume_size": 10,
                "volume_type": "gp2"
              }
            ],
            "secondary_private_ips": [],
            "security_groups": [
              "default"
            ],
            "source_dest_check": true,
            "subnet_id": "subnet-7addd81d",
            "tags": {
              "Name": "okd3-node-extra13",
              "kubernetes.io/cluster/dotgroup-okd3": "owned"
            },
            "tenancy": "default",
            "timeouts": null,
            "user_data": null,
            "user_data_base64": null,
            "volume_tags": {
              "Name": "okd3-node-extra13-var",
              "kubernetes.io/cluster/dotgroup-okd3": "owned"
            },
            "vpc_security_group_ids": [
              "sg-75fd6f27"
            ]
          },
          "sensitive_attributes": [],
          "private": "eyJlMmJmYjczMC1lY2FhLTExZTYtOGY4OC0zNDM2M2JjN2M0YzAiOnsiY3JlYXRlIjo2MDAwMDAwMDAwMDAsImRlbGV0ZSI6MTIwMDAwMDAwMDAwMCwidXBkYXRlIjo2MDAwMDAwMDAwMDB9LCJzY2hlbWFfdmVyc2lvbiI6IjEifQ=="
        },
        {
          "index_key": 13,
          "schema_version": 1,
          "attributes": {
            "ami": "ami-002070d43b0a4f171",
            "arn": "arn:aws:ec2:us-east-1:586183866151:instance/i-0e8268bb1f7d0090d",
            "associate_public_ip_address": true,
            "availability_zone": "us-east-1c",
            "cpu_core_count": 4,
            "cpu_threads_per_core": 2,
            "credit_specification": [],
            "disable_api_termination": false,
            "ebs_block_device": [],
            "ebs_optimized": false,
            "ephemeral_block_device": [],
            "get_password_data": false,
            "hibernation": false,
            "host_id": null,
            "iam_instance_profile": "",
            "id": "i-0e8268bb1f7d0090d",
            "instance_initiated_shutdown_behavior": null,
            "instance_state": "running",
            "instance_type": "c5.2xlarge",
            "ipv6_address_count": 0,
            "ipv6_addresses": [],
            "key_name": "default_prd",
            "metadata_options": [
              {
                "http_endpoint": "enabled",
                "http_put_response_hop_limit": 1,
                "http_tokens": "optional"
              }
            ],
            "monitoring": false,
            "network_interface": [],
            "outpost_arn": "",
            "password_data": "",
            "placement_group": "",
            "primary_network_interface_id": "eni-0fb598d3a8475ffe5",
            "private_dns": "ip-172-31-11-9.ec2.internal",
            "private_ip": "172.31.11.9",
            "public_dns": "ec2-3-226-125-77.compute-1.amazonaws.com",
            "public_ip": "3.226.125.77",
            "root_block_device": [
              {
                "delete_on_termination": true,
                "device_name": "/dev/sda1",
                "encrypted": false,
                "iops": 100,
                "kms_key_id": "",
                "volume_id": "vol-0f65698f47fbb10bb",
                "volume_size": 10,
                "volume_type": "gp2"
              }
            ],
            "secondary_private_ips": [],
            "security_groups": [
              "default"
            ],
            "source_dest_check": true,
            "subnet_id": "subnet-7addd81d",
            "tags": {
              "Name": "okd3-node-extra14",
              "kubernetes.io/cluster/dotgroup-okd3": "owned"
            },
            "tenancy": "default",
            "timeouts": null,
            "user_data": null,
            "user_data_base64": null,
            "volume_tags": {},
            "vpc_security_group_ids": [
              "sg-75fd6f27"
            ]
          },
          "sensitive_attributes": [],
          "private": "eyJlMmJmYjczMC1lY2FhLTExZTYtOGY4OC0zNDM2M2JjN2M0YzAiOnsiY3JlYXRlIjo2MDAwMDAwMDAwMDAsImRlbGV0ZSI6MTIwMDAwMDAwMDAwMCwidXBkYXRlIjo2MDAwMDAwMDAwMDB9LCJzY2hlbWFfdmVyc2lvbiI6IjEifQ=="
        }
      ]
    },
    {
      "module": "module.worker-nodes",
      "mode": "managed",
      "type": "aws_volume_attachment",
      "name": "dp_ec2",
      "provider": "module.worker-nodes.provider[\"registry.terraform.io/hashicorp/aws\"]",
      "instances": [
        {
          "index_key": 0,
          "schema_version": 0,
          "attributes": {
            "device_name": "/dev/sdh",
            "force_detach": null,
            "id": "vai-2312159673",
            "instance_id": "i-0d1aebdf12ca69cd0",
            "skip_destroy": null,
            "volume_id": "vol-0d66daf282762bbd2"
          },
          "sensitive_attributes": [],
          "private": "bnVsbA==",
          "dependencies": [
            "module.worker-nodes.aws_ebs_volume.dp",
            "module.worker-nodes.aws_instance.os"
          ]
        },
        {
          "index_key": 1,
          "schema_version": 0,
          "attributes": {
            "device_name": "/dev/sdh",
            "force_detach": null,
            "id": "vai-1738304002",
            "instance_id": "i-07d8b581eec508040",
            "skip_destroy": null,
            "volume_id": "vol-080df0946a18c9dd9"
          },
          "sensitive_attributes": [],
          "private": "bnVsbA==",
          "dependencies": [
            "module.worker-nodes.aws_ebs_volume.dp",
            "module.worker-nodes.aws_instance.os"
          ]
        },
        {
          "index_key": 2,
          "schema_version": 0,
          "attributes": {
            "device_name": "/dev/sdh",
            "force_detach": null,
            "id": "vai-2166494923",
            "instance_id": "i-0bc33071b5a4ad26f",
            "skip_destroy": null,
            "volume_id": "vol-089b57a20bcc265b8"
          },
          "sensitive_attributes": [],
          "private": "bnVsbA==",
          "dependencies": [
            "module.worker-nodes.aws_ebs_volume.dp",
            "module.worker-nodes.aws_instance.os"
          ]
        },
        {
          "index_key": 3,
          "schema_version": 0,
          "attributes": {
            "device_name": "/dev/sdh",
            "force_detach": null,
            "id": "vai-1302169032",
            "instance_id": "i-046db29baf0d9c7ef",
            "skip_destroy": null,
            "volume_id": "vol-0ee8316c939dd544a"
          },
          "sensitive_attributes": [],
          "private": "bnVsbA==",
          "dependencies": [
            "module.worker-nodes.aws_ebs_volume.dp",
            "module.worker-nodes.aws_instance.os"
          ]
        },
        {
          "index_key": 4,
          "schema_version": 0,
          "attributes": {
            "device_name": "/dev/sdh",
            "force_detach": null,
            "id": "vai-1571733111",
            "instance_id": "i-0efc2e97a9d79b1a1",
            "skip_destroy": null,
            "volume_id": "vol-0b54910f95ac483ae"
          },
          "sensitive_attributes": [],
          "private": "bnVsbA==",
          "dependencies": [
            "module.worker-nodes.aws_ebs_volume.dp",
            "module.worker-nodes.aws_instance.os"
          ]
        },
        {
          "index_key": 5,
          "schema_version": 0,
          "attributes": {
            "device_name": "/dev/sdh",
            "force_detach": null,
            "id": "vai-2633077509",
            "instance_id": "i-04a2cc89310514129",
            "skip_destroy": null,
            "volume_id": "vol-026ff8db55925c6ee"
          },
          "sensitive_attributes": [],
          "private": "bnVsbA==",
          "dependencies": [
            "module.worker-nodes.aws_ebs_volume.dp",
            "module.worker-nodes.aws_instance.os"
          ]
        },
        {
          "index_key": 6,
          "schema_version": 0,
          "attributes": {
            "device_name": "/dev/sdh",
            "force_detach": null,
            "id": "vai-2820027966",
            "instance_id": "i-0e6f1c550fca0dbba",
            "skip_destroy": null,
            "volume_id": "vol-0ea66f6e5ab24976f"
          },
          "sensitive_attributes": [],
          "private": "bnVsbA==",
          "dependencies": [
            "module.worker-nodes.aws_ebs_volume.dp",
            "module.worker-nodes.aws_instance.os"
          ]
        },
        {
          "index_key": 7,
          "schema_version": 0,
          "attributes": {
            "device_name": "/dev/sdh",
            "force_detach": null,
            "id": "vai-2721830032",
            "instance_id": "i-0a8e637ac52dc6c46",
            "skip_destroy": null,
            "volume_id": "vol-065b3bc13caa7c9ec"
          },
          "sensitive_attributes": [],
          "private": "bnVsbA==",
          "dependencies": [
            "module.worker-nodes.aws_ebs_volume.dp",
            "module.worker-nodes.aws_instance.os"
          ]
        },
        {
          "index_key": 8,
          "schema_version": 0,
          "attributes": {
            "device_name": "/dev/sdh",
            "force_detach": null,
            "id": "vai-1298813300",
            "instance_id": "i-00835b211f990053f",
            "skip_destroy": null,
            "volume_id": "vol-03d7abd77cb40adec"
          },
          "sensitive_attributes": [],
          "private": "bnVsbA==",
          "dependencies": [
            "module.worker-nodes.aws_ebs_volume.dp",
            "module.worker-nodes.aws_instance.os"
          ]
        },
        {
          "index_key": 9,
          "schema_version": 0,
          "attributes": {
            "device_name": "/dev/sdh",
            "force_detach": null,
            "id": "vai-2098878130",
            "instance_id": "i-0126330dfcd4de141",
            "skip_destroy": null,
            "volume_id": "vol-0edb7fd14494ce4d5"
          },
          "sensitive_attributes": [],
          "private": "bnVsbA==",
          "dependencies": [
            "module.worker-nodes.aws_ebs_volume.dp",
            "module.worker-nodes.aws_instance.os"
          ]
        },
        {
          "index_key": 10,
          "schema_version": 0,
          "attributes": {
            "device_name": "/dev/sdh",
            "force_detach": null,
            "id": "vai-504741482",
            "instance_id": "i-07ec3075345f2cf74",
            "skip_destroy": null,
            "volume_id": "vol-0b02685791a96908b"
          },
          "sensitive_attributes": [],
          "private": "bnVsbA==",
          "dependencies": [
            "module.worker-nodes.aws_ebs_volume.dp",
            "module.worker-nodes.aws_instance.os"
          ]
        },
        {
          "index_key": 11,
          "schema_version": 0,
          "attributes": {
            "device_name": "/dev/sdh",
            "force_detach": null,
            "id": "vai-1405387731",
            "instance_id": "i-095b1b3d4a1558b9a",
            "skip_destroy": null,
            "volume_id": "vol-08eb9cf8e2e19ccc2"
          },
          "sensitive_attributes": [],
          "private": "bnVsbA==",
          "dependencies": [
            "module.worker-nodes.aws_ebs_volume.dp",
            "module.worker-nodes.aws_instance.os"
          ]
        },
        {
          "index_key": 12,
          "schema_version": 0,
          "attributes": {
            "device_name": "/dev/sdh",
            "force_detach": null,
            "id": "vai-1105415288",
            "instance_id": "i-01a90549625a89a32",
            "skip_destroy": null,
            "volume_id": "vol-09615438c5caa6613"
          },
          "sensitive_attributes": [],
          "private": "bnVsbA==",
          "dependencies": [
            "module.worker-nodes.aws_ebs_volume.dp",
            "module.worker-nodes.aws_instance.os"
          ]
        },
        {
          "index_key": 13,
          "schema_version": 0,
          "attributes": {
            "device_name": "/dev/sdh",
            "force_detach": null,
            "id": "vai-3621412678",
            "instance_id": "i-0e8268bb1f7d0090d",
            "skip_destroy": null,
            "volume_id": "vol-0f4ad9f107670c32f"
          },
          "sensitive_attributes": [],
          "private": "bnVsbA==",
          "dependencies": [
            "module.worker-nodes.aws_ebs_volume.dp",
            "module.worker-nodes.aws_instance.os"
          ]
        }
      ]
    },
    {
      "module": "module.worker-nodes",
      "mode": "managed",
      "type": "aws_volume_attachment",
      "name": "var_ec2",
      "provider": "module.worker-nodes.provider[\"registry.terraform.io/hashicorp/aws\"]",
      "instances": [
        {
          "index_key": 0,
          "schema_version": 0,
          "attributes": {
            "device_name": "/dev/sdi",
            "force_detach": null,
            "id": "vai-2713760975",
            "instance_id": "i-0d1aebdf12ca69cd0",
            "skip_destroy": null,
            "volume_id": "vol-00086720d9a965e71"
          },
          "sensitive_attributes": [],
          "private": "bnVsbA==",
          "dependencies": [
            "module.worker-nodes.aws_ebs_volume.var",
            "module.worker-nodes.aws_instance.os"
          ]
        },
        {
          "index_key": 1,
          "schema_version": 0,
          "attributes": {
            "device_name": "/dev/sdi",
            "force_detach": null,
            "id": "vai-1540478833",
            "instance_id": "i-07d8b581eec508040",
            "skip_destroy": null,
            "volume_id": "vol-0a30f4dd565f86021"
          },
          "sensitive_attributes": [],
          "private": "bnVsbA==",
          "dependencies": [
            "module.worker-nodes.aws_ebs_volume.var",
            "module.worker-nodes.aws_instance.os"
          ]
        },
        {
          "index_key": 2,
          "schema_version": 0,
          "attributes": {
            "device_name": "/dev/sdi",
            "force_detach": null,
            "id": "vai-1530337209",
            "instance_id": "i-0bc33071b5a4ad26f",
            "skip_destroy": null,
            "volume_id": "vol-0f822f8d88d0ce98f"
          },
          "sensitive_attributes": [],
          "private": "bnVsbA==",
          "dependencies": [
            "module.worker-nodes.aws_ebs_volume.var",
            "module.worker-nodes.aws_instance.os"
          ]
        },
        {
          "index_key": 3,
          "schema_version": 0,
          "attributes": {
            "device_name": "/dev/sdi",
            "force_detach": null,
            "id": "vai-1593949595",
            "instance_id": "i-046db29baf0d9c7ef",
            "skip_destroy": null,
            "volume_id": "vol-01b80097103fb5dd1"
          },
          "sensitive_attributes": [],
          "private": "bnVsbA==",
          "dependencies": [
            "module.worker-nodes.aws_ebs_volume.var",
            "module.worker-nodes.aws_instance.os"
          ]
        },
        {
          "index_key": 4,
          "schema_version": 0,
          "attributes": {
            "device_name": "/dev/sdi",
            "force_detach": null,
            "id": "vai-2645456902",
            "instance_id": "i-0efc2e97a9d79b1a1",
            "skip_destroy": null,
            "volume_id": "vol-03d3df609271eca87"
          },
          "sensitive_attributes": [],
          "private": "bnVsbA==",
          "dependencies": [
            "module.worker-nodes.aws_ebs_volume.var",
            "module.worker-nodes.aws_instance.os"
          ]
        },
        {
          "index_key": 5,
          "schema_version": 0,
          "attributes": {
            "device_name": "/dev/sdi",
            "force_detach": null,
            "id": "vai-60167736",
            "instance_id": "i-04a2cc89310514129",
            "skip_destroy": null,
            "volume_id": "vol-05ac6e8f3ad27aa76"
          },
          "sensitive_attributes": [],
          "private": "bnVsbA==",
          "dependencies": [
            "module.worker-nodes.aws_ebs_volume.var",
            "module.worker-nodes.aws_instance.os"
          ]
        },
        {
          "index_key": 6,
          "schema_version": 0,
          "attributes": {
            "device_name": "/dev/sdi",
            "force_detach": null,
            "id": "vai-1570027174",
            "instance_id": "i-0e6f1c550fca0dbba",
            "skip_destroy": null,
            "volume_id": "vol-0db17d8099b65c503"
          },
          "sensitive_attributes": [],
          "private": "bnVsbA==",
          "dependencies": [
            "module.worker-nodes.aws_ebs_volume.var",
            "module.worker-nodes.aws_instance.os"
          ]
        },
        {
          "index_key": 7,
          "schema_version": 0,
          "attributes": {
            "device_name": "/dev/sdi",
            "force_detach": null,
            "id": "vai-1423748637",
            "instance_id": "i-0a8e637ac52dc6c46",
            "skip_destroy": null,
            "volume_id": "vol-04281cc109cc5f99b"
          },
          "sensitive_attributes": [],
          "private": "bnVsbA==",
          "dependencies": [
            "module.worker-nodes.aws_ebs_volume.var",
            "module.worker-nodes.aws_instance.os"
          ]
        },
        {
          "index_key": 8,
          "schema_version": 0,
          "attributes": {
            "device_name": "/dev/sdi",
            "force_detach": null,
            "id": "vai-2193739656",
            "instance_id": "i-00835b211f990053f",
            "skip_destroy": null,
            "volume_id": "vol-08b75d430377a8e71"
          },
          "sensitive_attributes": [],
          "private": "bnVsbA==",
          "dependencies": [
            "module.worker-nodes.aws_ebs_volume.var",
            "module.worker-nodes.aws_instance.os"
          ]
        },
        {
          "index_key": 9,
          "schema_version": 0,
          "attributes": {
            "device_name": "/dev/sdi",
            "force_detach": null,
            "id": "vai-3742010556",
            "instance_id": "i-0126330dfcd4de141",
            "skip_destroy": null,
            "volume_id": "vol-0b43f882958754745"
          },
          "sensitive_attributes": [],
          "private": "bnVsbA==",
          "dependencies": [
            "module.worker-nodes.aws_ebs_volume.var",
            "module.worker-nodes.aws_instance.os"
          ]
        },
        {
          "index_key": 10,
          "schema_version": 0,
          "attributes": {
            "device_name": "/dev/sdi",
            "force_detach": null,
            "id": "vai-412925419",
            "instance_id": "i-07ec3075345f2cf74",
            "skip_destroy": null,
            "volume_id": "vol-0c827d2922f8f6153"
          },
          "sensitive_attributes": [],
          "private": "bnVsbA==",
          "dependencies": [
            "module.worker-nodes.aws_ebs_volume.var",
            "module.worker-nodes.aws_instance.os"
          ]
        },
        {
          "index_key": 11,
          "schema_version": 0,
          "attributes": {
            "device_name": "/dev/sdi",
            "force_detach": null,
            "id": "vai-1955974701",
            "instance_id": "i-095b1b3d4a1558b9a",
            "skip_destroy": null,
            "volume_id": "vol-0735b20c555031be2"
          },
          "sensitive_attributes": [],
          "private": "bnVsbA==",
          "dependencies": [
            "module.worker-nodes.aws_ebs_volume.var",
            "module.worker-nodes.aws_instance.os"
          ]
        },
        {
          "index_key": 12,
          "schema_version": 0,
          "attributes": {
            "device_name": "/dev/sdi",
            "force_detach": null,
            "id": "vai-3840893005",
            "instance_id": "i-01a90549625a89a32",
            "skip_destroy": null,
            "volume_id": "vol-09804bf823f5d82b1"
          },
          "sensitive_attributes": [],
          "private": "bnVsbA==",
          "dependencies": [
            "module.worker-nodes.aws_ebs_volume.var",
            "module.worker-nodes.aws_instance.os"
          ]
        },
        {
          "index_key": 13,
          "schema_version": 0,
          "attributes": {
            "device_name": "/dev/sdi",
            "force_detach": null,
            "id": "vai-726983019",
            "instance_id": "i-0e8268bb1f7d0090d",
            "skip_destroy": null,
            "volume_id": "vol-0745cf6070fc9f3ee"
          },
          "sensitive_attributes": [],
          "private": "bnVsbA==",
          "dependencies": [
            "module.worker-nodes.aws_ebs_volume.var",
            "module.worker-nodes.aws_instance.os"
          ]
        }
      ]
    }
  ],
  "check_results": null
}
