{
  "version": 4,
  "terraform_version": "1.6.4",
  "serial": 84,
  "lineage": "8dfe9df5-38a3-3406-5e8d-dda46f01fc06",
  "outputs": {},
  "resources": [
    {
      "module": "module.load-balancer",
      "mode": "managed",
      "type": "aws_instance",
      "name": "os",
      "provider": "module.load-balancer.provider[\"registry.terraform.io/hashicorp/aws\"]",
      "instances": [
        {
          "index_key": 0,
          "schema_version": 1,
          "attributes": {
            "ami": "ami-d5bf2caa",
            "arn": "arn:aws:ec2:us-east-1:586183866151:instance/i-054466de28f6b2ebf",
            "associate_public_ip_address": true,
            "availability_zone": "us-east-1c",
            "capacity_reservation_specification": [
              {
                "capacity_reservation_preference": "open",
                "capacity_reservation_target": []
              }
            ],
            "cpu_core_count": 2,
            "cpu_threads_per_core": 1,
            "credit_specification": [
              {
                "cpu_credits": "standard"
              }
            ],
            "disable_api_termination": false,
            "ebs_block_device": [],
            "ebs_optimized": false,
            "enclave_options": [
              {
                "enabled": false
              }
            ],
            "ephemeral_block_device": [],
            "get_password_data": false,
            "hibernation": false,
            "host_id": null,
            "iam_instance_profile": "",
            "id": "i-054466de28f6b2ebf",
            "instance_initiated_shutdown_behavior": "stop",
            "instance_state": "running",
            "instance_type": "t2.medium",
            "ipv6_address_count": 0,
            "ipv6_addresses": [],
            "key_name": "default_hom",
            "launch_template": [],
            "metadata_options": [
              {
                "http_endpoint": "enabled",
                "http_put_response_hop_limit": 1,
                "http_tokens": "optional",
                "instance_metadata_tags": "disabled"
              }
            ],
            "monitoring": false,
            "network_interface": [],
            "outpost_arn": "",
            "password_data": "",
            "placement_group": "",
            "placement_partition_number": null,
            "primary_network_interface_id": "eni-089020203f6d339c9",
            "private_dns": "ip-172-31-4-83.ec2.internal",
            "private_ip": "172.31.4.83",
            "public_dns": "ec2-34-237-80-145.compute-1.amazonaws.com",
            "public_ip": "34.237.80.145",
            "root_block_device": [
              {
                "delete_on_termination": true,
                "device_name": "/dev/sda1",
                "encrypted": false,
                "iops": 3000,
                "kms_key_id": "",
                "tags": {},
                "throughput": 125,
                "volume_id": "vol-06a521827785ea2c3",
                "volume_size": 20,
                "volume_type": "gp3"
              }
            ],
            "secondary_private_ips": [],
            "security_groups": [
              "default"
            ],
            "source_dest_check": true,
            "subnet_id": "subnet-7addd81d",
            "tags": {
              "Name": "okd3-hom-lb",
              "kubernetes.io/cluster/dotgroup-okd3-hom": "owned"
            },
            "tags_all": {
              "Name": "okd3-hom-lb",
              "kubernetes.io/cluster/dotgroup-okd3-hom": "owned"
            },
            "tenancy": "default",
            "timeouts": null,
            "user_data": null,
            "user_data_base64": null,
            "volume_tags": null,
            "vpc_security_group_ids": [
              "sg-75fd6f27"
            ]
          },
          "sensitive_attributes": [],
          "private": "eyJlMmJmYjczMC1lY2FhLTExZTYtOGY4OC0zNDM2M2JjN2M0YzAiOnsiY3JlYXRlIjo2MDAwMDAwMDAwMDAsImRlbGV0ZSI6MTIwMDAwMDAwMDAwMCwidXBkYXRlIjo2MDAwMDAwMDAwMDB9LCJzY2hlbWFfdmVyc2lvbiI6IjEifQ=="
        }
      ]
    },
    {
      "module": "module.master-nodes",
      "mode": "managed",
      "type": "aws_ebs_volume",
      "name": "dp",
      "provider": "module.master-nodes.provider[\"registry.terraform.io/hashicorp/aws\"]",
      "instances": [
        {
          "index_key": 0,
          "schema_version": 0,
          "attributes": {
            "arn": "arn:aws:ec2:us-east-1:586183866151:volume/vol-03ae7cddc7b7e0a29",
            "availability_zone": "us-east-1a",
            "encrypted": false,
            "id": "vol-03ae7cddc7b7e0a29",
            "iops": 3000,
            "kms_key_id": "",
            "multi_attach_enabled": false,
            "outpost_arn": "",
            "size": 60,
            "snapshot_id": "",
            "tags": {
              "Name": "okd3-hom-master1-docker-pool",
              "kubernetes.io/cluster/dotgroup-okd3-hom": "owned"
            },
            "tags_all": {
              "Name": "okd3-hom-master1-docker-pool",
              "kubernetes.io/cluster/dotgroup-okd3-hom": "owned"
            },
            "throughput": 125,
            "type": "gp3"
          },
          "sensitive_attributes": [],
          "private": "bnVsbA==",
          "dependencies": [
            "module.master-nodes.aws_instance.os"
          ]
        },
        {
          "index_key": 1,
          "schema_version": 0,
          "attributes": {
            "arn": "arn:aws:ec2:us-east-1:586183866151:volume/vol-04ec5a6fd3ef447bd",
            "availability_zone": "us-east-1b",
            "encrypted": false,
            "id": "vol-04ec5a6fd3ef447bd",
            "iops": 3000,
            "kms_key_id": "",
            "multi_attach_enabled": false,
            "outpost_arn": "",
            "size": 60,
            "snapshot_id": "",
            "tags": {
              "Name": "okd3-hom-master2-docker-pool",
              "kubernetes.io/cluster/dotgroup-okd3-hom": "owned"
            },
            "tags_all": {
              "Name": "okd3-hom-master2-docker-pool",
              "kubernetes.io/cluster/dotgroup-okd3-hom": "owned"
            },
            "throughput": 125,
            "type": "gp3"
          },
          "sensitive_attributes": [],
          "private": "bnVsbA==",
          "dependencies": [
            "module.master-nodes.aws_instance.os"
          ]
        },
        {
          "index_key": 2,
          "schema_version": 0,
          "attributes": {
            "arn": "arn:aws:ec2:us-east-1:586183866151:volume/vol-0e25b23fac9f8375a",
            "availability_zone": "us-east-1c",
            "encrypted": false,
            "id": "vol-0e25b23fac9f8375a",
            "iops": 3000,
            "kms_key_id": "",
            "multi_attach_enabled": false,
            "outpost_arn": "",
            "size": 60,
            "snapshot_id": "",
            "tags": {
              "Name": "okd3-hom-master3-docker-pool",
              "kubernetes.io/cluster/dotgroup-okd3-hom": "owned"
            },
            "tags_all": {
              "Name": "okd3-hom-master3-docker-pool",
              "kubernetes.io/cluster/dotgroup-okd3-hom": "owned"
            },
            "throughput": 125,
            "type": "gp3"
          },
          "sensitive_attributes": [],
          "private": "bnVsbA==",
          "dependencies": [
            "module.master-nodes.aws_instance.os"
          ]
        }
      ]
    },
    {
      "module": "module.master-nodes",
      "mode": "managed",
      "type": "aws_ebs_volume",
      "name": "var",
      "provider": "module.master-nodes.provider[\"registry.terraform.io/hashicorp/aws\"]",
      "instances": [
        {
          "index_key": 0,
          "schema_version": 0,
          "attributes": {
            "arn": "arn:aws:ec2:us-east-1:586183866151:volume/vol-0aa0aa94ed0ddcbd7",
            "availability_zone": "us-east-1a",
            "encrypted": false,
            "id": "vol-0aa0aa94ed0ddcbd7",
            "iops": 3000,
            "kms_key_id": "",
            "multi_attach_enabled": false,
            "outpost_arn": "",
            "size": 90,
            "snapshot_id": "",
            "tags": {
              "Name": "okd3-hom-master1-var",
              "kubernetes.io/cluster/dotgroup-okd3-hom": "owned"
            },
            "tags_all": {
              "Name": "okd3-hom-master1-var",
              "kubernetes.io/cluster/dotgroup-okd3-hom": "owned"
            },
            "throughput": 125,
            "type": "gp3"
          },
          "sensitive_attributes": [],
          "private": "bnVsbA==",
          "dependencies": [
            "module.master-nodes.aws_instance.os"
          ]
        },
        {
          "index_key": 1,
          "schema_version": 0,
          "attributes": {
            "arn": "arn:aws:ec2:us-east-1:586183866151:volume/vol-03fbb81bf5c114fe8",
            "availability_zone": "us-east-1b",
            "encrypted": false,
            "id": "vol-03fbb81bf5c114fe8",
            "iops": 3000,
            "kms_key_id": "",
            "multi_attach_enabled": false,
            "outpost_arn": "",
            "size": 90,
            "snapshot_id": "",
            "tags": {
              "Name": "okd3-hom-master2-var",
              "kubernetes.io/cluster/dotgroup-okd3-hom": "owned"
            },
            "tags_all": {
              "Name": "okd3-hom-master2-var",
              "kubernetes.io/cluster/dotgroup-okd3-hom": "owned"
            },
            "throughput": 125,
            "type": "gp3"
          },
          "sensitive_attributes": [],
          "private": "bnVsbA==",
          "dependencies": [
            "module.master-nodes.aws_instance.os"
          ]
        },
        {
          "index_key": 2,
          "schema_version": 0,
          "attributes": {
            "arn": "arn:aws:ec2:us-east-1:586183866151:volume/vol-0d10acea49e85431d",
            "availability_zone": "us-east-1c",
            "encrypted": false,
            "id": "vol-0d10acea49e85431d",
            "iops": 3000,
            "kms_key_id": "",
            "multi_attach_enabled": false,
            "outpost_arn": "",
            "size": 90,
            "snapshot_id": "",
            "tags": {
              "Name": "okd3-hom-master3-var",
              "kubernetes.io/cluster/dotgroup-okd3-hom": "owned"
            },
            "tags_all": {
              "Name": "okd3-hom-master3-var",
              "kubernetes.io/cluster/dotgroup-okd3-hom": "owned"
            },
            "throughput": 125,
            "type": "gp3"
          },
          "sensitive_attributes": [],
          "private": "bnVsbA==",
          "dependencies": [
            "module.master-nodes.aws_instance.os"
          ]
        }
      ]
    },
    {
      "module": "module.master-nodes",
      "mode": "managed",
      "type": "aws_instance",
      "name": "os",
      "provider": "module.master-nodes.provider[\"registry.terraform.io/hashicorp/aws\"]",
      "instances": [
        {
          "index_key": 0,
          "schema_version": 1,
          "attributes": {
            "ami": "ami-d5bf2caa",
            "arn": "arn:aws:ec2:us-east-1:586183866151:instance/i-08fe15f1dca96efc6",
            "associate_public_ip_address": true,
            "availability_zone": "us-east-1a",
            "capacity_reservation_specification": [
              {
                "capacity_reservation_preference": "open",
                "capacity_reservation_target": []
              }
            ],
            "cpu_core_count": 4,
            "cpu_threads_per_core": 2,
            "credit_specification": [],
            "disable_api_termination": false,
            "ebs_block_device": [
              {
                "delete_on_termination": false,
                "device_name": "/dev/sdh",
                "encrypted": false,
                "iops": 3000,
                "kms_key_id": "",
                "snapshot_id": "",
                "tags": {
                  "Name": "okd3-hom-master1-docker-pool",
                  "kubernetes.io/cluster/dotgroup-okd3-hom": "owned"
                },
                "throughput": 125,
                "volume_id": "vol-03ae7cddc7b7e0a29",
                "volume_size": 60,
                "volume_type": "gp3"
              },
              {
                "delete_on_termination": false,
                "device_name": "/dev/sdi",
                "encrypted": false,
                "iops": 3000,
                "kms_key_id": "",
                "snapshot_id": "",
                "tags": {
                  "Name": "okd3-hom-master1-var",
                  "kubernetes.io/cluster/dotgroup-okd3-hom": "owned"
                },
                "throughput": 125,
                "volume_id": "vol-0aa0aa94ed0ddcbd7",
                "volume_size": 90,
                "volume_type": "gp3"
              }
            ],
            "ebs_optimized": false,
            "enclave_options": [
              {
                "enabled": false
              }
            ],
            "ephemeral_block_device": [],
            "get_password_data": false,
            "hibernation": false,
            "host_id": null,
            "iam_instance_profile": "",
            "id": "i-08fe15f1dca96efc6",
            "instance_initiated_shutdown_behavior": "stop",
            "instance_state": "running",
            "instance_type": "c5.2xlarge",
            "ipv6_address_count": 0,
            "ipv6_addresses": [],
            "key_name": "default_hom",
            "launch_template": [],
            "metadata_options": [
              {
                "http_endpoint": "enabled",
                "http_put_response_hop_limit": 1,
                "http_tokens": "optional",
                "instance_metadata_tags": "disabled"
              }
            ],
            "monitoring": false,
            "network_interface": [],
            "outpost_arn": "",
            "password_data": "",
            "placement_group": "",
            "placement_partition_number": null,
            "primary_network_interface_id": "eni-006efe1c50e21c6fe",
            "private_dns": "ip-172-31-16-77.ec2.internal",
            "private_ip": "172.31.16.77",
            "public_dns": "ec2-54-234-117-230.compute-1.amazonaws.com",
            "public_ip": "54.234.117.230",
            "root_block_device": [
              {
                "delete_on_termination": true,
                "device_name": "/dev/sda1",
                "encrypted": false,
                "iops": 3000,
                "kms_key_id": "",
                "tags": {},
                "throughput": 125,
                "volume_id": "vol-02529bf43aa6160c3",
                "volume_size": 10,
                "volume_type": "gp3"
              }
            ],
            "secondary_private_ips": [],
            "security_groups": [
              "default"
            ],
            "source_dest_check": true,
            "subnet_id": "subnet-432bfe0e",
            "tags": {
              "Name": "okd3-hom-master1",
              "kubernetes.io/cluster/dotgroup-okd3-hom": "owned"
            },
            "tags_all": {
              "Name": "okd3-hom-master1",
              "kubernetes.io/cluster/dotgroup-okd3-hom": "owned"
            },
            "tenancy": "default",
            "timeouts": null,
            "user_data": null,
            "user_data_base64": null,
            "volume_tags": null,
            "vpc_security_group_ids": [
              "sg-75fd6f27"
            ]
          },
          "sensitive_attributes": [],
          "private": "eyJlMmJmYjczMC1lY2FhLTExZTYtOGY4OC0zNDM2M2JjN2M0YzAiOnsiY3JlYXRlIjo2MDAwMDAwMDAwMDAsImRlbGV0ZSI6MTIwMDAwMDAwMDAwMCwidXBkYXRlIjo2MDAwMDAwMDAwMDB9LCJzY2hlbWFfdmVyc2lvbiI6IjEifQ=="
        },
        {
          "index_key": 1,
          "schema_version": 1,
          "attributes": {
            "ami": "ami-d5bf2caa",
            "arn": "arn:aws:ec2:us-east-1:586183866151:instance/i-004f2fcc3fccf7c84",
            "associate_public_ip_address": true,
            "availability_zone": "us-east-1b",
            "capacity_reservation_specification": [
              {
                "capacity_reservation_preference": "open",
                "capacity_reservation_target": []
              }
            ],
            "cpu_core_count": 4,
            "cpu_threads_per_core": 2,
            "credit_specification": [],
            "disable_api_termination": false,
            "ebs_block_device": [
              {
                "delete_on_termination": false,
                "device_name": "/dev/sdh",
                "encrypted": false,
                "iops": 3000,
                "kms_key_id": "",
                "snapshot_id": "",
                "tags": {
                  "Name": "okd3-hom-master2-docker-pool",
                  "kubernetes.io/cluster/dotgroup-okd3-hom": "owned"
                },
                "throughput": 125,
                "volume_id": "vol-04ec5a6fd3ef447bd",
                "volume_size": 60,
                "volume_type": "gp3"
              },
              {
                "delete_on_termination": false,
                "device_name": "/dev/sdi",
                "encrypted": false,
                "iops": 3000,
                "kms_key_id": "",
                "snapshot_id": "",
                "tags": {
                  "Name": "okd3-hom-master2-var",
                  "kubernetes.io/cluster/dotgroup-okd3-hom": "owned"
                },
                "throughput": 125,
                "volume_id": "vol-03fbb81bf5c114fe8",
                "volume_size": 90,
                "volume_type": "gp3"
              }
            ],
            "ebs_optimized": false,
            "enclave_options": [
              {
                "enabled": false
              }
            ],
            "ephemeral_block_device": [],
            "get_password_data": false,
            "hibernation": false,
            "host_id": null,
            "iam_instance_profile": "",
            "id": "i-004f2fcc3fccf7c84",
            "instance_initiated_shutdown_behavior": "stop",
            "instance_state": "running",
            "instance_type": "c5.2xlarge",
            "ipv6_address_count": 0,
            "ipv6_addresses": [],
            "key_name": "default_hom",
            "launch_template": [],
            "metadata_options": [
              {
                "http_endpoint": "enabled",
                "http_put_response_hop_limit": 1,
                "http_tokens": "optional",
                "instance_metadata_tags": "disabled"
              }
            ],
            "monitoring": false,
            "network_interface": [],
            "outpost_arn": "",
            "password_data": "",
            "placement_group": "",
            "placement_partition_number": null,
            "primary_network_interface_id": "eni-026784d8af6c007e1",
            "private_dns": "ip-172-31-41-173.ec2.internal",
            "private_ip": "172.31.41.173",
            "public_dns": "ec2-35-173-222-118.compute-1.amazonaws.com",
            "public_ip": "35.173.222.118",
            "root_block_device": [
              {
                "delete_on_termination": true,
                "device_name": "/dev/sda1",
                "encrypted": false,
                "iops": 3000,
                "kms_key_id": "",
                "tags": {},
                "throughput": 125,
                "volume_id": "vol-06822a7f402f001f4",
                "volume_size": 10,
                "volume_type": "gp3"
              }
            ],
            "secondary_private_ips": [],
            "security_groups": [
              "default"
            ],
            "source_dest_check": true,
            "subnet_id": "subnet-35969069",
            "tags": {
              "Name": "okd3-hom-master2",
              "kubernetes.io/cluster/dotgroup-okd3-hom": "owned"
            },
            "tags_all": {
              "Name": "okd3-hom-master2",
              "kubernetes.io/cluster/dotgroup-okd3-hom": "owned"
            },
            "tenancy": "default",
            "timeouts": null,
            "user_data": null,
            "user_data_base64": null,
            "volume_tags": null,
            "vpc_security_group_ids": [
              "sg-75fd6f27"
            ]
          },
          "sensitive_attributes": [],
          "private": "eyJlMmJmYjczMC1lY2FhLTExZTYtOGY4OC0zNDM2M2JjN2M0YzAiOnsiY3JlYXRlIjo2MDAwMDAwMDAwMDAsImRlbGV0ZSI6MTIwMDAwMDAwMDAwMCwidXBkYXRlIjo2MDAwMDAwMDAwMDB9LCJzY2hlbWFfdmVyc2lvbiI6IjEifQ=="
        },
        {
          "index_key": 2,
          "schema_version": 1,
          "attributes": {
            "ami": "ami-d5bf2caa",
            "arn": "arn:aws:ec2:us-east-1:586183866151:instance/i-03499cf23ed5ed88e",
            "associate_public_ip_address": true,
            "availability_zone": "us-east-1c",
            "capacity_reservation_specification": [
              {
                "capacity_reservation_preference": "open",
                "capacity_reservation_target": []
              }
            ],
            "cpu_core_count": 4,
            "cpu_threads_per_core": 2,
            "credit_specification": [],
            "disable_api_termination": false,
            "ebs_block_device": [
              {
                "delete_on_termination": false,
                "device_name": "/dev/sdh",
                "encrypted": false,
                "iops": 3000,
                "kms_key_id": "",
                "snapshot_id": "",
                "tags": {
                  "Name": "okd3-hom-master3-docker-pool",
                  "kubernetes.io/cluster/dotgroup-okd3-hom": "owned"
                },
                "throughput": 125,
                "volume_id": "vol-0e25b23fac9f8375a",
                "volume_size": 60,
                "volume_type": "gp3"
              },
              {
                "delete_on_termination": false,
                "device_name": "/dev/sdi",
                "encrypted": false,
                "iops": 3000,
                "kms_key_id": "",
                "snapshot_id": "",
                "tags": {
                  "Name": "okd3-hom-master3-var",
                  "kubernetes.io/cluster/dotgroup-okd3-hom": "owned"
                },
                "throughput": 125,
                "volume_id": "vol-0d10acea49e85431d",
                "volume_size": 90,
                "volume_type": "gp3"
              }
            ],
            "ebs_optimized": false,
            "enclave_options": [
              {
                "enabled": false
              }
            ],
            "ephemeral_block_device": [],
            "get_password_data": false,
            "hibernation": false,
            "host_id": null,
            "iam_instance_profile": "",
            "id": "i-03499cf23ed5ed88e",
            "instance_initiated_shutdown_behavior": "stop",
            "instance_state": "running",
            "instance_type": "c5.2xlarge",
            "ipv6_address_count": 0,
            "ipv6_addresses": [],
            "key_name": "default_hom",
            "launch_template": [],
            "metadata_options": [
              {
                "http_endpoint": "enabled",
                "http_put_response_hop_limit": 1,
                "http_tokens": "optional",
                "instance_metadata_tags": "disabled"
              }
            ],
            "monitoring": false,
            "network_interface": [],
            "outpost_arn": "",
            "password_data": "",
            "placement_group": "",
            "placement_partition_number": null,
            "primary_network_interface_id": "eni-037b9629a143fafb7",
            "private_dns": "ip-172-31-7-77.ec2.internal",
            "private_ip": "172.31.7.77",
            "public_dns": "ec2-44-201-60-159.compute-1.amazonaws.com",
            "public_ip": "44.201.60.159",
            "root_block_device": [
              {
                "delete_on_termination": true,
                "device_name": "/dev/sda1",
                "encrypted": false,
                "iops": 3000,
                "kms_key_id": "",
                "tags": {},
                "throughput": 125,
                "volume_id": "vol-0abe30034c075ca94",
                "volume_size": 10,
                "volume_type": "gp3"
              }
            ],
            "secondary_private_ips": [],
            "security_groups": [
              "default"
            ],
            "source_dest_check": true,
            "subnet_id": "subnet-7addd81d",
            "tags": {
              "Name": "okd3-hom-master3",
              "kubernetes.io/cluster/dotgroup-okd3-hom": "owned"
            },
            "tags_all": {
              "Name": "okd3-hom-master3",
              "kubernetes.io/cluster/dotgroup-okd3-hom": "owned"
            },
            "tenancy": "default",
            "timeouts": null,
            "user_data": null,
            "user_data_base64": null,
            "volume_tags": null,
            "vpc_security_group_ids": [
              "sg-75fd6f27"
            ]
          },
          "sensitive_attributes": [],
          "private": "eyJlMmJmYjczMC1lY2FhLTExZTYtOGY4OC0zNDM2M2JjN2M0YzAiOnsiY3JlYXRlIjo2MDAwMDAwMDAwMDAsImRlbGV0ZSI6MTIwMDAwMDAwMDAwMCwidXBkYXRlIjo2MDAwMDAwMDAwMDB9LCJzY2hlbWFfdmVyc2lvbiI6IjEifQ=="
        }
      ]
    },
    {
      "module": "module.master-nodes",
      "mode": "managed",
      "type": "aws_volume_attachment",
      "name": "dp_ec2",
      "provider": "module.master-nodes.provider[\"registry.terraform.io/hashicorp/aws\"]",
      "instances": [
        {
          "index_key": 0,
          "schema_version": 0,
          "attributes": {
            "device_name": "/dev/sdh",
            "force_detach": null,
            "id": "vai-1234584609",
            "instance_id": "i-08fe15f1dca96efc6",
            "skip_destroy": null,
            "stop_instance_before_detaching": null,
            "volume_id": "vol-03ae7cddc7b7e0a29"
          },
          "sensitive_attributes": [],
          "private": "bnVsbA==",
          "dependencies": [
            "module.master-nodes.aws_ebs_volume.dp",
            "module.master-nodes.aws_instance.os"
          ]
        },
        {
          "index_key": 1,
          "schema_version": 0,
          "attributes": {
            "device_name": "/dev/sdh",
            "force_detach": null,
            "id": "vai-3207259334",
            "instance_id": "i-004f2fcc3fccf7c84",
            "skip_destroy": null,
            "stop_instance_before_detaching": null,
            "volume_id": "vol-04ec5a6fd3ef447bd"
          },
          "sensitive_attributes": [],
          "private": "bnVsbA==",
          "dependencies": [
            "module.master-nodes.aws_ebs_volume.dp",
            "module.master-nodes.aws_instance.os"
          ]
        },
        {
          "index_key": 2,
          "schema_version": 0,
          "attributes": {
            "device_name": "/dev/sdh",
            "force_detach": null,
            "id": "vai-2290687382",
            "instance_id": "i-03499cf23ed5ed88e",
            "skip_destroy": null,
            "stop_instance_before_detaching": null,
            "volume_id": "vol-0e25b23fac9f8375a"
          },
          "sensitive_attributes": [],
          "private": "bnVsbA==",
          "dependencies": [
            "module.master-nodes.aws_ebs_volume.dp",
            "module.master-nodes.aws_instance.os"
          ]
        }
      ]
    },
    {
      "module": "module.master-nodes",
      "mode": "managed",
      "type": "aws_volume_attachment",
      "name": "var_ec2",
      "provider": "module.master-nodes.provider[\"registry.terraform.io/hashicorp/aws\"]",
      "instances": [
        {
          "index_key": 0,
          "schema_version": 0,
          "attributes": {
            "device_name": "/dev/sdi",
            "force_detach": null,
            "id": "vai-912475563",
            "instance_id": "i-08fe15f1dca96efc6",
            "skip_destroy": null,
            "stop_instance_before_detaching": null,
            "volume_id": "vol-0aa0aa94ed0ddcbd7"
          },
          "sensitive_attributes": [],
          "private": "bnVsbA==",
          "dependencies": [
            "module.master-nodes.aws_ebs_volume.var",
            "module.master-nodes.aws_instance.os"
          ]
        },
        {
          "index_key": 1,
          "schema_version": 0,
          "attributes": {
            "device_name": "/dev/sdi",
            "force_detach": null,
            "id": "vai-1257538460",
            "instance_id": "i-004f2fcc3fccf7c84",
            "skip_destroy": null,
            "stop_instance_before_detaching": null,
            "volume_id": "vol-03fbb81bf5c114fe8"
          },
          "sensitive_attributes": [],
          "private": "bnVsbA==",
          "dependencies": [
            "module.master-nodes.aws_ebs_volume.var",
            "module.master-nodes.aws_instance.os"
          ]
        },
        {
          "index_key": 2,
          "schema_version": 0,
          "attributes": {
            "device_name": "/dev/sdi",
            "force_detach": null,
            "id": "vai-1606955785",
            "instance_id": "i-03499cf23ed5ed88e",
            "skip_destroy": null,
            "stop_instance_before_detaching": null,
            "volume_id": "vol-0d10acea49e85431d"
          },
          "sensitive_attributes": [],
          "private": "bnVsbA==",
          "dependencies": [
            "module.master-nodes.aws_ebs_volume.var",
            "module.master-nodes.aws_instance.os"
          ]
        }
      ]
    },
    {
      "module": "module.worker-nodes",
      "mode": "managed",
      "type": "aws_ebs_volume",
      "name": "dp",
      "provider": "module.worker-nodes.provider[\"registry.terraform.io/hashicorp/aws\"]",
      "instances": [
        {
          "index_key": 0,
          "schema_version": 0,
          "attributes": {
            "arn": "arn:aws:ec2:us-east-1:586183866151:volume/vol-08c59dad95eb92461",
            "availability_zone": "us-east-1c",
            "encrypted": false,
            "id": "vol-08c59dad95eb92461",
            "iops": 3000,
            "kms_key_id": "",
            "multi_attach_enabled": false,
            "outpost_arn": "",
            "size": 60,
            "snapshot_id": "",
            "tags": {
              "Name": "okd3-hom-node1-docker-pool",
              "kubernetes.io/cluster/dotgroup-okd3-hom": "owned"
            },
            "tags_all": {
              "Name": "okd3-hom-node1-docker-pool",
              "kubernetes.io/cluster/dotgroup-okd3-hom": "owned"
            },
            "throughput": 125,
            "type": "gp3"
          },
          "sensitive_attributes": [],
          "private": "bnVsbA==",
          "dependencies": [
            "module.worker-nodes.aws_instance.os"
          ]
        },
        {
          "index_key": 1,
          "schema_version": 0,
          "attributes": {
            "arn": "arn:aws:ec2:us-east-1:586183866151:volume/vol-02f0e411a3224f7be",
            "availability_zone": "us-east-1c",
            "encrypted": false,
            "id": "vol-02f0e411a3224f7be",
            "iops": 3000,
            "kms_key_id": "",
            "multi_attach_enabled": false,
            "outpost_arn": "",
            "size": 60,
            "snapshot_id": "",
            "tags": {
              "Name": "okd3-hom-node2-docker-pool",
              "kubernetes.io/cluster/dotgroup-okd3-hom": "owned"
            },
            "tags_all": {
              "Name": "okd3-hom-node2-docker-pool",
              "kubernetes.io/cluster/dotgroup-okd3-hom": "owned"
            },
            "throughput": 125,
            "type": "gp3"
          },
          "sensitive_attributes": [],
          "private": "bnVsbA==",
          "dependencies": [
            "module.worker-nodes.aws_instance.os"
          ]
        },
        {
          "index_key": 2,
          "schema_version": 0,
          "attributes": {
            "arn": "arn:aws:ec2:us-east-1:586183866151:volume/vol-018acf1cf4ef10631",
            "availability_zone": "us-east-1c",
            "encrypted": false,
            "id": "vol-018acf1cf4ef10631",
            "iops": 3000,
            "kms_key_id": "",
            "multi_attach_enabled": false,
            "outpost_arn": "",
            "size": 60,
            "snapshot_id": "",
            "tags": {
              "Name": "okd3-hom-node3-docker-pool",
              "kubernetes.io/cluster/dotgroup-okd3-hom": "owned"
            },
            "tags_all": {
              "Name": "okd3-hom-node3-docker-pool",
              "kubernetes.io/cluster/dotgroup-okd3-hom": "owned"
            },
            "throughput": 125,
            "type": "gp3"
          },
          "sensitive_attributes": [],
          "private": "bnVsbA==",
          "dependencies": [
            "module.worker-nodes.aws_instance.os"
          ]
        },
        {
          "index_key": 3,
          "schema_version": 0,
          "attributes": {
            "arn": "arn:aws:ec2:us-east-1:586183866151:volume/vol-0cf64eb2af23b4cdd",
            "availability_zone": "us-east-1c",
            "encrypted": false,
            "id": "vol-0cf64eb2af23b4cdd",
            "iops": 3000,
            "kms_key_id": "",
            "multi_attach_enabled": false,
            "outpost_arn": "",
            "size": 60,
            "snapshot_id": "",
            "tags": {
              "Name": "okd3-hom-node4-docker-pool",
              "kubernetes.io/cluster/dotgroup-okd3-hom": "owned"
            },
            "tags_all": {
              "Name": "okd3-hom-node4-docker-pool",
              "kubernetes.io/cluster/dotgroup-okd3-hom": "owned"
            },
            "throughput": 125,
            "type": "gp3"
          },
          "sensitive_attributes": [],
          "private": "bnVsbA==",
          "dependencies": [
            "module.worker-nodes.aws_instance.os"
          ]
        },
        {
          "index_key": 4,
          "schema_version": 0,
          "attributes": {
            "arn": "arn:aws:ec2:us-east-1:586183866151:volume/vol-053525a85e95181b1",
            "availability_zone": "us-east-1c",
            "encrypted": false,
            "id": "vol-053525a85e95181b1",
            "iops": 3000,
            "kms_key_id": "",
            "multi_attach_enabled": false,
            "outpost_arn": "",
            "size": 60,
            "snapshot_id": "",
            "tags": {
              "Name": "okd3-hom-node5-docker-pool",
              "kubernetes.io/cluster/dotgroup-okd3-hom": "owned"
            },
            "tags_all": {
              "Name": "okd3-hom-node5-docker-pool",
              "kubernetes.io/cluster/dotgroup-okd3-hom": "owned"
            },
            "throughput": 125,
            "type": "gp3"
          },
          "sensitive_attributes": [],
          "private": "bnVsbA==",
          "dependencies": [
            "module.worker-nodes.aws_instance.os"
          ]
        },
        {
          "index_key": 5,
          "schema_version": 0,
          "attributes": {
            "arn": "arn:aws:ec2:us-east-1:586183866151:volume/vol-0c28588a54e64dcc9",
            "availability_zone": "us-east-1c",
            "encrypted": false,
            "id": "vol-0c28588a54e64dcc9",
            "iops": 3000,
            "kms_key_id": "",
            "multi_attach_enabled": false,
            "outpost_arn": "",
            "size": 60,
            "snapshot_id": "",
            "tags": {
              "Name": "okd3-hom-node6-docker-pool",
              "kubernetes.io/cluster/dotgroup-okd3-hom": "owned"
            },
            "tags_all": {
              "Name": "okd3-hom-node6-docker-pool",
              "kubernetes.io/cluster/dotgroup-okd3-hom": "owned"
            },
            "throughput": 125,
            "type": "gp3"
          },
          "sensitive_attributes": [],
          "private": "bnVsbA==",
          "dependencies": [
            "module.worker-nodes.aws_instance.os"
          ]
        },
        {
          "index_key": 6,
          "schema_version": 0,
          "attributes": {
            "arn": "arn:aws:ec2:us-east-1:586183866151:volume/vol-000eb4fa3df8713ac",
            "availability_zone": "us-east-1c",
            "encrypted": false,
            "id": "vol-000eb4fa3df8713ac",
            "iops": 3000,
            "kms_key_id": "",
            "multi_attach_enabled": false,
            "outpost_arn": "",
            "size": 60,
            "snapshot_id": "",
            "tags": {
              "Name": "okd3-hom-node7-docker-pool",
              "kubernetes.io/cluster/dotgroup-okd3-hom": "owned"
            },
            "tags_all": {
              "Name": "okd3-hom-node7-docker-pool",
              "kubernetes.io/cluster/dotgroup-okd3-hom": "owned"
            },
            "throughput": 125,
            "type": "gp3"
          },
          "sensitive_attributes": [],
          "private": "bnVsbA==",
          "dependencies": [
            "module.worker-nodes.aws_instance.os"
          ]
        },
        {
          "index_key": 7,
          "schema_version": 0,
          "attributes": {
            "arn": "arn:aws:ec2:us-east-1:586183866151:volume/vol-0cfb0da3a152ad5e6",
            "availability_zone": "us-east-1c",
            "encrypted": false,
            "id": "vol-0cfb0da3a152ad5e6",
            "iops": 3000,
            "kms_key_id": "",
            "multi_attach_enabled": false,
            "outpost_arn": "",
            "size": 60,
            "snapshot_id": "",
            "tags": {
              "Name": "okd3-hom-node8-docker-pool",
              "kubernetes.io/cluster/dotgroup-okd3-hom": "owned"
            },
            "tags_all": {
              "Name": "okd3-hom-node8-docker-pool",
              "kubernetes.io/cluster/dotgroup-okd3-hom": "owned"
            },
            "throughput": 125,
            "type": "gp3"
          },
          "sensitive_attributes": [],
          "private": "bnVsbA==",
          "dependencies": [
            "module.worker-nodes.aws_instance.os"
          ]
        },
        {
          "index_key": 8,
          "schema_version": 0,
          "attributes": {
            "arn": "arn:aws:ec2:us-east-1:586183866151:volume/vol-0f61a21666aa14426",
            "availability_zone": "us-east-1c",
            "encrypted": false,
            "id": "vol-0f61a21666aa14426",
            "iops": 3000,
            "kms_key_id": "",
            "multi_attach_enabled": false,
            "outpost_arn": "",
            "size": 60,
            "snapshot_id": "",
            "tags": {
              "Name": "okd3-hom-node9-docker-pool",
              "kubernetes.io/cluster/dotgroup-okd3-hom": "owned"
            },
            "tags_all": {
              "Name": "okd3-hom-node9-docker-pool",
              "kubernetes.io/cluster/dotgroup-okd3-hom": "owned"
            },
            "throughput": 125,
            "type": "gp3"
          },
          "sensitive_attributes": [],
          "private": "bnVsbA==",
          "dependencies": [
            "module.worker-nodes.aws_instance.os"
          ]
        },
        {
          "index_key": 9,
          "schema_version": 0,
          "attributes": {
            "arn": "arn:aws:ec2:us-east-1:586183866151:volume/vol-0ac9998e5a3a7a377",
            "availability_zone": "us-east-1c",
            "encrypted": false,
            "id": "vol-0ac9998e5a3a7a377",
            "iops": 180,
            "kms_key_id": "",
            "multi_attach_enabled": false,
            "outpost_arn": "",
            "size": 60,
            "snapshot_id": "",
            "tags": {
              "Name": "okd3-hom-node10-docker-pool",
              "kubernetes.io/cluster/dotgroup-okd3-hom": "owned"
            },
            "tags_all": {
              "Name": "okd3-hom-node10-docker-pool",
              "kubernetes.io/cluster/dotgroup-okd3-hom": "owned"
            },
            "throughput": 0,
            "type": "gp2"
          },
          "sensitive_attributes": [],
          "private": "bnVsbA==",
          "dependencies": [
            "module.worker-nodes.aws_instance.os"
          ]
        },
        {
          "index_key": 10,
          "schema_version": 0,
          "attributes": {
            "arn": "arn:aws:ec2:us-east-1:586183866151:volume/vol-0c3616620451cc3fd",
            "availability_zone": "us-east-1c",
            "encrypted": false,
            "id": "vol-0c3616620451cc3fd",
            "iops": 3000,
            "kms_key_id": "",
            "multi_attach_enabled": false,
            "outpost_arn": "",
            "size": 60,
            "snapshot_id": "",
            "tags": {
              "Name": "okd3-hom-node11-docker-pool",
              "kubernetes.io/cluster/dotgroup-okd3-hom": "owned"
            },
            "tags_all": {
              "Name": "okd3-hom-node11-docker-pool",
              "kubernetes.io/cluster/dotgroup-okd3-hom": "owned"
            },
            "throughput": 125,
            "type": "gp3"
          },
          "sensitive_attributes": [],
          "private": "bnVsbA==",
          "dependencies": [
            "module.worker-nodes.aws_instance.os"
          ]
        }
      ]
    },
    {
      "module": "module.worker-nodes",
      "mode": "managed",
      "type": "aws_ebs_volume",
      "name": "var",
      "provider": "module.worker-nodes.provider[\"registry.terraform.io/hashicorp/aws\"]",
      "instances": [
        {
          "index_key": 0,
          "schema_version": 0,
          "attributes": {
            "arn": "arn:aws:ec2:us-east-1:586183866151:volume/vol-076d82d37a133cf92",
            "availability_zone": "us-east-1c",
            "encrypted": false,
            "id": "vol-076d82d37a133cf92",
            "iops": 3000,
            "kms_key_id": "",
            "multi_attach_enabled": false,
            "outpost_arn": "",
            "size": 90,
            "snapshot_id": "",
            "tags": {
              "Name": "okd3-hom-node1-var",
              "kubernetes.io/cluster/dotgroup-okd3-hom": "owned"
            },
            "tags_all": {
              "Name": "okd3-hom-node1-var",
              "kubernetes.io/cluster/dotgroup-okd3-hom": "owned"
            },
            "throughput": 125,
            "type": "gp3"
          },
          "sensitive_attributes": [],
          "private": "bnVsbA==",
          "dependencies": [
            "module.worker-nodes.aws_instance.os"
          ]
        },
        {
          "index_key": 1,
          "schema_version": 0,
          "attributes": {
            "arn": "arn:aws:ec2:us-east-1:586183866151:volume/vol-041606dc95e5280e6",
            "availability_zone": "us-east-1c",
            "encrypted": false,
            "id": "vol-041606dc95e5280e6",
            "iops": 3000,
            "kms_key_id": "",
            "multi_attach_enabled": false,
            "outpost_arn": "",
            "size": 90,
            "snapshot_id": "",
            "tags": {
              "Name": "okd3-hom-node2-var",
              "kubernetes.io/cluster/dotgroup-okd3-hom": "owned"
            },
            "tags_all": {
              "Name": "okd3-hom-node2-var",
              "kubernetes.io/cluster/dotgroup-okd3-hom": "owned"
            },
            "throughput": 125,
            "type": "gp3"
          },
          "sensitive_attributes": [],
          "private": "bnVsbA==",
          "dependencies": [
            "module.worker-nodes.aws_instance.os"
          ]
        },
        {
          "index_key": 2,
          "schema_version": 0,
          "attributes": {
            "arn": "arn:aws:ec2:us-east-1:586183866151:volume/vol-096bebc41bc40ee8a",
            "availability_zone": "us-east-1c",
            "encrypted": false,
            "id": "vol-096bebc41bc40ee8a",
            "iops": 3000,
            "kms_key_id": "",
            "multi_attach_enabled": false,
            "outpost_arn": "",
            "size": 90,
            "snapshot_id": "",
            "tags": {
              "Name": "okd3-hom-node3-var",
              "kubernetes.io/cluster/dotgroup-okd3-hom": "owned"
            },
            "tags_all": {
              "Name": "okd3-hom-node3-var",
              "kubernetes.io/cluster/dotgroup-okd3-hom": "owned"
            },
            "throughput": 125,
            "type": "gp3"
          },
          "sensitive_attributes": [],
          "private": "bnVsbA==",
          "dependencies": [
            "module.worker-nodes.aws_instance.os"
          ]
        },
        {
          "index_key": 3,
          "schema_version": 0,
          "attributes": {
            "arn": "arn:aws:ec2:us-east-1:586183866151:volume/vol-0012f62bcad6eec49",
            "availability_zone": "us-east-1c",
            "encrypted": false,
            "id": "vol-0012f62bcad6eec49",
            "iops": 3000,
            "kms_key_id": "",
            "multi_attach_enabled": false,
            "outpost_arn": "",
            "size": 90,
            "snapshot_id": "",
            "tags": {
              "Name": "okd3-hom-node4-var",
              "kubernetes.io/cluster/dotgroup-okd3-hom": "owned"
            },
            "tags_all": {
              "Name": "okd3-hom-node4-var",
              "kubernetes.io/cluster/dotgroup-okd3-hom": "owned"
            },
            "throughput": 125,
            "type": "gp3"
          },
          "sensitive_attributes": [],
          "private": "bnVsbA==",
          "dependencies": [
            "module.worker-nodes.aws_instance.os"
          ]
        },
        {
          "index_key": 4,
          "schema_version": 0,
          "attributes": {
            "arn": "arn:aws:ec2:us-east-1:586183866151:volume/vol-01985261869c1f092",
            "availability_zone": "us-east-1c",
            "encrypted": false,
            "id": "vol-01985261869c1f092",
            "iops": 3000,
            "kms_key_id": "",
            "multi_attach_enabled": false,
            "outpost_arn": "",
            "size": 90,
            "snapshot_id": "",
            "tags": {
              "Name": "okd3-hom-node5-var",
              "kubernetes.io/cluster/dotgroup-okd3-hom": "owned"
            },
            "tags_all": {
              "Name": "okd3-hom-node5-var",
              "kubernetes.io/cluster/dotgroup-okd3-hom": "owned"
            },
            "throughput": 125,
            "type": "gp3"
          },
          "sensitive_attributes": [],
          "private": "bnVsbA==",
          "dependencies": [
            "module.worker-nodes.aws_instance.os"
          ]
        },
        {
          "index_key": 5,
          "schema_version": 0,
          "attributes": {
            "arn": "arn:aws:ec2:us-east-1:586183866151:volume/vol-03da499be882688aa",
            "availability_zone": "us-east-1c",
            "encrypted": false,
            "id": "vol-03da499be882688aa",
            "iops": 3000,
            "kms_key_id": "",
            "multi_attach_enabled": false,
            "outpost_arn": "",
            "size": 90,
            "snapshot_id": "",
            "tags": {
              "Name": "okd3-hom-node6-var",
              "kubernetes.io/cluster/dotgroup-okd3-hom": "owned"
            },
            "tags_all": {
              "Name": "okd3-hom-node6-var",
              "kubernetes.io/cluster/dotgroup-okd3-hom": "owned"
            },
            "throughput": 125,
            "type": "gp3"
          },
          "sensitive_attributes": [],
          "private": "bnVsbA==",
          "dependencies": [
            "module.worker-nodes.aws_instance.os"
          ]
        },
        {
          "index_key": 6,
          "schema_version": 0,
          "attributes": {
            "arn": "arn:aws:ec2:us-east-1:586183866151:volume/vol-08f640ea6291ea461",
            "availability_zone": "us-east-1c",
            "encrypted": false,
            "id": "vol-08f640ea6291ea461",
            "iops": 3000,
            "kms_key_id": "",
            "multi_attach_enabled": false,
            "outpost_arn": "",
            "size": 90,
            "snapshot_id": "",
            "tags": {
              "Name": "okd3-hom-node7-var",
              "kubernetes.io/cluster/dotgroup-okd3-hom": "owned"
            },
            "tags_all": {
              "Name": "okd3-hom-node7-var",
              "kubernetes.io/cluster/dotgroup-okd3-hom": "owned"
            },
            "throughput": 125,
            "type": "gp3"
          },
          "sensitive_attributes": [],
          "private": "bnVsbA==",
          "dependencies": [
            "module.worker-nodes.aws_instance.os"
          ]
        },
        {
          "index_key": 7,
          "schema_version": 0,
          "attributes": {
            "arn": "arn:aws:ec2:us-east-1:586183866151:volume/vol-0e9bb468995ea84e7",
            "availability_zone": "us-east-1c",
            "encrypted": false,
            "id": "vol-0e9bb468995ea84e7",
            "iops": 3000,
            "kms_key_id": "",
            "multi_attach_enabled": false,
            "outpost_arn": "",
            "size": 90,
            "snapshot_id": "",
            "tags": {
              "Name": "okd3-hom-node8-var",
              "kubernetes.io/cluster/dotgroup-okd3-hom": "owned"
            },
            "tags_all": {
              "Name": "okd3-hom-node8-var",
              "kubernetes.io/cluster/dotgroup-okd3-hom": "owned"
            },
            "throughput": 125,
            "type": "gp3"
          },
          "sensitive_attributes": [],
          "private": "bnVsbA==",
          "dependencies": [
            "module.worker-nodes.aws_instance.os"
          ]
        },
        {
          "index_key": 8,
          "schema_version": 0,
          "attributes": {
            "arn": "arn:aws:ec2:us-east-1:586183866151:volume/vol-0973ce17ebb82ba61",
            "availability_zone": "us-east-1c",
            "encrypted": false,
            "id": "vol-0973ce17ebb82ba61",
            "iops": 3000,
            "kms_key_id": "",
            "multi_attach_enabled": false,
            "outpost_arn": "",
            "size": 90,
            "snapshot_id": "",
            "tags": {
              "Name": "okd3-hom-node9-var",
              "kubernetes.io/cluster/dotgroup-okd3-hom": "owned"
            },
            "tags_all": {
              "Name": "okd3-hom-node9-var",
              "kubernetes.io/cluster/dotgroup-okd3-hom": "owned"
            },
            "throughput": 125,
            "type": "gp3"
          },
          "sensitive_attributes": [],
          "private": "bnVsbA==",
          "dependencies": [
            "module.worker-nodes.aws_instance.os"
          ]
        },
        {
          "index_key": 9,
          "schema_version": 0,
          "attributes": {
            "arn": "arn:aws:ec2:us-east-1:586183866151:volume/vol-00aba196835ac6578",
            "availability_zone": "us-east-1c",
            "encrypted": false,
            "id": "vol-00aba196835ac6578",
            "iops": 270,
            "kms_key_id": "",
            "multi_attach_enabled": false,
            "outpost_arn": "",
            "size": 90,
            "snapshot_id": "",
            "tags": {
              "Name": "okd3-hom-node10-var",
              "kubernetes.io/cluster/dotgroup-okd3-hom": "owned"
            },
            "tags_all": {
              "Name": "okd3-hom-node10-var",
              "kubernetes.io/cluster/dotgroup-okd3-hom": "owned"
            },
            "throughput": 0,
            "type": "gp2"
          },
          "sensitive_attributes": [],
          "private": "bnVsbA==",
          "dependencies": [
            "module.worker-nodes.aws_instance.os"
          ]
        },
        {
          "index_key": 10,
          "schema_version": 0,
          "attributes": {
            "arn": "arn:aws:ec2:us-east-1:586183866151:volume/vol-0a114be67ef98941f",
            "availability_zone": "us-east-1c",
            "encrypted": false,
            "id": "vol-0a114be67ef98941f",
            "iops": 3000,
            "kms_key_id": "",
            "multi_attach_enabled": false,
            "outpost_arn": "",
            "size": 90,
            "snapshot_id": "",
            "tags": {
              "Name": "okd3-hom-node11-var",
              "kubernetes.io/cluster/dotgroup-okd3-hom": "owned"
            },
            "tags_all": {
              "Name": "okd3-hom-node11-var",
              "kubernetes.io/cluster/dotgroup-okd3-hom": "owned"
            },
            "throughput": 125,
            "type": "gp3"
          },
          "sensitive_attributes": [],
          "private": "bnVsbA==",
          "dependencies": [
            "module.worker-nodes.aws_instance.os"
          ]
        }
      ]
    },
    {
      "module": "module.worker-nodes",
      "mode": "managed",
      "type": "aws_instance",
      "name": "os",
      "provider": "module.worker-nodes.provider[\"registry.terraform.io/hashicorp/aws\"]",
      "instances": [
        {
          "index_key": 0,
          "schema_version": 1,
          "attributes": {
            "ami": "ami-d5bf2caa",
            "arn": "arn:aws:ec2:us-east-1:586183866151:instance/i-0b6900f0bdc2db3a6",
            "associate_public_ip_address": true,
            "availability_zone": "us-east-1c",
            "capacity_reservation_specification": [
              {
                "capacity_reservation_preference": "open",
                "capacity_reservation_target": []
              }
            ],
            "cpu_core_count": 4,
            "cpu_threads_per_core": 2,
            "credit_specification": [],
            "disable_api_termination": false,
            "ebs_block_device": [
              {
                "delete_on_termination": false,
                "device_name": "/dev/sdh",
                "encrypted": false,
                "iops": 3000,
                "kms_key_id": "",
                "snapshot_id": "",
                "tags": {
                  "Name": "okd3-hom-node1-docker-pool",
                  "kubernetes.io/cluster/dotgroup-okd3-hom": "owned"
                },
                "throughput": 125,
                "volume_id": "vol-08c59dad95eb92461",
                "volume_size": 60,
                "volume_type": "gp3"
              },
              {
                "delete_on_termination": false,
                "device_name": "/dev/sdi",
                "encrypted": false,
                "iops": 3000,
                "kms_key_id": "",
                "snapshot_id": "",
                "tags": {
                  "Name": "okd3-hom-node1-var",
                  "kubernetes.io/cluster/dotgroup-okd3-hom": "owned"
                },
                "throughput": 125,
                "volume_id": "vol-076d82d37a133cf92",
                "volume_size": 90,
                "volume_type": "gp3"
              }
            ],
            "ebs_optimized": false,
            "enclave_options": [
              {
                "enabled": false
              }
            ],
            "ephemeral_block_device": [],
            "get_password_data": false,
            "hibernation": false,
            "host_id": null,
            "iam_instance_profile": "",
            "id": "i-0b6900f0bdc2db3a6",
            "instance_initiated_shutdown_behavior": "stop",
            "instance_state": "running",
            "instance_type": "c5.2xlarge",
            "ipv6_address_count": 0,
            "ipv6_addresses": [],
            "key_name": "default_hom",
            "launch_template": [],
            "metadata_options": [
              {
                "http_endpoint": "enabled",
                "http_put_response_hop_limit": 1,
                "http_tokens": "optional",
                "instance_metadata_tags": "disabled"
              }
            ],
            "monitoring": false,
            "network_interface": [],
            "outpost_arn": "",
            "password_data": "",
            "placement_group": "",
            "placement_partition_number": null,
            "primary_network_interface_id": "eni-08f67102e475bb25e",
            "private_dns": "ip-172-31-3-216.ec2.internal",
            "private_ip": "172.31.3.216",
            "public_dns": "ec2-34-201-26-123.compute-1.amazonaws.com",
            "public_ip": "34.201.26.123",
            "root_block_device": [
              {
                "delete_on_termination": true,
                "device_name": "/dev/sda1",
                "encrypted": false,
                "iops": 3000,
                "kms_key_id": "",
                "tags": {},
                "throughput": 125,
                "volume_id": "vol-0aac76f9c8f446c7c",
                "volume_size": 10,
                "volume_type": "gp3"
              }
            ],
            "secondary_private_ips": [],
            "security_groups": [
              "default"
            ],
            "source_dest_check": true,
            "subnet_id": "subnet-7addd81d",
            "tags": {
              "Name": "okd3-hom-node1",
              "SomenteHorarioComercial": "false",
              "kubernetes.io/cluster/dotgroup-okd3-hom": "owned"
            },
            "tags_all": {
              "Name": "okd3-hom-node1",
              "SomenteHorarioComercial": "false",
              "kubernetes.io/cluster/dotgroup-okd3-hom": "owned"
            },
            "tenancy": "default",
            "timeouts": null,
            "user_data": null,
            "user_data_base64": null,
            "volume_tags": null,
            "vpc_security_group_ids": [
              "sg-75fd6f27"
            ]
          },
          "sensitive_attributes": [],
          "private": "eyJlMmJmYjczMC1lY2FhLTExZTYtOGY4OC0zNDM2M2JjN2M0YzAiOnsiY3JlYXRlIjo2MDAwMDAwMDAwMDAsImRlbGV0ZSI6MTIwMDAwMDAwMDAwMCwidXBkYXRlIjo2MDAwMDAwMDAwMDB9LCJzY2hlbWFfdmVyc2lvbiI6IjEifQ=="
        },
        {
          "index_key": 1,
          "schema_version": 1,
          "attributes": {
            "ami": "ami-d5bf2caa",
            "arn": "arn:aws:ec2:us-east-1:586183866151:instance/i-0e781bda7f348091c",
            "associate_public_ip_address": true,
            "availability_zone": "us-east-1c",
            "capacity_reservation_specification": [
              {
                "capacity_reservation_preference": "open",
                "capacity_reservation_target": []
              }
            ],
            "cpu_core_count": 4,
            "cpu_threads_per_core": 2,
            "credit_specification": [],
            "disable_api_termination": false,
            "ebs_block_device": [
              {
                "delete_on_termination": false,
                "device_name": "/dev/sdh",
                "encrypted": false,
                "iops": 3000,
                "kms_key_id": "",
                "snapshot_id": "",
                "tags": {
                  "Name": "okd3-hom-node2-docker-pool",
                  "kubernetes.io/cluster/dotgroup-okd3-hom": "owned"
                },
                "throughput": 125,
                "volume_id": "vol-02f0e411a3224f7be",
                "volume_size": 60,
                "volume_type": "gp3"
              },
              {
                "delete_on_termination": false,
                "device_name": "/dev/sdi",
                "encrypted": false,
                "iops": 3000,
                "kms_key_id": "",
                "snapshot_id": "",
                "tags": {
                  "Name": "okd3-hom-node2-var",
                  "kubernetes.io/cluster/dotgroup-okd3-hom": "owned"
                },
                "throughput": 125,
                "volume_id": "vol-041606dc95e5280e6",
                "volume_size": 90,
                "volume_type": "gp3"
              }
            ],
            "ebs_optimized": false,
            "enclave_options": [
              {
                "enabled": false
              }
            ],
            "ephemeral_block_device": [],
            "get_password_data": false,
            "hibernation": false,
            "host_id": null,
            "iam_instance_profile": "",
            "id": "i-0e781bda7f348091c",
            "instance_initiated_shutdown_behavior": "stop",
            "instance_state": "running",
            "instance_type": "c5.2xlarge",
            "ipv6_address_count": 0,
            "ipv6_addresses": [],
            "key_name": "default_hom",
            "launch_template": [],
            "metadata_options": [
              {
                "http_endpoint": "enabled",
                "http_put_response_hop_limit": 1,
                "http_tokens": "optional",
                "instance_metadata_tags": "disabled"
              }
            ],
            "monitoring": false,
            "network_interface": [],
            "outpost_arn": "",
            "password_data": "",
            "placement_group": "",
            "placement_partition_number": null,
            "primary_network_interface_id": "eni-01228b786f4780dd8",
            "private_dns": "ip-172-31-4-134.ec2.internal",
            "private_ip": "172.31.4.134",
            "public_dns": "ec2-3-236-196-203.compute-1.amazonaws.com",
            "public_ip": "3.236.196.203",
            "root_block_device": [
              {
                "delete_on_termination": true,
                "device_name": "/dev/sda1",
                "encrypted": false,
                "iops": 3000,
                "kms_key_id": "",
                "tags": {},
                "throughput": 125,
                "volume_id": "vol-0c7bf6e8222e96403",
                "volume_size": 10,
                "volume_type": "gp3"
              }
            ],
            "secondary_private_ips": [],
            "security_groups": [
              "default"
            ],
            "source_dest_check": true,
            "subnet_id": "subnet-7addd81d",
            "tags": {
              "Name": "okd3-hom-node2",
              "SomenteHorarioComercial": "false",
              "kubernetes.io/cluster/dotgroup-okd3-hom": "owned"
            },
            "tags_all": {
              "Name": "okd3-hom-node2",
              "SomenteHorarioComercial": "false",
              "kubernetes.io/cluster/dotgroup-okd3-hom": "owned"
            },
            "tenancy": "default",
            "timeouts": null,
            "user_data": null,
            "user_data_base64": null,
            "volume_tags": null,
            "vpc_security_group_ids": [
              "sg-75fd6f27"
            ]
          },
          "sensitive_attributes": [],
          "private": "eyJlMmJmYjczMC1lY2FhLTExZTYtOGY4OC0zNDM2M2JjN2M0YzAiOnsiY3JlYXRlIjo2MDAwMDAwMDAwMDAsImRlbGV0ZSI6MTIwMDAwMDAwMDAwMCwidXBkYXRlIjo2MDAwMDAwMDAwMDB9LCJzY2hlbWFfdmVyc2lvbiI6IjEifQ=="
        },
        {
          "index_key": 2,
          "schema_version": 1,
          "attributes": {
            "ami": "ami-d5bf2caa",
            "arn": "arn:aws:ec2:us-east-1:586183866151:instance/i-054ca81527a741018",
            "associate_public_ip_address": true,
            "availability_zone": "us-east-1c",
            "capacity_reservation_specification": [
              {
                "capacity_reservation_preference": "open",
                "capacity_reservation_target": []
              }
            ],
            "cpu_core_count": 4,
            "cpu_threads_per_core": 2,
            "credit_specification": [],
            "disable_api_termination": false,
            "ebs_block_device": [
              {
                "delete_on_termination": false,
                "device_name": "/dev/sdh",
                "encrypted": false,
                "iops": 3000,
                "kms_key_id": "",
                "snapshot_id": "",
                "tags": {
                  "Name": "okd3-hom-node3-docker-pool",
                  "kubernetes.io/cluster/dotgroup-okd3-hom": "owned"
                },
                "throughput": 125,
                "volume_id": "vol-018acf1cf4ef10631",
                "volume_size": 60,
                "volume_type": "gp3"
              },
              {
                "delete_on_termination": false,
                "device_name": "/dev/sdi",
                "encrypted": false,
                "iops": 3000,
                "kms_key_id": "",
                "snapshot_id": "",
                "tags": {
                  "Name": "okd3-hom-node3-var",
                  "kubernetes.io/cluster/dotgroup-okd3-hom": "owned"
                },
                "throughput": 125,
                "volume_id": "vol-096bebc41bc40ee8a",
                "volume_size": 90,
                "volume_type": "gp3"
              }
            ],
            "ebs_optimized": false,
            "enclave_options": [
              {
                "enabled": false
              }
            ],
            "ephemeral_block_device": [],
            "get_password_data": false,
            "hibernation": false,
            "host_id": null,
            "iam_instance_profile": "",
            "id": "i-054ca81527a741018",
            "instance_initiated_shutdown_behavior": "stop",
            "instance_state": "running",
            "instance_type": "c5.2xlarge",
            "ipv6_address_count": 0,
            "ipv6_addresses": [],
            "key_name": "default_hom",
            "launch_template": [],
            "metadata_options": [
              {
                "http_endpoint": "enabled",
                "http_put_response_hop_limit": 1,
                "http_tokens": "optional",
                "instance_metadata_tags": "disabled"
              }
            ],
            "monitoring": false,
            "network_interface": [],
            "outpost_arn": "",
            "password_data": "",
            "placement_group": "",
            "placement_partition_number": null,
            "primary_network_interface_id": "eni-02624316b0862697c",
            "private_dns": "ip-172-31-14-186.ec2.internal",
            "private_ip": "172.31.14.186",
            "public_dns": "ec2-44-204-246-164.compute-1.amazonaws.com",
            "public_ip": "44.204.246.164",
            "root_block_device": [
              {
                "delete_on_termination": true,
                "device_name": "/dev/sda1",
                "encrypted": false,
                "iops": 3000,
                "kms_key_id": "",
                "tags": {},
                "throughput": 125,
                "volume_id": "vol-0c3ceef22ccc0f8ba",
                "volume_size": 10,
                "volume_type": "gp3"
              }
            ],
            "secondary_private_ips": [],
            "security_groups": [
              "default"
            ],
            "source_dest_check": true,
            "subnet_id": "subnet-7addd81d",
            "tags": {
              "Name": "okd3-hom-node3",
              "SomenteHorarioComercial": "false",
              "kubernetes.io/cluster/dotgroup-okd3-hom": "owned"
            },
            "tags_all": {
              "Name": "okd3-hom-node3",
              "SomenteHorarioComercial": "false",
              "kubernetes.io/cluster/dotgroup-okd3-hom": "owned"
            },
            "tenancy": "default",
            "timeouts": null,
            "user_data": null,
            "user_data_base64": null,
            "volume_tags": null,
            "vpc_security_group_ids": [
              "sg-75fd6f27"
            ]
          },
          "sensitive_attributes": [],
          "private": "eyJlMmJmYjczMC1lY2FhLTExZTYtOGY4OC0zNDM2M2JjN2M0YzAiOnsiY3JlYXRlIjo2MDAwMDAwMDAwMDAsImRlbGV0ZSI6MTIwMDAwMDAwMDAwMCwidXBkYXRlIjo2MDAwMDAwMDAwMDB9LCJzY2hlbWFfdmVyc2lvbiI6IjEifQ=="
        },
        {
          "index_key": 3,
          "schema_version": 1,
          "attributes": {
            "ami": "ami-d5bf2caa",
            "arn": "arn:aws:ec2:us-east-1:586183866151:instance/i-0cd6a2253d9510640",
            "associate_public_ip_address": true,
            "availability_zone": "us-east-1c",
            "capacity_reservation_specification": [
              {
                "capacity_reservation_preference": "open",
                "capacity_reservation_target": []
              }
            ],
            "cpu_core_count": 4,
            "cpu_threads_per_core": 2,
            "credit_specification": [],
            "disable_api_termination": false,
            "ebs_block_device": [
              {
                "delete_on_termination": false,
                "device_name": "/dev/sdh",
                "encrypted": false,
                "iops": 3000,
                "kms_key_id": "",
                "snapshot_id": "",
                "tags": {
                  "Name": "okd3-hom-node4-docker-pool",
                  "kubernetes.io/cluster/dotgroup-okd3-hom": "owned"
                },
                "throughput": 125,
                "volume_id": "vol-0cf64eb2af23b4cdd",
                "volume_size": 60,
                "volume_type": "gp3"
              },
              {
                "delete_on_termination": false,
                "device_name": "/dev/sdi",
                "encrypted": false,
                "iops": 3000,
                "kms_key_id": "",
                "snapshot_id": "",
                "tags": {
                  "Name": "okd3-hom-node4-var",
                  "kubernetes.io/cluster/dotgroup-okd3-hom": "owned"
                },
                "throughput": 125,
                "volume_id": "vol-0012f62bcad6eec49",
                "volume_size": 90,
                "volume_type": "gp3"
              }
            ],
            "ebs_optimized": false,
            "enclave_options": [
              {
                "enabled": false
              }
            ],
            "ephemeral_block_device": [],
            "get_password_data": false,
            "hibernation": false,
            "host_id": null,
            "iam_instance_profile": "",
            "id": "i-0cd6a2253d9510640",
            "instance_initiated_shutdown_behavior": "stop",
            "instance_state": "running",
            "instance_type": "c5.2xlarge",
            "ipv6_address_count": 0,
            "ipv6_addresses": [],
            "key_name": "default_hom",
            "launch_template": [],
            "metadata_options": [
              {
                "http_endpoint": "enabled",
                "http_put_response_hop_limit": 1,
                "http_tokens": "optional",
                "instance_metadata_tags": "disabled"
              }
            ],
            "monitoring": false,
            "network_interface": [],
            "outpost_arn": "",
            "password_data": "",
            "placement_group": "",
            "placement_partition_number": null,
            "primary_network_interface_id": "eni-057cbb97d61558916",
            "private_dns": "ip-172-31-2-139.ec2.internal",
            "private_ip": "172.31.2.139",
            "public_dns": "ec2-3-215-134-12.compute-1.amazonaws.com",
            "public_ip": "3.215.134.12",
            "root_block_device": [
              {
                "delete_on_termination": true,
                "device_name": "/dev/sda1",
                "encrypted": false,
                "iops": 3000,
                "kms_key_id": "",
                "tags": {},
                "throughput": 125,
                "volume_id": "vol-0f21320f2d5711d73",
                "volume_size": 10,
                "volume_type": "gp3"
              }
            ],
            "secondary_private_ips": [],
            "security_groups": [
              "default"
            ],
            "source_dest_check": true,
            "subnet_id": "subnet-7addd81d",
            "tags": {
              "Name": "okd3-hom-node4",
              "SomenteHorarioComercial": "false",
              "kubernetes.io/cluster/dotgroup-okd3-hom": "owned"
            },
            "tags_all": {
              "Name": "okd3-hom-node4",
              "SomenteHorarioComercial": "false",
              "kubernetes.io/cluster/dotgroup-okd3-hom": "owned"
            },
            "tenancy": "default",
            "timeouts": null,
            "user_data": null,
            "user_data_base64": null,
            "volume_tags": null,
            "vpc_security_group_ids": [
              "sg-75fd6f27"
            ]
          },
          "sensitive_attributes": [],
          "private": "eyJlMmJmYjczMC1lY2FhLTExZTYtOGY4OC0zNDM2M2JjN2M0YzAiOnsiY3JlYXRlIjo2MDAwMDAwMDAwMDAsImRlbGV0ZSI6MTIwMDAwMDAwMDAwMCwidXBkYXRlIjo2MDAwMDAwMDAwMDB9LCJzY2hlbWFfdmVyc2lvbiI6IjEifQ=="
        },
        {
          "index_key": 4,
          "schema_version": 1,
          "attributes": {
            "ami": "ami-d5bf2caa",
            "arn": "arn:aws:ec2:us-east-1:586183866151:instance/i-0d765130cc86567ff",
            "associate_public_ip_address": true,
            "availability_zone": "us-east-1c",
            "capacity_reservation_specification": [
              {
                "capacity_reservation_preference": "open",
                "capacity_reservation_target": []
              }
            ],
            "cpu_core_count": 4,
            "cpu_threads_per_core": 2,
            "credit_specification": [],
            "disable_api_termination": false,
            "ebs_block_device": [
              {
                "delete_on_termination": false,
                "device_name": "/dev/sdh",
                "encrypted": false,
                "iops": 3000,
                "kms_key_id": "",
                "snapshot_id": "",
                "tags": {
                  "Name": "okd3-hom-node5-docker-pool",
                  "kubernetes.io/cluster/dotgroup-okd3-hom": "owned"
                },
                "throughput": 125,
                "volume_id": "vol-053525a85e95181b1",
                "volume_size": 60,
                "volume_type": "gp3"
              },
              {
                "delete_on_termination": false,
                "device_name": "/dev/sdi",
                "encrypted": false,
                "iops": 3000,
                "kms_key_id": "",
                "snapshot_id": "",
                "tags": {
                  "Name": "okd3-hom-node5-var",
                  "kubernetes.io/cluster/dotgroup-okd3-hom": "owned"
                },
                "throughput": 125,
                "volume_id": "vol-01985261869c1f092",
                "volume_size": 90,
                "volume_type": "gp3"
              }
            ],
            "ebs_optimized": false,
            "enclave_options": [
              {
                "enabled": false
              }
            ],
            "ephemeral_block_device": [],
            "get_password_data": false,
            "hibernation": false,
            "host_id": null,
            "iam_instance_profile": "",
            "id": "i-0d765130cc86567ff",
            "instance_initiated_shutdown_behavior": "stop",
            "instance_state": "running",
            "instance_type": "c5.2xlarge",
            "ipv6_address_count": 0,
            "ipv6_addresses": [],
            "key_name": "default_hom",
            "launch_template": [],
            "metadata_options": [
              {
                "http_endpoint": "enabled",
                "http_put_response_hop_limit": 1,
                "http_tokens": "optional",
                "instance_metadata_tags": "disabled"
              }
            ],
            "monitoring": false,
            "network_interface": [],
            "outpost_arn": "",
            "password_data": "",
            "placement_group": "",
            "placement_partition_number": null,
            "primary_network_interface_id": "eni-0bca54a9e089b56d9",
            "private_dns": "ip-172-31-8-172.ec2.internal",
            "private_ip": "172.31.8.172",
            "public_dns": "ec2-18-206-71-206.compute-1.amazonaws.com",
            "public_ip": "18.206.71.206",
            "root_block_device": [
              {
                "delete_on_termination": true,
                "device_name": "/dev/sda1",
                "encrypted": false,
                "iops": 3000,
                "kms_key_id": "",
                "tags": {},
                "throughput": 125,
                "volume_id": "vol-0cafd5325357e218d",
                "volume_size": 10,
                "volume_type": "gp3"
              }
            ],
            "secondary_private_ips": [],
            "security_groups": [
              "default"
            ],
            "source_dest_check": true,
            "subnet_id": "subnet-7addd81d",
            "tags": {
              "Name": "okd3-hom-node5",
              "SomenteHorarioComercial": "false",
              "kubernetes.io/cluster/dotgroup-okd3-hom": "owned"
            },
            "tags_all": {
              "Name": "okd3-hom-node5",
              "SomenteHorarioComercial": "false",
              "kubernetes.io/cluster/dotgroup-okd3-hom": "owned"
            },
            "tenancy": "default",
            "timeouts": null,
            "user_data": null,
            "user_data_base64": null,
            "volume_tags": null,
            "vpc_security_group_ids": [
              "sg-75fd6f27"
            ]
          },
          "sensitive_attributes": [],
          "private": "eyJlMmJmYjczMC1lY2FhLTExZTYtOGY4OC0zNDM2M2JjN2M0YzAiOnsiY3JlYXRlIjo2MDAwMDAwMDAwMDAsImRlbGV0ZSI6MTIwMDAwMDAwMDAwMCwidXBkYXRlIjo2MDAwMDAwMDAwMDB9LCJzY2hlbWFfdmVyc2lvbiI6IjEifQ=="
        },
        {
          "index_key": 5,
          "schema_version": 1,
          "attributes": {
            "ami": "ami-d5bf2caa",
            "arn": "arn:aws:ec2:us-east-1:586183866151:instance/i-00c94bc2a1414d336",
            "associate_public_ip_address": true,
            "availability_zone": "us-east-1c",
            "capacity_reservation_specification": [
              {
                "capacity_reservation_preference": "open",
                "capacity_reservation_target": []
              }
            ],
            "cpu_core_count": 4,
            "cpu_threads_per_core": 2,
            "credit_specification": [],
            "disable_api_termination": false,
            "ebs_block_device": [
              {
                "delete_on_termination": false,
                "device_name": "/dev/sdh",
                "encrypted": false,
                "iops": 3000,
                "kms_key_id": "",
                "snapshot_id": "",
                "tags": {
                  "Name": "okd3-hom-node6-docker-pool",
                  "kubernetes.io/cluster/dotgroup-okd3-hom": "owned"
                },
                "throughput": 125,
                "volume_id": "vol-0c28588a54e64dcc9",
                "volume_size": 60,
                "volume_type": "gp3"
              },
              {
                "delete_on_termination": false,
                "device_name": "/dev/sdi",
                "encrypted": false,
                "iops": 3000,
                "kms_key_id": "",
                "snapshot_id": "",
                "tags": {
                  "Name": "okd3-hom-node6-var",
                  "kubernetes.io/cluster/dotgroup-okd3-hom": "owned"
                },
                "throughput": 125,
                "volume_id": "vol-03da499be882688aa",
                "volume_size": 90,
                "volume_type": "gp3"
              }
            ],
            "ebs_optimized": false,
            "enclave_options": [
              {
                "enabled": false
              }
            ],
            "ephemeral_block_device": [],
            "get_password_data": false,
            "hibernation": false,
            "host_id": null,
            "iam_instance_profile": "",
            "id": "i-00c94bc2a1414d336",
            "instance_initiated_shutdown_behavior": "stop",
            "instance_state": "running",
            "instance_type": "c5.2xlarge",
            "ipv6_address_count": 0,
            "ipv6_addresses": [],
            "key_name": "default_hom",
            "launch_template": [],
            "metadata_options": [
              {
                "http_endpoint": "enabled",
                "http_put_response_hop_limit": 1,
                "http_tokens": "optional",
                "instance_metadata_tags": "disabled"
              }
            ],
            "monitoring": false,
            "network_interface": [],
            "outpost_arn": "",
            "password_data": "",
            "placement_group": "",
            "placement_partition_number": null,
            "primary_network_interface_id": "eni-014319bf0ac849e94",
            "private_dns": "ip-172-31-5-104.ec2.internal",
            "private_ip": "172.31.5.104",
            "public_dns": "ec2-3-80-159-46.compute-1.amazonaws.com",
            "public_ip": "3.80.159.46",
            "root_block_device": [
              {
                "delete_on_termination": true,
                "device_name": "/dev/sda1",
                "encrypted": false,
                "iops": 3000,
                "kms_key_id": "",
                "tags": {},
                "throughput": 125,
                "volume_id": "vol-0ec1fad92a6b06375",
                "volume_size": 10,
                "volume_type": "gp3"
              }
            ],
            "secondary_private_ips": [],
            "security_groups": [
              "default"
            ],
            "source_dest_check": true,
            "subnet_id": "subnet-7addd81d",
            "tags": {
              "Name": "okd3-hom-node6",
              "SomenteHorarioComercial": "false",
              "kubernetes.io/cluster/dotgroup-okd3-hom": "owned"
            },
            "tags_all": {
              "Name": "okd3-hom-node6",
              "SomenteHorarioComercial": "false",
              "kubernetes.io/cluster/dotgroup-okd3-hom": "owned"
            },
            "tenancy": "default",
            "timeouts": null,
            "user_data": null,
            "user_data_base64": null,
            "volume_tags": null,
            "vpc_security_group_ids": [
              "sg-75fd6f27"
            ]
          },
          "sensitive_attributes": [],
          "private": "eyJlMmJmYjczMC1lY2FhLTExZTYtOGY4OC0zNDM2M2JjN2M0YzAiOnsiY3JlYXRlIjo2MDAwMDAwMDAwMDAsImRlbGV0ZSI6MTIwMDAwMDAwMDAwMCwidXBkYXRlIjo2MDAwMDAwMDAwMDB9LCJzY2hlbWFfdmVyc2lvbiI6IjEifQ=="
        },
        {
          "index_key": 6,
          "schema_version": 1,
          "attributes": {
            "ami": "ami-d5bf2caa",
            "arn": "arn:aws:ec2:us-east-1:586183866151:instance/i-0ab34f1a72caff144",
            "associate_public_ip_address": true,
            "availability_zone": "us-east-1c",
            "capacity_reservation_specification": [
              {
                "capacity_reservation_preference": "open",
                "capacity_reservation_target": []
              }
            ],
            "cpu_core_count": 4,
            "cpu_threads_per_core": 2,
            "credit_specification": [],
            "disable_api_termination": false,
            "ebs_block_device": [
              {
                "delete_on_termination": false,
                "device_name": "/dev/sdh",
                "encrypted": false,
                "iops": 3000,
                "kms_key_id": "",
                "snapshot_id": "",
                "tags": {
                  "Name": "okd3-hom-node7-docker-pool",
                  "kubernetes.io/cluster/dotgroup-okd3-hom": "owned"
                },
                "throughput": 125,
                "volume_id": "vol-000eb4fa3df8713ac",
                "volume_size": 60,
                "volume_type": "gp3"
              },
              {
                "delete_on_termination": false,
                "device_name": "/dev/sdi",
                "encrypted": false,
                "iops": 3000,
                "kms_key_id": "",
                "snapshot_id": "",
                "tags": {
                  "Name": "okd3-hom-node7-var",
                  "kubernetes.io/cluster/dotgroup-okd3-hom": "owned"
                },
                "throughput": 125,
                "volume_id": "vol-08f640ea6291ea461",
                "volume_size": 90,
                "volume_type": "gp3"
              }
            ],
            "ebs_optimized": false,
            "enclave_options": [
              {
                "enabled": false
              }
            ],
            "ephemeral_block_device": [],
            "get_password_data": false,
            "hibernation": false,
            "host_id": null,
            "iam_instance_profile": "",
            "id": "i-0ab34f1a72caff144",
            "instance_initiated_shutdown_behavior": "stop",
            "instance_state": "running",
            "instance_type": "c5.2xlarge",
            "ipv6_address_count": 0,
            "ipv6_addresses": [],
            "key_name": "default_hom",
            "launch_template": [],
            "metadata_options": [
              {
                "http_endpoint": "enabled",
                "http_put_response_hop_limit": 1,
                "http_tokens": "optional",
                "instance_metadata_tags": "disabled"
              }
            ],
            "monitoring": false,
            "network_interface": [],
            "outpost_arn": "",
            "password_data": "",
            "placement_group": "",
            "placement_partition_number": null,
            "primary_network_interface_id": "eni-00aa1d0b65b57b23b",
            "private_dns": "ip-172-31-6-16.ec2.internal",
            "private_ip": "172.31.6.16",
            "public_dns": "ec2-3-219-168-111.compute-1.amazonaws.com",
            "public_ip": "3.219.168.111",
            "root_block_device": [
              {
                "delete_on_termination": true,
                "device_name": "/dev/sda1",
                "encrypted": false,
                "iops": 3000,
                "kms_key_id": "",
                "tags": {},
                "throughput": 125,
                "volume_id": "vol-06088b85e310e4b5f",
                "volume_size": 10,
                "volume_type": "gp3"
              }
            ],
            "secondary_private_ips": [],
            "security_groups": [
              "default"
            ],
            "source_dest_check": true,
            "subnet_id": "subnet-7addd81d",
            "tags": {
              "Name": "okd3-hom-node7",
              "SomenteHorarioComercial": "false",
              "kubernetes.io/cluster/dotgroup-okd3-hom": "owned"
            },
            "tags_all": {
              "Name": "okd3-hom-node7",
              "SomenteHorarioComercial": "false",
              "kubernetes.io/cluster/dotgroup-okd3-hom": "owned"
            },
            "tenancy": "default",
            "timeouts": null,
            "user_data": null,
            "user_data_base64": null,
            "volume_tags": null,
            "vpc_security_group_ids": [
              "sg-75fd6f27"
            ]
          },
          "sensitive_attributes": [],
          "private": "eyJlMmJmYjczMC1lY2FhLTExZTYtOGY4OC0zNDM2M2JjN2M0YzAiOnsiY3JlYXRlIjo2MDAwMDAwMDAwMDAsImRlbGV0ZSI6MTIwMDAwMDAwMDAwMCwidXBkYXRlIjo2MDAwMDAwMDAwMDB9LCJzY2hlbWFfdmVyc2lvbiI6IjEifQ=="
        },
        {
          "index_key": 7,
          "schema_version": 1,
          "attributes": {
            "ami": "ami-d5bf2caa",
            "arn": "arn:aws:ec2:us-east-1:586183866151:instance/i-062f8e2b5a4551a95",
            "associate_public_ip_address": true,
            "availability_zone": "us-east-1c",
            "capacity_reservation_specification": [
              {
                "capacity_reservation_preference": "open",
                "capacity_reservation_target": []
              }
            ],
            "cpu_core_count": 4,
            "cpu_threads_per_core": 2,
            "credit_specification": [],
            "disable_api_termination": false,
            "ebs_block_device": [
              {
                "delete_on_termination": false,
                "device_name": "/dev/sdh",
                "encrypted": false,
                "iops": 3000,
                "kms_key_id": "",
                "snapshot_id": "",
                "tags": {
                  "Name": "okd3-hom-node8-docker-pool",
                  "kubernetes.io/cluster/dotgroup-okd3-hom": "owned"
                },
                "throughput": 125,
                "volume_id": "vol-0cfb0da3a152ad5e6",
                "volume_size": 60,
                "volume_type": "gp3"
              },
              {
                "delete_on_termination": false,
                "device_name": "/dev/sdi",
                "encrypted": false,
                "iops": 3000,
                "kms_key_id": "",
                "snapshot_id": "",
                "tags": {
                  "Name": "okd3-hom-node8-var",
                  "kubernetes.io/cluster/dotgroup-okd3-hom": "owned"
                },
                "throughput": 125,
                "volume_id": "vol-0e9bb468995ea84e7",
                "volume_size": 90,
                "volume_type": "gp3"
              }
            ],
            "ebs_optimized": false,
            "enclave_options": [
              {
                "enabled": false
              }
            ],
            "ephemeral_block_device": [],
            "get_password_data": false,
            "hibernation": false,
            "host_id": null,
            "iam_instance_profile": "",
            "id": "i-062f8e2b5a4551a95",
            "instance_initiated_shutdown_behavior": "stop",
            "instance_state": "running",
            "instance_type": "c5.2xlarge",
            "ipv6_address_count": 0,
            "ipv6_addresses": [],
            "key_name": "default_hom",
            "launch_template": [],
            "metadata_options": [
              {
                "http_endpoint": "enabled",
                "http_put_response_hop_limit": 1,
                "http_tokens": "optional",
                "instance_metadata_tags": "disabled"
              }
            ],
            "monitoring": false,
            "network_interface": [],
            "outpost_arn": "",
            "password_data": "",
            "placement_group": "",
            "placement_partition_number": null,
            "primary_network_interface_id": "eni-0fa9be77f504b15b6",
            "private_dns": "ip-172-31-14-173.ec2.internal",
            "private_ip": "172.31.14.173",
            "public_dns": "ec2-44-200-119-57.compute-1.amazonaws.com",
            "public_ip": "44.200.119.57",
            "root_block_device": [
              {
                "delete_on_termination": true,
                "device_name": "/dev/sda1",
                "encrypted": false,
                "iops": 3000,
                "kms_key_id": "",
                "tags": {},
                "throughput": 125,
                "volume_id": "vol-0bcab3f787422be58",
                "volume_size": 10,
                "volume_type": "gp3"
              }
            ],
            "secondary_private_ips": [],
            "security_groups": [
              "default"
            ],
            "source_dest_check": true,
            "subnet_id": "subnet-7addd81d",
            "tags": {
              "Name": "okd3-hom-node8",
              "SomenteHorarioComercial": "false",
              "kubernetes.io/cluster/dotgroup-okd3-hom": "owned"
            },
            "tags_all": {
              "Name": "okd3-hom-node8",
              "SomenteHorarioComercial": "false",
              "kubernetes.io/cluster/dotgroup-okd3-hom": "owned"
            },
            "tenancy": "default",
            "timeouts": null,
            "user_data": null,
            "user_data_base64": null,
            "volume_tags": null,
            "vpc_security_group_ids": [
              "sg-75fd6f27"
            ]
          },
          "sensitive_attributes": [],
          "private": "eyJlMmJmYjczMC1lY2FhLTExZTYtOGY4OC0zNDM2M2JjN2M0YzAiOnsiY3JlYXRlIjo2MDAwMDAwMDAwMDAsImRlbGV0ZSI6MTIwMDAwMDAwMDAwMCwidXBkYXRlIjo2MDAwMDAwMDAwMDB9LCJzY2hlbWFfdmVyc2lvbiI6IjEifQ=="
        },
        {
          "index_key": 8,
          "schema_version": 1,
          "attributes": {
            "ami": "ami-d5bf2caa",
            "arn": "arn:aws:ec2:us-east-1:586183866151:instance/i-0f83db10054ed6cbf",
            "associate_public_ip_address": true,
            "availability_zone": "us-east-1c",
            "capacity_reservation_specification": [
              {
                "capacity_reservation_preference": "open",
                "capacity_reservation_target": []
              }
            ],
            "cpu_core_count": 4,
            "cpu_threads_per_core": 2,
            "credit_specification": [],
            "disable_api_termination": false,
            "ebs_block_device": [
              {
                "delete_on_termination": false,
                "device_name": "/dev/sdh",
                "encrypted": false,
                "iops": 3000,
                "kms_key_id": "",
                "snapshot_id": "",
                "tags": {
                  "Name": "okd3-hom-node9-docker-pool",
                  "kubernetes.io/cluster/dotgroup-okd3-hom": "owned"
                },
                "throughput": 125,
                "volume_id": "vol-0f61a21666aa14426",
                "volume_size": 60,
                "volume_type": "gp3"
              },
              {
                "delete_on_termination": false,
                "device_name": "/dev/sdi",
                "encrypted": false,
                "iops": 3000,
                "kms_key_id": "",
                "snapshot_id": "",
                "tags": {
                  "Name": "okd3-hom-node9-var",
                  "kubernetes.io/cluster/dotgroup-okd3-hom": "owned"
                },
                "throughput": 125,
                "volume_id": "vol-0973ce17ebb82ba61",
                "volume_size": 90,
                "volume_type": "gp3"
              }
            ],
            "ebs_optimized": false,
            "enclave_options": [
              {
                "enabled": false
              }
            ],
            "ephemeral_block_device": [],
            "get_password_data": false,
            "hibernation": false,
            "host_id": null,
            "iam_instance_profile": "",
            "id": "i-0f83db10054ed6cbf",
            "instance_initiated_shutdown_behavior": "stop",
            "instance_state": "running",
            "instance_type": "c5.2xlarge",
            "ipv6_address_count": 0,
            "ipv6_addresses": [],
            "key_name": "default_hom",
            "launch_template": [],
            "metadata_options": [
              {
                "http_endpoint": "enabled",
                "http_put_response_hop_limit": 1,
                "http_tokens": "optional",
                "instance_metadata_tags": "disabled"
              }
            ],
            "monitoring": false,
            "network_interface": [],
            "outpost_arn": "",
            "password_data": "",
            "placement_group": "",
            "placement_partition_number": null,
            "primary_network_interface_id": "eni-03b05eefbcececae2",
            "private_dns": "ip-172-31-2-113.ec2.internal",
            "private_ip": "172.31.2.113",
            "public_dns": "ec2-18-205-2-134.compute-1.amazonaws.com",
            "public_ip": "18.205.2.134",
            "root_block_device": [
              {
                "delete_on_termination": true,
                "device_name": "/dev/sda1",
                "encrypted": false,
                "iops": 3000,
                "kms_key_id": "",
                "tags": {},
                "throughput": 125,
                "volume_id": "vol-0c70ea242c4c10ea2",
                "volume_size": 10,
                "volume_type": "gp3"
              }
            ],
            "secondary_private_ips": [],
            "security_groups": [
              "default"
            ],
            "source_dest_check": true,
            "subnet_id": "subnet-7addd81d",
            "tags": {
              "Name": "okd3-hom-node9",
              "SomenteHorarioComercial": "false",
              "kubernetes.io/cluster/dotgroup-okd3-hom": "owned"
            },
            "tags_all": {
              "Name": "okd3-hom-node9",
              "SomenteHorarioComercial": "false",
              "kubernetes.io/cluster/dotgroup-okd3-hom": "owned"
            },
            "tenancy": "default",
            "timeouts": null,
            "user_data": null,
            "user_data_base64": null,
            "volume_tags": null,
            "vpc_security_group_ids": [
              "sg-75fd6f27"
            ]
          },
          "sensitive_attributes": [],
          "private": "eyJlMmJmYjczMC1lY2FhLTExZTYtOGY4OC0zNDM2M2JjN2M0YzAiOnsiY3JlYXRlIjo2MDAwMDAwMDAwMDAsImRlbGV0ZSI6MTIwMDAwMDAwMDAwMCwidXBkYXRlIjo2MDAwMDAwMDAwMDB9LCJzY2hlbWFfdmVyc2lvbiI6IjEifQ=="
        },
        {
          "index_key": 10,
          "schema_version": 1,
          "attributes": {
            "ami": "ami-d5bf2caa",
            "arn": "arn:aws:ec2:us-east-1:586183866151:instance/i-000feec46a654b2bb",
            "associate_public_ip_address": true,
            "availability_zone": "us-east-1c",
            "capacity_reservation_specification": [
              {
                "capacity_reservation_preference": "open",
                "capacity_reservation_target": []
              }
            ],
            "cpu_core_count": 4,
            "cpu_threads_per_core": 2,
            "credit_specification": [],
            "disable_api_termination": false,
            "ebs_block_device": [
              {
                "delete_on_termination": false,
                "device_name": "/dev/sdh",
                "encrypted": false,
                "iops": 3000,
                "kms_key_id": "",
                "snapshot_id": "",
                "tags": {
                  "Name": "okd3-hom-node11-docker-pool",
                  "kubernetes.io/cluster/dotgroup-okd3-hom": "owned"
                },
                "throughput": 125,
                "volume_id": "vol-0c3616620451cc3fd",
                "volume_size": 60,
                "volume_type": "gp3"
              },
              {
                "delete_on_termination": false,
                "device_name": "/dev/sdi",
                "encrypted": false,
                "iops": 3000,
                "kms_key_id": "",
                "snapshot_id": "",
                "tags": {
                  "Name": "okd3-hom-node11-var",
                  "kubernetes.io/cluster/dotgroup-okd3-hom": "owned"
                },
                "throughput": 125,
                "volume_id": "vol-0a114be67ef98941f",
                "volume_size": 90,
                "volume_type": "gp3"
              }
            ],
            "ebs_optimized": false,
            "enclave_options": [
              {
                "enabled": false
              }
            ],
            "ephemeral_block_device": [],
            "get_password_data": false,
            "hibernation": false,
            "host_id": null,
            "iam_instance_profile": "",
            "id": "i-000feec46a654b2bb",
            "instance_initiated_shutdown_behavior": "stop",
            "instance_state": "running",
            "instance_type": "c5.2xlarge",
            "ipv6_address_count": 0,
            "ipv6_addresses": [],
            "key_name": "default_hom",
            "launch_template": [],
            "metadata_options": [
              {
                "http_endpoint": "enabled",
                "http_put_response_hop_limit": 1,
                "http_tokens": "optional",
                "instance_metadata_tags": "disabled"
              }
            ],
            "monitoring": false,
            "network_interface": [],
            "outpost_arn": "",
            "password_data": "",
            "placement_group": "",
            "placement_partition_number": null,
            "primary_network_interface_id": "eni-0a89b390252ca1291",
            "private_dns": "ip-172-31-15-245.ec2.internal",
            "private_ip": "172.31.15.245",
            "public_dns": "ec2-3-222-200-15.compute-1.amazonaws.com",
            "public_ip": "3.222.200.15",
            "root_block_device": [
              {
                "delete_on_termination": true,
                "device_name": "/dev/sda1",
                "encrypted": false,
                "iops": 3000,
                "kms_key_id": "",
                "tags": {},
                "throughput": 125,
                "volume_id": "vol-011b07feb58eaba3d",
                "volume_size": 10,
                "volume_type": "gp3"
              }
            ],
            "secondary_private_ips": [],
            "security_groups": [
              "default"
            ],
            "source_dest_check": true,
            "subnet_id": "subnet-7addd81d",
            "tags": {
              "Name": "okd3-hom-node11",
              "SomenteHorarioComercial": "false",
              "kubernetes.io/cluster/dotgroup-okd3-hom": "owned"
            },
            "tags_all": {
              "Name": "okd3-hom-node11",
              "SomenteHorarioComercial": "false",
              "kubernetes.io/cluster/dotgroup-okd3-hom": "owned"
            },
            "tenancy": "default",
            "timeouts": null,
            "user_data": null,
            "user_data_base64": null,
            "volume_tags": null,
            "vpc_security_group_ids": [
              "sg-75fd6f27"
            ]
          },
          "sensitive_attributes": [],
          "private": "eyJlMmJmYjczMC1lY2FhLTExZTYtOGY4OC0zNDM2M2JjN2M0YzAiOnsiY3JlYXRlIjo2MDAwMDAwMDAwMDAsImRlbGV0ZSI6MTIwMDAwMDAwMDAwMCwidXBkYXRlIjo2MDAwMDAwMDAwMDB9LCJzY2hlbWFfdmVyc2lvbiI6IjEifQ=="
        }
      ]
    },
    {
      "module": "module.worker-nodes",
      "mode": "managed",
      "type": "aws_volume_attachment",
      "name": "dp_ec2",
      "provider": "module.worker-nodes.provider[\"registry.terraform.io/hashicorp/aws\"]",
      "instances": [
        {
          "index_key": 0,
          "schema_version": 0,
          "attributes": {
            "device_name": "/dev/sdh",
            "force_detach": null,
            "id": "vai-2224903161",
            "instance_id": "i-0b6900f0bdc2db3a6",
            "skip_destroy": null,
            "stop_instance_before_detaching": null,
            "volume_id": "vol-08c59dad95eb92461"
          },
          "sensitive_attributes": [],
          "private": "bnVsbA==",
          "dependencies": [
            "module.worker-nodes.aws_ebs_volume.dp",
            "module.worker-nodes.aws_instance.os"
          ]
        },
        {
          "index_key": 1,
          "schema_version": 0,
          "attributes": {
            "device_name": "/dev/sdh",
            "force_detach": null,
            "id": "vai-3440612590",
            "instance_id": "i-0e781bda7f348091c",
            "skip_destroy": null,
            "stop_instance_before_detaching": null,
            "volume_id": "vol-02f0e411a3224f7be"
          },
          "sensitive_attributes": [],
          "private": "bnVsbA==",
          "dependencies": [
            "module.worker-nodes.aws_ebs_volume.dp",
            "module.worker-nodes.aws_instance.os"
          ]
        },
        {
          "index_key": 2,
          "schema_version": 0,
          "attributes": {
            "device_name": "/dev/sdh",
            "force_detach": null,
            "id": "vai-3941676669",
            "instance_id": "i-054ca81527a741018",
            "skip_destroy": null,
            "stop_instance_before_detaching": null,
            "volume_id": "vol-018acf1cf4ef10631"
          },
          "sensitive_attributes": [],
          "private": "bnVsbA==",
          "dependencies": [
            "module.worker-nodes.aws_ebs_volume.dp",
            "module.worker-nodes.aws_instance.os"
          ]
        },
        {
          "index_key": 3,
          "schema_version": 0,
          "attributes": {
            "device_name": "/dev/sdh",
            "force_detach": null,
            "id": "vai-3319478314",
            "instance_id": "i-0cd6a2253d9510640",
            "skip_destroy": null,
            "stop_instance_before_detaching": null,
            "volume_id": "vol-0cf64eb2af23b4cdd"
          },
          "sensitive_attributes": [],
          "private": "bnVsbA==",
          "dependencies": [
            "module.worker-nodes.aws_ebs_volume.dp",
            "module.worker-nodes.aws_instance.os"
          ]
        },
        {
          "index_key": 4,
          "schema_version": 0,
          "attributes": {
            "device_name": "/dev/sdh",
            "force_detach": null,
            "id": "vai-1919863352",
            "instance_id": "i-0d765130cc86567ff",
            "skip_destroy": null,
            "stop_instance_before_detaching": null,
            "volume_id": "vol-053525a85e95181b1"
          },
          "sensitive_attributes": [],
          "private": "bnVsbA==",
          "dependencies": [
            "module.worker-nodes.aws_ebs_volume.dp",
            "module.worker-nodes.aws_instance.os"
          ]
        },
        {
          "index_key": 5,
          "schema_version": 0,
          "attributes": {
            "device_name": "/dev/sdh",
            "force_detach": null,
            "id": "vai-3313863618",
            "instance_id": "i-00c94bc2a1414d336",
            "skip_destroy": null,
            "stop_instance_before_detaching": null,
            "volume_id": "vol-0c28588a54e64dcc9"
          },
          "sensitive_attributes": [],
          "private": "bnVsbA==",
          "dependencies": [
            "module.worker-nodes.aws_ebs_volume.dp",
            "module.worker-nodes.aws_instance.os"
          ]
        },
        {
          "index_key": 6,
          "schema_version": 0,
          "attributes": {
            "device_name": "/dev/sdh",
            "force_detach": null,
            "id": "vai-3618147302",
            "instance_id": "i-0ab34f1a72caff144",
            "skip_destroy": null,
            "stop_instance_before_detaching": null,
            "volume_id": "vol-000eb4fa3df8713ac"
          },
          "sensitive_attributes": [],
          "private": "bnVsbA==",
          "dependencies": [
            "module.worker-nodes.aws_ebs_volume.dp",
            "module.worker-nodes.aws_instance.os"
          ]
        },
        {
          "index_key": 7,
          "schema_version": 0,
          "attributes": {
            "device_name": "/dev/sdh",
            "force_detach": null,
            "id": "vai-4230226107",
            "instance_id": "i-062f8e2b5a4551a95",
            "skip_destroy": null,
            "stop_instance_before_detaching": null,
            "volume_id": "vol-0cfb0da3a152ad5e6"
          },
          "sensitive_attributes": [],
          "private": "bnVsbA==",
          "dependencies": [
            "module.worker-nodes.aws_ebs_volume.dp",
            "module.worker-nodes.aws_instance.os"
          ]
        },
        {
          "index_key": 8,
          "schema_version": 0,
          "attributes": {
            "device_name": "/dev/sdh",
            "force_detach": null,
            "id": "vai-1040088317",
            "instance_id": "i-0f83db10054ed6cbf",
            "skip_destroy": null,
            "stop_instance_before_detaching": null,
            "volume_id": "vol-0f61a21666aa14426"
          },
          "sensitive_attributes": [],
          "private": "bnVsbA==",
          "dependencies": [
            "module.worker-nodes.aws_ebs_volume.dp",
            "module.worker-nodes.aws_instance.os"
          ]
        },
        {
          "index_key": 10,
          "schema_version": 0,
          "attributes": {
            "device_name": "/dev/sdh",
            "force_detach": null,
            "id": "vai-567745310",
            "instance_id": "i-000feec46a654b2bb",
            "skip_destroy": null,
            "stop_instance_before_detaching": null,
            "volume_id": "vol-0c3616620451cc3fd"
          },
          "sensitive_attributes": [],
          "private": "bnVsbA==",
          "dependencies": [
            "module.worker-nodes.aws_ebs_volume.dp",
            "module.worker-nodes.aws_instance.os"
          ]
        }
      ]
    },
    {
      "module": "module.worker-nodes",
      "mode": "managed",
      "type": "aws_volume_attachment",
      "name": "var_ec2",
      "provider": "module.worker-nodes.provider[\"registry.terraform.io/hashicorp/aws\"]",
      "instances": [
        {
          "index_key": 0,
          "schema_version": 0,
          "attributes": {
            "device_name": "/dev/sdi",
            "force_detach": null,
            "id": "vai-2419584439",
            "instance_id": "i-0b6900f0bdc2db3a6",
            "skip_destroy": null,
            "stop_instance_before_detaching": null,
            "volume_id": "vol-076d82d37a133cf92"
          },
          "sensitive_attributes": [],
          "private": "bnVsbA==",
          "dependencies": [
            "module.worker-nodes.aws_ebs_volume.var",
            "module.worker-nodes.aws_instance.os"
          ]
        },
        {
          "index_key": 1,
          "schema_version": 0,
          "attributes": {
            "device_name": "/dev/sdi",
            "force_detach": null,
            "id": "vai-188903262",
            "instance_id": "i-0e781bda7f348091c",
            "skip_destroy": null,
            "stop_instance_before_detaching": null,
            "volume_id": "vol-041606dc95e5280e6"
          },
          "sensitive_attributes": [],
          "private": "bnVsbA==",
          "dependencies": [
            "module.worker-nodes.aws_ebs_volume.var",
            "module.worker-nodes.aws_instance.os"
          ]
        },
        {
          "index_key": 2,
          "schema_version": 0,
          "attributes": {
            "device_name": "/dev/sdi",
            "force_detach": null,
            "id": "vai-3537118580",
            "instance_id": "i-054ca81527a741018",
            "skip_destroy": null,
            "stop_instance_before_detaching": null,
            "volume_id": "vol-096bebc41bc40ee8a"
          },
          "sensitive_attributes": [],
          "private": "bnVsbA==",
          "dependencies": [
            "module.worker-nodes.aws_ebs_volume.var",
            "module.worker-nodes.aws_instance.os"
          ]
        },
        {
          "index_key": 3,
          "schema_version": 0,
          "attributes": {
            "device_name": "/dev/sdi",
            "force_detach": null,
            "id": "vai-2776142568",
            "instance_id": "i-0cd6a2253d9510640",
            "skip_destroy": null,
            "stop_instance_before_detaching": null,
            "volume_id": "vol-0012f62bcad6eec49"
          },
          "sensitive_attributes": [],
          "private": "bnVsbA==",
          "dependencies": [
            "module.worker-nodes.aws_ebs_volume.var",
            "module.worker-nodes.aws_instance.os"
          ]
        },
        {
          "index_key": 4,
          "schema_version": 0,
          "attributes": {
            "device_name": "/dev/sdi",
            "force_detach": null,
            "id": "vai-2191299320",
            "instance_id": "i-0d765130cc86567ff",
            "skip_destroy": null,
            "stop_instance_before_detaching": null,
            "volume_id": "vol-01985261869c1f092"
          },
          "sensitive_attributes": [],
          "private": "bnVsbA==",
          "dependencies": [
            "module.worker-nodes.aws_ebs_volume.var",
            "module.worker-nodes.aws_instance.os"
          ]
        },
        {
          "index_key": 5,
          "schema_version": 0,
          "attributes": {
            "device_name": "/dev/sdi",
            "force_detach": null,
            "id": "vai-1019916385",
            "instance_id": "i-00c94bc2a1414d336",
            "skip_destroy": null,
            "stop_instance_before_detaching": null,
            "volume_id": "vol-03da499be882688aa"
          },
          "sensitive_attributes": [],
          "private": "bnVsbA==",
          "dependencies": [
            "module.worker-nodes.aws_ebs_volume.var",
            "module.worker-nodes.aws_instance.os"
          ]
        },
        {
          "index_key": 6,
          "schema_version": 0,
          "attributes": {
            "device_name": "/dev/sdi",
            "force_detach": null,
            "id": "vai-2354177520",
            "instance_id": "i-0ab34f1a72caff144",
            "skip_destroy": null,
            "stop_instance_before_detaching": null,
            "volume_id": "vol-08f640ea6291ea461"
          },
          "sensitive_attributes": [],
          "private": "bnVsbA==",
          "dependencies": [
            "module.worker-nodes.aws_ebs_volume.var",
            "module.worker-nodes.aws_instance.os"
          ]
        },
        {
          "index_key": 7,
          "schema_version": 0,
          "attributes": {
            "device_name": "/dev/sdi",
            "force_detach": null,
            "id": "vai-948685690",
            "instance_id": "i-062f8e2b5a4551a95",
            "skip_destroy": null,
            "stop_instance_before_detaching": null,
            "volume_id": "vol-0e9bb468995ea84e7"
          },
          "sensitive_attributes": [],
          "private": "bnVsbA==",
          "dependencies": [
            "module.worker-nodes.aws_ebs_volume.var",
            "module.worker-nodes.aws_instance.os"
          ]
        },
        {
          "index_key": 8,
          "schema_version": 0,
          "attributes": {
            "device_name": "/dev/sdi",
            "force_detach": null,
            "id": "vai-163024511",
            "instance_id": "i-0f83db10054ed6cbf",
            "skip_destroy": null,
            "stop_instance_before_detaching": null,
            "volume_id": "vol-0973ce17ebb82ba61"
          },
          "sensitive_attributes": [],
          "private": "bnVsbA==",
          "dependencies": [
            "module.worker-nodes.aws_ebs_volume.var",
            "module.worker-nodes.aws_instance.os"
          ]
        },
        {
          "index_key": 10,
          "schema_version": 0,
          "attributes": {
            "device_name": "/dev/sdi",
            "force_detach": null,
            "id": "vai-3364218984",
            "instance_id": "i-000feec46a654b2bb",
            "skip_destroy": null,
            "stop_instance_before_detaching": null,
            "volume_id": "vol-0a114be67ef98941f"
          },
          "sensitive_attributes": [],
          "private": "bnVsbA==",
          "dependencies": [
            "module.worker-nodes.aws_ebs_volume.var",
            "module.worker-nodes.aws_instance.os"
          ]
        }
      ]
    }
  ],
  "check_results": null
}
