{
  "version": 4,
  "terraform_version": "1.6.4",
  "serial": 384,
  "lineage": "9968c800-2d74-a06c-3984-4f871706a551",
  "outputs": {},
  "resources": [
    {
      "module": "module.load-balancer",
      "mode": "managed",
      "type": "aws_instance",
      "name": "os",
      "provider": "module.load-balancer.provider[\"registry.terraform.io/hashicorp/aws\"]",
      "instances": [
        {
          "index_key": 0,
          "schema_version": 1,
          "attributes": {
            "ami": "ami-d5bf2caa",
            "arn": "arn:aws:ec2:us-east-1:586183866151:instance/i-08a0baf04fb1e0a25",
            "associate_public_ip_address": true,
            "availability_zone": "us-east-1c",
            "capacity_reservation_specification": [
              {
                "capacity_reservation_preference": "open",
                "capacity_reservation_target": []
              }
            ],
            "cpu_core_count": 2,
            "cpu_threads_per_core": 1,
            "credit_specification": [
              {
                "cpu_credits": "standard"
              }
            ],
            "disable_api_termination": false,
            "ebs_block_device": [],
            "ebs_optimized": false,
            "enclave_options": [
              {
                "enabled": false
              }
            ],
            "ephemeral_block_device": [],
            "get_password_data": false,
            "hibernation": false,
            "host_id": null,
            "iam_instance_profile": "",
            "id": "i-08a0baf04fb1e0a25",
            "instance_initiated_shutdown_behavior": "stop",
            "instance_state": "running",
            "instance_type": "t2.medium",
            "ipv6_address_count": 0,
            "ipv6_addresses": [],
            "key_name": "default_prd",
            "launch_template": [],
            "metadata_options": [
              {
                "http_endpoint": "enabled",
                "http_put_response_hop_limit": 1,
                "http_tokens": "optional",
                "instance_metadata_tags": "disabled"
              }
            ],
            "monitoring": false,
            "network_interface": [],
            "outpost_arn": "",
            "password_data": "",
            "placement_group": "",
            "placement_partition_number": null,
            "primary_network_interface_id": "eni-07d3e71fb676e5f14",
            "private_dns": "ip-172-31-9-21.ec2.internal",
            "private_ip": "172.31.9.21",
            "public_dns": "ec2-54-88-219-37.compute-1.amazonaws.com",
            "public_ip": "54.88.219.37",
            "root_block_device": [
              {
                "delete_on_termination": true,
                "device_name": "/dev/sda1",
                "encrypted": false,
                "iops": 3000,
                "kms_key_id": "",
                "tags": {},
                "throughput": 125,
                "volume_id": "vol-03726d007a76c40ee",
                "volume_size": 20,
                "volume_type": "gp3"
              }
            ],
            "secondary_private_ips": [],
            "security_groups": [
              "default"
            ],
            "source_dest_check": true,
            "subnet_id": "subnet-7addd81d",
            "tags": {
              "Name": "prd-okd3-lb",
              "kubernetes.io/cluster/dotgroup-okd3": "owned"
            },
            "tags_all": {
              "Name": "prd-okd3-lb",
              "kubernetes.io/cluster/dotgroup-okd3": "owned"
            },
            "tenancy": "default",
            "timeouts": null,
            "user_data": null,
            "user_data_base64": null,
            "volume_tags": {},
            "vpc_security_group_ids": [
              "sg-75fd6f27"
            ]
          },
          "sensitive_attributes": [],
          "private": "eyJlMmJmYjczMC1lY2FhLTExZTYtOGY4OC0zNDM2M2JjN2M0YzAiOnsiY3JlYXRlIjo2MDAwMDAwMDAwMDAsImRlbGV0ZSI6MTIwMDAwMDAwMDAwMCwidXBkYXRlIjo2MDAwMDAwMDAwMDB9LCJzY2hlbWFfdmVyc2lvbiI6IjEifQ=="
        }
      ]
    },
    {
      "module": "module.master-nodes",
      "mode": "managed",
      "type": "aws_ebs_volume",
      "name": "dp",
      "provider": "module.master-nodes.provider[\"registry.terraform.io/hashicorp/aws\"]",
      "instances": [
        {
          "index_key": 0,
          "schema_version": 0,
          "attributes": {
            "arn": "arn:aws:ec2:us-east-1:586183866151:volume/vol-0dd2f82fa8b789c36",
            "availability_zone": "us-east-1a",
            "encrypted": false,
            "id": "vol-0dd2f82fa8b789c36",
            "iops": 3000,
            "kms_key_id": "",
            "multi_attach_enabled": false,
            "outpost_arn": "",
            "size": 60,
            "snapshot_id": "",
            "tags": {
              "Name": "okd3-master1-docker-pool",
              "kubernetes.io/cluster/dotgroup-okd3": "owned"
            },
            "tags_all": {
              "Name": "okd3-master1-docker-pool",
              "kubernetes.io/cluster/dotgroup-okd3": "owned"
            },
            "throughput": 125,
            "type": "gp3"
          },
          "sensitive_attributes": [],
          "private": "bnVsbA==",
          "dependencies": [
            "module.master-nodes.aws_instance.os"
          ]
        },
        {
          "index_key": 1,
          "schema_version": 0,
          "attributes": {
            "arn": "arn:aws:ec2:us-east-1:586183866151:volume/vol-0f41d29ab5c9ab083",
            "availability_zone": "us-east-1b",
            "encrypted": false,
            "id": "vol-0f41d29ab5c9ab083",
            "iops": 3000,
            "kms_key_id": "",
            "multi_attach_enabled": false,
            "outpost_arn": "",
            "size": 60,
            "snapshot_id": "",
            "tags": {
              "Name": "okd3-master2-docker-pool",
              "kubernetes.io/cluster/dotgroup-okd3": "owned"
            },
            "tags_all": {
              "Name": "okd3-master2-docker-pool",
              "kubernetes.io/cluster/dotgroup-okd3": "owned"
            },
            "throughput": 125,
            "type": "gp3"
          },
          "sensitive_attributes": [],
          "private": "bnVsbA==",
          "dependencies": [
            "module.master-nodes.aws_instance.os"
          ]
        },
        {
          "index_key": 2,
          "schema_version": 0,
          "attributes": {
            "arn": "arn:aws:ec2:us-east-1:586183866151:volume/vol-0c5a62ee3a5b361e1",
            "availability_zone": "us-east-1c",
            "encrypted": false,
            "id": "vol-0c5a62ee3a5b361e1",
            "iops": 3000,
            "kms_key_id": "",
            "multi_attach_enabled": false,
            "outpost_arn": "",
            "size": 60,
            "snapshot_id": "",
            "tags": {
              "Name": "okd3-master3-docker-pool",
              "kubernetes.io/cluster/dotgroup-okd3": "owned"
            },
            "tags_all": {
              "Name": "okd3-master3-docker-pool",
              "kubernetes.io/cluster/dotgroup-okd3": "owned"
            },
            "throughput": 125,
            "type": "gp3"
          },
          "sensitive_attributes": [],
          "private": "bnVsbA==",
          "dependencies": [
            "module.master-nodes.aws_instance.os"
          ]
        },
        {
          "index_key": 3,
          "schema_version": 0,
          "attributes": {
            "arn": "arn:aws:ec2:us-east-1:586183866151:volume/vol-08b8a7546be311177",
            "availability_zone": "us-east-1d",
            "encrypted": false,
            "id": "vol-08b8a7546be311177",
            "iops": 3000,
            "kms_key_id": "",
            "multi_attach_enabled": false,
            "outpost_arn": "",
            "size": 60,
            "snapshot_id": "",
            "tags": {
              "Name": "okd3-master4-docker-pool",
              "kubernetes.io/cluster/dotgroup-okd3": "owned"
            },
            "tags_all": {
              "Name": "okd3-master4-docker-pool",
              "kubernetes.io/cluster/dotgroup-okd3": "owned"
            },
            "throughput": 125,
            "type": "gp3"
          },
          "sensitive_attributes": [],
          "private": "bnVsbA==",
          "dependencies": [
            "module.master-nodes.aws_instance.os"
          ]
        }
      ]
    },
    {
      "module": "module.master-nodes",
      "mode": "managed",
      "type": "aws_ebs_volume",
      "name": "var",
      "provider": "module.master-nodes.provider[\"registry.terraform.io/hashicorp/aws\"]",
      "instances": [
        {
          "index_key": 0,
          "schema_version": 0,
          "attributes": {
            "arn": "arn:aws:ec2:us-east-1:586183866151:volume/vol-0218e1f95f7f2c6ee",
            "availability_zone": "us-east-1a",
            "encrypted": false,
            "id": "vol-0218e1f95f7f2c6ee",
            "iops": 3000,
            "kms_key_id": "",
            "multi_attach_enabled": false,
            "outpost_arn": "",
            "size": 90,
            "snapshot_id": "",
            "tags": {
              "Name": "okd3-master1-var",
              "kubernetes.io/cluster/dotgroup-okd3": "owned"
            },
            "tags_all": {
              "Name": "okd3-master1-var",
              "kubernetes.io/cluster/dotgroup-okd3": "owned"
            },
            "throughput": 125,
            "type": "gp3"
          },
          "sensitive_attributes": [],
          "private": "bnVsbA==",
          "dependencies": [
            "module.master-nodes.aws_instance.os"
          ]
        },
        {
          "index_key": 1,
          "schema_version": 0,
          "attributes": {
            "arn": "arn:aws:ec2:us-east-1:586183866151:volume/vol-0df6df48889d65f00",
            "availability_zone": "us-east-1b",
            "encrypted": false,
            "id": "vol-0df6df48889d65f00",
            "iops": 3000,
            "kms_key_id": "",
            "multi_attach_enabled": false,
            "outpost_arn": "",
            "size": 90,
            "snapshot_id": "",
            "tags": {
              "Name": "okd3-master2-var",
              "kubernetes.io/cluster/dotgroup-okd3": "owned"
            },
            "tags_all": {
              "Name": "okd3-master2-var",
              "kubernetes.io/cluster/dotgroup-okd3": "owned"
            },
            "throughput": 125,
            "type": "gp3"
          },
          "sensitive_attributes": [],
          "private": "bnVsbA==",
          "dependencies": [
            "module.master-nodes.aws_instance.os"
          ]
        },
        {
          "index_key": 2,
          "schema_version": 0,
          "attributes": {
            "arn": "arn:aws:ec2:us-east-1:586183866151:volume/vol-09fa8bc4bc68d2a53",
            "availability_zone": "us-east-1c",
            "encrypted": false,
            "id": "vol-09fa8bc4bc68d2a53",
            "iops": 3000,
            "kms_key_id": "",
            "multi_attach_enabled": false,
            "outpost_arn": "",
            "size": 90,
            "snapshot_id": "",
            "tags": {
              "Name": "okd3-master3-var",
              "kubernetes.io/cluster/dotgroup-okd3": "owned"
            },
            "tags_all": {
              "Name": "okd3-master3-var",
              "kubernetes.io/cluster/dotgroup-okd3": "owned"
            },
            "throughput": 125,
            "type": "gp3"
          },
          "sensitive_attributes": [],
          "private": "bnVsbA==",
          "dependencies": [
            "module.master-nodes.aws_instance.os"
          ]
        },
        {
          "index_key": 3,
          "schema_version": 0,
          "attributes": {
            "arn": "arn:aws:ec2:us-east-1:586183866151:volume/vol-05464aac7827ad4b2",
            "availability_zone": "us-east-1d",
            "encrypted": false,
            "id": "vol-05464aac7827ad4b2",
            "iops": 3000,
            "kms_key_id": "",
            "multi_attach_enabled": false,
            "outpost_arn": "",
            "size": 90,
            "snapshot_id": "",
            "tags": {
              "Name": "okd3-master4-var",
              "kubernetes.io/cluster/dotgroup-okd3": "owned"
            },
            "tags_all": {
              "Name": "okd3-master4-var",
              "kubernetes.io/cluster/dotgroup-okd3": "owned"
            },
            "throughput": 125,
            "type": "gp3"
          },
          "sensitive_attributes": [],
          "private": "bnVsbA==",
          "dependencies": [
            "module.master-nodes.aws_instance.os"
          ]
        }
      ]
    },
    {
      "module": "module.master-nodes",
      "mode": "managed",
      "type": "aws_instance",
      "name": "os",
      "provider": "module.master-nodes.provider[\"registry.terraform.io/hashicorp/aws\"]",
      "instances": [
        {
          "index_key": 0,
          "schema_version": 1,
          "attributes": {
            "ami": "ami-d5bf2caa",
            "arn": "arn:aws:ec2:us-east-1:586183866151:instance/i-0882ce3d059176f54",
            "associate_public_ip_address": true,
            "availability_zone": "us-east-1a",
            "capacity_reservation_specification": [
              {
                "capacity_reservation_preference": "open",
                "capacity_reservation_target": []
              }
            ],
            "cpu_core_count": 4,
            "cpu_threads_per_core": 2,
            "credit_specification": [],
            "disable_api_termination": false,
            "ebs_block_device": [
              {
                "delete_on_termination": false,
                "device_name": "/dev/sdh",
                "encrypted": false,
                "iops": 3000,
                "kms_key_id": "",
                "snapshot_id": "",
                "tags": {},
                "throughput": 125,
                "volume_id": "vol-0dd2f82fa8b789c36",
                "volume_size": 60,
                "volume_type": "gp3"
              },
              {
                "delete_on_termination": false,
                "device_name": "/dev/sdi",
                "encrypted": false,
                "iops": 3000,
                "kms_key_id": "",
                "snapshot_id": "",
                "tags": {},
                "throughput": 125,
                "volume_id": "vol-0218e1f95f7f2c6ee",
                "volume_size": 90,
                "volume_type": "gp3"
              }
            ],
            "ebs_optimized": false,
            "enclave_options": [
              {
                "enabled": false
              }
            ],
            "ephemeral_block_device": [],
            "get_password_data": false,
            "hibernation": false,
            "host_id": null,
            "iam_instance_profile": "",
            "id": "i-0882ce3d059176f54",
            "instance_initiated_shutdown_behavior": "stop",
            "instance_state": "running",
            "instance_type": "c5.2xlarge",
            "ipv6_address_count": 0,
            "ipv6_addresses": [],
            "key_name": "default_prd",
            "launch_template": [],
            "metadata_options": [
              {
                "http_endpoint": "enabled",
                "http_put_response_hop_limit": 1,
                "http_tokens": "optional",
                "instance_metadata_tags": "disabled"
              }
            ],
            "monitoring": false,
            "network_interface": [],
            "outpost_arn": "",
            "password_data": "",
            "placement_group": "",
            "placement_partition_number": null,
            "primary_network_interface_id": "eni-095b1448853c6fa0a",
            "private_dns": "ip-172-31-19-240.ec2.internal",
            "private_ip": "172.31.19.240",
            "public_dns": "ec2-54-152-250-176.compute-1.amazonaws.com",
            "public_ip": "54.152.250.176",
            "root_block_device": [
              {
                "delete_on_termination": true,
                "device_name": "/dev/sda1",
                "encrypted": false,
                "iops": 3000,
                "kms_key_id": "",
                "tags": {},
                "throughput": 125,
                "volume_id": "vol-076d843e216402cdc",
                "volume_size": 10,
                "volume_type": "gp3"
              }
            ],
            "secondary_private_ips": [],
            "security_groups": [
              "default"
            ],
            "source_dest_check": true,
            "subnet_id": "subnet-432bfe0e",
            "tags": {
              "Name": "prd-okd3-master1",
              "kubernetes.io/cluster/dotgroup-okd3": "owned"
            },
            "tags_all": {
              "Name": "prd-okd3-master1",
              "kubernetes.io/cluster/dotgroup-okd3": "owned"
            },
            "tenancy": "default",
            "timeouts": null,
            "user_data": null,
            "user_data_base64": null,
            "volume_tags": {
              "Name": "okd3-master1-docker-pool",
              "kubernetes.io/cluster/dotgroup-okd3": "owned"
            },
            "vpc_security_group_ids": [
              "sg-75fd6f27"
            ]
          },
          "sensitive_attributes": [],
          "private": "eyJlMmJmYjczMC1lY2FhLTExZTYtOGY4OC0zNDM2M2JjN2M0YzAiOnsiY3JlYXRlIjo2MDAwMDAwMDAwMDAsImRlbGV0ZSI6MTIwMDAwMDAwMDAwMCwidXBkYXRlIjo2MDAwMDAwMDAwMDB9LCJzY2hlbWFfdmVyc2lvbiI6IjEifQ=="
        },
        {
          "index_key": 1,
          "schema_version": 1,
          "attributes": {
            "ami": "ami-d5bf2caa",
            "arn": "arn:aws:ec2:us-east-1:586183866151:instance/i-0fb1eded9e2d46a01",
            "associate_public_ip_address": true,
            "availability_zone": "us-east-1b",
            "capacity_reservation_specification": [
              {
                "capacity_reservation_preference": "open",
                "capacity_reservation_target": []
              }
            ],
            "cpu_core_count": 4,
            "cpu_threads_per_core": 2,
            "credit_specification": [],
            "disable_api_termination": false,
            "ebs_block_device": [
              {
                "delete_on_termination": false,
                "device_name": "/dev/sdh",
                "encrypted": false,
                "iops": 3000,
                "kms_key_id": "",
                "snapshot_id": "",
                "tags": {},
                "throughput": 125,
                "volume_id": "vol-0f41d29ab5c9ab083",
                "volume_size": 60,
                "volume_type": "gp3"
              },
              {
                "delete_on_termination": false,
                "device_name": "/dev/sdi",
                "encrypted": false,
                "iops": 3000,
                "kms_key_id": "",
                "snapshot_id": "",
                "tags": {},
                "throughput": 125,
                "volume_id": "vol-0df6df48889d65f00",
                "volume_size": 90,
                "volume_type": "gp3"
              }
            ],
            "ebs_optimized": false,
            "enclave_options": [
              {
                "enabled": false
              }
            ],
            "ephemeral_block_device": [],
            "get_password_data": false,
            "hibernation": false,
            "host_id": null,
            "iam_instance_profile": "",
            "id": "i-0fb1eded9e2d46a01",
            "instance_initiated_shutdown_behavior": "stop",
            "instance_state": "running",
            "instance_type": "c5.2xlarge",
            "ipv6_address_count": 0,
            "ipv6_addresses": [],
            "key_name": "default_prd",
            "launch_template": [],
            "metadata_options": [
              {
                "http_endpoint": "enabled",
                "http_put_response_hop_limit": 1,
                "http_tokens": "optional",
                "instance_metadata_tags": "disabled"
              }
            ],
            "monitoring": false,
            "network_interface": [],
            "outpost_arn": "",
            "password_data": "",
            "placement_group": "",
            "placement_partition_number": null,
            "primary_network_interface_id": "eni-0743bf56a8747078a",
            "private_dns": "ip-172-31-45-38.ec2.internal",
            "private_ip": "172.31.45.38",
            "public_dns": "ec2-35-175-228-113.compute-1.amazonaws.com",
            "public_ip": "35.175.228.113",
            "root_block_device": [
              {
                "delete_on_termination": true,
                "device_name": "/dev/sda1",
                "encrypted": false,
                "iops": 3000,
                "kms_key_id": "",
                "tags": {},
                "throughput": 125,
                "volume_id": "vol-0e7bdaab8e4bddbaa",
                "volume_size": 10,
                "volume_type": "gp3"
              }
            ],
            "secondary_private_ips": [],
            "security_groups": [
              "default"
            ],
            "source_dest_check": true,
            "subnet_id": "subnet-35969069",
            "tags": {
              "Name": "prd-okd3-master2",
              "kubernetes.io/cluster/dotgroup-okd3": "owned"
            },
            "tags_all": {
              "Name": "prd-okd3-master2",
              "kubernetes.io/cluster/dotgroup-okd3": "owned"
            },
            "tenancy": "default",
            "timeouts": null,
            "user_data": null,
            "user_data_base64": null,
            "volume_tags": {
              "Name": "okd3-master2-docker-pool",
              "kubernetes.io/cluster/dotgroup-okd3": "owned"
            },
            "vpc_security_group_ids": [
              "sg-75fd6f27"
            ]
          },
          "sensitive_attributes": [],
          "private": "eyJlMmJmYjczMC1lY2FhLTExZTYtOGY4OC0zNDM2M2JjN2M0YzAiOnsiY3JlYXRlIjo2MDAwMDAwMDAwMDAsImRlbGV0ZSI6MTIwMDAwMDAwMDAwMCwidXBkYXRlIjo2MDAwMDAwMDAwMDB9LCJzY2hlbWFfdmVyc2lvbiI6IjEifQ=="
        },
        {
          "index_key": 2,
          "schema_version": 1,
          "attributes": {
            "ami": "ami-d5bf2caa",
            "arn": "arn:aws:ec2:us-east-1:586183866151:instance/i-0a32bac7c19271275",
            "associate_public_ip_address": true,
            "availability_zone": "us-east-1c",
            "capacity_reservation_specification": [
              {
                "capacity_reservation_preference": "open",
                "capacity_reservation_target": []
              }
            ],
            "cpu_core_count": 4,
            "cpu_threads_per_core": 2,
            "credit_specification": [],
            "disable_api_termination": false,
            "ebs_block_device": [
              {
                "delete_on_termination": false,
                "device_name": "/dev/sdh",
                "encrypted": false,
                "iops": 3000,
                "kms_key_id": "",
                "snapshot_id": "",
                "tags": {},
                "throughput": 125,
                "volume_id": "vol-0c5a62ee3a5b361e1",
                "volume_size": 60,
                "volume_type": "gp3"
              },
              {
                "delete_on_termination": false,
                "device_name": "/dev/sdi",
                "encrypted": false,
                "iops": 3000,
                "kms_key_id": "",
                "snapshot_id": "",
                "tags": {},
                "throughput": 125,
                "volume_id": "vol-09fa8bc4bc68d2a53",
                "volume_size": 90,
                "volume_type": "gp3"
              }
            ],
            "ebs_optimized": false,
            "enclave_options": [
              {
                "enabled": false
              }
            ],
            "ephemeral_block_device": [],
            "get_password_data": false,
            "hibernation": false,
            "host_id": null,
            "iam_instance_profile": "",
            "id": "i-0a32bac7c19271275",
            "instance_initiated_shutdown_behavior": "stop",
            "instance_state": "running",
            "instance_type": "c5.2xlarge",
            "ipv6_address_count": 0,
            "ipv6_addresses": [],
            "key_name": "default_prd",
            "launch_template": [],
            "metadata_options": [
              {
                "http_endpoint": "enabled",
                "http_put_response_hop_limit": 1,
                "http_tokens": "optional",
                "instance_metadata_tags": "disabled"
              }
            ],
            "monitoring": false,
            "network_interface": [],
            "outpost_arn": "",
            "password_data": "",
            "placement_group": "",
            "placement_partition_number": null,
            "primary_network_interface_id": "eni-0568b78d05ad55ad6",
            "private_dns": "ip-172-31-10-81.ec2.internal",
            "private_ip": "172.31.10.81",
            "public_dns": "ec2-100-27-7-231.compute-1.amazonaws.com",
            "public_ip": "100.27.7.231",
            "root_block_device": [
              {
                "delete_on_termination": true,
                "device_name": "/dev/sda1",
                "encrypted": false,
                "iops": 3000,
                "kms_key_id": "",
                "tags": {},
                "throughput": 125,
                "volume_id": "vol-0fbb66bbf98d50227",
                "volume_size": 10,
                "volume_type": "gp3"
              }
            ],
            "secondary_private_ips": [],
            "security_groups": [
              "default"
            ],
            "source_dest_check": true,
            "subnet_id": "subnet-7addd81d",
            "tags": {
              "Name": "prd-okd3-master3",
              "kubernetes.io/cluster/dotgroup-okd3": "owned"
            },
            "tags_all": {
              "Name": "prd-okd3-master3",
              "kubernetes.io/cluster/dotgroup-okd3": "owned"
            },
            "tenancy": "default",
            "timeouts": null,
            "user_data": null,
            "user_data_base64": null,
            "volume_tags": {
              "Name": "okd3-master3-docker-pool",
              "kubernetes.io/cluster/dotgroup-okd3": "owned"
            },
            "vpc_security_group_ids": [
              "sg-75fd6f27"
            ]
          },
          "sensitive_attributes": [],
          "private": "eyJlMmJmYjczMC1lY2FhLTExZTYtOGY4OC0zNDM2M2JjN2M0YzAiOnsiY3JlYXRlIjo2MDAwMDAwMDAwMDAsImRlbGV0ZSI6MTIwMDAwMDAwMDAwMCwidXBkYXRlIjo2MDAwMDAwMDAwMDB9LCJzY2hlbWFfdmVyc2lvbiI6IjEifQ=="
        },
        {
          "index_key": 3,
          "schema_version": 1,
          "attributes": {
            "ami": "ami-d5bf2caa",
            "arn": "arn:aws:ec2:us-east-1:586183866151:instance/i-0ebd1d71a12dd0692",
            "associate_public_ip_address": true,
            "availability_zone": "us-east-1d",
            "capacity_reservation_specification": [
              {
                "capacity_reservation_preference": "open",
                "capacity_reservation_target": []
              }
            ],
            "cpu_core_count": 4,
            "cpu_threads_per_core": 2,
            "credit_specification": [],
            "disable_api_termination": false,
            "ebs_block_device": [
              {
                "delete_on_termination": false,
                "device_name": "/dev/sdh",
                "encrypted": false,
                "iops": 3000,
                "kms_key_id": "",
                "snapshot_id": "",
                "tags": {},
                "throughput": 125,
                "volume_id": "vol-08b8a7546be311177",
                "volume_size": 60,
                "volume_type": "gp3"
              },
              {
                "delete_on_termination": false,
                "device_name": "/dev/sdi",
                "encrypted": false,
                "iops": 3000,
                "kms_key_id": "",
                "snapshot_id": "",
                "tags": {},
                "throughput": 125,
                "volume_id": "vol-05464aac7827ad4b2",
                "volume_size": 90,
                "volume_type": "gp3"
              }
            ],
            "ebs_optimized": false,
            "enclave_options": [
              {
                "enabled": false
              }
            ],
            "ephemeral_block_device": [],
            "get_password_data": false,
            "hibernation": false,
            "host_id": null,
            "iam_instance_profile": "",
            "id": "i-0ebd1d71a12dd0692",
            "instance_initiated_shutdown_behavior": "stop",
            "instance_state": "running",
            "instance_type": "c5.2xlarge",
            "ipv6_address_count": 0,
            "ipv6_addresses": [],
            "key_name": "default_prd",
            "launch_template": [],
            "metadata_options": [
              {
                "http_endpoint": "enabled",
                "http_put_response_hop_limit": 1,
                "http_tokens": "optional",
                "instance_metadata_tags": "disabled"
              }
            ],
            "monitoring": false,
            "network_interface": [],
            "outpost_arn": "",
            "password_data": "",
            "placement_group": "",
            "placement_partition_number": null,
            "primary_network_interface_id": "eni-0f8d3502af7e3ea3a",
            "private_dns": "ip-172-31-82-228.ec2.internal",
            "private_ip": "172.31.82.228",
            "public_dns": "ec2-54-147-239-203.compute-1.amazonaws.com",
            "public_ip": "54.147.239.203",
            "root_block_device": [
              {
                "delete_on_termination": true,
                "device_name": "/dev/sda1",
                "encrypted": false,
                "iops": 3000,
                "kms_key_id": "",
                "tags": {},
                "throughput": 125,
                "volume_id": "vol-0ee054b40de3e9003",
                "volume_size": 10,
                "volume_type": "gp3"
              }
            ],
            "secondary_private_ips": [],
            "security_groups": [
              "default"
            ],
            "source_dest_check": true,
            "subnet_id": "subnet-28aeae06",
            "tags": {
              "Name": "prd-okd3-master4",
              "kubernetes.io/cluster/dotgroup-okd3": "owned"
            },
            "tags_all": {
              "Name": "prd-okd3-master4",
              "kubernetes.io/cluster/dotgroup-okd3": "owned"
            },
            "tenancy": "default",
            "timeouts": null,
            "user_data": null,
            "user_data_base64": null,
            "volume_tags": {
              "Name": "okd3-master4-docker-pool",
              "kubernetes.io/cluster/dotgroup-okd3": "owned"
            },
            "vpc_security_group_ids": [
              "sg-75fd6f27"
            ]
          },
          "sensitive_attributes": [],
          "private": "eyJlMmJmYjczMC1lY2FhLTExZTYtOGY4OC0zNDM2M2JjN2M0YzAiOnsiY3JlYXRlIjo2MDAwMDAwMDAwMDAsImRlbGV0ZSI6MTIwMDAwMDAwMDAwMCwidXBkYXRlIjo2MDAwMDAwMDAwMDB9LCJzY2hlbWFfdmVyc2lvbiI6IjEifQ=="
        }
      ]
    },
    {
      "module": "module.master-nodes",
      "mode": "managed",
      "type": "aws_volume_attachment",
      "name": "dp_ec2",
      "provider": "module.master-nodes.provider[\"registry.terraform.io/hashicorp/aws\"]",
      "instances": [
        {
          "index_key": 0,
          "schema_version": 0,
          "attributes": {
            "device_name": "/dev/sdh",
            "force_detach": null,
            "id": "vai-2849126245",
            "instance_id": "i-0882ce3d059176f54",
            "skip_destroy": null,
            "stop_instance_before_detaching": null,
            "volume_id": "vol-0dd2f82fa8b789c36"
          },
          "sensitive_attributes": [],
          "private": "bnVsbA==",
          "dependencies": [
            "module.master-nodes.aws_ebs_volume.dp",
            "module.master-nodes.aws_instance.os"
          ]
        },
        {
          "index_key": 1,
          "schema_version": 0,
          "attributes": {
            "device_name": "/dev/sdh",
            "force_detach": null,
            "id": "vai-2672281865",
            "instance_id": "i-0fb1eded9e2d46a01",
            "skip_destroy": null,
            "stop_instance_before_detaching": null,
            "volume_id": "vol-0f41d29ab5c9ab083"
          },
          "sensitive_attributes": [],
          "private": "bnVsbA==",
          "dependencies": [
            "module.master-nodes.aws_ebs_volume.dp",
            "module.master-nodes.aws_instance.os"
          ]
        },
        {
          "index_key": 2,
          "schema_version": 0,
          "attributes": {
            "device_name": "/dev/sdh",
            "force_detach": null,
            "id": "vai-1243765259",
            "instance_id": "i-0a32bac7c19271275",
            "skip_destroy": null,
            "stop_instance_before_detaching": null,
            "volume_id": "vol-0c5a62ee3a5b361e1"
          },
          "sensitive_attributes": [],
          "private": "bnVsbA==",
          "dependencies": [
            "module.master-nodes.aws_ebs_volume.dp",
            "module.master-nodes.aws_instance.os"
          ]
        },
        {
          "index_key": 3,
          "schema_version": 0,
          "attributes": {
            "device_name": "/dev/sdh",
            "force_detach": null,
            "id": "vai-2308672078",
            "instance_id": "i-0ebd1d71a12dd0692",
            "skip_destroy": null,
            "stop_instance_before_detaching": null,
            "volume_id": "vol-08b8a7546be311177"
          },
          "sensitive_attributes": [],
          "private": "bnVsbA==",
          "dependencies": [
            "module.master-nodes.aws_ebs_volume.dp",
            "module.master-nodes.aws_instance.os"
          ]
        }
      ]
    },
    {
      "module": "module.master-nodes",
      "mode": "managed",
      "type": "aws_volume_attachment",
      "name": "var_ec2",
      "provider": "module.master-nodes.provider[\"registry.terraform.io/hashicorp/aws\"]",
      "instances": [
        {
          "index_key": 0,
          "schema_version": 0,
          "attributes": {
            "device_name": "/dev/sdi",
            "force_detach": null,
            "id": "vai-3495870270",
            "instance_id": "i-0882ce3d059176f54",
            "skip_destroy": null,
            "stop_instance_before_detaching": null,
            "volume_id": "vol-0218e1f95f7f2c6ee"
          },
          "sensitive_attributes": [],
          "private": "bnVsbA==",
          "dependencies": [
            "module.master-nodes.aws_ebs_volume.var",
            "module.master-nodes.aws_instance.os"
          ]
        },
        {
          "index_key": 1,
          "schema_version": 0,
          "attributes": {
            "device_name": "/dev/sdi",
            "force_detach": null,
            "id": "vai-1757008679",
            "instance_id": "i-0fb1eded9e2d46a01",
            "skip_destroy": null,
            "stop_instance_before_detaching": null,
            "volume_id": "vol-0df6df48889d65f00"
          },
          "sensitive_attributes": [],
          "private": "bnVsbA==",
          "dependencies": [
            "module.master-nodes.aws_ebs_volume.var",
            "module.master-nodes.aws_instance.os"
          ]
        },
        {
          "index_key": 2,
          "schema_version": 0,
          "attributes": {
            "device_name": "/dev/sdi",
            "force_detach": null,
            "id": "vai-1832538415",
            "instance_id": "i-0a32bac7c19271275",
            "skip_destroy": null,
            "stop_instance_before_detaching": null,
            "volume_id": "vol-09fa8bc4bc68d2a53"
          },
          "sensitive_attributes": [],
          "private": "bnVsbA==",
          "dependencies": [
            "module.master-nodes.aws_ebs_volume.var",
            "module.master-nodes.aws_instance.os"
          ]
        },
        {
          "index_key": 3,
          "schema_version": 0,
          "attributes": {
            "device_name": "/dev/sdi",
            "force_detach": null,
            "id": "vai-3694694969",
            "instance_id": "i-0ebd1d71a12dd0692",
            "skip_destroy": null,
            "stop_instance_before_detaching": null,
            "volume_id": "vol-05464aac7827ad4b2"
          },
          "sensitive_attributes": [],
          "private": "bnVsbA==",
          "dependencies": [
            "module.master-nodes.aws_ebs_volume.var",
            "module.master-nodes.aws_instance.os"
          ]
        }
      ]
    },
    {
      "module": "module.worker-nodes",
      "mode": "managed",
      "type": "aws_ebs_volume",
      "name": "dp",
      "provider": "module.worker-nodes.provider[\"registry.terraform.io/hashicorp/aws\"]",
      "instances": [
        {
          "index_key": 1,
          "schema_version": 0,
          "attributes": {
            "arn": "arn:aws:ec2:us-east-1:586183866151:volume/vol-096aa47bf14393136",
            "availability_zone": "us-east-1c",
            "encrypted": false,
            "id": "vol-096aa47bf14393136",
            "iops": 3000,
            "kms_key_id": "",
            "multi_attach_enabled": false,
            "outpost_arn": "",
            "size": 60,
            "snapshot_id": "",
            "tags": {
              "Name": "okd3-node2-docker-pool",
              "kubernetes.io/cluster/dotgroup-okd3": "owned"
            },
            "tags_all": {
              "Name": "okd3-node2-docker-pool",
              "kubernetes.io/cluster/dotgroup-okd3": "owned"
            },
            "throughput": 125,
            "type": "gp3"
          },
          "sensitive_attributes": [],
          "private": "bnVsbA==",
          "dependencies": [
            "module.worker-nodes.aws_instance.os"
          ]
        },
        {
          "index_key": 3,
          "schema_version": 0,
          "attributes": {
            "arn": "arn:aws:ec2:us-east-1:586183866151:volume/vol-01f481f7f7ddefb2a",
            "availability_zone": "us-east-1c",
            "encrypted": false,
            "id": "vol-01f481f7f7ddefb2a",
            "iops": 3000,
            "kms_key_id": "",
            "multi_attach_enabled": false,
            "outpost_arn": "",
            "size": 60,
            "snapshot_id": "",
            "tags": {
              "Name": "okd3-node4-docker-pool",
              "kubernetes.io/cluster/dotgroup-okd3": "owned"
            },
            "tags_all": {
              "Name": "okd3-node4-docker-pool",
              "kubernetes.io/cluster/dotgroup-okd3": "owned"
            },
            "throughput": 125,
            "type": "gp3"
          },
          "sensitive_attributes": [],
          "private": "bnVsbA==",
          "dependencies": [
            "module.worker-nodes.aws_instance.os"
          ]
        },
        {
          "index_key": 4,
          "schema_version": 0,
          "attributes": {
            "arn": "arn:aws:ec2:us-east-1:586183866151:volume/vol-00382d1b8438f47fb",
            "availability_zone": "us-east-1c",
            "encrypted": false,
            "id": "vol-00382d1b8438f47fb",
            "iops": 3000,
            "kms_key_id": "",
            "multi_attach_enabled": false,
            "outpost_arn": "",
            "size": 60,
            "snapshot_id": "",
            "tags": {
              "Name": "okd3-node5-docker-pool",
              "kubernetes.io/cluster/dotgroup-okd3": "owned"
            },
            "tags_all": {
              "Name": "okd3-node5-docker-pool",
              "kubernetes.io/cluster/dotgroup-okd3": "owned"
            },
            "throughput": 125,
            "type": "gp3"
          },
          "sensitive_attributes": [],
          "private": "bnVsbA==",
          "dependencies": [
            "module.worker-nodes.aws_instance.os"
          ]
        },
        {
          "index_key": 5,
          "schema_version": 0,
          "attributes": {
            "arn": "arn:aws:ec2:us-east-1:586183866151:volume/vol-01f953bef184cac11",
            "availability_zone": "us-east-1c",
            "encrypted": false,
            "id": "vol-01f953bef184cac11",
            "iops": 3000,
            "kms_key_id": "",
            "multi_attach_enabled": false,
            "outpost_arn": "",
            "size": 60,
            "snapshot_id": "",
            "tags": {
              "Name": "okd3-node6-docker-pool",
              "kubernetes.io/cluster/dotgroup-okd3": "owned"
            },
            "tags_all": {
              "Name": "okd3-node6-docker-pool",
              "kubernetes.io/cluster/dotgroup-okd3": "owned"
            },
            "throughput": 125,
            "type": "gp3"
          },
          "sensitive_attributes": [],
          "private": "bnVsbA==",
          "dependencies": [
            "module.worker-nodes.aws_instance.os"
          ]
        },
        {
          "index_key": 7,
          "schema_version": 0,
          "attributes": {
            "arn": "arn:aws:ec2:us-east-1:586183866151:volume/vol-0d8a261bf40970f86",
            "availability_zone": "us-east-1c",
            "encrypted": false,
            "id": "vol-0d8a261bf40970f86",
            "iops": 3000,
            "kms_key_id": "",
            "multi_attach_enabled": false,
            "outpost_arn": "",
            "size": 60,
            "snapshot_id": "",
            "tags": {
              "Name": "okd3-node8-docker-pool",
              "kubernetes.io/cluster/dotgroup-okd3": "owned"
            },
            "tags_all": {
              "Name": "okd3-node8-docker-pool",
              "kubernetes.io/cluster/dotgroup-okd3": "owned"
            },
            "throughput": 125,
            "type": "gp3"
          },
          "sensitive_attributes": [],
          "private": "bnVsbA==",
          "dependencies": [
            "module.worker-nodes.aws_instance.os"
          ]
        },
        {
          "index_key": 8,
          "schema_version": 0,
          "attributes": {
            "arn": "arn:aws:ec2:us-east-1:586183866151:volume/vol-03858663bf0f3b3ee",
            "availability_zone": "us-east-1c",
            "encrypted": false,
            "id": "vol-03858663bf0f3b3ee",
            "iops": 3000,
            "kms_key_id": "",
            "multi_attach_enabled": false,
            "outpost_arn": "",
            "size": 60,
            "snapshot_id": "",
            "tags": {
              "Name": "okd3-node9-docker-pool",
              "kubernetes.io/cluster/dotgroup-okd3": "owned"
            },
            "tags_all": {
              "Name": "okd3-node9-docker-pool",
              "kubernetes.io/cluster/dotgroup-okd3": "owned"
            },
            "throughput": 125,
            "type": "gp3"
          },
          "sensitive_attributes": [],
          "private": "bnVsbA==",
          "dependencies": [
            "module.worker-nodes.aws_instance.os"
          ]
        }
      ]
    },
    {
      "module": "module.worker-nodes",
      "mode": "managed",
      "type": "aws_ebs_volume",
      "name": "var",
      "provider": "module.worker-nodes.provider[\"registry.terraform.io/hashicorp/aws\"]",
      "instances": [
        {
          "index_key": 1,
          "schema_version": 0,
          "attributes": {
            "arn": "arn:aws:ec2:us-east-1:586183866151:volume/vol-020804290d1e5761a",
            "availability_zone": "us-east-1c",
            "encrypted": false,
            "id": "vol-020804290d1e5761a",
            "iops": 3000,
            "kms_key_id": "",
            "multi_attach_enabled": false,
            "outpost_arn": "",
            "size": 90,
            "snapshot_id": "",
            "tags": {
              "Name": "okd3-node2-var",
              "kubernetes.io/cluster/dotgroup-okd3": "owned"
            },
            "tags_all": {
              "Name": "okd3-node2-var",
              "kubernetes.io/cluster/dotgroup-okd3": "owned"
            },
            "throughput": 125,
            "type": "gp3"
          },
          "sensitive_attributes": [],
          "private": "bnVsbA==",
          "dependencies": [
            "module.worker-nodes.aws_instance.os"
          ]
        },
        {
          "index_key": 3,
          "schema_version": 0,
          "attributes": {
            "arn": "arn:aws:ec2:us-east-1:586183866151:volume/vol-0fcddbeec49f12cec",
            "availability_zone": "us-east-1c",
            "encrypted": false,
            "id": "vol-0fcddbeec49f12cec",
            "iops": 3000,
            "kms_key_id": "",
            "multi_attach_enabled": false,
            "outpost_arn": "",
            "size": 90,
            "snapshot_id": "",
            "tags": {
              "Name": "okd3-node4-var",
              "kubernetes.io/cluster/dotgroup-okd3": "owned"
            },
            "tags_all": {
              "Name": "okd3-node4-var",
              "kubernetes.io/cluster/dotgroup-okd3": "owned"
            },
            "throughput": 125,
            "type": "gp3"
          },
          "sensitive_attributes": [],
          "private": "bnVsbA==",
          "dependencies": [
            "module.worker-nodes.aws_instance.os"
          ]
        },
        {
          "index_key": 4,
          "schema_version": 0,
          "attributes": {
            "arn": "arn:aws:ec2:us-east-1:586183866151:volume/vol-0e983f1341d277347",
            "availability_zone": "us-east-1c",
            "encrypted": false,
            "id": "vol-0e983f1341d277347",
            "iops": 3000,
            "kms_key_id": "",
            "multi_attach_enabled": false,
            "outpost_arn": "",
            "size": 90,
            "snapshot_id": "",
            "tags": {
              "Name": "okd3-node5-var",
              "kubernetes.io/cluster/dotgroup-okd3": "owned"
            },
            "tags_all": {
              "Name": "okd3-node5-var",
              "kubernetes.io/cluster/dotgroup-okd3": "owned"
            },
            "throughput": 125,
            "type": "gp3"
          },
          "sensitive_attributes": [],
          "private": "bnVsbA==",
          "dependencies": [
            "module.worker-nodes.aws_instance.os"
          ]
        },
        {
          "index_key": 5,
          "schema_version": 0,
          "attributes": {
            "arn": "arn:aws:ec2:us-east-1:586183866151:volume/vol-0d3b82bb2fa045eac",
            "availability_zone": "us-east-1c",
            "encrypted": false,
            "id": "vol-0d3b82bb2fa045eac",
            "iops": 3000,
            "kms_key_id": "",
            "multi_attach_enabled": false,
            "outpost_arn": "",
            "size": 90,
            "snapshot_id": "",
            "tags": {
              "Name": "okd3-node6-var",
              "kubernetes.io/cluster/dotgroup-okd3": "owned"
            },
            "tags_all": {
              "Name": "okd3-node6-var",
              "kubernetes.io/cluster/dotgroup-okd3": "owned"
            },
            "throughput": 125,
            "type": "gp3"
          },
          "sensitive_attributes": [],
          "private": "bnVsbA==",
          "dependencies": [
            "module.worker-nodes.aws_instance.os"
          ]
        },
        {
          "index_key": 7,
          "schema_version": 0,
          "attributes": {
            "arn": "arn:aws:ec2:us-east-1:586183866151:volume/vol-0ab4761f71b086129",
            "availability_zone": "us-east-1c",
            "encrypted": false,
            "id": "vol-0ab4761f71b086129",
            "iops": 3000,
            "kms_key_id": "",
            "multi_attach_enabled": false,
            "outpost_arn": "",
            "size": 90,
            "snapshot_id": "",
            "tags": {
              "Name": "okd3-node8-var",
              "kubernetes.io/cluster/dotgroup-okd3": "owned"
            },
            "tags_all": {
              "Name": "okd3-node8-var",
              "kubernetes.io/cluster/dotgroup-okd3": "owned"
            },
            "throughput": 125,
            "type": "gp3"
          },
          "sensitive_attributes": [],
          "private": "bnVsbA==",
          "dependencies": [
            "module.worker-nodes.aws_instance.os"
          ]
        },
        {
          "index_key": 8,
          "schema_version": 0,
          "attributes": {
            "arn": "arn:aws:ec2:us-east-1:586183866151:volume/vol-08c63937c4916cc4e",
            "availability_zone": "us-east-1c",
            "encrypted": false,
            "id": "vol-08c63937c4916cc4e",
            "iops": 3000,
            "kms_key_id": "",
            "multi_attach_enabled": false,
            "outpost_arn": "",
            "size": 90,
            "snapshot_id": "",
            "tags": {
              "Name": "okd3-node9-var",
              "kubernetes.io/cluster/dotgroup-okd3": "owned"
            },
            "tags_all": {
              "Name": "okd3-node9-var",
              "kubernetes.io/cluster/dotgroup-okd3": "owned"
            },
            "throughput": 125,
            "type": "gp3"
          },
          "sensitive_attributes": [],
          "private": "bnVsbA==",
          "dependencies": [
            "module.worker-nodes.aws_instance.os"
          ]
        }
      ]
    },
    {
      "module": "module.worker-nodes",
      "mode": "managed",
      "type": "aws_instance",
      "name": "os",
      "provider": "module.worker-nodes.provider[\"registry.terraform.io/hashicorp/aws\"]",
      "instances": [
        {
          "index_key": 1,
          "schema_version": 1,
          "attributes": {
            "ami": "ami-d5bf2caa",
            "arn": "arn:aws:ec2:us-east-1:586183866151:instance/i-0c62e2f76e550464f",
            "associate_public_ip_address": true,
            "availability_zone": "us-east-1c",
            "capacity_reservation_specification": [
              {
                "capacity_reservation_preference": "open",
                "capacity_reservation_target": []
              }
            ],
            "cpu_core_count": 4,
            "cpu_threads_per_core": 2,
            "credit_specification": [],
            "disable_api_termination": false,
            "ebs_block_device": [
              {
                "delete_on_termination": false,
                "device_name": "/dev/sdh",
                "encrypted": false,
                "iops": 3000,
                "kms_key_id": "",
                "snapshot_id": "",
                "tags": {},
                "throughput": 125,
                "volume_id": "vol-096aa47bf14393136",
                "volume_size": 60,
                "volume_type": "gp3"
              },
              {
                "delete_on_termination": false,
                "device_name": "/dev/sdi",
                "encrypted": false,
                "iops": 3000,
                "kms_key_id": "",
                "snapshot_id": "",
                "tags": {},
                "throughput": 125,
                "volume_id": "vol-020804290d1e5761a",
                "volume_size": 90,
                "volume_type": "gp3"
              }
            ],
            "ebs_optimized": false,
            "enclave_options": [
              {
                "enabled": false
              }
            ],
            "ephemeral_block_device": [],
            "get_password_data": false,
            "hibernation": false,
            "host_id": null,
            "iam_instance_profile": "",
            "id": "i-0c62e2f76e550464f",
            "instance_initiated_shutdown_behavior": "stop",
            "instance_state": "running",
            "instance_type": "c5.2xlarge",
            "ipv6_address_count": 0,
            "ipv6_addresses": [],
            "key_name": "default_prd",
            "launch_template": [],
            "metadata_options": [
              {
                "http_endpoint": "enabled",
                "http_put_response_hop_limit": 1,
                "http_tokens": "optional",
                "instance_metadata_tags": "disabled"
              }
            ],
            "monitoring": false,
            "network_interface": [],
            "outpost_arn": "",
            "password_data": "",
            "placement_group": "",
            "placement_partition_number": null,
            "primary_network_interface_id": "eni-0507d2c6be65aa01a",
            "private_dns": "ip-172-31-15-198.ec2.internal",
            "private_ip": "172.31.15.198",
            "public_dns": "ec2-44-213-105-45.compute-1.amazonaws.com",
            "public_ip": "44.213.105.45",
            "root_block_device": [
              {
                "delete_on_termination": true,
                "device_name": "/dev/sda1",
                "encrypted": false,
                "iops": 3000,
                "kms_key_id": "",
                "tags": {},
                "throughput": 125,
                "volume_id": "vol-0f68c59065acd551d",
                "volume_size": 10,
                "volume_type": "gp3"
              }
            ],
            "secondary_private_ips": [],
            "security_groups": [
              "default"
            ],
            "source_dest_check": true,
            "subnet_id": "subnet-7addd81d",
            "tags": {
              "Name": "prd-okd3-node2",
              "kubernetes.io/cluster/dotgroup-okd3": "owned"
            },
            "tags_all": {
              "Name": "prd-okd3-node2",
              "kubernetes.io/cluster/dotgroup-okd3": "owned"
            },
            "tenancy": "default",
            "timeouts": null,
            "user_data": null,
            "user_data_base64": null,
            "volume_tags": {
              "Name": "okd3-node2-docker-pool",
              "kubernetes.io/cluster/dotgroup-okd3": "owned"
            },
            "vpc_security_group_ids": [
              "sg-75fd6f27"
            ]
          },
          "sensitive_attributes": [],
          "private": "eyJlMmJmYjczMC1lY2FhLTExZTYtOGY4OC0zNDM2M2JjN2M0YzAiOnsiY3JlYXRlIjo2MDAwMDAwMDAwMDAsImRlbGV0ZSI6MTIwMDAwMDAwMDAwMCwidXBkYXRlIjo2MDAwMDAwMDAwMDB9LCJzY2hlbWFfdmVyc2lvbiI6IjEifQ=="
        },
        {
          "index_key": 3,
          "schema_version": 1,
          "attributes": {
            "ami": "ami-d5bf2caa",
            "arn": "arn:aws:ec2:us-east-1:586183866151:instance/i-0c467c0be55e1593b",
            "associate_public_ip_address": true,
            "availability_zone": "us-east-1c",
            "capacity_reservation_specification": [
              {
                "capacity_reservation_preference": "open",
                "capacity_reservation_target": []
              }
            ],
            "cpu_core_count": 4,
            "cpu_threads_per_core": 2,
            "credit_specification": [],
            "disable_api_termination": false,
            "ebs_block_device": [
              {
                "delete_on_termination": false,
                "device_name": "/dev/sdh",
                "encrypted": false,
                "iops": 3000,
                "kms_key_id": "",
                "snapshot_id": "",
                "tags": {},
                "throughput": 125,
                "volume_id": "vol-01f481f7f7ddefb2a",
                "volume_size": 60,
                "volume_type": "gp3"
              },
              {
                "delete_on_termination": false,
                "device_name": "/dev/sdi",
                "encrypted": false,
                "iops": 3000,
                "kms_key_id": "",
                "snapshot_id": "",
                "tags": {},
                "throughput": 125,
                "volume_id": "vol-0fcddbeec49f12cec",
                "volume_size": 90,
                "volume_type": "gp3"
              }
            ],
            "ebs_optimized": false,
            "enclave_options": [
              {
                "enabled": false
              }
            ],
            "ephemeral_block_device": [],
            "get_password_data": false,
            "hibernation": false,
            "host_id": null,
            "iam_instance_profile": "",
            "id": "i-0c467c0be55e1593b",
            "instance_initiated_shutdown_behavior": "stop",
            "instance_state": "running",
            "instance_type": "c5.2xlarge",
            "ipv6_address_count": 0,
            "ipv6_addresses": [],
            "key_name": "default_prd",
            "launch_template": [],
            "metadata_options": [
              {
                "http_endpoint": "enabled",
                "http_put_response_hop_limit": 1,
                "http_tokens": "optional",
                "instance_metadata_tags": "disabled"
              }
            ],
            "monitoring": false,
            "network_interface": [],
            "outpost_arn": "",
            "password_data": "",
            "placement_group": "",
            "placement_partition_number": null,
            "primary_network_interface_id": "eni-0ae2e145194138df3",
            "private_dns": "ip-172-31-3-159.ec2.internal",
            "private_ip": "172.31.3.159",
            "public_dns": "ec2-34-234-170-31.compute-1.amazonaws.com",
            "public_ip": "34.234.170.31",
            "root_block_device": [
              {
                "delete_on_termination": true,
                "device_name": "/dev/sda1",
                "encrypted": false,
                "iops": 3000,
                "kms_key_id": "",
                "tags": {},
                "throughput": 125,
                "volume_id": "vol-017294b4cdcb00422",
                "volume_size": 10,
                "volume_type": "gp3"
              }
            ],
            "secondary_private_ips": [],
            "security_groups": [
              "default"
            ],
            "source_dest_check": true,
            "subnet_id": "subnet-7addd81d",
            "tags": {
              "Name": "prd-okd3-node4",
              "kubernetes.io/cluster/dotgroup-okd3": "owned"
            },
            "tags_all": {
              "Name": "prd-okd3-node4",
              "kubernetes.io/cluster/dotgroup-okd3": "owned"
            },
            "tenancy": "default",
            "timeouts": null,
            "user_data": null,
            "user_data_base64": null,
            "volume_tags": {
              "Name": "okd3-node4-var",
              "kubernetes.io/cluster/dotgroup-okd3": "owned"
            },
            "vpc_security_group_ids": [
              "sg-75fd6f27"
            ]
          },
          "sensitive_attributes": [],
          "private": "eyJlMmJmYjczMC1lY2FhLTExZTYtOGY4OC0zNDM2M2JjN2M0YzAiOnsiY3JlYXRlIjo2MDAwMDAwMDAwMDAsImRlbGV0ZSI6MTIwMDAwMDAwMDAwMCwidXBkYXRlIjo2MDAwMDAwMDAwMDB9LCJzY2hlbWFfdmVyc2lvbiI6IjEifQ=="
        },
        {
          "index_key": 4,
          "schema_version": 1,
          "attributes": {
            "ami": "ami-d5bf2caa",
            "arn": "arn:aws:ec2:us-east-1:586183866151:instance/i-0223c0e286ca7aabf",
            "associate_public_ip_address": true,
            "availability_zone": "us-east-1c",
            "capacity_reservation_specification": [
              {
                "capacity_reservation_preference": "open",
                "capacity_reservation_target": []
              }
            ],
            "cpu_core_count": 4,
            "cpu_threads_per_core": 2,
            "credit_specification": [],
            "disable_api_termination": false,
            "ebs_block_device": [
              {
                "delete_on_termination": false,
                "device_name": "/dev/sdh",
                "encrypted": false,
                "iops": 3000,
                "kms_key_id": "",
                "snapshot_id": "",
                "tags": {},
                "throughput": 125,
                "volume_id": "vol-00382d1b8438f47fb",
                "volume_size": 60,
                "volume_type": "gp3"
              },
              {
                "delete_on_termination": false,
                "device_name": "/dev/sdi",
                "encrypted": false,
                "iops": 3000,
                "kms_key_id": "",
                "snapshot_id": "",
                "tags": {},
                "throughput": 125,
                "volume_id": "vol-0e983f1341d277347",
                "volume_size": 90,
                "volume_type": "gp3"
              }
            ],
            "ebs_optimized": false,
            "enclave_options": [
              {
                "enabled": false
              }
            ],
            "ephemeral_block_device": [],
            "get_password_data": false,
            "hibernation": false,
            "host_id": null,
            "iam_instance_profile": "",
            "id": "i-0223c0e286ca7aabf",
            "instance_initiated_shutdown_behavior": "stop",
            "instance_state": "running",
            "instance_type": "c5.2xlarge",
            "ipv6_address_count": 0,
            "ipv6_addresses": [],
            "key_name": "default_prd",
            "launch_template": [],
            "metadata_options": [
              {
                "http_endpoint": "enabled",
                "http_put_response_hop_limit": 1,
                "http_tokens": "optional",
                "instance_metadata_tags": "disabled"
              }
            ],
            "monitoring": false,
            "network_interface": [],
            "outpost_arn": "",
            "password_data": "",
            "placement_group": "",
            "placement_partition_number": null,
            "primary_network_interface_id": "eni-005af55ca230b9e07",
            "private_dns": "ip-172-31-13-157.ec2.internal",
            "private_ip": "172.31.13.157",
            "public_dns": "ec2-3-235-2-210.compute-1.amazonaws.com",
            "public_ip": "3.235.2.210",
            "root_block_device": [
              {
                "delete_on_termination": true,
                "device_name": "/dev/sda1",
                "encrypted": false,
                "iops": 3000,
                "kms_key_id": "",
                "tags": {},
                "throughput": 125,
                "volume_id": "vol-07fe21986b318e918",
                "volume_size": 10,
                "volume_type": "gp3"
              }
            ],
            "secondary_private_ips": [],
            "security_groups": [
              "default"
            ],
            "source_dest_check": true,
            "subnet_id": "subnet-7addd81d",
            "tags": {
              "Name": "prd-okd3-node5",
              "kubernetes.io/cluster/dotgroup-okd3": "owned"
            },
            "tags_all": {
              "Name": "prd-okd3-node5",
              "kubernetes.io/cluster/dotgroup-okd3": "owned"
            },
            "tenancy": "default",
            "timeouts": null,
            "user_data": null,
            "user_data_base64": null,
            "volume_tags": {
              "Name": "okd3-node5-var",
              "kubernetes.io/cluster/dotgroup-okd3": "owned"
            },
            "vpc_security_group_ids": [
              "sg-75fd6f27"
            ]
          },
          "sensitive_attributes": [],
          "private": "eyJlMmJmYjczMC1lY2FhLTExZTYtOGY4OC0zNDM2M2JjN2M0YzAiOnsiY3JlYXRlIjo2MDAwMDAwMDAwMDAsImRlbGV0ZSI6MTIwMDAwMDAwMDAwMCwidXBkYXRlIjo2MDAwMDAwMDAwMDB9LCJzY2hlbWFfdmVyc2lvbiI6IjEifQ=="
        },
        {
          "index_key": 5,
          "schema_version": 1,
          "attributes": {
            "ami": "ami-d5bf2caa",
            "arn": "arn:aws:ec2:us-east-1:586183866151:instance/i-0caa7b83f2aa0bde1",
            "associate_public_ip_address": false,
            "availability_zone": "us-east-1c",
            "capacity_reservation_specification": [
              {
                "capacity_reservation_preference": "open",
                "capacity_reservation_target": []
              }
            ],
            "cpu_core_count": 4,
            "cpu_threads_per_core": 2,
            "credit_specification": [],
            "disable_api_termination": false,
            "ebs_block_device": [
              {
                "delete_on_termination": false,
                "device_name": "/dev/sdh",
                "encrypted": false,
                "iops": 3000,
                "kms_key_id": "",
                "snapshot_id": "",
                "tags": {},
                "throughput": 125,
                "volume_id": "vol-01f953bef184cac11",
                "volume_size": 60,
                "volume_type": "gp3"
              },
              {
                "delete_on_termination": false,
                "device_name": "/dev/sdi",
                "encrypted": false,
                "iops": 3000,
                "kms_key_id": "",
                "snapshot_id": "",
                "tags": {},
                "throughput": 125,
                "volume_id": "vol-0d3b82bb2fa045eac",
                "volume_size": 90,
                "volume_type": "gp3"
              }
            ],
            "ebs_optimized": false,
            "enclave_options": [
              {
                "enabled": false
              }
            ],
            "ephemeral_block_device": [],
            "get_password_data": false,
            "hibernation": false,
            "host_id": null,
            "iam_instance_profile": "",
            "id": "i-0caa7b83f2aa0bde1",
            "instance_initiated_shutdown_behavior": "stop",
            "instance_state": "stopped",
            "instance_type": "c5.2xlarge",
            "ipv6_address_count": 0,
            "ipv6_addresses": [],
            "key_name": "default_prd",
            "launch_template": [],
            "metadata_options": [
              {
                "http_endpoint": "enabled",
                "http_put_response_hop_limit": 1,
                "http_tokens": "optional",
                "instance_metadata_tags": "disabled"
              }
            ],
            "monitoring": false,
            "network_interface": [],
            "outpost_arn": "",
            "password_data": "",
            "placement_group": "",
            "placement_partition_number": null,
            "primary_network_interface_id": "eni-0e965ef883197e844",
            "private_dns": "ip-172-31-10-211.ec2.internal",
            "private_ip": "172.31.10.211",
            "public_dns": "",
            "public_ip": "",
            "root_block_device": [
              {
                "delete_on_termination": true,
                "device_name": "/dev/sda1",
                "encrypted": false,
                "iops": 3000,
                "kms_key_id": "",
                "tags": {},
                "throughput": 125,
                "volume_id": "vol-02f593166cc47d9d4",
                "volume_size": 10,
                "volume_type": "gp3"
              }
            ],
            "secondary_private_ips": [],
            "security_groups": [
              "default"
            ],
            "source_dest_check": true,
            "subnet_id": "subnet-7addd81d",
            "tags": {
              "Name": "prd-okd3-node6",
              "kubernetes.io/cluster/dotgroup-okd3": "owned"
            },
            "tags_all": {
              "Name": "prd-okd3-node6",
              "kubernetes.io/cluster/dotgroup-okd3": "owned"
            },
            "tenancy": "default",
            "timeouts": null,
            "user_data": null,
            "user_data_base64": null,
            "volume_tags": {
              "Name": "okd3-node6-var",
              "kubernetes.io/cluster/dotgroup-okd3": "owned"
            },
            "vpc_security_group_ids": [
              "sg-75fd6f27"
            ]
          },
          "sensitive_attributes": [],
          "private": "eyJlMmJmYjczMC1lY2FhLTExZTYtOGY4OC0zNDM2M2JjN2M0YzAiOnsiY3JlYXRlIjo2MDAwMDAwMDAwMDAsImRlbGV0ZSI6MTIwMDAwMDAwMDAwMCwidXBkYXRlIjo2MDAwMDAwMDAwMDB9LCJzY2hlbWFfdmVyc2lvbiI6IjEifQ=="
        },
        {
          "index_key": 7,
          "schema_version": 1,
          "attributes": {
            "ami": "ami-d5bf2caa",
            "arn": "arn:aws:ec2:us-east-1:586183866151:instance/i-07146cee887891888",
            "associate_public_ip_address": true,
            "availability_zone": "us-east-1c",
            "capacity_reservation_specification": [
              {
                "capacity_reservation_preference": "open",
                "capacity_reservation_target": []
              }
            ],
            "cpu_core_count": 4,
            "cpu_threads_per_core": 2,
            "credit_specification": [],
            "disable_api_termination": false,
            "ebs_block_device": [
              {
                "delete_on_termination": false,
                "device_name": "/dev/sdh",
                "encrypted": false,
                "iops": 3000,
                "kms_key_id": "",
                "snapshot_id": "",
                "tags": {},
                "throughput": 125,
                "volume_id": "vol-0d8a261bf40970f86",
                "volume_size": 60,
                "volume_type": "gp3"
              },
              {
                "delete_on_termination": false,
                "device_name": "/dev/sdi",
                "encrypted": false,
                "iops": 3000,
                "kms_key_id": "",
                "snapshot_id": "",
                "tags": {},
                "throughput": 125,
                "volume_id": "vol-0ab4761f71b086129",
                "volume_size": 90,
                "volume_type": "gp3"
              }
            ],
            "ebs_optimized": false,
            "enclave_options": [
              {
                "enabled": false
              }
            ],
            "ephemeral_block_device": [],
            "get_password_data": false,
            "hibernation": false,
            "host_id": null,
            "iam_instance_profile": "",
            "id": "i-07146cee887891888",
            "instance_initiated_shutdown_behavior": "stop",
            "instance_state": "running",
            "instance_type": "c5.2xlarge",
            "ipv6_address_count": 0,
            "ipv6_addresses": [],
            "key_name": "default_prd",
            "launch_template": [],
            "metadata_options": [
              {
                "http_endpoint": "enabled",
                "http_put_response_hop_limit": 1,
                "http_tokens": "optional",
                "instance_metadata_tags": "disabled"
              }
            ],
            "monitoring": false,
            "network_interface": [],
            "outpost_arn": "",
            "password_data": "",
            "placement_group": "",
            "placement_partition_number": null,
            "primary_network_interface_id": "eni-0fbd06ff591a7782e",
            "private_dns": "ip-172-31-8-84.ec2.internal",
            "private_ip": "172.31.8.84",
            "public_dns": "ec2-3-226-252-16.compute-1.amazonaws.com",
            "public_ip": "3.226.252.16",
            "root_block_device": [
              {
                "delete_on_termination": true,
                "device_name": "/dev/sda1",
                "encrypted": false,
                "iops": 3000,
                "kms_key_id": "",
                "tags": {},
                "throughput": 125,
                "volume_id": "vol-01e223909155ed5cb",
                "volume_size": 10,
                "volume_type": "gp3"
              }
            ],
            "secondary_private_ips": [],
            "security_groups": [
              "default"
            ],
            "source_dest_check": true,
            "subnet_id": "subnet-7addd81d",
            "tags": {
              "Name": "prd-okd3-node8",
              "kubernetes.io/cluster/dotgroup-okd3": "owned"
            },
            "tags_all": {
              "Name": "prd-okd3-node8",
              "kubernetes.io/cluster/dotgroup-okd3": "owned"
            },
            "tenancy": "default",
            "timeouts": null,
            "user_data": null,
            "user_data_base64": null,
            "volume_tags": {
              "Name": "okd3-node8-docker-pool",
              "kubernetes.io/cluster/dotgroup-okd3": "owned"
            },
            "vpc_security_group_ids": [
              "sg-75fd6f27"
            ]
          },
          "sensitive_attributes": [],
          "private": "eyJlMmJmYjczMC1lY2FhLTExZTYtOGY4OC0zNDM2M2JjN2M0YzAiOnsiY3JlYXRlIjo2MDAwMDAwMDAwMDAsImRlbGV0ZSI6MTIwMDAwMDAwMDAwMCwidXBkYXRlIjo2MDAwMDAwMDAwMDB9LCJzY2hlbWFfdmVyc2lvbiI6IjEifQ=="
        },
        {
          "index_key": 8,
          "schema_version": 1,
          "attributes": {
            "ami": "ami-d5bf2caa",
            "arn": "arn:aws:ec2:us-east-1:586183866151:instance/i-0ce415e5b832b349d",
            "associate_public_ip_address": true,
            "availability_zone": "us-east-1c",
            "capacity_reservation_specification": [
              {
                "capacity_reservation_preference": "open",
                "capacity_reservation_target": []
              }
            ],
            "cpu_core_count": 4,
            "cpu_threads_per_core": 2,
            "credit_specification": [],
            "disable_api_termination": false,
            "ebs_block_device": [
              {
                "delete_on_termination": false,
                "device_name": "/dev/sdh",
                "encrypted": false,
                "iops": 3000,
                "kms_key_id": "",
                "snapshot_id": "",
                "tags": {},
                "throughput": 125,
                "volume_id": "vol-03858663bf0f3b3ee",
                "volume_size": 60,
                "volume_type": "gp3"
              },
              {
                "delete_on_termination": false,
                "device_name": "/dev/sdi",
                "encrypted": false,
                "iops": 3000,
                "kms_key_id": "",
                "snapshot_id": "",
                "tags": {},
                "throughput": 125,
                "volume_id": "vol-08c63937c4916cc4e",
                "volume_size": 90,
                "volume_type": "gp3"
              }
            ],
            "ebs_optimized": false,
            "enclave_options": [
              {
                "enabled": false
              }
            ],
            "ephemeral_block_device": [],
            "get_password_data": false,
            "hibernation": false,
            "host_id": null,
            "iam_instance_profile": "",
            "id": "i-0ce415e5b832b349d",
            "instance_initiated_shutdown_behavior": "stop",
            "instance_state": "running",
            "instance_type": "c5.2xlarge",
            "ipv6_address_count": 0,
            "ipv6_addresses": [],
            "key_name": "default_prd",
            "launch_template": [],
            "metadata_options": [
              {
                "http_endpoint": "enabled",
                "http_put_response_hop_limit": 1,
                "http_tokens": "optional",
                "instance_metadata_tags": "disabled"
              }
            ],
            "monitoring": false,
            "network_interface": [],
            "outpost_arn": "",
            "password_data": "",
            "placement_group": "",
            "placement_partition_number": null,
            "primary_network_interface_id": "eni-0d4d7a3a5566fc181",
            "private_dns": "ip-172-31-15-53.ec2.internal",
            "private_ip": "172.31.15.53",
            "public_dns": "ec2-18-214-36-154.compute-1.amazonaws.com",
            "public_ip": "18.214.36.154",
            "root_block_device": [
              {
                "delete_on_termination": true,
                "device_name": "/dev/sda1",
                "encrypted": false,
                "iops": 3000,
                "kms_key_id": "",
                "tags": {},
                "throughput": 125,
                "volume_id": "vol-0e23cedbcdd2c1102",
                "volume_size": 10,
                "volume_type": "gp3"
              }
            ],
            "secondary_private_ips": [],
            "security_groups": [
              "default"
            ],
            "source_dest_check": true,
            "subnet_id": "subnet-7addd81d",
            "tags": {
              "Name": "prd-okd3-node9",
              "kubernetes.io/cluster/dotgroup-okd3": "owned"
            },
            "tags_all": {
              "Name": "prd-okd3-node9",
              "kubernetes.io/cluster/dotgroup-okd3": "owned"
            },
            "tenancy": "default",
            "timeouts": null,
            "user_data": null,
            "user_data_base64": null,
            "volume_tags": {
              "Name": "okd3-node9-var",
              "kubernetes.io/cluster/dotgroup-okd3": "owned"
            },
            "vpc_security_group_ids": [
              "sg-75fd6f27"
            ]
          },
          "sensitive_attributes": [],
          "private": "eyJlMmJmYjczMC1lY2FhLTExZTYtOGY4OC0zNDM2M2JjN2M0YzAiOnsiY3JlYXRlIjo2MDAwMDAwMDAwMDAsImRlbGV0ZSI6MTIwMDAwMDAwMDAwMCwidXBkYXRlIjo2MDAwMDAwMDAwMDB9LCJzY2hlbWFfdmVyc2lvbiI6IjEifQ=="
        }
      ]
    },
    {
      "module": "module.worker-nodes",
      "mode": "managed",
      "type": "aws_volume_attachment",
      "name": "dp_ec2",
      "provider": "module.worker-nodes.provider[\"registry.terraform.io/hashicorp/aws\"]",
      "instances": [
        {
          "index_key": 1,
          "schema_version": 0,
          "attributes": {
            "device_name": "/dev/sdh",
            "force_detach": null,
            "id": "vai-3075973235",
            "instance_id": "i-0c62e2f76e550464f",
            "skip_destroy": null,
            "stop_instance_before_detaching": null,
            "volume_id": "vol-096aa47bf14393136"
          },
          "sensitive_attributes": [],
          "private": "bnVsbA==",
          "dependencies": [
            "module.worker-nodes.aws_ebs_volume.dp",
            "module.worker-nodes.aws_instance.os"
          ]
        },
        {
          "index_key": 3,
          "schema_version": 0,
          "attributes": {
            "device_name": "/dev/sdh",
            "force_detach": null,
            "id": "vai-3911888095",
            "instance_id": "i-0c467c0be55e1593b",
            "skip_destroy": null,
            "stop_instance_before_detaching": null,
            "volume_id": "vol-01f481f7f7ddefb2a"
          },
          "sensitive_attributes": [],
          "private": "bnVsbA==",
          "dependencies": [
            "module.worker-nodes.aws_ebs_volume.dp",
            "module.worker-nodes.aws_instance.os"
          ]
        },
        {
          "index_key": 4,
          "schema_version": 0,
          "attributes": {
            "device_name": "/dev/sdh",
            "force_detach": null,
            "id": "vai-1618441106",
            "instance_id": "i-0223c0e286ca7aabf",
            "skip_destroy": null,
            "stop_instance_before_detaching": null,
            "volume_id": "vol-00382d1b8438f47fb"
          },
          "sensitive_attributes": [],
          "private": "bnVsbA==",
          "dependencies": [
            "module.worker-nodes.aws_ebs_volume.dp",
            "module.worker-nodes.aws_instance.os"
          ]
        },
        {
          "index_key": 5,
          "schema_version": 0,
          "attributes": {
            "device_name": "/dev/sdh",
            "force_detach": null,
            "id": "vai-2076255496",
            "instance_id": "i-0caa7b83f2aa0bde1",
            "skip_destroy": null,
            "stop_instance_before_detaching": null,
            "volume_id": "vol-01f953bef184cac11"
          },
          "sensitive_attributes": [],
          "private": "bnVsbA==",
          "dependencies": [
            "module.worker-nodes.aws_ebs_volume.dp",
            "module.worker-nodes.aws_instance.os"
          ]
        },
        {
          "index_key": 7,
          "schema_version": 0,
          "attributes": {
            "device_name": "/dev/sdh",
            "force_detach": null,
            "id": "vai-1553930119",
            "instance_id": "i-07146cee887891888",
            "skip_destroy": null,
            "stop_instance_before_detaching": null,
            "volume_id": "vol-0d8a261bf40970f86"
          },
          "sensitive_attributes": [],
          "private": "bnVsbA==",
          "dependencies": [
            "module.worker-nodes.aws_ebs_volume.dp",
            "module.worker-nodes.aws_instance.os"
          ]
        },
        {
          "index_key": 8,
          "schema_version": 0,
          "attributes": {
            "device_name": "/dev/sdh",
            "force_detach": null,
            "id": "vai-2982955081",
            "instance_id": "i-0ce415e5b832b349d",
            "skip_destroy": null,
            "stop_instance_before_detaching": null,
            "volume_id": "vol-03858663bf0f3b3ee"
          },
          "sensitive_attributes": [],
          "private": "bnVsbA==",
          "dependencies": [
            "module.worker-nodes.aws_ebs_volume.dp",
            "module.worker-nodes.aws_instance.os"
          ]
        }
      ]
    },
    {
      "module": "module.worker-nodes",
      "mode": "managed",
      "type": "aws_volume_attachment",
      "name": "var_ec2",
      "provider": "module.worker-nodes.provider[\"registry.terraform.io/hashicorp/aws\"]",
      "instances": [
        {
          "index_key": 1,
          "schema_version": 0,
          "attributes": {
            "device_name": "/dev/sdi",
            "force_detach": null,
            "id": "vai-2541121545",
            "instance_id": "i-0c62e2f76e550464f",
            "skip_destroy": null,
            "stop_instance_before_detaching": null,
            "volume_id": "vol-020804290d1e5761a"
          },
          "sensitive_attributes": [],
          "private": "bnVsbA==",
          "dependencies": [
            "module.worker-nodes.aws_ebs_volume.var",
            "module.worker-nodes.aws_instance.os"
          ]
        },
        {
          "index_key": 3,
          "schema_version": 0,
          "attributes": {
            "device_name": "/dev/sdi",
            "force_detach": null,
            "id": "vai-2354611398",
            "instance_id": "i-0c467c0be55e1593b",
            "skip_destroy": null,
            "stop_instance_before_detaching": null,
            "volume_id": "vol-0fcddbeec49f12cec"
          },
          "sensitive_attributes": [],
          "private": "bnVsbA==",
          "dependencies": [
            "module.worker-nodes.aws_ebs_volume.var",
            "module.worker-nodes.aws_instance.os"
          ]
        },
        {
          "index_key": 4,
          "schema_version": 0,
          "attributes": {
            "device_name": "/dev/sdi",
            "force_detach": null,
            "id": "vai-1223348810",
            "instance_id": "i-0223c0e286ca7aabf",
            "skip_destroy": null,
            "stop_instance_before_detaching": null,
            "volume_id": "vol-0e983f1341d277347"
          },
          "sensitive_attributes": [],
          "private": "bnVsbA==",
          "dependencies": [
            "module.worker-nodes.aws_ebs_volume.var",
            "module.worker-nodes.aws_instance.os"
          ]
        },
        {
          "index_key": 5,
          "schema_version": 0,
          "attributes": {
            "device_name": "/dev/sdi",
            "force_detach": null,
            "id": "vai-1271021313",
            "instance_id": "i-0caa7b83f2aa0bde1",
            "skip_destroy": null,
            "stop_instance_before_detaching": null,
            "volume_id": "vol-0d3b82bb2fa045eac"
          },
          "sensitive_attributes": [],
          "private": "bnVsbA==",
          "dependencies": [
            "module.worker-nodes.aws_ebs_volume.var",
            "module.worker-nodes.aws_instance.os"
          ]
        },
        {
          "index_key": 7,
          "schema_version": 0,
          "attributes": {
            "device_name": "/dev/sdi",
            "force_detach": null,
            "id": "vai-193857105",
            "instance_id": "i-07146cee887891888",
            "skip_destroy": null,
            "stop_instance_before_detaching": null,
            "volume_id": "vol-0ab4761f71b086129"
          },
          "sensitive_attributes": [],
          "private": "bnVsbA==",
          "dependencies": [
            "module.worker-nodes.aws_ebs_volume.var",
            "module.worker-nodes.aws_instance.os"
          ]
        },
        {
          "index_key": 8,
          "schema_version": 0,
          "attributes": {
            "device_name": "/dev/sdi",
            "force_detach": null,
            "id": "vai-1814444577",
            "instance_id": "i-0ce415e5b832b349d",
            "skip_destroy": null,
            "stop_instance_before_detaching": null,
            "volume_id": "vol-08c63937c4916cc4e"
          },
          "sensitive_attributes": [],
          "private": "bnVsbA==",
          "dependencies": [
            "module.worker-nodes.aws_ebs_volume.var",
            "module.worker-nodes.aws_instance.os"
          ]
        }
      ]
    }
  ],
  "check_results": null
}
