{
  "version": 4,
  "terraform_version": "1.6.4",
  "serial": 150,
  "lineage": "dcb50266-bedb-cb53-6978-2cd64582bcd4",
  "outputs": {},
  "resources": [
    {
      "module": "module.load-balancer",
      "mode": "managed",
      "type": "aws_ebs_volume",
      "name": "dp",
      "provider": "module.load-balancer.provider[\"registry.terraform.io/hashicorp/aws\"]",
      "instances": [
        {
          "index_key": 0,
          "schema_version": 0,
          "attributes": {
            "arn": "arn:aws:ec2:us-east-1:586183866151:volume/vol-08d84e774dd35c9e2",
            "availability_zone": "us-east-1a",
            "encrypted": false,
            "id": "vol-08d84e774dd35c9e2",
            "iops": 3000,
            "kms_key_id": "",
            "multi_attach_enabled": false,
            "outpost_arn": "",
            "size": 40,
            "snapshot_id": "",
            "tags": {
              "Name": "okd3-qa-lb1-docker-pool",
              "kubernetes.io/cluster/dotgroup-okd3-qa": "owned"
            },
            "tags_all": {
              "Name": "okd3-qa-lb1-docker-pool",
              "kubernetes.io/cluster/dotgroup-okd3-qa": "owned"
            },
            "throughput": 125,
            "type": "gp3"
          },
          "sensitive_attributes": [],
          "private": "bnVsbA==",
          "dependencies": [
            "module.load-balancer.aws_instance.os"
          ]
        }
      ]
    },
    {
      "module": "module.load-balancer",
      "mode": "managed",
      "type": "aws_ebs_volume",
      "name": "var",
      "provider": "module.load-balancer.provider[\"registry.terraform.io/hashicorp/aws\"]",
      "instances": [
        {
          "index_key": 0,
          "schema_version": 0,
          "attributes": {
            "arn": "arn:aws:ec2:us-east-1:586183866151:volume/vol-0511185063b5ef308",
            "availability_zone": "us-east-1a",
            "encrypted": false,
            "id": "vol-0511185063b5ef308",
            "iops": 3000,
            "kms_key_id": "",
            "multi_attach_enabled": false,
            "outpost_arn": "",
            "size": 80,
            "snapshot_id": "",
            "tags": {
              "Name": "okd3-qa-lb1-var",
              "kubernetes.io/cluster/dotgroup-okd3-qa": "owned"
            },
            "tags_all": {
              "Name": "okd3-qa-lb1-var",
              "kubernetes.io/cluster/dotgroup-okd3-qa": "owned"
            },
            "throughput": 125,
            "type": "gp3"
          },
          "sensitive_attributes": [],
          "private": "bnVsbA==",
          "dependencies": [
            "module.load-balancer.aws_instance.os"
          ]
        }
      ]
    },
    {
      "module": "module.load-balancer",
      "mode": "managed",
      "type": "aws_instance",
      "name": "os",
      "provider": "module.load-balancer.provider[\"registry.terraform.io/hashicorp/aws\"]",
      "instances": [
        {
          "index_key": 0,
          "schema_version": 1,
          "attributes": {
            "ami": "ami-d5bf2caa",
            "arn": "arn:aws:ec2:us-east-1:586183866151:instance/i-0574021c131dcec08",
            "associate_public_ip_address": true,
            "availability_zone": "us-east-1a",
            "capacity_reservation_specification": [
              {
                "capacity_reservation_preference": "open",
                "capacity_reservation_target": []
              }
            ],
            "cpu_core_count": 2,
            "cpu_threads_per_core": 1,
            "credit_specification": [
              {
                "cpu_credits": "standard"
              }
            ],
            "disable_api_termination": false,
            "ebs_block_device": [
              {
                "delete_on_termination": false,
                "device_name": "/dev/sdh",
                "encrypted": false,
                "iops": 3000,
                "kms_key_id": "",
                "snapshot_id": "",
                "tags": {
                  "Name": "okd3-qa-lb1-docker-pool",
                  "kubernetes.io/cluster/dotgroup-okd3-qa": "owned"
                },
                "throughput": 125,
                "volume_id": "vol-08d84e774dd35c9e2",
                "volume_size": 40,
                "volume_type": "gp3"
              },
              {
                "delete_on_termination": false,
                "device_name": "/dev/sdi",
                "encrypted": false,
                "iops": 3000,
                "kms_key_id": "",
                "snapshot_id": "",
                "tags": {
                  "Name": "okd3-qa-lb1-var",
                  "kubernetes.io/cluster/dotgroup-okd3-qa": "owned"
                },
                "throughput": 125,
                "volume_id": "vol-0511185063b5ef308",
                "volume_size": 80,
                "volume_type": "gp3"
              }
            ],
            "ebs_optimized": false,
            "enclave_options": [
              {
                "enabled": false
              }
            ],
            "ephemeral_block_device": [],
            "get_password_data": false,
            "hibernation": false,
            "host_id": null,
            "iam_instance_profile": "",
            "id": "i-0574021c131dcec08",
            "instance_initiated_shutdown_behavior": "stop",
            "instance_state": "running",
            "instance_type": "t2.medium",
            "ipv6_address_count": 0,
            "ipv6_addresses": [],
            "key_name": "default_qa",
            "launch_template": [],
            "metadata_options": [
              {
                "http_endpoint": "enabled",
                "http_put_response_hop_limit": 1,
                "http_tokens": "optional",
                "instance_metadata_tags": "disabled"
              }
            ],
            "monitoring": false,
            "network_interface": [],
            "outpost_arn": "",
            "password_data": "",
            "placement_group": "",
            "placement_partition_number": null,
            "primary_network_interface_id": "eni-0a15a395a97ba3533",
            "private_dns": "ip-172-32-3-163.ec2.internal",
            "private_ip": "172.32.3.163",
            "public_dns": "ec2-54-209-242-126.compute-1.amazonaws.com",
            "public_ip": "54.209.242.126",
            "root_block_device": [
              {
                "delete_on_termination": true,
                "device_name": "/dev/sda1",
                "encrypted": false,
                "iops": 3000,
                "kms_key_id": "",
                "tags": {},
                "throughput": 125,
                "volume_id": "vol-05bde8ab4771066f1",
                "volume_size": 20,
                "volume_type": "gp3"
              }
            ],
            "secondary_private_ips": [],
            "security_groups": [],
            "source_dest_check": true,
            "subnet_id": "subnet-095d49c9099bc0bd9",
            "tags": {
              "Name": "qa-okd3-lb",
              "SomenteHorarioComercial": "false",
              "kubernetes.io/cluster/dotgroup-okd3-qa": "owned"
            },
            "tags_all": {
              "Name": "qa-okd3-lb",
              "SomenteHorarioComercial": "false",
              "kubernetes.io/cluster/dotgroup-okd3-qa": "owned"
            },
            "tenancy": "default",
            "timeouts": null,
            "user_data": null,
            "user_data_base64": null,
            "volume_tags": null,
            "vpc_security_group_ids": [
              "sg-01d95825bef0e33c1"
            ]
          },
          "sensitive_attributes": [],
          "private": "eyJlMmJmYjczMC1lY2FhLTExZTYtOGY4OC0zNDM2M2JjN2M0YzAiOnsiY3JlYXRlIjo2MDAwMDAwMDAwMDAsImRlbGV0ZSI6MTIwMDAwMDAwMDAwMCwidXBkYXRlIjo2MDAwMDAwMDAwMDB9LCJzY2hlbWFfdmVyc2lvbiI6IjEifQ=="
        }
      ]
    },
    {
      "module": "module.load-balancer",
      "mode": "managed",
      "type": "aws_volume_attachment",
      "name": "dp_ec2",
      "provider": "module.load-balancer.provider[\"registry.terraform.io/hashicorp/aws\"]",
      "instances": [
        {
          "index_key": 0,
          "schema_version": 0,
          "attributes": {
            "device_name": "/dev/sdh",
            "force_detach": null,
            "id": "vai-1871512699",
            "instance_id": "i-0574021c131dcec08",
            "skip_destroy": null,
            "stop_instance_before_detaching": null,
            "volume_id": "vol-08d84e774dd35c9e2"
          },
          "sensitive_attributes": [],
          "private": "bnVsbA==",
          "dependencies": [
            "module.load-balancer.aws_ebs_volume.dp",
            "module.load-balancer.aws_instance.os"
          ]
        }
      ]
    },
    {
      "module": "module.load-balancer",
      "mode": "managed",
      "type": "aws_volume_attachment",
      "name": "var_ec2",
      "provider": "module.load-balancer.provider[\"registry.terraform.io/hashicorp/aws\"]",
      "instances": [
        {
          "index_key": 0,
          "schema_version": 0,
          "attributes": {
            "device_name": "/dev/sdi",
            "force_detach": null,
            "id": "vai-274631781",
            "instance_id": "i-0574021c131dcec08",
            "skip_destroy": null,
            "stop_instance_before_detaching": null,
            "volume_id": "vol-0511185063b5ef308"
          },
          "sensitive_attributes": [],
          "private": "bnVsbA==",
          "dependencies": [
            "module.load-balancer.aws_ebs_volume.var",
            "module.load-balancer.aws_instance.os"
          ]
        }
      ]
    },
    {
      "module": "module.master-nodes",
      "mode": "managed",
      "type": "aws_ebs_volume",
      "name": "dp",
      "provider": "module.master-nodes.provider[\"registry.terraform.io/hashicorp/aws\"]",
      "instances": [
        {
          "index_key": 0,
          "schema_version": 0,
          "attributes": {
            "arn": "arn:aws:ec2:us-east-1:586183866151:volume/vol-0ad3edda6cd0cbd3e",
            "availability_zone": "us-east-1a",
            "encrypted": false,
            "id": "vol-0ad3edda6cd0cbd3e",
            "iops": 3000,
            "kms_key_id": "",
            "multi_attach_enabled": false,
            "outpost_arn": "",
            "size": 60,
            "snapshot_id": "",
            "tags": {
              "Name": "okd3-qa-master1-docker-pool",
              "kubernetes.io/cluster/dotgroup-okd3-qa": "owned"
            },
            "tags_all": {
              "Name": "okd3-qa-master1-docker-pool",
              "kubernetes.io/cluster/dotgroup-okd3-qa": "owned"
            },
            "throughput": 125,
            "type": "gp3"
          },
          "sensitive_attributes": [],
          "private": "bnVsbA==",
          "dependencies": [
            "module.master-nodes.aws_instance.os"
          ]
        },
        {
          "index_key": 1,
          "schema_version": 0,
          "attributes": {
            "arn": "arn:aws:ec2:us-east-1:586183866151:volume/vol-0c206cbf744e04062",
            "availability_zone": "us-east-1a",
            "encrypted": false,
            "id": "vol-0c206cbf744e04062",
            "iops": 3000,
            "kms_key_id": "",
            "multi_attach_enabled": false,
            "outpost_arn": "",
            "size": 60,
            "snapshot_id": "",
            "tags": {
              "Name": "okd3-qa-master2-docker-pool",
              "kubernetes.io/cluster/dotgroup-okd3-qa": "owned"
            },
            "tags_all": {
              "Name": "okd3-qa-master2-docker-pool",
              "kubernetes.io/cluster/dotgroup-okd3-qa": "owned"
            },
            "throughput": 125,
            "type": "gp3"
          },
          "sensitive_attributes": [],
          "private": "bnVsbA==",
          "dependencies": [
            "module.master-nodes.aws_instance.os"
          ]
        },
        {
          "index_key": 2,
          "schema_version": 0,
          "attributes": {
            "arn": "arn:aws:ec2:us-east-1:586183866151:volume/vol-0e87ee7e0a3ccaf7d",
            "availability_zone": "us-east-1a",
            "encrypted": false,
            "id": "vol-0e87ee7e0a3ccaf7d",
            "iops": 3000,
            "kms_key_id": "",
            "multi_attach_enabled": false,
            "outpost_arn": "",
            "size": 60,
            "snapshot_id": "",
            "tags": {
              "Name": "okd3-qa-master3-docker-pool",
              "kubernetes.io/cluster/dotgroup-okd3-qa": "owned"
            },
            "tags_all": {
              "Name": "okd3-qa-master3-docker-pool",
              "kubernetes.io/cluster/dotgroup-okd3-qa": "owned"
            },
            "throughput": 125,
            "type": "gp3"
          },
          "sensitive_attributes": [],
          "private": "bnVsbA==",
          "dependencies": [
            "module.master-nodes.aws_instance.os"
          ]
        }
      ]
    },
    {
      "module": "module.master-nodes",
      "mode": "managed",
      "type": "aws_ebs_volume",
      "name": "var",
      "provider": "module.master-nodes.provider[\"registry.terraform.io/hashicorp/aws\"]",
      "instances": [
        {
          "index_key": 0,
          "schema_version": 0,
          "attributes": {
            "arn": "arn:aws:ec2:us-east-1:586183866151:volume/vol-02330ce300dc4556a",
            "availability_zone": "us-east-1a",
            "encrypted": false,
            "id": "vol-02330ce300dc4556a",
            "iops": 3000,
            "kms_key_id": "",
            "multi_attach_enabled": false,
            "outpost_arn": "",
            "size": 90,
            "snapshot_id": "",
            "tags": {
              "Name": "okd3-qa-master1-var",
              "kubernetes.io/cluster/dotgroup-okd3-qa": "owned"
            },
            "tags_all": {
              "Name": "okd3-qa-master1-var",
              "kubernetes.io/cluster/dotgroup-okd3-qa": "owned"
            },
            "throughput": 125,
            "type": "gp3"
          },
          "sensitive_attributes": [],
          "private": "bnVsbA==",
          "dependencies": [
            "module.master-nodes.aws_instance.os"
          ]
        },
        {
          "index_key": 1,
          "schema_version": 0,
          "attributes": {
            "arn": "arn:aws:ec2:us-east-1:586183866151:volume/vol-0ae6315aec2a6a2df",
            "availability_zone": "us-east-1a",
            "encrypted": false,
            "id": "vol-0ae6315aec2a6a2df",
            "iops": 3000,
            "kms_key_id": "",
            "multi_attach_enabled": false,
            "outpost_arn": "",
            "size": 90,
            "snapshot_id": "",
            "tags": {
              "Name": "okd3-qa-master2-var",
              "kubernetes.io/cluster/dotgroup-okd3-qa": "owned"
            },
            "tags_all": {
              "Name": "okd3-qa-master2-var",
              "kubernetes.io/cluster/dotgroup-okd3-qa": "owned"
            },
            "throughput": 125,
            "type": "gp3"
          },
          "sensitive_attributes": [],
          "private": "bnVsbA==",
          "dependencies": [
            "module.master-nodes.aws_instance.os"
          ]
        },
        {
          "index_key": 2,
          "schema_version": 0,
          "attributes": {
            "arn": "arn:aws:ec2:us-east-1:586183866151:volume/vol-0465ca617ef2e8853",
            "availability_zone": "us-east-1a",
            "encrypted": false,
            "id": "vol-0465ca617ef2e8853",
            "iops": 3000,
            "kms_key_id": "",
            "multi_attach_enabled": false,
            "outpost_arn": "",
            "size": 90,
            "snapshot_id": "",
            "tags": {
              "Name": "okd3-qa-master3-var",
              "kubernetes.io/cluster/dotgroup-okd3-qa": "owned"
            },
            "tags_all": {
              "Name": "okd3-qa-master3-var",
              "kubernetes.io/cluster/dotgroup-okd3-qa": "owned"
            },
            "throughput": 125,
            "type": "gp3"
          },
          "sensitive_attributes": [],
          "private": "bnVsbA==",
          "dependencies": [
            "module.master-nodes.aws_instance.os"
          ]
        }
      ]
    },
    {
      "module": "module.master-nodes",
      "mode": "managed",
      "type": "aws_instance",
      "name": "os",
      "provider": "module.master-nodes.provider[\"registry.terraform.io/hashicorp/aws\"]",
      "instances": [
        {
          "index_key": 0,
          "schema_version": 1,
          "attributes": {
            "ami": "ami-d5bf2caa",
            "arn": "arn:aws:ec2:us-east-1:586183866151:instance/i-0e64d32e07f6062cb",
            "associate_public_ip_address": false,
            "availability_zone": "us-east-1a",
            "capacity_reservation_specification": [
              {
                "capacity_reservation_preference": "open",
                "capacity_reservation_target": []
              }
            ],
            "cpu_core_count": 4,
            "cpu_threads_per_core": 2,
            "credit_specification": [],
            "disable_api_termination": false,
            "ebs_block_device": [
              {
                "delete_on_termination": false,
                "device_name": "/dev/sdh",
                "encrypted": false,
                "iops": 3000,
                "kms_key_id": "",
                "snapshot_id": "",
                "tags": {
                  "Name": "okd3-qa-master1-docker-pool",
                  "kubernetes.io/cluster/dotgroup-okd3-qa": "owned"
                },
                "throughput": 125,
                "volume_id": "vol-0ad3edda6cd0cbd3e",
                "volume_size": 60,
                "volume_type": "gp3"
              },
              {
                "delete_on_termination": false,
                "device_name": "/dev/sdi",
                "encrypted": false,
                "iops": 3000,
                "kms_key_id": "",
                "snapshot_id": "",
                "tags": {
                  "Name": "okd3-qa-master1-var",
                  "kubernetes.io/cluster/dotgroup-okd3-qa": "owned"
                },
                "throughput": 125,
                "volume_id": "vol-02330ce300dc4556a",
                "volume_size": 90,
                "volume_type": "gp3"
              }
            ],
            "ebs_optimized": false,
            "enclave_options": [
              {
                "enabled": false
              }
            ],
            "ephemeral_block_device": [],
            "get_password_data": false,
            "hibernation": false,
            "host_id": null,
            "iam_instance_profile": "",
            "id": "i-0e64d32e07f6062cb",
            "instance_initiated_shutdown_behavior": "stop",
            "instance_state": "running",
            "instance_type": "c5.2xlarge",
            "ipv6_address_count": 0,
            "ipv6_addresses": [],
            "key_name": "default_qa",
            "launch_template": [],
            "metadata_options": [
              {
                "http_endpoint": "enabled",
                "http_put_response_hop_limit": 1,
                "http_tokens": "optional",
                "instance_metadata_tags": "disabled"
              }
            ],
            "monitoring": false,
            "network_interface": [],
            "outpost_arn": "",
            "password_data": "",
            "placement_group": "",
            "placement_partition_number": null,
            "primary_network_interface_id": "eni-0216a347dc1d4c085",
            "private_dns": "ip-172-32-1-97.ec2.internal",
            "private_ip": "172.32.1.97",
            "public_dns": "",
            "public_ip": "",
            "root_block_device": [
              {
                "delete_on_termination": true,
                "device_name": "/dev/sda1",
                "encrypted": false,
                "iops": 3000,
                "kms_key_id": "",
                "tags": {},
                "throughput": 125,
                "volume_id": "vol-0760495c08909dafa",
                "volume_size": 10,
                "volume_type": "gp3"
              }
            ],
            "secondary_private_ips": [],
            "security_groups": [],
            "source_dest_check": true,
            "subnet_id": "subnet-05872fb3889e7b981",
            "tags": {
              "Name": "qa-okd3-master1",
              "SomenteHorarioComercial": "false",
              "kubernetes.io/cluster/dotgroup-okd3-qa": "owned"
            },
            "tags_all": {
              "Name": "qa-okd3-master1",
              "SomenteHorarioComercial": "false",
              "kubernetes.io/cluster/dotgroup-okd3-qa": "owned"
            },
            "tenancy": "default",
            "timeouts": null,
            "user_data": null,
            "user_data_base64": null,
            "volume_tags": null,
            "vpc_security_group_ids": [
              "sg-01d95825bef0e33c1"
            ]
          },
          "sensitive_attributes": [],
          "private": "eyJlMmJmYjczMC1lY2FhLTExZTYtOGY4OC0zNDM2M2JjN2M0YzAiOnsiY3JlYXRlIjo2MDAwMDAwMDAwMDAsImRlbGV0ZSI6MTIwMDAwMDAwMDAwMCwidXBkYXRlIjo2MDAwMDAwMDAwMDB9LCJzY2hlbWFfdmVyc2lvbiI6IjEifQ=="
        },
        {
          "index_key": 1,
          "schema_version": 1,
          "attributes": {
            "ami": "ami-d5bf2caa",
            "arn": "arn:aws:ec2:us-east-1:586183866151:instance/i-043709ab92cc2f150",
            "associate_public_ip_address": false,
            "availability_zone": "us-east-1a",
            "capacity_reservation_specification": [
              {
                "capacity_reservation_preference": "open",
                "capacity_reservation_target": []
              }
            ],
            "cpu_core_count": 4,
            "cpu_threads_per_core": 2,
            "credit_specification": [],
            "disable_api_termination": false,
            "ebs_block_device": [
              {
                "delete_on_termination": false,
                "device_name": "/dev/sdh",
                "encrypted": false,
                "iops": 3000,
                "kms_key_id": "",
                "snapshot_id": "",
                "tags": {
                  "Name": "okd3-qa-master2-docker-pool",
                  "kubernetes.io/cluster/dotgroup-okd3-qa": "owned"
                },
                "throughput": 125,
                "volume_id": "vol-0c206cbf744e04062",
                "volume_size": 60,
                "volume_type": "gp3"
              },
              {
                "delete_on_termination": false,
                "device_name": "/dev/sdi",
                "encrypted": false,
                "iops": 3000,
                "kms_key_id": "",
                "snapshot_id": "",
                "tags": {
                  "Name": "okd3-qa-master2-var",
                  "kubernetes.io/cluster/dotgroup-okd3-qa": "owned"
                },
                "throughput": 125,
                "volume_id": "vol-0ae6315aec2a6a2df",
                "volume_size": 90,
                "volume_type": "gp3"
              }
            ],
            "ebs_optimized": false,
            "enclave_options": [
              {
                "enabled": false
              }
            ],
            "ephemeral_block_device": [],
            "get_password_data": false,
            "hibernation": false,
            "host_id": null,
            "iam_instance_profile": "",
            "id": "i-043709ab92cc2f150",
            "instance_initiated_shutdown_behavior": "stop",
            "instance_state": "running",
            "instance_type": "c5.2xlarge",
            "ipv6_address_count": 0,
            "ipv6_addresses": [],
            "key_name": "default_qa",
            "launch_template": [],
            "metadata_options": [
              {
                "http_endpoint": "enabled",
                "http_put_response_hop_limit": 1,
                "http_tokens": "optional",
                "instance_metadata_tags": "disabled"
              }
            ],
            "monitoring": false,
            "network_interface": [],
            "outpost_arn": "",
            "password_data": "",
            "placement_group": "",
            "placement_partition_number": null,
            "primary_network_interface_id": "eni-035b4630de9b66ad3",
            "private_dns": "ip-172-32-1-240.ec2.internal",
            "private_ip": "172.32.1.240",
            "public_dns": "",
            "public_ip": "",
            "root_block_device": [
              {
                "delete_on_termination": true,
                "device_name": "/dev/sda1",
                "encrypted": false,
                "iops": 3000,
                "kms_key_id": "",
                "tags": {},
                "throughput": 125,
                "volume_id": "vol-0cd5c9439f607da64",
                "volume_size": 10,
                "volume_type": "gp3"
              }
            ],
            "secondary_private_ips": [],
            "security_groups": [],
            "source_dest_check": true,
            "subnet_id": "subnet-05872fb3889e7b981",
            "tags": {
              "Name": "qa-okd3-master2",
              "SomenteHorarioComercial": "false",
              "kubernetes.io/cluster/dotgroup-okd3-qa": "owned"
            },
            "tags_all": {
              "Name": "qa-okd3-master2",
              "SomenteHorarioComercial": "false",
              "kubernetes.io/cluster/dotgroup-okd3-qa": "owned"
            },
            "tenancy": "default",
            "timeouts": null,
            "user_data": null,
            "user_data_base64": null,
            "volume_tags": null,
            "vpc_security_group_ids": [
              "sg-01d95825bef0e33c1"
            ]
          },
          "sensitive_attributes": [],
          "private": "eyJlMmJmYjczMC1lY2FhLTExZTYtOGY4OC0zNDM2M2JjN2M0YzAiOnsiY3JlYXRlIjo2MDAwMDAwMDAwMDAsImRlbGV0ZSI6MTIwMDAwMDAwMDAwMCwidXBkYXRlIjo2MDAwMDAwMDAwMDB9LCJzY2hlbWFfdmVyc2lvbiI6IjEifQ=="
        },
        {
          "index_key": 2,
          "schema_version": 1,
          "attributes": {
            "ami": "ami-d5bf2caa",
            "arn": "arn:aws:ec2:us-east-1:586183866151:instance/i-0918cd75d571d78ef",
            "associate_public_ip_address": false,
            "availability_zone": "us-east-1a",
            "capacity_reservation_specification": [
              {
                "capacity_reservation_preference": "open",
                "capacity_reservation_target": []
              }
            ],
            "cpu_core_count": 4,
            "cpu_threads_per_core": 2,
            "credit_specification": [],
            "disable_api_termination": false,
            "ebs_block_device": [
              {
                "delete_on_termination": false,
                "device_name": "/dev/sdh",
                "encrypted": false,
                "iops": 3000,
                "kms_key_id": "",
                "snapshot_id": "",
                "tags": {
                  "Name": "okd3-qa-master3-docker-pool",
                  "kubernetes.io/cluster/dotgroup-okd3-qa": "owned"
                },
                "throughput": 125,
                "volume_id": "vol-0e87ee7e0a3ccaf7d",
                "volume_size": 60,
                "volume_type": "gp3"
              },
              {
                "delete_on_termination": false,
                "device_name": "/dev/sdi",
                "encrypted": false,
                "iops": 3000,
                "kms_key_id": "",
                "snapshot_id": "",
                "tags": {
                  "Name": "okd3-qa-master3-var",
                  "kubernetes.io/cluster/dotgroup-okd3-qa": "owned"
                },
                "throughput": 125,
                "volume_id": "vol-0465ca617ef2e8853",
                "volume_size": 90,
                "volume_type": "gp3"
              }
            ],
            "ebs_optimized": false,
            "enclave_options": [
              {
                "enabled": false
              }
            ],
            "ephemeral_block_device": [],
            "get_password_data": false,
            "hibernation": false,
            "host_id": null,
            "iam_instance_profile": "",
            "id": "i-0918cd75d571d78ef",
            "instance_initiated_shutdown_behavior": "stop",
            "instance_state": "running",
            "instance_type": "c5.2xlarge",
            "ipv6_address_count": 0,
            "ipv6_addresses": [],
            "key_name": "default_qa",
            "launch_template": [],
            "metadata_options": [
              {
                "http_endpoint": "enabled",
                "http_put_response_hop_limit": 1,
                "http_tokens": "optional",
                "instance_metadata_tags": "disabled"
              }
            ],
            "monitoring": false,
            "network_interface": [],
            "outpost_arn": "",
            "password_data": "",
            "placement_group": "",
            "placement_partition_number": null,
            "primary_network_interface_id": "eni-0148cbad9669cf605",
            "private_dns": "ip-172-32-1-107.ec2.internal",
            "private_ip": "172.32.1.107",
            "public_dns": "",
            "public_ip": "",
            "root_block_device": [
              {
                "delete_on_termination": true,
                "device_name": "/dev/sda1",
                "encrypted": false,
                "iops": 3000,
                "kms_key_id": "",
                "tags": {},
                "throughput": 125,
                "volume_id": "vol-0c4e117c87a3ede3f",
                "volume_size": 10,
                "volume_type": "gp3"
              }
            ],
            "secondary_private_ips": [],
            "security_groups": [],
            "source_dest_check": true,
            "subnet_id": "subnet-05872fb3889e7b981",
            "tags": {
              "Name": "qa-okd3-master3",
              "SomenteHorarioComercial": "false",
              "kubernetes.io/cluster/dotgroup-okd3-qa": "owned"
            },
            "tags_all": {
              "Name": "qa-okd3-master3",
              "SomenteHorarioComercial": "false",
              "kubernetes.io/cluster/dotgroup-okd3-qa": "owned"
            },
            "tenancy": "default",
            "timeouts": null,
            "user_data": null,
            "user_data_base64": null,
            "volume_tags": null,
            "vpc_security_group_ids": [
              "sg-01d95825bef0e33c1"
            ]
          },
          "sensitive_attributes": [],
          "private": "eyJlMmJmYjczMC1lY2FhLTExZTYtOGY4OC0zNDM2M2JjN2M0YzAiOnsiY3JlYXRlIjo2MDAwMDAwMDAwMDAsImRlbGV0ZSI6MTIwMDAwMDAwMDAwMCwidXBkYXRlIjo2MDAwMDAwMDAwMDB9LCJzY2hlbWFfdmVyc2lvbiI6IjEifQ=="
        }
      ]
    },
    {
      "module": "module.master-nodes",
      "mode": "managed",
      "type": "aws_volume_attachment",
      "name": "dp_ec2",
      "provider": "module.master-nodes.provider[\"registry.terraform.io/hashicorp/aws\"]",
      "instances": [
        {
          "index_key": 0,
          "schema_version": 0,
          "attributes": {
            "device_name": "/dev/sdh",
            "force_detach": null,
            "id": "vai-2913261526",
            "instance_id": "i-0e64d32e07f6062cb",
            "skip_destroy": null,
            "stop_instance_before_detaching": null,
            "volume_id": "vol-0ad3edda6cd0cbd3e"
          },
          "sensitive_attributes": [],
          "private": "bnVsbA==",
          "dependencies": [
            "module.master-nodes.aws_ebs_volume.dp",
            "module.master-nodes.aws_instance.os"
          ]
        },
        {
          "index_key": 1,
          "schema_version": 0,
          "attributes": {
            "device_name": "/dev/sdh",
            "force_detach": null,
            "id": "vai-1789626946",
            "instance_id": "i-043709ab92cc2f150",
            "skip_destroy": null,
            "stop_instance_before_detaching": null,
            "volume_id": "vol-0c206cbf744e04062"
          },
          "sensitive_attributes": [],
          "private": "bnVsbA==",
          "dependencies": [
            "module.master-nodes.aws_ebs_volume.dp",
            "module.master-nodes.aws_instance.os"
          ]
        },
        {
          "index_key": 2,
          "schema_version": 0,
          "attributes": {
            "device_name": "/dev/sdh",
            "force_detach": null,
            "id": "vai-2504091204",
            "instance_id": "i-0918cd75d571d78ef",
            "skip_destroy": null,
            "stop_instance_before_detaching": null,
            "volume_id": "vol-0e87ee7e0a3ccaf7d"
          },
          "sensitive_attributes": [],
          "private": "bnVsbA==",
          "dependencies": [
            "module.master-nodes.aws_ebs_volume.dp",
            "module.master-nodes.aws_instance.os"
          ]
        }
      ]
    },
    {
      "module": "module.master-nodes",
      "mode": "managed",
      "type": "aws_volume_attachment",
      "name": "var_ec2",
      "provider": "module.master-nodes.provider[\"registry.terraform.io/hashicorp/aws\"]",
      "instances": [
        {
          "index_key": 0,
          "schema_version": 0,
          "attributes": {
            "device_name": "/dev/sdi",
            "force_detach": null,
            "id": "vai-274680296",
            "instance_id": "i-0e64d32e07f6062cb",
            "skip_destroy": null,
            "stop_instance_before_detaching": null,
            "volume_id": "vol-02330ce300dc4556a"
          },
          "sensitive_attributes": [],
          "private": "bnVsbA==",
          "dependencies": [
            "module.master-nodes.aws_ebs_volume.var",
            "module.master-nodes.aws_instance.os"
          ]
        },
        {
          "index_key": 1,
          "schema_version": 0,
          "attributes": {
            "device_name": "/dev/sdi",
            "force_detach": null,
            "id": "vai-2885079726",
            "instance_id": "i-043709ab92cc2f150",
            "skip_destroy": null,
            "stop_instance_before_detaching": null,
            "volume_id": "vol-0ae6315aec2a6a2df"
          },
          "sensitive_attributes": [],
          "private": "bnVsbA==",
          "dependencies": [
            "module.master-nodes.aws_ebs_volume.var",
            "module.master-nodes.aws_instance.os"
          ]
        },
        {
          "index_key": 2,
          "schema_version": 0,
          "attributes": {
            "device_name": "/dev/sdi",
            "force_detach": null,
            "id": "vai-2294780192",
            "instance_id": "i-0918cd75d571d78ef",
            "skip_destroy": null,
            "stop_instance_before_detaching": null,
            "volume_id": "vol-0465ca617ef2e8853"
          },
          "sensitive_attributes": [],
          "private": "bnVsbA==",
          "dependencies": [
            "module.master-nodes.aws_ebs_volume.var",
            "module.master-nodes.aws_instance.os"
          ]
        }
      ]
    },
    {
      "module": "module.worker-nodes",
      "mode": "managed",
      "type": "aws_ebs_volume",
      "name": "dp",
      "provider": "module.worker-nodes.provider[\"registry.terraform.io/hashicorp/aws\"]",
      "instances": [
        {
          "index_key": 0,
          "schema_version": 0,
          "attributes": {
            "arn": "arn:aws:ec2:us-east-1:586183866151:volume/vol-0ef7ef759fc42a003",
            "availability_zone": "us-east-1a",
            "encrypted": false,
            "id": "vol-0ef7ef759fc42a003",
            "iops": 3000,
            "kms_key_id": "",
            "multi_attach_enabled": false,
            "outpost_arn": "",
            "size": 60,
            "snapshot_id": "",
            "tags": {
              "Name": "okd3-qa-node1-docker-pool",
              "kubernetes.io/cluster/dotgroup-okd3-qa": "owned"
            },
            "tags_all": {
              "Name": "okd3-qa-node1-docker-pool",
              "kubernetes.io/cluster/dotgroup-okd3-qa": "owned"
            },
            "throughput": 125,
            "type": "gp3"
          },
          "sensitive_attributes": [],
          "private": "bnVsbA==",
          "dependencies": [
            "module.worker-nodes.aws_instance.os"
          ]
        },
        {
          "index_key": 1,
          "schema_version": 0,
          "attributes": {
            "arn": "arn:aws:ec2:us-east-1:586183866151:volume/vol-0c1f6e39870f7eb7c",
            "availability_zone": "us-east-1a",
            "encrypted": false,
            "id": "vol-0c1f6e39870f7eb7c",
            "iops": 3000,
            "kms_key_id": "",
            "multi_attach_enabled": false,
            "outpost_arn": "",
            "size": 60,
            "snapshot_id": "",
            "tags": {
              "Name": "okd3-qa-node2-docker-pool",
              "kubernetes.io/cluster/dotgroup-okd3-qa": "owned"
            },
            "tags_all": {
              "Name": "okd3-qa-node2-docker-pool",
              "kubernetes.io/cluster/dotgroup-okd3-qa": "owned"
            },
            "throughput": 125,
            "type": "gp3"
          },
          "sensitive_attributes": [],
          "private": "bnVsbA==",
          "dependencies": [
            "module.worker-nodes.aws_instance.os"
          ]
        },
        {
          "index_key": 2,
          "schema_version": 0,
          "attributes": {
            "arn": "arn:aws:ec2:us-east-1:586183866151:volume/vol-0ad58bd96067c74c6",
            "availability_zone": "us-east-1a",
            "encrypted": false,
            "id": "vol-0ad58bd96067c74c6",
            "iops": 3000,
            "kms_key_id": "",
            "multi_attach_enabled": false,
            "outpost_arn": "",
            "size": 60,
            "snapshot_id": "",
            "tags": {
              "Name": "okd3-qa-node3-docker-pool",
              "kubernetes.io/cluster/dotgroup-okd3-qa": "owned"
            },
            "tags_all": {
              "Name": "okd3-qa-node3-docker-pool",
              "kubernetes.io/cluster/dotgroup-okd3-qa": "owned"
            },
            "throughput": 125,
            "type": "gp3"
          },
          "sensitive_attributes": [],
          "private": "bnVsbA==",
          "dependencies": [
            "module.worker-nodes.aws_instance.os"
          ]
        },
        {
          "index_key": 3,
          "schema_version": 0,
          "attributes": {
            "arn": "arn:aws:ec2:us-east-1:586183866151:volume/vol-0fcf1208a53b84e67",
            "availability_zone": "us-east-1a",
            "encrypted": false,
            "id": "vol-0fcf1208a53b84e67",
            "iops": 3000,
            "kms_key_id": "",
            "multi_attach_enabled": false,
            "outpost_arn": "",
            "size": 60,
            "snapshot_id": "",
            "tags": {
              "Name": "okd3-qa-node4-docker-pool",
              "kubernetes.io/cluster/dotgroup-okd3-qa": "owned"
            },
            "tags_all": {
              "Name": "okd3-qa-node4-docker-pool",
              "kubernetes.io/cluster/dotgroup-okd3-qa": "owned"
            },
            "throughput": 125,
            "type": "gp3"
          },
          "sensitive_attributes": [],
          "private": "bnVsbA==",
          "dependencies": [
            "module.worker-nodes.aws_instance.os"
          ]
        },
        {
          "index_key": 4,
          "schema_version": 0,
          "attributes": {
            "arn": "arn:aws:ec2:us-east-1:586183866151:volume/vol-08cb81f6daccd9396",
            "availability_zone": "us-east-1a",
            "encrypted": false,
            "id": "vol-08cb81f6daccd9396",
            "iops": 3000,
            "kms_key_id": "",
            "multi_attach_enabled": false,
            "outpost_arn": "",
            "size": 60,
            "snapshot_id": "",
            "tags": {
              "Name": "okd3-qa-node5-docker-pool",
              "kubernetes.io/cluster/dotgroup-okd3-qa": "owned"
            },
            "tags_all": {
              "Name": "okd3-qa-node5-docker-pool",
              "kubernetes.io/cluster/dotgroup-okd3-qa": "owned"
            },
            "throughput": 125,
            "type": "gp3"
          },
          "sensitive_attributes": [],
          "private": "bnVsbA==",
          "dependencies": [
            "module.worker-nodes.aws_instance.os"
          ]
        }
      ]
    },
    {
      "module": "module.worker-nodes",
      "mode": "managed",
      "type": "aws_ebs_volume",
      "name": "var",
      "provider": "module.worker-nodes.provider[\"registry.terraform.io/hashicorp/aws\"]",
      "instances": [
        {
          "index_key": 0,
          "schema_version": 0,
          "attributes": {
            "arn": "arn:aws:ec2:us-east-1:586183866151:volume/vol-0ba6fa8c826016b6c",
            "availability_zone": "us-east-1a",
            "encrypted": false,
            "id": "vol-0ba6fa8c826016b6c",
            "iops": 3000,
            "kms_key_id": "",
            "multi_attach_enabled": false,
            "outpost_arn": "",
            "size": 90,
            "snapshot_id": "",
            "tags": {
              "Name": "okd3-qa-node1-var",
              "kubernetes.io/cluster/dotgroup-okd3-qa": "owned"
            },
            "tags_all": {
              "Name": "okd3-qa-node1-var",
              "kubernetes.io/cluster/dotgroup-okd3-qa": "owned"
            },
            "throughput": 125,
            "type": "gp3"
          },
          "sensitive_attributes": [],
          "private": "bnVsbA==",
          "dependencies": [
            "module.worker-nodes.aws_instance.os"
          ]
        },
        {
          "index_key": 1,
          "schema_version": 0,
          "attributes": {
            "arn": "arn:aws:ec2:us-east-1:586183866151:volume/vol-06438c239e654c81b",
            "availability_zone": "us-east-1a",
            "encrypted": false,
            "id": "vol-06438c239e654c81b",
            "iops": 3000,
            "kms_key_id": "",
            "multi_attach_enabled": false,
            "outpost_arn": "",
            "size": 90,
            "snapshot_id": "",
            "tags": {
              "Name": "okd3-qa-node2-var",
              "kubernetes.io/cluster/dotgroup-okd3-qa": "owned"
            },
            "tags_all": {
              "Name": "okd3-qa-node2-var",
              "kubernetes.io/cluster/dotgroup-okd3-qa": "owned"
            },
            "throughput": 125,
            "type": "gp3"
          },
          "sensitive_attributes": [],
          "private": "bnVsbA==",
          "dependencies": [
            "module.worker-nodes.aws_instance.os"
          ]
        },
        {
          "index_key": 2,
          "schema_version": 0,
          "attributes": {
            "arn": "arn:aws:ec2:us-east-1:586183866151:volume/vol-09b99d1ecc98be00d",
            "availability_zone": "us-east-1a",
            "encrypted": false,
            "id": "vol-09b99d1ecc98be00d",
            "iops": 3000,
            "kms_key_id": "",
            "multi_attach_enabled": false,
            "outpost_arn": "",
            "size": 90,
            "snapshot_id": "",
            "tags": {
              "Name": "okd3-qa-node3-var",
              "kubernetes.io/cluster/dotgroup-okd3-qa": "owned"
            },
            "tags_all": {
              "Name": "okd3-qa-node3-var",
              "kubernetes.io/cluster/dotgroup-okd3-qa": "owned"
            },
            "throughput": 125,
            "type": "gp3"
          },
          "sensitive_attributes": [],
          "private": "bnVsbA==",
          "dependencies": [
            "module.worker-nodes.aws_instance.os"
          ]
        },
        {
          "index_key": 3,
          "schema_version": 0,
          "attributes": {
            "arn": "arn:aws:ec2:us-east-1:586183866151:volume/vol-00d5dbc4c03516479",
            "availability_zone": "us-east-1a",
            "encrypted": false,
            "id": "vol-00d5dbc4c03516479",
            "iops": 3000,
            "kms_key_id": "",
            "multi_attach_enabled": false,
            "outpost_arn": "",
            "size": 90,
            "snapshot_id": "",
            "tags": {
              "Name": "okd3-qa-node4-var",
              "kubernetes.io/cluster/dotgroup-okd3-qa": "owned"
            },
            "tags_all": {
              "Name": "okd3-qa-node4-var",
              "kubernetes.io/cluster/dotgroup-okd3-qa": "owned"
            },
            "throughput": 125,
            "type": "gp3"
          },
          "sensitive_attributes": [],
          "private": "bnVsbA==",
          "dependencies": [
            "module.worker-nodes.aws_instance.os"
          ]
        },
        {
          "index_key": 4,
          "schema_version": 0,
          "attributes": {
            "arn": "arn:aws:ec2:us-east-1:586183866151:volume/vol-01d1fd2bf6297951b",
            "availability_zone": "us-east-1a",
            "encrypted": false,
            "id": "vol-01d1fd2bf6297951b",
            "iops": 3000,
            "kms_key_id": "",
            "multi_attach_enabled": false,
            "outpost_arn": "",
            "size": 90,
            "snapshot_id": "",
            "tags": {
              "Name": "okd3-qa-node5-var",
              "kubernetes.io/cluster/dotgroup-okd3-qa": "owned"
            },
            "tags_all": {
              "Name": "okd3-qa-node5-var",
              "kubernetes.io/cluster/dotgroup-okd3-qa": "owned"
            },
            "throughput": 125,
            "type": "gp3"
          },
          "sensitive_attributes": [],
          "private": "bnVsbA==",
          "dependencies": [
            "module.worker-nodes.aws_instance.os"
          ]
        }
      ]
    },
    {
      "module": "module.worker-nodes",
      "mode": "managed",
      "type": "aws_instance",
      "name": "os",
      "provider": "module.worker-nodes.provider[\"registry.terraform.io/hashicorp/aws\"]",
      "instances": [
        {
          "index_key": 0,
          "schema_version": 1,
          "attributes": {
            "ami": "ami-d5bf2caa",
            "arn": "arn:aws:ec2:us-east-1:586183866151:instance/i-08fdabcf8b1cdbfd9",
            "associate_public_ip_address": false,
            "availability_zone": "us-east-1a",
            "capacity_reservation_specification": [
              {
                "capacity_reservation_preference": "open",
                "capacity_reservation_target": []
              }
            ],
            "cpu_core_count": 4,
            "cpu_threads_per_core": 2,
            "credit_specification": [],
            "disable_api_termination": false,
            "ebs_block_device": [
              {
                "delete_on_termination": false,
                "device_name": "/dev/sdh",
                "encrypted": false,
                "iops": 3000,
                "kms_key_id": "",
                "snapshot_id": "",
                "tags": {
                  "Name": "okd3-qa-node1-docker-pool",
                  "kubernetes.io/cluster/dotgroup-okd3-qa": "owned"
                },
                "throughput": 125,
                "volume_id": "vol-0ef7ef759fc42a003",
                "volume_size": 60,
                "volume_type": "gp3"
              },
              {
                "delete_on_termination": false,
                "device_name": "/dev/sdi",
                "encrypted": false,
                "iops": 3000,
                "kms_key_id": "",
                "snapshot_id": "",
                "tags": {
                  "Name": "okd3-qa-node1-var",
                  "kubernetes.io/cluster/dotgroup-okd3-qa": "owned"
                },
                "throughput": 125,
                "volume_id": "vol-0ba6fa8c826016b6c",
                "volume_size": 90,
                "volume_type": "gp3"
              }
            ],
            "ebs_optimized": true,
            "enclave_options": [
              {
                "enabled": false
              }
            ],
            "ephemeral_block_device": [],
            "get_password_data": false,
            "hibernation": false,
            "host_id": null,
            "iam_instance_profile": "",
            "id": "i-08fdabcf8b1cdbfd9",
            "instance_initiated_shutdown_behavior": "stop",
            "instance_state": "running",
            "instance_type": "c5.2xlarge",
            "ipv6_address_count": 0,
            "ipv6_addresses": [],
            "key_name": "default_qa",
            "launch_template": [],
            "metadata_options": [
              {
                "http_endpoint": "enabled",
                "http_put_response_hop_limit": 1,
                "http_tokens": "optional",
                "instance_metadata_tags": "disabled"
              }
            ],
            "monitoring": true,
            "network_interface": [],
            "outpost_arn": "",
            "password_data": "",
            "placement_group": "",
            "placement_partition_number": null,
            "primary_network_interface_id": "eni-0153fd1ba06e3cf16",
            "private_dns": "ip-172-32-1-160.ec2.internal",
            "private_ip": "172.32.1.160",
            "public_dns": "",
            "public_ip": "",
            "root_block_device": [
              {
                "delete_on_termination": true,
                "device_name": "/dev/sda1",
                "encrypted": false,
                "iops": 3000,
                "kms_key_id": "",
                "tags": {},
                "throughput": 125,
                "volume_id": "vol-007a958f664b5b0e4",
                "volume_size": 10,
                "volume_type": "gp3"
              }
            ],
            "secondary_private_ips": [],
            "security_groups": [],
            "source_dest_check": true,
            "subnet_id": "subnet-05872fb3889e7b981",
            "tags": {
              "Name": "qa-okd3-node1",
              "SomenteHorarioComercial": "true",
              "kubernetes.io/cluster/dotgroup-okd3-qa": "owned"
            },
            "tags_all": {
              "Name": "qa-okd3-node1",
              "SomenteHorarioComercial": "true",
              "kubernetes.io/cluster/dotgroup-okd3-qa": "owned"
            },
            "tenancy": "default",
            "timeouts": null,
            "user_data": null,
            "user_data_base64": null,
            "volume_tags": null,
            "vpc_security_group_ids": [
              "sg-01d95825bef0e33c1"
            ]
          },
          "sensitive_attributes": [],
          "private": "eyJlMmJmYjczMC1lY2FhLTExZTYtOGY4OC0zNDM2M2JjN2M0YzAiOnsiY3JlYXRlIjo2MDAwMDAwMDAwMDAsImRlbGV0ZSI6MTIwMDAwMDAwMDAwMCwidXBkYXRlIjo2MDAwMDAwMDAwMDB9LCJzY2hlbWFfdmVyc2lvbiI6IjEifQ=="
        },
        {
          "index_key": 1,
          "schema_version": 1,
          "attributes": {
            "ami": "ami-d5bf2caa",
            "arn": "arn:aws:ec2:us-east-1:586183866151:instance/i-005aa187313a00107",
            "associate_public_ip_address": false,
            "availability_zone": "us-east-1a",
            "capacity_reservation_specification": [
              {
                "capacity_reservation_preference": "open",
                "capacity_reservation_target": []
              }
            ],
            "cpu_core_count": 4,
            "cpu_threads_per_core": 2,
            "credit_specification": [],
            "disable_api_termination": false,
            "ebs_block_device": [
              {
                "delete_on_termination": false,
                "device_name": "/dev/sdh",
                "encrypted": false,
                "iops": 3000,
                "kms_key_id": "",
                "snapshot_id": "",
                "tags": {
                  "Name": "okd3-qa-node2-docker-pool",
                  "kubernetes.io/cluster/dotgroup-okd3-qa": "owned"
                },
                "throughput": 125,
                "volume_id": "vol-0c1f6e39870f7eb7c",
                "volume_size": 60,
                "volume_type": "gp3"
              },
              {
                "delete_on_termination": false,
                "device_name": "/dev/sdi",
                "encrypted": false,
                "iops": 3000,
                "kms_key_id": "",
                "snapshot_id": "",
                "tags": {
                  "Name": "okd3-qa-node2-var",
                  "kubernetes.io/cluster/dotgroup-okd3-qa": "owned"
                },
                "throughput": 125,
                "volume_id": "vol-06438c239e654c81b",
                "volume_size": 90,
                "volume_type": "gp3"
              }
            ],
            "ebs_optimized": true,
            "enclave_options": [
              {
                "enabled": false
              }
            ],
            "ephemeral_block_device": [],
            "get_password_data": false,
            "hibernation": false,
            "host_id": null,
            "iam_instance_profile": "",
            "id": "i-005aa187313a00107",
            "instance_initiated_shutdown_behavior": "stop",
            "instance_state": "running",
            "instance_type": "c5.2xlarge",
            "ipv6_address_count": 0,
            "ipv6_addresses": [],
            "key_name": "default_qa",
            "launch_template": [],
            "metadata_options": [
              {
                "http_endpoint": "enabled",
                "http_put_response_hop_limit": 1,
                "http_tokens": "optional",
                "instance_metadata_tags": "disabled"
              }
            ],
            "monitoring": false,
            "network_interface": [],
            "outpost_arn": "",
            "password_data": "",
            "placement_group": "",
            "placement_partition_number": null,
            "primary_network_interface_id": "eni-002ff7131824d5b92",
            "private_dns": "ip-172-32-1-76.ec2.internal",
            "private_ip": "172.32.1.76",
            "public_dns": "",
            "public_ip": "",
            "root_block_device": [
              {
                "delete_on_termination": true,
                "device_name": "/dev/sda1",
                "encrypted": false,
                "iops": 3000,
                "kms_key_id": "",
                "tags": {},
                "throughput": 125,
                "volume_id": "vol-07700ac1223cde2eb",
                "volume_size": 10,
                "volume_type": "gp3"
              }
            ],
            "secondary_private_ips": [],
            "security_groups": [],
            "source_dest_check": true,
            "subnet_id": "subnet-05872fb3889e7b981",
            "tags": {
              "Name": "qa-okd3-node2",
              "SomenteHorarioComercial": "true",
              "kubernetes.io/cluster/dotgroup-okd3-qa": "owned"
            },
            "tags_all": {
              "Name": "qa-okd3-node2",
              "SomenteHorarioComercial": "true",
              "kubernetes.io/cluster/dotgroup-okd3-qa": "owned"
            },
            "tenancy": "default",
            "timeouts": null,
            "user_data": null,
            "user_data_base64": null,
            "volume_tags": null,
            "vpc_security_group_ids": [
              "sg-01d95825bef0e33c1"
            ]
          },
          "sensitive_attributes": [],
          "private": "eyJlMmJmYjczMC1lY2FhLTExZTYtOGY4OC0zNDM2M2JjN2M0YzAiOnsiY3JlYXRlIjo2MDAwMDAwMDAwMDAsImRlbGV0ZSI6MTIwMDAwMDAwMDAwMCwidXBkYXRlIjo2MDAwMDAwMDAwMDB9LCJzY2hlbWFfdmVyc2lvbiI6IjEifQ=="
        },
        {
          "index_key": 2,
          "schema_version": 1,
          "attributes": {
            "ami": "ami-d5bf2caa",
            "arn": "arn:aws:ec2:us-east-1:586183866151:instance/i-02433559818f89d5a",
            "associate_public_ip_address": false,
            "availability_zone": "us-east-1a",
            "capacity_reservation_specification": [
              {
                "capacity_reservation_preference": "open",
                "capacity_reservation_target": []
              }
            ],
            "cpu_core_count": 4,
            "cpu_threads_per_core": 2,
            "credit_specification": [],
            "disable_api_termination": false,
            "ebs_block_device": [
              {
                "delete_on_termination": false,
                "device_name": "/dev/sdh",
                "encrypted": false,
                "iops": 3000,
                "kms_key_id": "",
                "snapshot_id": "",
                "tags": {
                  "Name": "okd3-qa-node3-docker-pool",
                  "kubernetes.io/cluster/dotgroup-okd3-qa": "owned"
                },
                "throughput": 125,
                "volume_id": "vol-0ad58bd96067c74c6",
                "volume_size": 60,
                "volume_type": "gp3"
              },
              {
                "delete_on_termination": false,
                "device_name": "/dev/sdi",
                "encrypted": false,
                "iops": 3000,
                "kms_key_id": "",
                "snapshot_id": "",
                "tags": {
                  "Name": "okd3-qa-node3-var",
                  "kubernetes.io/cluster/dotgroup-okd3-qa": "owned"
                },
                "throughput": 125,
                "volume_id": "vol-09b99d1ecc98be00d",
                "volume_size": 90,
                "volume_type": "gp3"
              }
            ],
            "ebs_optimized": true,
            "enclave_options": [
              {
                "enabled": false
              }
            ],
            "ephemeral_block_device": [],
            "get_password_data": false,
            "hibernation": false,
            "host_id": null,
            "iam_instance_profile": "",
            "id": "i-02433559818f89d5a",
            "instance_initiated_shutdown_behavior": "stop",
            "instance_state": "running",
            "instance_type": "c5.2xlarge",
            "ipv6_address_count": 0,
            "ipv6_addresses": [],
            "key_name": "default_qa",
            "launch_template": [],
            "metadata_options": [
              {
                "http_endpoint": "enabled",
                "http_put_response_hop_limit": 1,
                "http_tokens": "optional",
                "instance_metadata_tags": "disabled"
              }
            ],
            "monitoring": false,
            "network_interface": [],
            "outpost_arn": "",
            "password_data": "",
            "placement_group": "",
            "placement_partition_number": null,
            "primary_network_interface_id": "eni-086b35670374ade71",
            "private_dns": "ip-172-32-1-13.ec2.internal",
            "private_ip": "172.32.1.13",
            "public_dns": "",
            "public_ip": "",
            "root_block_device": [
              {
                "delete_on_termination": true,
                "device_name": "/dev/sda1",
                "encrypted": false,
                "iops": 3000,
                "kms_key_id": "",
                "tags": {},
                "throughput": 125,
                "volume_id": "vol-098308fb293864b52",
                "volume_size": 10,
                "volume_type": "gp3"
              }
            ],
            "secondary_private_ips": [],
            "security_groups": [],
            "source_dest_check": true,
            "subnet_id": "subnet-05872fb3889e7b981",
            "tags": {
              "Name": "qa-okd3-node3",
              "SomenteHorarioComercial": "true",
              "kubernetes.io/cluster/dotgroup-okd3-qa": "owned"
            },
            "tags_all": {
              "Name": "qa-okd3-node3",
              "SomenteHorarioComercial": "true",
              "kubernetes.io/cluster/dotgroup-okd3-qa": "owned"
            },
            "tenancy": "default",
            "timeouts": null,
            "user_data": null,
            "user_data_base64": null,
            "volume_tags": null,
            "vpc_security_group_ids": [
              "sg-01d95825bef0e33c1"
            ]
          },
          "sensitive_attributes": [],
          "private": "eyJlMmJmYjczMC1lY2FhLTExZTYtOGY4OC0zNDM2M2JjN2M0YzAiOnsiY3JlYXRlIjo2MDAwMDAwMDAwMDAsImRlbGV0ZSI6MTIwMDAwMDAwMDAwMCwidXBkYXRlIjo2MDAwMDAwMDAwMDB9LCJzY2hlbWFfdmVyc2lvbiI6IjEifQ=="
        },
        {
          "index_key": 3,
          "schema_version": 1,
          "attributes": {
            "ami": "ami-d5bf2caa",
            "arn": "arn:aws:ec2:us-east-1:586183866151:instance/i-0c1fc7a79b741c352",
            "associate_public_ip_address": false,
            "availability_zone": "us-east-1a",
            "capacity_reservation_specification": [
              {
                "capacity_reservation_preference": "open",
                "capacity_reservation_target": []
              }
            ],
            "cpu_core_count": 4,
            "cpu_threads_per_core": 2,
            "credit_specification": [],
            "disable_api_termination": false,
            "ebs_block_device": [
              {
                "delete_on_termination": false,
                "device_name": "/dev/sdh",
                "encrypted": false,
                "iops": 3000,
                "kms_key_id": "",
                "snapshot_id": "",
                "tags": {
                  "Name": "okd3-qa-node4-docker-pool",
                  "kubernetes.io/cluster/dotgroup-okd3-qa": "owned"
                },
                "throughput": 125,
                "volume_id": "vol-0fcf1208a53b84e67",
                "volume_size": 60,
                "volume_type": "gp3"
              },
              {
                "delete_on_termination": false,
                "device_name": "/dev/sdi",
                "encrypted": false,
                "iops": 3000,
                "kms_key_id": "",
                "snapshot_id": "",
                "tags": {
                  "Name": "okd3-qa-node4-var",
                  "kubernetes.io/cluster/dotgroup-okd3-qa": "owned"
                },
                "throughput": 125,
                "volume_id": "vol-00d5dbc4c03516479",
                "volume_size": 90,
                "volume_type": "gp3"
              }
            ],
            "ebs_optimized": true,
            "enclave_options": [
              {
                "enabled": false
              }
            ],
            "ephemeral_block_device": [],
            "get_password_data": false,
            "hibernation": false,
            "host_id": null,
            "iam_instance_profile": "",
            "id": "i-0c1fc7a79b741c352",
            "instance_initiated_shutdown_behavior": "stop",
            "instance_state": "running",
            "instance_type": "c5.2xlarge",
            "ipv6_address_count": 0,
            "ipv6_addresses": [],
            "key_name": "default_qa",
            "launch_template": [],
            "metadata_options": [
              {
                "http_endpoint": "enabled",
                "http_put_response_hop_limit": 1,
                "http_tokens": "optional",
                "instance_metadata_tags": "disabled"
              }
            ],
            "monitoring": false,
            "network_interface": [],
            "outpost_arn": "",
            "password_data": "",
            "placement_group": "",
            "placement_partition_number": null,
            "primary_network_interface_id": "eni-051f4cd7faf1af47e",
            "private_dns": "ip-172-32-1-135.ec2.internal",
            "private_ip": "172.32.1.135",
            "public_dns": "",
            "public_ip": "",
            "root_block_device": [
              {
                "delete_on_termination": true,
                "device_name": "/dev/sda1",
                "encrypted": false,
                "iops": 3000,
                "kms_key_id": "",
                "tags": {},
                "throughput": 125,
                "volume_id": "vol-038c6babd15c828fc",
                "volume_size": 10,
                "volume_type": "gp3"
              }
            ],
            "secondary_private_ips": [],
            "security_groups": [],
            "source_dest_check": true,
            "subnet_id": "subnet-05872fb3889e7b981",
            "tags": {
              "Name": "qa-okd3-node4",
              "SomenteHorarioComercial": "true",
              "kubernetes.io/cluster/dotgroup-okd3-qa": "owned"
            },
            "tags_all": {
              "Name": "qa-okd3-node4",
              "SomenteHorarioComercial": "true",
              "kubernetes.io/cluster/dotgroup-okd3-qa": "owned"
            },
            "tenancy": "default",
            "timeouts": null,
            "user_data": null,
            "user_data_base64": null,
            "volume_tags": null,
            "vpc_security_group_ids": [
              "sg-01d95825bef0e33c1"
            ]
          },
          "sensitive_attributes": [],
          "private": "eyJlMmJmYjczMC1lY2FhLTExZTYtOGY4OC0zNDM2M2JjN2M0YzAiOnsiY3JlYXRlIjo2MDAwMDAwMDAwMDAsImRlbGV0ZSI6MTIwMDAwMDAwMDAwMCwidXBkYXRlIjo2MDAwMDAwMDAwMDB9LCJzY2hlbWFfdmVyc2lvbiI6IjEifQ=="
        },
        {
          "index_key": 4,
          "schema_version": 1,
          "attributes": {
            "ami": "ami-d5bf2caa",
            "arn": "arn:aws:ec2:us-east-1:586183866151:instance/i-0993381af1915b30d",
            "associate_public_ip_address": false,
            "availability_zone": "us-east-1a",
            "capacity_reservation_specification": [
              {
                "capacity_reservation_preference": "open",
                "capacity_reservation_target": []
              }
            ],
            "cpu_core_count": 4,
            "cpu_threads_per_core": 2,
            "credit_specification": [],
            "disable_api_termination": false,
            "ebs_block_device": [
              {
                "delete_on_termination": false,
                "device_name": "/dev/sdh",
                "encrypted": false,
                "iops": 3000,
                "kms_key_id": "",
                "snapshot_id": "",
                "tags": {
                  "Name": "okd3-qa-node5-docker-pool",
                  "kubernetes.io/cluster/dotgroup-okd3-qa": "owned"
                },
                "throughput": 125,
                "volume_id": "vol-08cb81f6daccd9396",
                "volume_size": 60,
                "volume_type": "gp3"
              },
              {
                "delete_on_termination": false,
                "device_name": "/dev/sdi",
                "encrypted": false,
                "iops": 3000,
                "kms_key_id": "",
                "snapshot_id": "",
                "tags": {
                  "Name": "okd3-qa-node5-var",
                  "kubernetes.io/cluster/dotgroup-okd3-qa": "owned"
                },
                "throughput": 125,
                "volume_id": "vol-01d1fd2bf6297951b",
                "volume_size": 90,
                "volume_type": "gp3"
              }
            ],
            "ebs_optimized": true,
            "enclave_options": [
              {
                "enabled": false
              }
            ],
            "ephemeral_block_device": [],
            "get_password_data": false,
            "hibernation": false,
            "host_id": null,
            "iam_instance_profile": "",
            "id": "i-0993381af1915b30d",
            "instance_initiated_shutdown_behavior": "stop",
            "instance_state": "running",
            "instance_type": "c5.2xlarge",
            "ipv6_address_count": 0,
            "ipv6_addresses": [],
            "key_name": "default_qa",
            "launch_template": [],
            "metadata_options": [
              {
                "http_endpoint": "enabled",
                "http_put_response_hop_limit": 1,
                "http_tokens": "optional",
                "instance_metadata_tags": "disabled"
              }
            ],
            "monitoring": false,
            "network_interface": [],
            "outpost_arn": "",
            "password_data": "",
            "placement_group": "",
            "placement_partition_number": null,
            "primary_network_interface_id": "eni-0dfa03bdeedce22c9",
            "private_dns": "ip-172-32-1-217.ec2.internal",
            "private_ip": "172.32.1.217",
            "public_dns": "",
            "public_ip": "",
            "root_block_device": [
              {
                "delete_on_termination": true,
                "device_name": "/dev/sda1",
                "encrypted": false,
                "iops": 3000,
                "kms_key_id": "",
                "tags": {},
                "throughput": 125,
                "volume_id": "vol-06ca9bcbcc8ac07e0",
                "volume_size": 10,
                "volume_type": "gp3"
              }
            ],
            "secondary_private_ips": [],
            "security_groups": [],
            "source_dest_check": true,
            "subnet_id": "subnet-05872fb3889e7b981",
            "tags": {
              "Name": "qa-okd3-node5",
              "SomenteHorarioComercial": "true",
              "kubernetes.io/cluster/dotgroup-okd3-qa": "owned"
            },
            "tags_all": {
              "Name": "qa-okd3-node5",
              "SomenteHorarioComercial": "true",
              "kubernetes.io/cluster/dotgroup-okd3-qa": "owned"
            },
            "tenancy": "default",
            "timeouts": null,
            "user_data": null,
            "user_data_base64": null,
            "volume_tags": null,
            "vpc_security_group_ids": [
              "sg-01d95825bef0e33c1"
            ]
          },
          "sensitive_attributes": [],
          "private": "eyJlMmJmYjczMC1lY2FhLTExZTYtOGY4OC0zNDM2M2JjN2M0YzAiOnsiY3JlYXRlIjo2MDAwMDAwMDAwMDAsImRlbGV0ZSI6MTIwMDAwMDAwMDAwMCwidXBkYXRlIjo2MDAwMDAwMDAwMDB9LCJzY2hlbWFfdmVyc2lvbiI6IjEifQ=="
        }
      ]
    },
    {
      "module": "module.worker-nodes",
      "mode": "managed",
      "type": "aws_volume_attachment",
      "name": "dp_ec2",
      "provider": "module.worker-nodes.provider[\"registry.terraform.io/hashicorp/aws\"]",
      "instances": [
        {
          "index_key": 0,
          "schema_version": 0,
          "attributes": {
            "device_name": "/dev/sdh",
            "force_detach": null,
            "id": "vai-3028594642",
            "instance_id": "i-08fdabcf8b1cdbfd9",
            "skip_destroy": null,
            "stop_instance_before_detaching": null,
            "volume_id": "vol-0ef7ef759fc42a003"
          },
          "sensitive_attributes": [],
          "private": "bnVsbA==",
          "dependencies": [
            "module.worker-nodes.aws_ebs_volume.dp",
            "module.worker-nodes.aws_instance.os"
          ]
        },
        {
          "index_key": 1,
          "schema_version": 0,
          "attributes": {
            "device_name": "/dev/sdh",
            "force_detach": null,
            "id": "vai-277030711",
            "instance_id": "i-005aa187313a00107",
            "skip_destroy": null,
            "stop_instance_before_detaching": null,
            "volume_id": "vol-0c1f6e39870f7eb7c"
          },
          "sensitive_attributes": [],
          "private": "bnVsbA==",
          "dependencies": [
            "module.worker-nodes.aws_ebs_volume.dp",
            "module.worker-nodes.aws_instance.os"
          ]
        },
        {
          "index_key": 2,
          "schema_version": 0,
          "attributes": {
            "device_name": "/dev/sdh",
            "force_detach": null,
            "id": "vai-1803120954",
            "instance_id": "i-02433559818f89d5a",
            "skip_destroy": null,
            "stop_instance_before_detaching": null,
            "volume_id": "vol-0ad58bd96067c74c6"
          },
          "sensitive_attributes": [],
          "private": "bnVsbA==",
          "dependencies": [
            "module.worker-nodes.aws_ebs_volume.dp",
            "module.worker-nodes.aws_instance.os"
          ]
        },
        {
          "index_key": 3,
          "schema_version": 0,
          "attributes": {
            "device_name": "/dev/sdh",
            "force_detach": null,
            "id": "vai-1312353451",
            "instance_id": "i-0c1fc7a79b741c352",
            "skip_destroy": null,
            "stop_instance_before_detaching": null,
            "volume_id": "vol-0fcf1208a53b84e67"
          },
          "sensitive_attributes": [],
          "private": "bnVsbA==",
          "dependencies": [
            "module.worker-nodes.aws_ebs_volume.dp",
            "module.worker-nodes.aws_instance.os"
          ]
        },
        {
          "index_key": 4,
          "schema_version": 0,
          "attributes": {
            "device_name": "/dev/sdh",
            "force_detach": null,
            "id": "vai-2224834165",
            "instance_id": "i-0993381af1915b30d",
            "skip_destroy": null,
            "stop_instance_before_detaching": null,
            "volume_id": "vol-08cb81f6daccd9396"
          },
          "sensitive_attributes": [],
          "private": "bnVsbA==",
          "dependencies": [
            "module.worker-nodes.aws_ebs_volume.dp",
            "module.worker-nodes.aws_instance.os"
          ]
        }
      ]
    },
    {
      "module": "module.worker-nodes",
      "mode": "managed",
      "type": "aws_volume_attachment",
      "name": "var_ec2",
      "provider": "module.worker-nodes.provider[\"registry.terraform.io/hashicorp/aws\"]",
      "instances": [
        {
          "index_key": 0,
          "schema_version": 0,
          "attributes": {
            "device_name": "/dev/sdi",
            "force_detach": null,
            "id": "vai-3822143164",
            "instance_id": "i-08fdabcf8b1cdbfd9",
            "skip_destroy": null,
            "stop_instance_before_detaching": null,
            "volume_id": "vol-0ba6fa8c826016b6c"
          },
          "sensitive_attributes": [],
          "private": "bnVsbA==",
          "dependencies": [
            "module.worker-nodes.aws_ebs_volume.var",
            "module.worker-nodes.aws_instance.os"
          ]
        },
        {
          "index_key": 1,
          "schema_version": 0,
          "attributes": {
            "device_name": "/dev/sdi",
            "force_detach": null,
            "id": "vai-2263337745",
            "instance_id": "i-005aa187313a00107",
            "skip_destroy": null,
            "stop_instance_before_detaching": null,
            "volume_id": "vol-06438c239e654c81b"
          },
          "sensitive_attributes": [],
          "private": "bnVsbA==",
          "dependencies": [
            "module.worker-nodes.aws_ebs_volume.var",
            "module.worker-nodes.aws_instance.os"
          ]
        },
        {
          "index_key": 2,
          "schema_version": 0,
          "attributes": {
            "device_name": "/dev/sdi",
            "force_detach": null,
            "id": "vai-3417588615",
            "instance_id": "i-02433559818f89d5a",
            "skip_destroy": null,
            "stop_instance_before_detaching": null,
            "volume_id": "vol-09b99d1ecc98be00d"
          },
          "sensitive_attributes": [],
          "private": "bnVsbA==",
          "dependencies": [
            "module.worker-nodes.aws_ebs_volume.var",
            "module.worker-nodes.aws_instance.os"
          ]
        },
        {
          "index_key": 3,
          "schema_version": 0,
          "attributes": {
            "device_name": "/dev/sdi",
            "force_detach": null,
            "id": "vai-433851985",
            "instance_id": "i-0c1fc7a79b741c352",
            "skip_destroy": null,
            "stop_instance_before_detaching": null,
            "volume_id": "vol-00d5dbc4c03516479"
          },
          "sensitive_attributes": [],
          "private": "bnVsbA==",
          "dependencies": [
            "module.worker-nodes.aws_ebs_volume.var",
            "module.worker-nodes.aws_instance.os"
          ]
        },
        {
          "index_key": 4,
          "schema_version": 0,
          "attributes": {
            "device_name": "/dev/sdi",
            "force_detach": null,
            "id": "vai-3513388048",
            "instance_id": "i-0993381af1915b30d",
            "skip_destroy": null,
            "stop_instance_before_detaching": null,
            "volume_id": "vol-01d1fd2bf6297951b"
          },
          "sensitive_attributes": [],
          "private": "bnVsbA==",
          "dependencies": [
            "module.worker-nodes.aws_ebs_volume.var",
            "module.worker-nodes.aws_instance.os"
          ]
        }
      ]
    }
  ],
  "check_results": null
}
