{
  "version": 4,
  "terraform_version": "1.6.4",
  "serial": 18,
  "lineage": "22bc056a-bd04-64e9-dd22-67c93ef50b75",
  "outputs": {},
  "resources": [
    {
      "module": "module.postgres-main",
      "mode": "managed",
      "type": "aws_ebs_volume",
      "name": "backups",
      "provider": "module.postgres-main.provider[\"registry.terraform.io/hashicorp/aws\"]",
      "instances": [
        {
          "index_key": 0,
          "schema_version": 0,
          "attributes": {
            "arn": "arn:aws:ec2:us-east-1:586183866151:volume/vol-0fc52b2dd8ba00d2a",
            "availability_zone": "us-east-1c",
            "encrypted": false,
            "id": "vol-0fc52b2dd8ba00d2a",
            "iops": 0,
            "kms_key_id": "",
            "multi_attach_enabled": false,
            "outpost_arn": "",
            "size": 500,
            "snapshot_id": "",
            "tags": {
              "Name": "postgres-main-backups"
            },
            "tags_all": {
              "Name": "postgres-main-backups"
            },
            "throughput": 0,
            "type": "standard"
          },
          "sensitive_attributes": [],
          "private": "bnVsbA==",
          "dependencies": [
            "module.postgres-main.aws_instance.postgres"
          ]
        }
      ]
    },
    {
      "module": "module.postgres-main",
      "mode": "managed",
      "type": "aws_ebs_volume",
      "name": "data",
      "provider": "module.postgres-main.provider[\"registry.terraform.io/hashicorp/aws\"]",
      "instances": [
        {
          "index_key": 0,
          "schema_version": 0,
          "attributes": {
            "arn": "arn:aws:ec2:us-east-1:586183866151:volume/vol-085732217b6d8cb79",
            "availability_zone": "us-east-1c",
            "encrypted": false,
            "id": "vol-085732217b6d8cb79",
            "iops": 3000,
            "kms_key_id": "",
            "multi_attach_enabled": false,
            "outpost_arn": "",
            "size": 300,
            "snapshot_id": "",
            "tags": {
              "Name": "postgres-main-data1"
            },
            "tags_all": {
              "Name": "postgres-main-data1"
            },
            "throughput": 225,
            "type": "gp3"
          },
          "sensitive_attributes": [],
          "private": "bnVsbA==",
          "dependencies": [
            "module.postgres-main.aws_instance.postgres"
          ]
        },
        {
          "index_key": 1,
          "schema_version": 0,
          "attributes": {
            "arn": "arn:aws:ec2:us-east-1:586183866151:volume/vol-0237f72f14ecfd9f6",
            "availability_zone": "us-east-1c",
            "encrypted": false,
            "id": "vol-0237f72f14ecfd9f6",
            "iops": 3000,
            "kms_key_id": "",
            "multi_attach_enabled": false,
            "outpost_arn": "",
            "size": 300,
            "snapshot_id": "",
            "tags": {
              "Name": "postgres-main-data2"
            },
            "tags_all": {
              "Name": "postgres-main-data2"
            },
            "throughput": 225,
            "type": "gp3"
          },
          "sensitive_attributes": [],
          "private": "bnVsbA==",
          "dependencies": [
            "module.postgres-main.aws_instance.postgres"
          ]
        },
        {
          "index_key": 2,
          "schema_version": 0,
          "attributes": {
            "arn": "arn:aws:ec2:us-east-1:586183866151:volume/vol-09bb12834387c2ba7",
            "availability_zone": "us-east-1c",
            "encrypted": false,
            "id": "vol-09bb12834387c2ba7",
            "iops": 3000,
            "kms_key_id": "",
            "multi_attach_enabled": false,
            "outpost_arn": "",
            "size": 300,
            "snapshot_id": "",
            "tags": {
              "Name": "postgres-main-data3"
            },
            "tags_all": {
              "Name": "postgres-main-data3"
            },
            "throughput": 225,
            "type": "gp3"
          },
          "sensitive_attributes": [],
          "private": "bnVsbA==",
          "dependencies": [
            "module.postgres-main.aws_instance.postgres"
          ]
        }
      ]
    },
    {
      "module": "module.postgres-main",
      "mode": "managed",
      "type": "aws_ebs_volume",
      "name": "logs",
      "provider": "module.postgres-main.provider[\"registry.terraform.io/hashicorp/aws\"]",
      "instances": [
        {
          "index_key": 0,
          "schema_version": 0,
          "attributes": {
            "arn": "arn:aws:ec2:us-east-1:586183866151:volume/vol-088895aa2058cf89c",
            "availability_zone": "us-east-1c",
            "encrypted": false,
            "id": "vol-088895aa2058cf89c",
            "iops": 0,
            "kms_key_id": "",
            "multi_attach_enabled": false,
            "outpost_arn": "",
            "size": 100,
            "snapshot_id": "",
            "tags": {
              "Name": "postgres-main-logs"
            },
            "tags_all": {
              "Name": "postgres-main-logs"
            },
            "throughput": 0,
            "type": "standard"
          },
          "sensitive_attributes": [],
          "private": "bnVsbA==",
          "dependencies": [
            "module.postgres-main.aws_instance.postgres"
          ]
        }
      ]
    },
    {
      "module": "module.postgres-main",
      "mode": "managed",
      "type": "aws_instance",
      "name": "postgres",
      "provider": "module.postgres-main.provider[\"registry.terraform.io/hashicorp/aws\"]",
      "instances": [
        {
          "schema_version": 1,
          "attributes": {
            "ami": "ami-d5bf2caa",
            "arn": "arn:aws:ec2:us-east-1:586183866151:instance/i-07c82f7bc9bf861fc",
            "associate_public_ip_address": true,
            "availability_zone": "us-east-1c",
            "capacity_reservation_specification": [
              {
                "capacity_reservation_preference": "open",
                "capacity_reservation_target": []
              }
            ],
            "cpu_core_count": 24,
            "cpu_threads_per_core": 2,
            "credit_specification": [],
            "disable_api_termination": false,
            "ebs_block_device": [
              {
                "delete_on_termination": false,
                "device_name": "/dev/sdb",
                "encrypted": false,
                "iops": 0,
                "kms_key_id": "",
                "snapshot_id": "",
                "tags": {
                  "Name": "postgres-main-logs"
                },
                "throughput": 0,
                "volume_id": "vol-088895aa2058cf89c",
                "volume_size": 100,
                "volume_type": "standard"
              },
              {
                "delete_on_termination": false,
                "device_name": "/dev/sdc",
                "encrypted": false,
                "iops": 0,
                "kms_key_id": "",
                "snapshot_id": "",
                "tags": {
                  "Name": "postgres-main-backups"
                },
                "throughput": 0,
                "volume_id": "vol-0fc52b2dd8ba00d2a",
                "volume_size": 500,
                "volume_type": "standard"
              },
              {
                "delete_on_termination": false,
                "device_name": "/dev/sdf",
                "encrypted": false,
                "iops": 3000,
                "kms_key_id": "",
                "snapshot_id": "",
                "tags": {
                  "Name": "postgres-main-data1"
                },
                "throughput": 225,
                "volume_id": "vol-085732217b6d8cb79",
                "volume_size": 300,
                "volume_type": "gp3"
              },
              {
                "delete_on_termination": false,
                "device_name": "/dev/sdg",
                "encrypted": false,
                "iops": 3000,
                "kms_key_id": "",
                "snapshot_id": "",
                "tags": {
                  "Name": "postgres-main-data2"
                },
                "throughput": 225,
                "volume_id": "vol-0237f72f14ecfd9f6",
                "volume_size": 300,
                "volume_type": "gp3"
              },
              {
                "delete_on_termination": false,
                "device_name": "/dev/sdh",
                "encrypted": false,
                "iops": 3000,
                "kms_key_id": "",
                "snapshot_id": "",
                "tags": {
                  "Name": "postgres-main-data3"
                },
                "throughput": 225,
                "volume_id": "vol-09bb12834387c2ba7",
                "volume_size": 300,
                "volume_type": "gp3"
              },
              {
                "delete_on_termination": false,
                "device_name": "/dev/sdi",
                "encrypted": false,
                "iops": 3000,
                "kms_key_id": "",
                "snapshot_id": "",
                "tags": {
                  "Name": "postgres-main-data4"
                },
                "throughput": 225,
                "volume_id": "vol-0f0690a7c302ae13d",
                "volume_size": 300,
                "volume_type": "gp3"
              },
              {
                "delete_on_termination": false,
                "device_name": "/dev/sdj",
                "encrypted": false,
                "iops": 3000,
                "kms_key_id": "",
                "snapshot_id": "",
                "tags": {
                  "Name": "postgres-main-data5"
                },
                "throughput": 225,
                "volume_id": "vol-06980c6c41b38e00e",
                "volume_size": 300,
                "volume_type": "gp3"
              }
            ],
            "ebs_optimized": true,
            "enclave_options": [
              {
                "enabled": false
              }
            ],
            "ephemeral_block_device": [],
            "get_password_data": false,
            "hibernation": false,
            "host_id": null,
            "iam_instance_profile": "",
            "id": "i-07c82f7bc9bf861fc",
            "instance_initiated_shutdown_behavior": "stop",
            "instance_state": "running",
            "instance_type": "m5.12xlarge",
            "ipv6_address_count": 0,
            "ipv6_addresses": [],
            "key_name": "default_prd",
            "launch_template": [],
            "metadata_options": [
              {
                "http_endpoint": "enabled",
                "http_put_response_hop_limit": 1,
                "http_tokens": "optional",
                "instance_metadata_tags": "disabled"
              }
            ],
            "monitoring": false,
            "network_interface": [],
            "outpost_arn": "",
            "password_data": "",
            "placement_group": "",
            "placement_partition_number": null,
            "primary_network_interface_id": "eni-0c7a86b7d34952a86",
            "private_dns": "ip-172-31-8-151.ec2.internal",
            "private_ip": "172.31.8.151",
            "public_dns": "ec2-35-170-78-130.compute-1.amazonaws.com",
            "public_ip": "35.170.78.130",
            "root_block_device": [
              {
                "delete_on_termination": true,
                "device_name": "/dev/sda1",
                "encrypted": false,
                "iops": 3000,
                "kms_key_id": "",
                "tags": {},
                "throughput": 125,
                "volume_id": "vol-03ddcf2ec120ab741",
                "volume_size": 50,
                "volume_type": "gp3"
              }
            ],
            "secondary_private_ips": [],
            "security_groups": [
              "default"
            ],
            "source_dest_check": true,
            "subnet_id": "subnet-7addd81d",
            "tags": {
              "Name": "prd-postgres-main",
              "ambiente": "prd",
              "banco": "postgres",
              "modelo": "main"
            },
            "tags_all": {
              "Name": "prd-postgres-main",
              "ambiente": "prd",
              "banco": "postgres",
              "modelo": "main"
            },
            "tenancy": "default",
            "timeouts": null,
            "user_data": null,
            "user_data_base64": null,
            "volume_tags": {},
            "vpc_security_group_ids": [
              "sg-75fd6f27"
            ]
          },
          "sensitive_attributes": [],
          "private": "eyJlMmJmYjczMC1lY2FhLTExZTYtOGY4OC0zNDM2M2JjN2M0YzAiOnsiY3JlYXRlIjo2MDAwMDAwMDAwMDAsImRlbGV0ZSI6MTIwMDAwMDAwMDAwMCwidXBkYXRlIjo2MDAwMDAwMDAwMDB9LCJzY2hlbWFfdmVyc2lvbiI6IjEifQ=="
        }
      ]
    },
    {
      "module": "module.postgres-main",
      "mode": "managed",
      "type": "aws_volume_attachment",
      "name": "backups_ec2",
      "provider": "module.postgres-main.provider[\"registry.terraform.io/hashicorp/aws\"]",
      "instances": [
        {
          "index_key": 0,
          "schema_version": 0,
          "attributes": {
            "device_name": "/dev/sdc",
            "force_detach": null,
            "id": "vai-1599179699",
            "instance_id": "i-07c82f7bc9bf861fc",
            "skip_destroy": null,
            "stop_instance_before_detaching": null,
            "volume_id": "vol-0fc52b2dd8ba00d2a"
          },
          "sensitive_attributes": [],
          "private": "bnVsbA==",
          "dependencies": [
            "module.postgres-main.aws_ebs_volume.backups",
            "module.postgres-main.aws_instance.postgres"
          ]
        }
      ]
    },
    {
      "module": "module.postgres-main",
      "mode": "managed",
      "type": "aws_volume_attachment",
      "name": "data_ec2",
      "provider": "module.postgres-main.provider[\"registry.terraform.io/hashicorp/aws\"]",
      "instances": [
        {
          "index_key": 0,
          "schema_version": 0,
          "attributes": {
            "device_name": "/dev/sdf",
            "force_detach": null,
            "id": "vai-2363602963",
            "instance_id": "i-07c82f7bc9bf861fc",
            "skip_destroy": null,
            "stop_instance_before_detaching": null,
            "volume_id": "vol-085732217b6d8cb79"
          },
          "sensitive_attributes": [],
          "private": "bnVsbA==",
          "dependencies": [
            "module.postgres-main.aws_ebs_volume.data",
            "module.postgres-main.aws_instance.postgres"
          ]
        },
        {
          "index_key": 1,
          "schema_version": 0,
          "attributes": {
            "device_name": "/dev/sdg",
            "force_detach": null,
            "id": "vai-1214255076",
            "instance_id": "i-07c82f7bc9bf861fc",
            "skip_destroy": null,
            "stop_instance_before_detaching": null,
            "volume_id": "vol-0237f72f14ecfd9f6"
          },
          "sensitive_attributes": [],
          "private": "bnVsbA==",
          "dependencies": [
            "module.postgres-main.aws_ebs_volume.data",
            "module.postgres-main.aws_instance.postgres"
          ]
        },
        {
          "index_key": 2,
          "schema_version": 0,
          "attributes": {
            "device_name": "/dev/sdh",
            "force_detach": null,
            "id": "vai-3123557893",
            "instance_id": "i-07c82f7bc9bf861fc",
            "skip_destroy": null,
            "stop_instance_before_detaching": null,
            "volume_id": "vol-09bb12834387c2ba7"
          },
          "sensitive_attributes": [],
          "private": "bnVsbA==",
          "dependencies": [
            "module.postgres-main.aws_ebs_volume.data",
            "module.postgres-main.aws_instance.postgres"
          ]
        }
      ]
    },
    {
      "module": "module.postgres-main",
      "mode": "managed",
      "type": "aws_volume_attachment",
      "name": "logs_ec2",
      "provider": "module.postgres-main.provider[\"registry.terraform.io/hashicorp/aws\"]",
      "instances": [
        {
          "index_key": 0,
          "schema_version": 0,
          "attributes": {
            "device_name": "/dev/sdb",
            "force_detach": null,
            "id": "vai-1966634886",
            "instance_id": "i-07c82f7bc9bf861fc",
            "skip_destroy": null,
            "stop_instance_before_detaching": null,
            "volume_id": "vol-088895aa2058cf89c"
          },
          "sensitive_attributes": [],
          "private": "bnVsbA==",
          "dependencies": [
            "module.postgres-main.aws_ebs_volume.logs",
            "module.postgres-main.aws_instance.postgres"
          ]
        }
      ]
    },
    {
      "module": "module.postgres-replica",
      "mode": "managed",
      "type": "aws_ebs_volume",
      "name": "data",
      "provider": "module.postgres-replica.provider[\"registry.terraform.io/hashicorp/aws\"]",
      "instances": [
        {
          "index_key": 0,
          "schema_version": 0,
          "attributes": {
            "arn": "arn:aws:ec2:us-east-1:586183866151:volume/vol-0f97d9cf6c4929017",
            "availability_zone": "us-east-1c",
            "encrypted": false,
            "id": "vol-0f97d9cf6c4929017",
            "iops": 4608,
            "kms_key_id": "",
            "multi_attach_enabled": false,
            "outpost_arn": "",
            "size": 1536,
            "snapshot_id": "",
            "tags": {
              "Name": "postgres-replica-data1"
            },
            "tags_all": {
              "Name": "postgres-replica-data1"
            },
            "throughput": 250,
            "type": "gp3"
          },
          "sensitive_attributes": [],
          "private": "bnVsbA==",
          "dependencies": [
            "module.postgres-replica.aws_instance.postgres"
          ]
        }
      ]
    },
    {
      "module": "module.postgres-replica",
      "mode": "managed",
      "type": "aws_instance",
      "name": "postgres",
      "provider": "module.postgres-replica.provider[\"registry.terraform.io/hashicorp/aws\"]",
      "instances": [
        {
          "schema_version": 1,
          "attributes": {
            "ami": "ami-d5bf2caa",
            "arn": "arn:aws:ec2:us-east-1:586183866151:instance/i-037f1b87cba0c64f7",
            "associate_public_ip_address": true,
            "availability_zone": "us-east-1c",
            "capacity_reservation_specification": [
              {
                "capacity_reservation_preference": "open",
                "capacity_reservation_target": []
              }
            ],
            "cpu_core_count": 2,
            "cpu_threads_per_core": 2,
            "credit_specification": [],
            "disable_api_termination": false,
            "ebs_block_device": [
              {
                "delete_on_termination": false,
                "device_name": "/dev/sdf",
                "encrypted": false,
                "iops": 4608,
                "kms_key_id": "",
                "snapshot_id": "",
                "tags": {
                  "Name": "postgres-replica-data1"
                },
                "throughput": 250,
                "volume_id": "vol-0f97d9cf6c4929017",
                "volume_size": 1536,
                "volume_type": "gp3"
              }
            ],
            "ebs_optimized": true,
            "enclave_options": [
              {
                "enabled": false
              }
            ],
            "ephemeral_block_device": [],
            "get_password_data": false,
            "hibernation": false,
            "host_id": null,
            "iam_instance_profile": "",
            "id": "i-037f1b87cba0c64f7",
            "instance_initiated_shutdown_behavior": "stop",
            "instance_state": "running",
            "instance_type": "m5.xlarge",
            "ipv6_address_count": 0,
            "ipv6_addresses": [],
            "key_name": "default_prd",
            "launch_template": [],
            "metadata_options": [
              {
                "http_endpoint": "enabled",
                "http_put_response_hop_limit": 1,
                "http_tokens": "optional",
                "instance_metadata_tags": "disabled"
              }
            ],
            "monitoring": false,
            "network_interface": [],
            "outpost_arn": "",
            "password_data": "",
            "placement_group": "",
            "placement_partition_number": null,
            "primary_network_interface_id": "eni-044ce622f8ded0ae5",
            "private_dns": "ip-172-31-2-75.ec2.internal",
            "private_ip": "172.31.2.75",
            "public_dns": "ec2-35-170-62-23.compute-1.amazonaws.com",
            "public_ip": "35.170.62.23",
            "root_block_device": [
              {
                "delete_on_termination": true,
                "device_name": "/dev/sda1",
                "encrypted": false,
                "iops": 3000,
                "kms_key_id": "",
                "tags": {},
                "throughput": 125,
                "volume_id": "vol-05ec64f9c90c65436",
                "volume_size": 50,
                "volume_type": "gp3"
              }
            ],
            "secondary_private_ips": [],
            "security_groups": [
              "default"
            ],
            "source_dest_check": true,
            "subnet_id": "subnet-7addd81d",
            "tags": {
              "Name": "prd-postgres-replica",
              "ambiente": "prd",
              "banco": "postgres",
              "modelo": "replica"
            },
            "tags_all": {
              "Name": "prd-postgres-replica",
              "ambiente": "prd",
              "banco": "postgres",
              "modelo": "replica"
            },
            "tenancy": "default",
            "timeouts": null,
            "user_data": null,
            "user_data_base64": null,
            "volume_tags": {},
            "vpc_security_group_ids": [
              "sg-75fd6f27"
            ]
          },
          "sensitive_attributes": [],
          "private": "eyJlMmJmYjczMC1lY2FhLTExZTYtOGY4OC0zNDM2M2JjN2M0YzAiOnsiY3JlYXRlIjo2MDAwMDAwMDAwMDAsImRlbGV0ZSI6MTIwMDAwMDAwMDAwMCwidXBkYXRlIjo2MDAwMDAwMDAwMDB9LCJzY2hlbWFfdmVyc2lvbiI6IjEifQ=="
        }
      ]
    },
    {
      "module": "module.postgres-replica",
      "mode": "managed",
      "type": "aws_volume_attachment",
      "name": "data_ec2",
      "provider": "module.postgres-replica.provider[\"registry.terraform.io/hashicorp/aws\"]",
      "instances": [
        {
          "index_key": 0,
          "schema_version": 0,
          "attributes": {
            "device_name": "/dev/sdf",
            "force_detach": null,
            "id": "vai-1674968001",
            "instance_id": "i-037f1b87cba0c64f7",
            "skip_destroy": null,
            "stop_instance_before_detaching": null,
            "volume_id": "vol-0f97d9cf6c4929017"
          },
          "sensitive_attributes": [],
          "private": "bnVsbA==",
          "dependencies": [
            "module.postgres-replica.aws_ebs_volume.data",
            "module.postgres-replica.aws_instance.postgres"
          ]
        }
      ]
    }
  ],
  "check_results": null
}
